{
  "version": 4,
  "terraform_version": "1.12.2",
  "serial": 90,
  "lineage": "b05b506b-def2-10de-bc14-639aaae4cc73",
  "outputs": {
    "acr_admin_password": {
      "value": "3EVXNJ900i4VNYCZlonrE9SEsDiVHyT77tT3+TFYYf+ACRDREQen",
      "type": "string",
      "sensitive": true
    },
    "acr_admin_username": {
      "value": "bidrnparusdevregistry2024",
      "type": "string",
      "sensitive": true
    },
    "acr_login_command": {
      "value": "az acr login --name bidrnparusdevregistry2024",
      "type": "string"
    },
    "acr_login_server": {
      "value": "bidrnparusdevregistry2024.azurecr.io",
      "type": "string"
    },
    "acr_name": {
      "value": "bidrnparusdevregistry2024",
      "type": "string"
    },
    "aks_cluster_id": {
      "value": "/subscriptions/51dd222b-9d63-476c-9069-cd3b2a87f6e6/resourceGroups/bidr-dev-k8s/providers/Microsoft.ContainerService/managedClusters/BIDR-dev-aks-cluster",
      "type": "string"
    },
    "aks_cluster_name": {
      "value": "BIDR-dev-aks-cluster",
      "type": "string"
    },
    "aks_node_resource_group": {
      "value": "MC_bidr-dev-k8s_BIDR-dev-aks-cluster_southafricanorth",
      "type": "string"
    },
    "aks_subnet_id": {
      "value": "/subscriptions/51dd222b-9d63-476c-9069-cd3b2a87f6e6/resourceGroups/bidr-dev-k8s/providers/Microsoft.Network/virtualNetworks/BIDR-dev-aks-cluster-vnet/subnets/BIDR-dev-aks-cluster-aks-subnet",
      "type": "string"
    },
    "application_insights_connection_string": {
      "value": "InstrumentationKey=b0c60b14-c723-4af6-a5f9-424dc50c17c1;IngestionEndpoint=https://southafricanorth-1.in.applicationinsights.azure.com/;LiveEndpoint=https://southafricanorth.livediagnostics.monitor.azure.com/;ApplicationId=76e627e9-ecbb-4695-ac90-bef0b5aee651",
      "type": "string",
      "sensitive": true
    },
    "application_insights_instrumentation_key": {
      "value": "b0c60b14-c723-4af6-a5f9-424dc50c17c1",
      "type": "string",
      "sensitive": true
    },
    "database_password_key_vault_reference": {
      "value": "@Microsoft.KeyVault(VaultName=bidr-nparus-dev-vault;SecretName=database-password)",
      "type": "string"
    },
    "database_subnet_id": {
      "value": "/subscriptions/51dd222b-9d63-476c-9069-cd3b2a87f6e6/resourceGroups/bidr-dev-k8s/providers/Microsoft.Network/virtualNetworks/BIDR-dev-aks-cluster-vnet/subnets/BIDR-dev-aks-cluster-db-subnet",
      "type": "string"
    },
    "django_secret_key_vault_reference": {
      "value": "@Microsoft.KeyVault(VaultName=bidr-nparus-dev-vault;SecretName=django-secret-key)",
      "type": "string"
    },
    "key_vault_name": {
      "value": "bidr-nparus-dev-vault",
      "type": "string"
    },
    "key_vault_uri": {
      "value": "https://bidr-nparus-dev-vault.vault.azure.net/",
      "type": "string"
    },
    "kube_config": {
      "value": "apiVersion: v1\nclusters:\n- cluster:\n    certificate-authority-data: LS0tLS1CRUdJTiBDRVJUSUZJQ0FURS0tLS0tCk1JSUU2VENDQXRHZ0F3SUJBZ0lSQUsySnFGYnBVd2NMeW1tSUFHRFUxcDB3RFFZSktvWklodmNOQVFFTEJRQXcKRFRFTE1Ba0dBMVVFQXhNQ1kyRXdJQmNOTWpVd09ERXdNVGN4TnpNM1doZ1BNakExTlRBNE1UQXhOekkzTXpkYQpNQTB4Q3pBSkJnTlZCQU1UQW1OaE1JSUNJakFOQmdrcWhraUc5dzBCQVFFRkFBT0NBZzhBTUlJQ0NnS0NBZ0VBCnJoUmFRc0xuMDZ1Y3A1Y3dRdUZBRVdXWXRIamtYYndiZC9oM2JnWTlUaFp1akVPQlpjTkZKZFl1NHdDalB5d2kKaFNYS3UzVzRwY1BSdzlSdjdORVRENHNWMWkwTW5lK08zeDYwRGZhTUUvV3E3NE5SVTZyaU0vNHhRUlRoVU8xTwo5bDRXNU9idGtaWnc1Qmw0MGwzL21jVTArUU0vQ1hnOEppQThNTGdnOGxkRjZtR09pRXdvQzdoQjM0OFVHQ2kyCmxXZEF4RmY4ZG9CUWJ4Rm5IeDBBaEY2cHpvc0wva0FBY1NlV2NNUnF0bk9RSjhxYi85dzBvNjFkREF2bzZCZGMKaU9iOUxHWWNkWE1HTGpOSU9hd2dyd05QR3EvMEE4czZmbUI3K2k2VFZtQUh1dXo5UW5yT2NwbzVtZ3Z2eWhNRQpMa2RlNytvZkFRaW4yb2l4SVVES09WNzd4RExhbnUyVUhqRG9DY1YvOVE5S2gxSDU2anJVYWFqakxqcW5YNDgxCm03dDhYYW0xRFdDVUNzbFFCSmJMdFRPWFNKWjQwY0l0NWZMTzZzS082M0JNeGNYbEZWaDRDRWY0M1JGUTVZbVoKS2NMUC9OT1FvZ1ljK01QSlRJK0h2MGpGcDVNR2hFS1psNW9kVUg3MEJ4MStxNkdIZVA3S21tbTN6R3BGZGFiNAo3dnZaMVRVOE5iMFN4a08rME5oaTJLbkFvdmJJYVlZMHVZMmlBQXB5YnJKNkZpU3NEdUt3WFY2bnRnSU45NUlDCnNBN2RYcHd1T2JlSm9lYkVnbmlrSUxlbVNwM2ZmK2ZUVXFZd2pzeWJWNzRibldDcDBtU1FNQXFKV2Ywakw4R0IKbnpwSlpCRldIcGloV2ljNFdMbU1MK1k0ODlIUTJwcGNOWm9oS1NJdTFnMENBd0VBQWFOQ01FQXdEZ1lEVlIwUApBUUgvQkFRREFnS2tNQThHQTFVZEV3RUIvd1FGTUFNQkFmOHdIUVlEVlIwT0JCWUVGTmIyTGxCNEczTk96azBiCno4UzhtK3Jnd0Q0Y01BMEdDU3FHU0liM0RRRUJDd1VBQTRJQ0FRQXdBZG5UcUkwTEtYaVBXN2tmUUpuUDhqWnkKeHhLcTdDVXpGdUtTa25nOStHVHI5SW8wamhFZjdrNGw3dTJUMkZ5UW1JT1RnQ01pbkhWNWJrT2p4SGJ6aDdOYgpFZzVLYW9rMUpPUmJ6QlNmM1ltT1dqanZ1Y014MXBYQnJyVjNmcC9VcVNibEt2akd4Y1Y0cGh5dVUwKzR6V3ZRCmVXK0cwSmVWeVVzMTI2MEw1cHNiaCtBeFcycklhMHEraGpPak5TN0xtZDVOSUJxb3JmdFI0bURFWUQrRnBnWlMKVTk4cGthK2lzTXVublQzSndzZUw0RlBNZTI0dzkyTDVabVRzbWdTKzRGYmZTUEdXUW95YjZBTk5Cc010cGczMQpJb0k0bVlOdmJoVFpVa0k0RWVDNDV6TFZ6ZG56bUlXYUkvZVE0TkJzdGRhZ1hKNkUzY3U5eW1TL2I4ZHViVnlECnFYbHB1MHNwS3pqNjhhMFpHZ21zaCtSM1BaR1BxSmRzREpmamtDOTFrK0IwRm5GcmkyZ3AybnFQMDlyU1lQU28KOXZmZEY0OXdVajUxYVlOR2RuTittcko0aG51UVhYVDFaV3RGWGRuSHB4U01HL2dpNmlMWEdmMXo4c3J2VmQ2NwpYaEZBV2RwRmJFYjhaNGJGMHRxNjdDenpFaG5uMEo5RGRGQTdoKzFBd0ljYVZHM0NIWExPMlVqMzBJT1JvVEhZCjBnRmFrdnMzTllPc3EyTlVneCsvTk5FWkl5R3pYWWRqNDNJeE9EMkE4M29nUWkvcGxRbHpqUyttSGQrOUZQdEUKSlcvbWgveUMyMnZXSHRxbmd5aTJuZWFRbG1BZ0FNSDdmYS9udkt0bkgySTJuVlZmK096NFN3SVdjQ3FaZmtWRgovdWs3aFk5RkxnNVBVelBybnc9PQotLS0tLUVORCBDRVJUSUZJQ0FURS0tLS0tCg==\n    server: https://bidr-dev-aks-cluster-dns-6hl5teig.hcp.southafricanorth.azmk8s.io:443\n  name: BIDR-dev-aks-cluster\ncontexts:\n- context:\n    cluster: BIDR-dev-aks-cluster\n    user: clusterUser_bidr-dev-k8s_BIDR-dev-aks-cluster\n  name: BIDR-dev-aks-cluster\ncurrent-context: BIDR-dev-aks-cluster\nkind: Config\npreferences: {}\nusers:\n- name: clusterUser_bidr-dev-k8s_BIDR-dev-aks-cluster\n  user:\n    client-certificate-data: LS0tLS1CRUdJTiBDRVJUSUZJQ0FURS0tLS0tCk1JSUZIakNDQXdhZ0F3SUJBZ0lSQU1HbWNvTXlWZnlUeTYyZGR3K3huRzh3RFFZSktvWklodmNOQVFFTEJRQXcKRFRFTE1Ba0dBMVVFQXhNQ1kyRXdIaGNOTWpVd09ERXdNVGN4TnpNM1doY05NamN3T0RFd01UY3lOek0zV2pBdwpNUmN3RlFZRFZRUUtFdzV6ZVhOMFpXMDZiV0Z6ZEdWeWN6RVZNQk1HQTFVRUF4TU1iV0Z6ZEdWeVkyeHBaVzUwCk1JSUNJakFOQmdrcWhraUc5dzBCQVFFRkFBT0NBZzhBTUlJQ0NnS0NBZ0VBMkZ4SGpOQ1VOa2Y3Zi9qa2NzdkIKdWFZc2RiVXJCNi82UXVzYU9nS2t1aGE4SS9IWGJxYTVBMW10WDVFbzB0K3I5Nk5JYk15Q1U3Z2g0a3Z0dThqYwppUkhzQTlzSkRKdmlKbU1qaTNHeUdYWEhGY2dnNktPNUZPa2RnTXlVUTJsa3VPak4zMjg5S05zSkVpaDhXUy9FClBqK2tnYWV3dGY1WmRmMnY2VjVML1hlM2lDZ3pQdmJpYVRGRlB1LzJwRTNRRG9ib0FwdHN4T29SaUE5VFhPeUQKTGpvbTVTUGhRWEcyWS9HZGM5UTNzSmFTcWk2QVpYM0gvVFg1Vi9xQVA2YmxsV0xWRno2TlEvZTlDYzdwY1VCNQpaY21hZk4xcXB2WTZrRVhydjI4ZVBDc0ROcnQyb0xFTkY1SE1HSEtZTzJzWXRqV25oTlg0ZUlid3JlVVVHWXBICjZ2T05FTTNXTzRYRnUvckxDc3RYanY3SmM4ZUt5b3NlQWQ4MS9TbFJFQXZtZHlmdVlrWFN3NWFMYVRyWU1KOW0KTStZZGQxcDF3RzZ5RWpHWjhaMWh1dmZkVVNtWXdnUHVnbjhkNURuWGw2c0lEZXpKNzhYQVpLbm42aUJHVTI2Ywo0ZlNSSWZNWWRLOHpTS3FPdUxidVVxYXMvK2h1WWFvK2xnK2puV2cxQ1NiYkZ5aDQ3RS9VWDRhaEtvbDM3SVBHCk9mRDlkU3ZBZHNuSkp1MTVLSmxIczZxcm5RWTlKcVV2WENlL01YUDIzUEpMMHBBaWpVMWhVOGh0c1VJZ3lDTWsKNlRuWlRXU0FhRmhGOVdMVTdPMzRwdXhNa2FnUWR6SWJjZExDVVFLUEtmU2NYcjVXSEVaY0VMdE54L0ZQOEdOZwpUN3U0R1NCb1lKZ01rSlRCeThocnF2a0NBd0VBQWFOV01GUXdEZ1lEVlIwUEFRSC9CQVFEQWdXZ01CTUdBMVVkCkpRUU1NQW9HQ0NzR0FRVUZCd01DTUF3R0ExVWRFd0VCL3dRQ01BQXdId1lEVlIwakJCZ3dGb0FVMXZZdVVIZ2IKYzA3T1RSdlB4THliNnVEQVBod3dEUVlKS29aSWh2Y05BUUVMQlFBRGdnSUJBRjlBWlFoU2ZqNzJSNUV6cWNGYQphb1Uxak5MbG54b0tWYnNFWmFudFRiTDdSNW80d1Vyd0kwNmc1TzlOTlhZTlY0TndhakNGZTJJeENOYnZ2MFlFClFRdWE4VnN3RkhnWEVzM0RuMkVYL0E0b1dBa2dSbWVKeU1UTlJ5SnBjOWswaUN2eDFTS1BYSEdGVlREMVZFU3UKSEFNb2FuaHlUUVJMMGJUZndhVVVOcSt1QkpyM2dkNXpPaTRGOXhzRmYwQTRucXR3U0Q4VzZFcnR5TC9yLzFJSAp0ZzVuMXlKUFd3VTd0OS9PdU1qendOYmxxbE1QYzJ6QlB1ZCs5bG1JRWhBaDFuSkU1TUUzUjNGaUJ2ZHQ3ZURhClRIQlZCb2xtbWh5dHpHZDAyMnYwVzJhYnl1UlNUZ0wxZXQ5Vkt6WFJpK05mc25leG9zNUlIU0JHenM5elpOc24KQmhJZUNEM1BTZ3E5bkFQNS9xT2paSHRRczgwU1paVS9DTEhGVVJubFBXMFpONHNPVVhNWE1NOVNBS3B0ZmQvKwpVVTgvV1c2c3FQcy9MY0FoeE5HK1NYdVNEeVFjc3I5WG95Z2Z1eVduazArOE1pNldjYkUxQ24rcFp0cFFwVGFvCnJPK2hpc0hDdHoyRUFXSjV3Nmk3NUxLZVRJRVFtQkZxUWo1VlRYeXU1ZHQ4Z1dWQnkybEROLytiOTZOVFV3RkMKZ0lrQmcraGNnMW9CdjhadE9MdmlPaitMdytkWC9KVHBUVTdJZE41UGFvQkNaa3dBTFFsY0lzSjcwRWtaK1p3Vgp0ZTZpd1FoZk5mcTV0Nmp2OUxDTUE4RlBRK0xVUzFxTFIremtYM2daUDVMV1c5UHpCVCtWUXZBb0VxcDBMRG1BCjlUci9nZkNMSDJMZ2xqam14THMrLzlCUQotLS0tLUVORCBDRVJUSUZJQ0FURS0tLS0tCg==\n    client-key-data: LS0tLS1CRUdJTiBSU0EgUFJJVkFURSBLRVktLS0tLQpNSUlKS0FJQkFBS0NBZ0VBMkZ4SGpOQ1VOa2Y3Zi9qa2NzdkJ1YVlzZGJVckI2LzZRdXNhT2dLa3VoYThJL0hYCmJxYTVBMW10WDVFbzB0K3I5Nk5JYk15Q1U3Z2g0a3Z0dThqY2lSSHNBOXNKREp2aUptTWppM0d5R1hYSEZjZ2cKNktPNUZPa2RnTXlVUTJsa3VPak4zMjg5S05zSkVpaDhXUy9FUGora2dhZXd0ZjVaZGYydjZWNUwvWGUzaUNnegpQdmJpYVRGRlB1LzJwRTNRRG9ib0FwdHN4T29SaUE5VFhPeURMam9tNVNQaFFYRzJZL0dkYzlRM3NKYVNxaTZBClpYM0gvVFg1Vi9xQVA2YmxsV0xWRno2TlEvZTlDYzdwY1VCNVpjbWFmTjFxcHZZNmtFWHJ2MjhlUENzRE5ydDIKb0xFTkY1SE1HSEtZTzJzWXRqV25oTlg0ZUlid3JlVVVHWXBINnZPTkVNM1dPNFhGdS9yTENzdFhqdjdKYzhlSwp5b3NlQWQ4MS9TbFJFQXZtZHlmdVlrWFN3NWFMYVRyWU1KOW1NK1lkZDFwMXdHNnlFakdaOFoxaHV2ZmRVU21ZCndnUHVnbjhkNURuWGw2c0lEZXpKNzhYQVpLbm42aUJHVTI2YzRmU1JJZk1ZZEs4elNLcU91TGJ1VXFhcy8raHUKWWFvK2xnK2puV2cxQ1NiYkZ5aDQ3RS9VWDRhaEtvbDM3SVBHT2ZEOWRTdkFkc25KSnUxNUtKbEhzNnFyblFZOQpKcVV2WENlL01YUDIzUEpMMHBBaWpVMWhVOGh0c1VJZ3lDTWs2VG5aVFdTQWFGaEY5V0xVN08zNHB1eE1rYWdRCmR6SWJjZExDVVFLUEtmU2NYcjVXSEVaY0VMdE54L0ZQOEdOZ1Q3dTRHU0JvWUpnTWtKVEJ5OGhycXZrQ0F3RUEKQVFLQ0FnQUtUU3Q5YzRWcEI3aWNiVnp3TDg0bG9SazdFZ0VPWE1VL1NDc2ZvYlpXNDJQNkdLYlRub1hPMkdkYQpObUxCbHBOOUp4VzQwMnh0b01YaFBORUJDTVZpVTl0L1MvK2tiV3doUElWcDIyUVoxUHNoaVAyekllOTdKTVhLCk53TmtxY2taU2tGYUh2VmtJM2l0T0FjQ3BwVHpDMHZ4ZmVyYW9YV0FPZy9VL2svRExkN3IwVkV1VVdveWpMMWgKcTZKOFRIV29hV2swelpKcVZrUTNMSmFoSlNReVVHTy9jM3ZEUms4ak4xTHlPOE9haVhMS2Zrd1ArUU1MaGZVOQpLSURRZHdsMW1VYncxRUk4M3hmdHRuKzBMQmdUbmZ1WWNDRG11ZkRNSTM0ZjUySWl4b0FBekVCdjBuby9lZXBFCkxEbWVFNkZ4dElDSlFUaFRRY2FHR3hML3k4OFVkT2wwcnJmZGlQc2UvcjR5TjUxck0ydUFVTmdlTVFDekFvU3IKcWRVcXEwNHlPb25tdUVtcVZxUkFGcGZxT3dWL2NJUDZiNmVHRVorODhESWUweWcrZDdXNElzMmU1cC9UUnpGZApVdXdEZlFYeW9lZENnS0tZS3pTdGFycDRyV2VENy9tckF6RzRsQmw5Z1lzNXRJSXM2S1BRMk42WEtpamdFeFVRCm1LbkpuVTVlNzJUY21rcXE3U0pxNlJGNms1anFVRWJ5NllTNmNONkd0NGdrWDZialhkeTlaRnpmbVU1TTNtNjQKRzdZNU1sWkYrb0Z3SjNzb2ZXU2M5UnBLTnYwbjAxbWo0VmpLY1VVb3hzeXBySFJTQmJsZmZwdkVCQmZTWU5lMgp6UHc1bXdkTloxWkFtNTg5cW1XOEJLVWJGeWZraCtJL1laWGtnUzFqNWFRcFlVOGgwUUtDQVFFQTNtVElsRDBqCmRuREFFb25JU0tFL3QranFxWm8vOVJxRjl0R3c2c1ZzZnc1RXd3YU05WktEVGNIQlk5dkdtWkYzZFE1eGhVdTIKbkNrS0d6S2hyMXpVTnhXUDEwTHNiODRWSFlxSUdkRWhPV01PNXNvY2xUZmVXOC80dWlWTXpFa0ZuTjNlSG40agpYRlAxSGlsU2NpU2l4QjVqUnRhYi9vYm5HVS9WcStmZG4wSThwcDA1aDZncHBjZkRHOWVjdnh1Wm8yVmZkYzNwCjNONy85NlRIbnJGdHc1czdmWjNuaUhzQUoyL2tpdmFUOGFaUGZ6UGNsSGs0d2ZSak1mN28rNGpwY1NWN3R3VncKN0FSZzlYd0RJRFNlZmp0YlZJWkdLeC9QU0tHemg2YkNFMHgzN1ZBSkpTeDBsOXlUWnR4OVRYd051dDJXVFdwcgpndkpYb0R5eTNPMmtpUUtDQVFFQStRNGFhVDFaMUNXVGgrd3ZwWFN1Y0FqNUV6MFg1SGJsRG9sWVd2eWNHTkYzCmRzcE1NazRWMHI1TFp2Vktma3BEZmJDR2VSWVZnRTM2Si9ualJoMmdhcVJZcjZySUhTM0crcW5aSExubEJjRkoKcHY1eXY0M25kLytnelF5RFZrVUdNZG1aamZkc0xSNFBFbUdxckF2NUdnSkg4d09LZjVZUmVoaEpHSjRweExMWgo1QWIwZVdsSVhUZGc5L2VuUDdnVCtkbHFUdkYwM25waVduN280SG55WFNka3JIRXU5SzAxR3MvcTR2Ymc0SEtlCjB4UjZVS0I4WFAwRG9qendtSzd2WisvM24zVXQ2ZlN1d1d5YS9rM1N5cTRaTnFFdkJNSzRsYi9MWlkzditlNmQKeHlmY0hGUEJucnBYZ3JmNTBTeE9QdStpcmlJSnRjb0grVTNrV0JBVzhRS0NBUUF1cEhLUTdKV3dkSXRFR0JPaQpiL2MrS2lKMU9iMnFPVXJaYmpjdHRnUkFUWXpNWG1aWDVzZVZHa3JtRjZUNmRsRFlneFA2QWR3bHVsRzlUSXd1CmpFaVIyUHJYQ2RrdXhja1Y3Z1VIYlI0THZDUFc4WkszRlFXVXVmU1BqZDBpaHpvZklVVkJuZkRxbjAwc2F6dzQKWmtpZzIwSzFDN09oMlVkRXZzS3drQ3VpQ0RGU1BHMWhienAwNDRXZkpFUmlySFkzbDc1Q3BkSWptYjJUZ2NMQQpITFJKcnhmMkM1VVF3Y05SZ2gwcnEvVnhYQkVXTzVsS3BuWHA3OGlTSnNWVVkrMlo1bU9oQ2dvWjVmMHozek9FCm9LU1JFdi9mcFYyNEU2N1VxOTFNV1FRaEtndUpBUjA1NTYzNFg3R21oQjNmajJJTnpBV0c3UWZwYWN4STloSUoKVmVvSkFvSUJBSEdQMzdVYTkybkhsSVRHeWxiOFpFbkxuWjhMSFdqY1djZU9FczZ5SG84bWUvMmJjckVCYit2LwpQeXg4TG5KMWRGN01iaFNxWURWMzJOZi9sb1V6SHlGaFBOc2syVWlNeGcwb0EwcVk3UGY1MFphbXNUWHRBNTF3CjN5YUFUU2E2SkgvNGc0NzdRY1UwenBTSUdpV0c5QmZLOEhtN3BKeFdsak9BL1Z1UFN1Wlkwd2Vwc0RIb01zbm0KWlgzTDIrUXZFRlM5c1Q2NzFKbFpYcDE2L3I3VWZCSEQwNkRabnhxTUhBblV3bnFwTFpMS1VPZFlrQWxSbEVObQpUeERjRHF6Z0gyUGFSS1BkNzRpZFBFNFFNb0JBaGh4SzFFNVhvclBlQWdLdVNKVk82aHlobENucVgvQSt0S3VtCnRoNXh1eVNJdWtqeVJkQjJ6c3lvaVloQTN4elVnVkVDZ2dFQkFMZ3JOb1RCMS8vbE1pNEp3TytUS2NhU1pOcHgKRTJndjI2c2NKQXlhS3VSeFJjSXFjak05MEtnQ2E4ZDhBdE1hNEFzOHZnZFZSUlI5Wmc4cXFraFNqSFpnMy94bApXTE5sQ29WWjJRVm43cGVnRDg3SFpaTElvSnN1RTA3ZC9ESnlBKzRNNGwyd3AwaTFxaVRlOTdlbWhPdG1tb3RvClpEMmdqNkJRNmpFaU9aVEI5LzJaMXlYSEw5ak5KcTduZDltemFBVzdkTmp4eTdtZUVORnJFS1Y4ZTI5WmJraUoKaGNTNEdMaUVyUFlBZCtLWS9qSHFDTStSN1FBQ2NhOTdmTWMxcktVQmhkaFJwcy9QNkJUUW8rSEdOMzZxV0NFcwo3Q2tzbk9VY3BwWENmejNLOFNoVmJBVWJDQXRXVlFLT2t0K1VMRXIwZ3NndC9tYWx4aklUVXpXV3NsND0KLS0tLS1FTkQgUlNBIFBSSVZBVEUgS0VZLS0tLS0K\n    token: szbrmtvj0qyglrlaog52k9y8g4hvblsxortpdapdf7dgmobo6w7ds0ud5ow5galhrhy5eg6nx8htd6lt031eg4n52sqrjpug0llhby3ige9ormnsnvx06cub2go961sn\n",
      "type": "string",
      "sensitive": true
    },
    "kubectl_config_command": {
      "value": "az aks get-credentials --resource-group bidr-dev-k8s --name BIDR-dev-aks-cluster",
      "type": "string"
    },
    "postgresql_connection_string": {
      "value": null,
      "type": "string",
      "sensitive": true
    },
    "postgresql_fqdn": {
      "value": null,
      "type": "string"
    },
    "postgresql_server_name": {
      "value": null,
      "type": "string"
    },
    "public_ip_address": {
      "value": "4.221.172.198",
      "type": "string"
    },
    "redis_hostname": {
      "value": "BIDR-dev-aks-cluster-redis.redis.cache.windows.net",
      "type": "string"
    },
    "redis_primary_access_key": {
      "value": "Z9DXCTQNOjBg3T691eSPzC5RPUdfcX5E8AzCaD739f4=",
      "type": "string",
      "sensitive": true
    },
    "redis_ssl_port": {
      "value": 6380,
      "type": "number"
    },
    "resource_group_name": {
      "value": "bidr-dev-k8s",
      "type": "string"
    },
    "storage_account_name": {
      "value": "bidrdevaksclusterstorage",
      "type": "string"
    },
    "storage_account_primary_blob_endpoint": {
      "value": "https://bidrdevaksclusterstorage.blob.core.windows.net/",
      "type": "string"
    },
    "vnet_name": {
      "value": "BIDR-dev-aks-cluster-vnet",
      "type": "string"
    }
  },
  "resources": [
    {
      "mode": "data",
      "type": "azurerm_client_config",
      "name": "current",
      "provider": "provider[\"registry.terraform.io/hashicorp/azurerm\"]",
      "instances": [
        {
          "schema_version": 0,
          "attributes": {
            "client_id": "04b07795-8ddb-461a-bbee-02f9e1bf7b46",
            "id": "Y2xpZW50Q29uZmlncy9jbGllbnRJZD0wNGIwNzc5NS04ZGRiLTQ2MWEtYmJlZS0wMmY5ZTFiZjdiNDY7b2JqZWN0SWQ9Y2JlNDQyYzEtOTZhMi00Mzc5LTg1MjMtMDZkOWE5ZjRmZGNkO3N1YnNjcmlwdGlvbklkPTUxZGQyMjJiLTlkNjMtNDc2Yy05MDY5LWNkM2IyYTg3ZjZlNjt0ZW5hbnRJZD1lNzg2Yjk5Mi1hMmRmLTQwMDQtYTlkNy05N2Q5N2IzZGI4Njg=",
            "object_id": "cbe442c1-96a2-4379-8523-06d9a9f4fdcd",
            "subscription_id": "51dd222b-9d63-476c-9069-cd3b2a87f6e6",
            "tenant_id": "e786b992-a2df-4004-a9d7-97d97b3db868",
            "timeouts": null
          },
          "sensitive_attributes": [],
          "identity_schema_version": 0
        }
      ]
    },
    {
      "mode": "managed",
      "type": "azurerm_application_insights",
      "name": "bidr",
      "provider": "provider[\"registry.terraform.io/hashicorp/azurerm\"]",
      "instances": [
        {
          "schema_version": 2,
          "attributes": {
            "app_id": "76e627e9-ecbb-4695-ac90-bef0b5aee651",
            "application_type": "web",
            "connection_string": "InstrumentationKey=b0c60b14-c723-4af6-a5f9-424dc50c17c1;IngestionEndpoint=https://southafricanorth-1.in.applicationinsights.azure.com/;LiveEndpoint=https://southafricanorth.livediagnostics.monitor.azure.com/;ApplicationId=76e627e9-ecbb-4695-ac90-bef0b5aee651",
            "daily_data_cap_in_gb": 100,
            "daily_data_cap_notifications_disabled": false,
            "disable_ip_masking": false,
            "force_customer_storage_for_profiler": false,
            "id": "/subscriptions/51dd222b-9d63-476c-9069-cd3b2a87f6e6/resourceGroups/bidr-dev-k8s/providers/Microsoft.Insights/components/BIDR-dev-aks-cluster-appinsights",
            "instrumentation_key": "b0c60b14-c723-4af6-a5f9-424dc50c17c1",
            "internet_ingestion_enabled": true,
            "internet_query_enabled": true,
            "local_authentication_disabled": false,
            "location": "southafricanorth",
            "name": "BIDR-dev-aks-cluster-appinsights",
            "resource_group_name": "bidr-dev-k8s",
            "retention_in_days": 90,
            "sampling_percentage": 100,
            "tags": {
              "Environment": "dev",
              "ManagedBy": "Terraform",
              "Project": "BIDR"
            },
            "timeouts": null,
            "workspace_id": "/subscriptions/51dd222b-9d63-476c-9069-cd3b2a87f6e6/resourceGroups/bidr-dev-k8s/providers/Microsoft.OperationalInsights/workspaces/BIDR-dev-aks-cluster-logs"
          },
          "sensitive_attributes": [
            [
              {
                "type": "get_attr",
                "value": "connection_string"
              }
            ],
            [
              {
                "type": "get_attr",
                "value": "instrumentation_key"
              }
            ]
          ],
          "identity_schema_version": 0,
          "private": "eyJlMmJmYjczMC1lY2FhLTExZTYtOGY4OC0zNDM2M2JjN2M0YzAiOnsiY3JlYXRlIjozNjAwMDAwMDAwMDAwLCJkZWxldGUiOjE4MDAwMDAwMDAwMDAsInJlYWQiOjMwMDAwMDAwMDAwMCwidXBkYXRlIjoxODAwMDAwMDAwMDAwfSwic2NoZW1hX3ZlcnNpb24iOiIyIn0=",
          "dependencies": [
            "azurerm_log_analytics_workspace.bidr",
            "azurerm_resource_group.bidr"
          ]
        }
      ]
    },
    {
      "mode": "managed",
      "type": "azurerm_container_registry",
      "name": "bidr",
      "provider": "provider[\"registry.terraform.io/hashicorp/azurerm\"]",
      "instances": [
        {
          "schema_version": 2,
          "attributes": {
            "admin_enabled": true,
            "admin_password": "3EVXNJ900i4VNYCZlonrE9SEsDiVHyT77tT3+TFYYf+ACRDREQen",
            "admin_username": "bidrnparusdevregistry2024",
            "anonymous_pull_enabled": false,
            "data_endpoint_enabled": false,
            "encryption": [
              {
                "enabled": false,
                "identity_client_id": "",
                "key_vault_key_id": ""
              }
            ],
            "export_policy_enabled": true,
            "georeplications": [],
            "id": "/subscriptions/51dd222b-9d63-476c-9069-cd3b2a87f6e6/resourceGroups/bidr-dev-k8s/providers/Microsoft.ContainerRegistry/registries/bidrnparusdevregistry2024",
            "identity": [],
            "location": "southafricanorth",
            "login_server": "bidrnparusdevregistry2024.azurecr.io",
            "name": "bidrnparusdevregistry2024",
            "network_rule_bypass_option": "AzureServices",
            "network_rule_set": [],
            "public_network_access_enabled": true,
            "quarantine_policy_enabled": false,
            "resource_group_name": "bidr-dev-k8s",
            "retention_policy": [
              {
                "days": 7,
                "enabled": false
              }
            ],
            "sku": "Basic",
            "tags": {
              "Environment": "dev",
              "ManagedBy": "Terraform",
              "Project": "BIDR"
            },
            "timeouts": null,
            "trust_policy": [
              {
                "enabled": false
              }
            ],
            "zone_redundancy_enabled": false
          },
          "sensitive_attributes": [
            [
              {
                "type": "get_attr",
                "value": "admin_password"
              }
            ]
          ],
          "identity_schema_version": 0,
          "private": "eyJlMmJmYjczMC1lY2FhLTExZTYtOGY4OC0zNDM2M2JjN2M0YzAiOnsiY3JlYXRlIjoxODAwMDAwMDAwMDAwLCJkZWxldGUiOjE4MDAwMDAwMDAwMDAsInJlYWQiOjMwMDAwMDAwMDAwMCwidXBkYXRlIjoxODAwMDAwMDAwMDAwfSwic2NoZW1hX3ZlcnNpb24iOiIyIn0=",
          "dependencies": [
            "azurerm_resource_group.bidr"
          ]
        }
      ]
    },
    {
      "mode": "managed",
      "type": "azurerm_key_vault",
      "name": "bidr",
      "provider": "provider[\"registry.terraform.io/hashicorp/azurerm\"]",
      "instances": [
        {
          "schema_version": 2,
          "attributes": {
            "access_policy": [],
            "contact": [],
            "enable_rbac_authorization": true,
            "enabled_for_deployment": false,
            "enabled_for_disk_encryption": false,
            "enabled_for_template_deployment": false,
            "id": "/subscriptions/51dd222b-9d63-476c-9069-cd3b2a87f6e6/resourceGroups/bidr-dev-k8s/providers/Microsoft.KeyVault/vaults/bidr-nparus-dev-vault",
            "location": "southafricanorth",
            "name": "bidr-nparus-dev-vault",
            "network_acls": [
              {
                "bypass": "AzureServices",
                "default_action": "Allow",
                "ip_rules": [],
                "virtual_network_subnet_ids": []
              }
            ],
            "public_network_access_enabled": true,
            "purge_protection_enabled": false,
            "resource_group_name": "bidr-dev-k8s",
            "sku_name": "standard",
            "soft_delete_retention_days": 90,
            "tags": {
              "Environment": "dev",
              "ManagedBy": "Terraform",
              "Project": "BIDR"
            },
            "tenant_id": "e786b992-a2df-4004-a9d7-97d97b3db868",
            "timeouts": null,
            "vault_uri": "https://bidr-nparus-dev-vault.vault.azure.net/"
          },
          "sensitive_attributes": [],
          "identity_schema_version": 0,
          "private": "eyJlMmJmYjczMC1lY2FhLTExZTYtOGY4OC0zNDM2M2JjN2M0YzAiOnsiY3JlYXRlIjoxODAwMDAwMDAwMDAwLCJkZWxldGUiOjE4MDAwMDAwMDAwMDAsInJlYWQiOjMwMDAwMDAwMDAwMCwidXBkYXRlIjoxODAwMDAwMDAwMDAwfSwic2NoZW1hX3ZlcnNpb24iOiIyIn0=",
          "dependencies": [
            "azurerm_resource_group.bidr",
            "data.azurerm_client_config.current"
          ]
        }
      ]
    },
    {
      "mode": "managed",
      "type": "azurerm_key_vault_secret",
      "name": "admin_password",
      "provider": "provider[\"registry.terraform.io/hashicorp/azurerm\"]",
      "instances": [
        {
          "schema_version": 0,
          "attributes": {
            "content_type": "",
            "expiration_date": null,
            "id": "https://bidr-nparus-dev-vault.vault.azure.net/secrets/admin-password/79f55ba1ff664c949415d2e0e355f0d3",
            "key_vault_id": "/subscriptions/51dd222b-9d63-476c-9069-cd3b2a87f6e6/resourceGroups/bidr-dev-k8s/providers/Microsoft.KeyVault/vaults/bidr-nparus-dev-vault",
            "name": "admin-password",
            "not_before_date": null,
            "resource_id": "/subscriptions/51dd222b-9d63-476c-9069-cd3b2a87f6e6/resourceGroups/bidr-dev-k8s/providers/Microsoft.KeyVault/vaults/bidr-nparus-dev-vault/secrets/admin-password/versions/79f55ba1ff664c949415d2e0e355f0d3",
            "resource_versionless_id": "/subscriptions/51dd222b-9d63-476c-9069-cd3b2a87f6e6/resourceGroups/bidr-dev-k8s/providers/Microsoft.KeyVault/vaults/bidr-nparus-dev-vault/secrets/admin-password",
            "tags": {
              "Environment": "dev",
              "Project": "BIDR"
            },
            "timeouts": null,
            "value": "hS?K4F-k$}Q550Vf",
            "version": "79f55ba1ff664c949415d2e0e355f0d3",
            "versionless_id": "https://bidr-nparus-dev-vault.vault.azure.net/secrets/admin-password"
          },
          "sensitive_attributes": [
            [
              {
                "type": "get_attr",
                "value": "value"
              }
            ]
          ],
          "identity_schema_version": 0,
          "private": "eyJlMmJmYjczMC1lY2FhLTExZTYtOGY4OC0zNDM2M2JjN2M0YzAiOnsiY3JlYXRlIjoxODAwMDAwMDAwMDAwLCJkZWxldGUiOjE4MDAwMDAwMDAwMDAsInJlYWQiOjE4MDAwMDAwMDAwMDAsInVwZGF0ZSI6MTgwMDAwMDAwMDAwMH19",
          "dependencies": [
            "azurerm_key_vault.bidr",
            "azurerm_resource_group.bidr",
            "azurerm_role_assignment.current_user_keyvault_admin",
            "data.azurerm_client_config.current",
            "random_password.admin_password",
            "time_sleep.wait_for_keyvault_rbac"
          ]
        }
      ]
    },
    {
      "mode": "managed",
      "type": "azurerm_key_vault_secret",
      "name": "app_insights_connection_string",
      "provider": "provider[\"registry.terraform.io/hashicorp/azurerm\"]",
      "instances": [
        {
          "schema_version": 0,
          "attributes": {
            "content_type": "",
            "expiration_date": null,
            "id": "https://bidr-nparus-dev-vault.vault.azure.net/secrets/app-insights-connection-string/58836e328af9400f9c2d703a6b7bed6e",
            "key_vault_id": "/subscriptions/51dd222b-9d63-476c-9069-cd3b2a87f6e6/resourceGroups/bidr-dev-k8s/providers/Microsoft.KeyVault/vaults/bidr-nparus-dev-vault",
            "name": "app-insights-connection-string",
            "not_before_date": null,
            "resource_id": "/subscriptions/51dd222b-9d63-476c-9069-cd3b2a87f6e6/resourceGroups/bidr-dev-k8s/providers/Microsoft.KeyVault/vaults/bidr-nparus-dev-vault/secrets/app-insights-connection-string/versions/58836e328af9400f9c2d703a6b7bed6e",
            "resource_versionless_id": "/subscriptions/51dd222b-9d63-476c-9069-cd3b2a87f6e6/resourceGroups/bidr-dev-k8s/providers/Microsoft.KeyVault/vaults/bidr-nparus-dev-vault/secrets/app-insights-connection-string",
            "tags": {
              "Environment": "dev",
              "Project": "BIDR"
            },
            "timeouts": null,
            "value": "InstrumentationKey=b0c60b14-c723-4af6-a5f9-424dc50c17c1;IngestionEndpoint=https://southafricanorth-1.in.applicationinsights.azure.com/;LiveEndpoint=https://southafricanorth.livediagnostics.monitor.azure.com/;ApplicationId=76e627e9-ecbb-4695-ac90-bef0b5aee651",
            "version": "58836e328af9400f9c2d703a6b7bed6e",
            "versionless_id": "https://bidr-nparus-dev-vault.vault.azure.net/secrets/app-insights-connection-string"
          },
          "sensitive_attributes": [
            [
              {
                "type": "get_attr",
                "value": "value"
              }
            ]
          ],
          "identity_schema_version": 0,
          "private": "eyJlMmJmYjczMC1lY2FhLTExZTYtOGY4OC0zNDM2M2JjN2M0YzAiOnsiY3JlYXRlIjoxODAwMDAwMDAwMDAwLCJkZWxldGUiOjE4MDAwMDAwMDAwMDAsInJlYWQiOjE4MDAwMDAwMDAwMDAsInVwZGF0ZSI6MTgwMDAwMDAwMDAwMH19",
          "dependencies": [
            "azurerm_application_insights.bidr",
            "azurerm_key_vault.bidr",
            "azurerm_log_analytics_workspace.bidr",
            "azurerm_resource_group.bidr",
            "azurerm_role_assignment.current_user_keyvault_admin",
            "data.azurerm_client_config.current",
            "time_sleep.wait_for_keyvault_rbac"
          ]
        }
      ]
    },
    {
      "mode": "managed",
      "type": "azurerm_key_vault_secret",
      "name": "database_password",
      "provider": "provider[\"registry.terraform.io/hashicorp/azurerm\"]",
      "instances": [
        {
          "schema_version": 0,
          "attributes": {
            "content_type": "",
            "expiration_date": null,
            "id": "https://bidr-nparus-dev-vault.vault.azure.net/secrets/database-password/12a04dc3ad334eb981d8908f399d0d9d",
            "key_vault_id": "/subscriptions/51dd222b-9d63-476c-9069-cd3b2a87f6e6/resourceGroups/bidr-dev-k8s/providers/Microsoft.KeyVault/vaults/bidr-nparus-dev-vault",
            "name": "database-password",
            "not_before_date": null,
            "resource_id": "/subscriptions/51dd222b-9d63-476c-9069-cd3b2a87f6e6/resourceGroups/bidr-dev-k8s/providers/Microsoft.KeyVault/vaults/bidr-nparus-dev-vault/secrets/database-password/versions/12a04dc3ad334eb981d8908f399d0d9d",
            "resource_versionless_id": "/subscriptions/51dd222b-9d63-476c-9069-cd3b2a87f6e6/resourceGroups/bidr-dev-k8s/providers/Microsoft.KeyVault/vaults/bidr-nparus-dev-vault/secrets/database-password",
            "tags": {
              "Environment": "dev",
              "Project": "BIDR"
            },
            "timeouts": null,
            "value": "bpx}h=WY3lTlhnOCh4S6#D(wk$E$C0o:",
            "version": "12a04dc3ad334eb981d8908f399d0d9d",
            "versionless_id": "https://bidr-nparus-dev-vault.vault.azure.net/secrets/database-password"
          },
          "sensitive_attributes": [
            [
              {
                "type": "get_attr",
                "value": "value"
              }
            ]
          ],
          "identity_schema_version": 0,
          "private": "eyJlMmJmYjczMC1lY2FhLTExZTYtOGY4OC0zNDM2M2JjN2M0YzAiOnsiY3JlYXRlIjoxODAwMDAwMDAwMDAwLCJkZWxldGUiOjE4MDAwMDAwMDAwMDAsInJlYWQiOjE4MDAwMDAwMDAwMDAsInVwZGF0ZSI6MTgwMDAwMDAwMDAwMH19",
          "dependencies": [
            "azurerm_key_vault.bidr",
            "azurerm_resource_group.bidr",
            "azurerm_role_assignment.current_user_keyvault_admin",
            "data.azurerm_client_config.current",
            "random_password.database_password",
            "time_sleep.wait_for_keyvault_rbac"
          ]
        }
      ]
    },
    {
      "mode": "managed",
      "type": "azurerm_key_vault_secret",
      "name": "database_user",
      "provider": "provider[\"registry.terraform.io/hashicorp/azurerm\"]",
      "instances": [
        {
          "schema_version": 0,
          "attributes": {
            "content_type": "",
            "expiration_date": null,
            "id": "https://bidr-nparus-dev-vault.vault.azure.net/secrets/database-user/e3130e45b6af44b3bff05260579c7778",
            "key_vault_id": "/subscriptions/51dd222b-9d63-476c-9069-cd3b2a87f6e6/resourceGroups/bidr-dev-k8s/providers/Microsoft.KeyVault/vaults/bidr-nparus-dev-vault",
            "name": "database-user",
            "not_before_date": null,
            "resource_id": "/subscriptions/51dd222b-9d63-476c-9069-cd3b2a87f6e6/resourceGroups/bidr-dev-k8s/providers/Microsoft.KeyVault/vaults/bidr-nparus-dev-vault/secrets/database-user/versions/e3130e45b6af44b3bff05260579c7778",
            "resource_versionless_id": "/subscriptions/51dd222b-9d63-476c-9069-cd3b2a87f6e6/resourceGroups/bidr-dev-k8s/providers/Microsoft.KeyVault/vaults/bidr-nparus-dev-vault/secrets/database-user",
            "tags": {
              "Environment": "dev",
              "Project": "BIDR"
            },
            "timeouts": null,
            "value": "bidruser",
            "version": "e3130e45b6af44b3bff05260579c7778",
            "versionless_id": "https://bidr-nparus-dev-vault.vault.azure.net/secrets/database-user"
          },
          "sensitive_attributes": [
            [
              {
                "type": "get_attr",
                "value": "value"
              }
            ]
          ],
          "identity_schema_version": 0,
          "private": "eyJlMmJmYjczMC1lY2FhLTExZTYtOGY4OC0zNDM2M2JjN2M0YzAiOnsiY3JlYXRlIjoxODAwMDAwMDAwMDAwLCJkZWxldGUiOjE4MDAwMDAwMDAwMDAsInJlYWQiOjE4MDAwMDAwMDAwMDAsInVwZGF0ZSI6MTgwMDAwMDAwMDAwMH19",
          "dependencies": [
            "azurerm_key_vault.bidr",
            "azurerm_resource_group.bidr",
            "azurerm_role_assignment.current_user_keyvault_admin",
            "data.azurerm_client_config.current",
            "time_sleep.wait_for_keyvault_rbac"
          ]
        }
      ]
    },
    {
      "mode": "managed",
      "type": "azurerm_key_vault_secret",
      "name": "django_secret_key",
      "provider": "provider[\"registry.terraform.io/hashicorp/azurerm\"]",
      "instances": [
        {
          "schema_version": 0,
          "attributes": {
            "content_type": "",
            "expiration_date": null,
            "id": "https://bidr-nparus-dev-vault.vault.azure.net/secrets/django-secret-key/2769e41ffd174ed88e51ececadc23d2c",
            "key_vault_id": "/subscriptions/51dd222b-9d63-476c-9069-cd3b2a87f6e6/resourceGroups/bidr-dev-k8s/providers/Microsoft.KeyVault/vaults/bidr-nparus-dev-vault",
            "name": "django-secret-key",
            "not_before_date": null,
            "resource_id": "/subscriptions/51dd222b-9d63-476c-9069-cd3b2a87f6e6/resourceGroups/bidr-dev-k8s/providers/Microsoft.KeyVault/vaults/bidr-nparus-dev-vault/secrets/django-secret-key/versions/2769e41ffd174ed88e51ececadc23d2c",
            "resource_versionless_id": "/subscriptions/51dd222b-9d63-476c-9069-cd3b2a87f6e6/resourceGroups/bidr-dev-k8s/providers/Microsoft.KeyVault/vaults/bidr-nparus-dev-vault/secrets/django-secret-key",
            "tags": {
              "Environment": "dev",
              "Project": "BIDR"
            },
            "timeouts": null,
            "value": "ftOPbs\u003eb+-ec1]8ssf@\u0026{!2lk_-J@B_g1[7aDWmGVh$TOVN@#%",
            "version": "2769e41ffd174ed88e51ececadc23d2c",
            "versionless_id": "https://bidr-nparus-dev-vault.vault.azure.net/secrets/django-secret-key"
          },
          "sensitive_attributes": [
            [
              {
                "type": "get_attr",
                "value": "value"
              }
            ]
          ],
          "identity_schema_version": 0,
          "private": "eyJlMmJmYjczMC1lY2FhLTExZTYtOGY4OC0zNDM2M2JjN2M0YzAiOnsiY3JlYXRlIjoxODAwMDAwMDAwMDAwLCJkZWxldGUiOjE4MDAwMDAwMDAwMDAsInJlYWQiOjE4MDAwMDAwMDAwMDAsInVwZGF0ZSI6MTgwMDAwMDAwMDAwMH19",
          "dependencies": [
            "azurerm_key_vault.bidr",
            "azurerm_resource_group.bidr",
            "azurerm_role_assignment.current_user_keyvault_admin",
            "data.azurerm_client_config.current",
            "random_password.django_secret_key",
            "time_sleep.wait_for_keyvault_rbac"
          ]
        }
      ]
    },
    {
      "mode": "managed",
      "type": "azurerm_key_vault_secret",
      "name": "email_host_password",
      "provider": "provider[\"registry.terraform.io/hashicorp/azurerm\"]",
      "instances": [
        {
          "schema_version": 0,
          "attributes": {
            "content_type": "",
            "expiration_date": null,
            "id": "https://bidr-nparus-dev-vault.vault.azure.net/secrets/email-host-password/24b5421a57dc46abb5fd211d4251bad4",
            "key_vault_id": "/subscriptions/51dd222b-9d63-476c-9069-cd3b2a87f6e6/resourceGroups/bidr-dev-k8s/providers/Microsoft.KeyVault/vaults/bidr-nparus-dev-vault",
            "name": "email-host-password",
            "not_before_date": null,
            "resource_id": "/subscriptions/51dd222b-9d63-476c-9069-cd3b2a87f6e6/resourceGroups/bidr-dev-k8s/providers/Microsoft.KeyVault/vaults/bidr-nparus-dev-vault/secrets/email-host-password/versions/24b5421a57dc46abb5fd211d4251bad4",
            "resource_versionless_id": "/subscriptions/51dd222b-9d63-476c-9069-cd3b2a87f6e6/resourceGroups/bidr-dev-k8s/providers/Microsoft.KeyVault/vaults/bidr-nparus-dev-vault/secrets/email-host-password",
            "tags": {
              "Environment": "dev",
              "Project": "BIDR"
            },
            "timeouts": null,
            "value": "",
            "version": "24b5421a57dc46abb5fd211d4251bad4",
            "versionless_id": "https://bidr-nparus-dev-vault.vault.azure.net/secrets/email-host-password"
          },
          "sensitive_attributes": [
            [
              {
                "type": "get_attr",
                "value": "value"
              }
            ]
          ],
          "identity_schema_version": 0,
          "private": "eyJlMmJmYjczMC1lY2FhLTExZTYtOGY4OC0zNDM2M2JjN2M0YzAiOnsiY3JlYXRlIjoxODAwMDAwMDAwMDAwLCJkZWxldGUiOjE4MDAwMDAwMDAwMDAsInJlYWQiOjE4MDAwMDAwMDAwMDAsInVwZGF0ZSI6MTgwMDAwMDAwMDAwMH19",
          "dependencies": [
            "azurerm_key_vault.bidr",
            "azurerm_resource_group.bidr",
            "azurerm_role_assignment.current_user_keyvault_admin",
            "data.azurerm_client_config.current",
            "time_sleep.wait_for_keyvault_rbac"
          ]
        }
      ]
    },
    {
      "mode": "managed",
      "type": "azurerm_key_vault_secret",
      "name": "email_host_user",
      "provider": "provider[\"registry.terraform.io/hashicorp/azurerm\"]",
      "instances": [
        {
          "schema_version": 0,
          "attributes": {
            "content_type": "",
            "expiration_date": null,
            "id": "https://bidr-nparus-dev-vault.vault.azure.net/secrets/email-host-user/4bbb1523e2c344829e04136f4443e69b",
            "key_vault_id": "/subscriptions/51dd222b-9d63-476c-9069-cd3b2a87f6e6/resourceGroups/bidr-dev-k8s/providers/Microsoft.KeyVault/vaults/bidr-nparus-dev-vault",
            "name": "email-host-user",
            "not_before_date": null,
            "resource_id": "/subscriptions/51dd222b-9d63-476c-9069-cd3b2a87f6e6/resourceGroups/bidr-dev-k8s/providers/Microsoft.KeyVault/vaults/bidr-nparus-dev-vault/secrets/email-host-user/versions/4bbb1523e2c344829e04136f4443e69b",
            "resource_versionless_id": "/subscriptions/51dd222b-9d63-476c-9069-cd3b2a87f6e6/resourceGroups/bidr-dev-k8s/providers/Microsoft.KeyVault/vaults/bidr-nparus-dev-vault/secrets/email-host-user",
            "tags": {
              "Environment": "dev",
              "Project": "BIDR"
            },
            "timeouts": null,
            "value": "dev@bidr.local",
            "version": "4bbb1523e2c344829e04136f4443e69b",
            "versionless_id": "https://bidr-nparus-dev-vault.vault.azure.net/secrets/email-host-user"
          },
          "sensitive_attributes": [
            [
              {
                "type": "get_attr",
                "value": "value"
              }
            ]
          ],
          "identity_schema_version": 0,
          "private": "eyJlMmJmYjczMC1lY2FhLTExZTYtOGY4OC0zNDM2M2JjN2M0YzAiOnsiY3JlYXRlIjoxODAwMDAwMDAwMDAwLCJkZWxldGUiOjE4MDAwMDAwMDAwMDAsInJlYWQiOjE4MDAwMDAwMDAwMDAsInVwZGF0ZSI6MTgwMDAwMDAwMDAwMH19",
          "dependencies": [
            "azurerm_key_vault.bidr",
            "azurerm_resource_group.bidr",
            "azurerm_role_assignment.current_user_keyvault_admin",
            "data.azurerm_client_config.current",
            "time_sleep.wait_for_keyvault_rbac"
          ]
        }
      ]
    },
    {
      "mode": "managed",
      "type": "azurerm_key_vault_secret",
      "name": "redis_password",
      "provider": "provider[\"registry.terraform.io/hashicorp/azurerm\"]",
      "instances": [
        {
          "schema_version": 0,
          "attributes": {
            "content_type": "",
            "expiration_date": null,
            "id": "https://bidr-nparus-dev-vault.vault.azure.net/secrets/redis-password/976eed909f4143ffb19a2428b22beba0",
            "key_vault_id": "/subscriptions/51dd222b-9d63-476c-9069-cd3b2a87f6e6/resourceGroups/bidr-dev-k8s/providers/Microsoft.KeyVault/vaults/bidr-nparus-dev-vault",
            "name": "redis-password",
            "not_before_date": null,
            "resource_id": "/subscriptions/51dd222b-9d63-476c-9069-cd3b2a87f6e6/resourceGroups/bidr-dev-k8s/providers/Microsoft.KeyVault/vaults/bidr-nparus-dev-vault/secrets/redis-password/versions/976eed909f4143ffb19a2428b22beba0",
            "resource_versionless_id": "/subscriptions/51dd222b-9d63-476c-9069-cd3b2a87f6e6/resourceGroups/bidr-dev-k8s/providers/Microsoft.KeyVault/vaults/bidr-nparus-dev-vault/secrets/redis-password",
            "tags": {
              "Environment": "dev",
              "Project": "BIDR"
            },
            "timeouts": null,
            "value": "ntYJ40vURxWUlaS2URD4erFe1vruIIn9",
            "version": "976eed909f4143ffb19a2428b22beba0",
            "versionless_id": "https://bidr-nparus-dev-vault.vault.azure.net/secrets/redis-password"
          },
          "sensitive_attributes": [
            [
              {
                "type": "get_attr",
                "value": "value"
              }
            ]
          ],
          "identity_schema_version": 0,
          "private": "eyJlMmJmYjczMC1lY2FhLTExZTYtOGY4OC0zNDM2M2JjN2M0YzAiOnsiY3JlYXRlIjoxODAwMDAwMDAwMDAwLCJkZWxldGUiOjE4MDAwMDAwMDAwMDAsInJlYWQiOjE4MDAwMDAwMDAwMDAsInVwZGF0ZSI6MTgwMDAwMDAwMDAwMH19",
          "dependencies": [
            "azurerm_key_vault.bidr",
            "azurerm_resource_group.bidr",
            "azurerm_role_assignment.current_user_keyvault_admin",
            "data.azurerm_client_config.current",
            "random_password.redis_password",
            "time_sleep.wait_for_keyvault_rbac"
          ]
        }
      ]
    },
    {
      "mode": "managed",
      "type": "azurerm_key_vault_secret",
      "name": "service_admin_passwords",
      "provider": "provider[\"registry.terraform.io/hashicorp/azurerm\"]",
      "instances": [
        {
          "index_key": "auth",
          "schema_version": 0,
          "attributes": {
            "content_type": "",
            "expiration_date": null,
            "id": "https://bidr-nparus-dev-vault.vault.azure.net/secrets/auth-service-admin-password/6bd1d5ee81964a69bace7dd853b4d956",
            "key_vault_id": "/subscriptions/51dd222b-9d63-476c-9069-cd3b2a87f6e6/resourceGroups/bidr-dev-k8s/providers/Microsoft.KeyVault/vaults/bidr-nparus-dev-vault",
            "name": "auth-service-admin-password",
            "not_before_date": null,
            "resource_id": "/subscriptions/51dd222b-9d63-476c-9069-cd3b2a87f6e6/resourceGroups/bidr-dev-k8s/providers/Microsoft.KeyVault/vaults/bidr-nparus-dev-vault/secrets/auth-service-admin-password/versions/6bd1d5ee81964a69bace7dd853b4d956",
            "resource_versionless_id": "/subscriptions/51dd222b-9d63-476c-9069-cd3b2a87f6e6/resourceGroups/bidr-dev-k8s/providers/Microsoft.KeyVault/vaults/bidr-nparus-dev-vault/secrets/auth-service-admin-password",
            "tags": {
              "Environment": "dev",
              "Project": "BIDR",
              "Service": "auth"
            },
            "timeouts": null,
            "value": "Tc_tYOQZt)\u003e84A3M",
            "version": "6bd1d5ee81964a69bace7dd853b4d956",
            "versionless_id": "https://bidr-nparus-dev-vault.vault.azure.net/secrets/auth-service-admin-password"
          },
          "sensitive_attributes": [
            [
              {
                "type": "get_attr",
                "value": "value"
              }
            ]
          ],
          "identity_schema_version": 0,
          "private": "eyJlMmJmYjczMC1lY2FhLTExZTYtOGY4OC0zNDM2M2JjN2M0YzAiOnsiY3JlYXRlIjoxODAwMDAwMDAwMDAwLCJkZWxldGUiOjE4MDAwMDAwMDAwMDAsInJlYWQiOjE4MDAwMDAwMDAwMDAsInVwZGF0ZSI6MTgwMDAwMDAwMDAwMH19",
          "dependencies": [
            "azurerm_key_vault.bidr",
            "azurerm_resource_group.bidr",
            "azurerm_role_assignment.current_user_keyvault_admin",
            "data.azurerm_client_config.current",
            "random_password.service_admin_passwords",
            "time_sleep.wait_for_keyvault_rbac"
          ]
        },
        {
          "index_key": "chat",
          "schema_version": 0,
          "attributes": {
            "content_type": "",
            "expiration_date": null,
            "id": "https://bidr-nparus-dev-vault.vault.azure.net/secrets/chat-service-admin-password/7ecf831691ff4f69a245c422c22ea7c4",
            "key_vault_id": "/subscriptions/51dd222b-9d63-476c-9069-cd3b2a87f6e6/resourceGroups/bidr-dev-k8s/providers/Microsoft.KeyVault/vaults/bidr-nparus-dev-vault",
            "name": "chat-service-admin-password",
            "not_before_date": null,
            "resource_id": "/subscriptions/51dd222b-9d63-476c-9069-cd3b2a87f6e6/resourceGroups/bidr-dev-k8s/providers/Microsoft.KeyVault/vaults/bidr-nparus-dev-vault/secrets/chat-service-admin-password/versions/7ecf831691ff4f69a245c422c22ea7c4",
            "resource_versionless_id": "/subscriptions/51dd222b-9d63-476c-9069-cd3b2a87f6e6/resourceGroups/bidr-dev-k8s/providers/Microsoft.KeyVault/vaults/bidr-nparus-dev-vault/secrets/chat-service-admin-password",
            "tags": {
              "Environment": "dev",
              "Project": "BIDR",
              "Service": "chat"
            },
            "timeouts": null,
            "value": "$$:_yCg}6pSOcH*u",
            "version": "7ecf831691ff4f69a245c422c22ea7c4",
            "versionless_id": "https://bidr-nparus-dev-vault.vault.azure.net/secrets/chat-service-admin-password"
          },
          "sensitive_attributes": [
            [
              {
                "type": "get_attr",
                "value": "value"
              }
            ]
          ],
          "identity_schema_version": 0,
          "private": "eyJlMmJmYjczMC1lY2FhLTExZTYtOGY4OC0zNDM2M2JjN2M0YzAiOnsiY3JlYXRlIjoxODAwMDAwMDAwMDAwLCJkZWxldGUiOjE4MDAwMDAwMDAwMDAsInJlYWQiOjE4MDAwMDAwMDAwMDAsInVwZGF0ZSI6MTgwMDAwMDAwMDAwMH19",
          "dependencies": [
            "azurerm_key_vault.bidr",
            "azurerm_resource_group.bidr",
            "azurerm_role_assignment.current_user_keyvault_admin",
            "data.azurerm_client_config.current",
            "random_password.service_admin_passwords",
            "time_sleep.wait_for_keyvault_rbac"
          ]
        },
        {
          "index_key": "notifications",
          "schema_version": 0,
          "attributes": {
            "content_type": "",
            "expiration_date": null,
            "id": "https://bidr-nparus-dev-vault.vault.azure.net/secrets/notifications-service-admin-password/c4e58b34fdb64e3f814d60d84286b466",
            "key_vault_id": "/subscriptions/51dd222b-9d63-476c-9069-cd3b2a87f6e6/resourceGroups/bidr-dev-k8s/providers/Microsoft.KeyVault/vaults/bidr-nparus-dev-vault",
            "name": "notifications-service-admin-password",
            "not_before_date": null,
            "resource_id": "/subscriptions/51dd222b-9d63-476c-9069-cd3b2a87f6e6/resourceGroups/bidr-dev-k8s/providers/Microsoft.KeyVault/vaults/bidr-nparus-dev-vault/secrets/notifications-service-admin-password/versions/c4e58b34fdb64e3f814d60d84286b466",
            "resource_versionless_id": "/subscriptions/51dd222b-9d63-476c-9069-cd3b2a87f6e6/resourceGroups/bidr-dev-k8s/providers/Microsoft.KeyVault/vaults/bidr-nparus-dev-vault/secrets/notifications-service-admin-password",
            "tags": {
              "Environment": "dev",
              "Project": "BIDR",
              "Service": "notifications"
            },
            "timeouts": null,
            "value": "xYWKA\u003c_r]p3tqlNy",
            "version": "c4e58b34fdb64e3f814d60d84286b466",
            "versionless_id": "https://bidr-nparus-dev-vault.vault.azure.net/secrets/notifications-service-admin-password"
          },
          "sensitive_attributes": [
            [
              {
                "type": "get_attr",
                "value": "value"
              }
            ]
          ],
          "identity_schema_version": 0,
          "private": "eyJlMmJmYjczMC1lY2FhLTExZTYtOGY4OC0zNDM2M2JjN2M0YzAiOnsiY3JlYXRlIjoxODAwMDAwMDAwMDAwLCJkZWxldGUiOjE4MDAwMDAwMDAwMDAsInJlYWQiOjE4MDAwMDAwMDAwMDAsInVwZGF0ZSI6MTgwMDAwMDAwMDAwMH19",
          "dependencies": [
            "azurerm_key_vault.bidr",
            "azurerm_resource_group.bidr",
            "azurerm_role_assignment.current_user_keyvault_admin",
            "data.azurerm_client_config.current",
            "random_password.service_admin_passwords",
            "time_sleep.wait_for_keyvault_rbac"
          ]
        },
        {
          "index_key": "payment",
          "schema_version": 0,
          "attributes": {
            "content_type": "",
            "expiration_date": null,
            "id": "https://bidr-nparus-dev-vault.vault.azure.net/secrets/payment-service-admin-password/e5a90314bc314f86b02f08f921a0f47a",
            "key_vault_id": "/subscriptions/51dd222b-9d63-476c-9069-cd3b2a87f6e6/resourceGroups/bidr-dev-k8s/providers/Microsoft.KeyVault/vaults/bidr-nparus-dev-vault",
            "name": "payment-service-admin-password",
            "not_before_date": null,
            "resource_id": "/subscriptions/51dd222b-9d63-476c-9069-cd3b2a87f6e6/resourceGroups/bidr-dev-k8s/providers/Microsoft.KeyVault/vaults/bidr-nparus-dev-vault/secrets/payment-service-admin-password/versions/e5a90314bc314f86b02f08f921a0f47a",
            "resource_versionless_id": "/subscriptions/51dd222b-9d63-476c-9069-cd3b2a87f6e6/resourceGroups/bidr-dev-k8s/providers/Microsoft.KeyVault/vaults/bidr-nparus-dev-vault/secrets/payment-service-admin-password",
            "tags": {
              "Environment": "dev",
              "Project": "BIDR",
              "Service": "payment"
            },
            "timeouts": null,
            "value": "qF{OK_*B\u003eId!PuB}",
            "version": "e5a90314bc314f86b02f08f921a0f47a",
            "versionless_id": "https://bidr-nparus-dev-vault.vault.azure.net/secrets/payment-service-admin-password"
          },
          "sensitive_attributes": [
            [
              {
                "type": "get_attr",
                "value": "value"
              }
            ]
          ],
          "identity_schema_version": 0,
          "private": "eyJlMmJmYjczMC1lY2FhLTExZTYtOGY4OC0zNDM2M2JjN2M0YzAiOnsiY3JlYXRlIjoxODAwMDAwMDAwMDAwLCJkZWxldGUiOjE4MDAwMDAwMDAwMDAsInJlYWQiOjE4MDAwMDAwMDAwMDAsInVwZGF0ZSI6MTgwMDAwMDAwMDAwMH19",
          "dependencies": [
            "azurerm_key_vault.bidr",
            "azurerm_resource_group.bidr",
            "azurerm_role_assignment.current_user_keyvault_admin",
            "data.azurerm_client_config.current",
            "random_password.service_admin_passwords",
            "time_sleep.wait_for_keyvault_rbac"
          ]
        },
        {
          "index_key": "product",
          "schema_version": 0,
          "attributes": {
            "content_type": "",
            "expiration_date": null,
            "id": "https://bidr-nparus-dev-vault.vault.azure.net/secrets/product-service-admin-password/cf318ab788504a11b943088ff633169b",
            "key_vault_id": "/subscriptions/51dd222b-9d63-476c-9069-cd3b2a87f6e6/resourceGroups/bidr-dev-k8s/providers/Microsoft.KeyVault/vaults/bidr-nparus-dev-vault",
            "name": "product-service-admin-password",
            "not_before_date": null,
            "resource_id": "/subscriptions/51dd222b-9d63-476c-9069-cd3b2a87f6e6/resourceGroups/bidr-dev-k8s/providers/Microsoft.KeyVault/vaults/bidr-nparus-dev-vault/secrets/product-service-admin-password/versions/cf318ab788504a11b943088ff633169b",
            "resource_versionless_id": "/subscriptions/51dd222b-9d63-476c-9069-cd3b2a87f6e6/resourceGroups/bidr-dev-k8s/providers/Microsoft.KeyVault/vaults/bidr-nparus-dev-vault/secrets/product-service-admin-password",
            "tags": {
              "Environment": "dev",
              "Project": "BIDR",
              "Service": "product"
            },
            "timeouts": null,
            "value": "d_\u003c!?8zm0Pv?nbA9",
            "version": "cf318ab788504a11b943088ff633169b",
            "versionless_id": "https://bidr-nparus-dev-vault.vault.azure.net/secrets/product-service-admin-password"
          },
          "sensitive_attributes": [
            [
              {
                "type": "get_attr",
                "value": "value"
              }
            ]
          ],
          "identity_schema_version": 0,
          "private": "eyJlMmJmYjczMC1lY2FhLTExZTYtOGY4OC0zNDM2M2JjN2M0YzAiOnsiY3JlYXRlIjoxODAwMDAwMDAwMDAwLCJkZWxldGUiOjE4MDAwMDAwMDAwMDAsInJlYWQiOjE4MDAwMDAwMDAwMDAsInVwZGF0ZSI6MTgwMDAwMDAwMDAwMH19",
          "dependencies": [
            "azurerm_key_vault.bidr",
            "azurerm_resource_group.bidr",
            "azurerm_role_assignment.current_user_keyvault_admin",
            "data.azurerm_client_config.current",
            "random_password.service_admin_passwords",
            "time_sleep.wait_for_keyvault_rbac"
          ]
        },
        {
          "index_key": "resolution",
          "schema_version": 0,
          "attributes": {
            "content_type": "",
            "expiration_date": null,
            "id": "https://bidr-nparus-dev-vault.vault.azure.net/secrets/resolution-service-admin-password/f1ddf5859f9547ab8a7da9ac69350a5e",
            "key_vault_id": "/subscriptions/51dd222b-9d63-476c-9069-cd3b2a87f6e6/resourceGroups/bidr-dev-k8s/providers/Microsoft.KeyVault/vaults/bidr-nparus-dev-vault",
            "name": "resolution-service-admin-password",
            "not_before_date": null,
            "resource_id": "/subscriptions/51dd222b-9d63-476c-9069-cd3b2a87f6e6/resourceGroups/bidr-dev-k8s/providers/Microsoft.KeyVault/vaults/bidr-nparus-dev-vault/secrets/resolution-service-admin-password/versions/f1ddf5859f9547ab8a7da9ac69350a5e",
            "resource_versionless_id": "/subscriptions/51dd222b-9d63-476c-9069-cd3b2a87f6e6/resourceGroups/bidr-dev-k8s/providers/Microsoft.KeyVault/vaults/bidr-nparus-dev-vault/secrets/resolution-service-admin-password",
            "tags": {
              "Environment": "dev",
              "Project": "BIDR",
              "Service": "resolution"
            },
            "timeouts": null,
            "value": "vqL1-t)#X{zOOEf\u003e",
            "version": "f1ddf5859f9547ab8a7da9ac69350a5e",
            "versionless_id": "https://bidr-nparus-dev-vault.vault.azure.net/secrets/resolution-service-admin-password"
          },
          "sensitive_attributes": [
            [
              {
                "type": "get_attr",
                "value": "value"
              }
            ]
          ],
          "identity_schema_version": 0,
          "private": "eyJlMmJmYjczMC1lY2FhLTExZTYtOGY4OC0zNDM2M2JjN2M0YzAiOnsiY3JlYXRlIjoxODAwMDAwMDAwMDAwLCJkZWxldGUiOjE4MDAwMDAwMDAwMDAsInJlYWQiOjE4MDAwMDAwMDAwMDAsInVwZGF0ZSI6MTgwMDAwMDAwMDAwMH19",
          "dependencies": [
            "azurerm_key_vault.bidr",
            "azurerm_resource_group.bidr",
            "azurerm_role_assignment.current_user_keyvault_admin",
            "data.azurerm_client_config.current",
            "random_password.service_admin_passwords",
            "time_sleep.wait_for_keyvault_rbac"
          ]
        },
        {
          "index_key": "reviews",
          "schema_version": 0,
          "attributes": {
            "content_type": "",
            "expiration_date": null,
            "id": "https://bidr-nparus-dev-vault.vault.azure.net/secrets/reviews-service-admin-password/2e48e089077c4e13abebaca7074c2ddd",
            "key_vault_id": "/subscriptions/51dd222b-9d63-476c-9069-cd3b2a87f6e6/resourceGroups/bidr-dev-k8s/providers/Microsoft.KeyVault/vaults/bidr-nparus-dev-vault",
            "name": "reviews-service-admin-password",
            "not_before_date": null,
            "resource_id": "/subscriptions/51dd222b-9d63-476c-9069-cd3b2a87f6e6/resourceGroups/bidr-dev-k8s/providers/Microsoft.KeyVault/vaults/bidr-nparus-dev-vault/secrets/reviews-service-admin-password/versions/2e48e089077c4e13abebaca7074c2ddd",
            "resource_versionless_id": "/subscriptions/51dd222b-9d63-476c-9069-cd3b2a87f6e6/resourceGroups/bidr-dev-k8s/providers/Microsoft.KeyVault/vaults/bidr-nparus-dev-vault/secrets/reviews-service-admin-password",
            "tags": {
              "Environment": "dev",
              "Project": "BIDR",
              "Service": "reviews"
            },
            "timeouts": null,
            "value": ":lO#qUghyQiJ+b\u0026d",
            "version": "2e48e089077c4e13abebaca7074c2ddd",
            "versionless_id": "https://bidr-nparus-dev-vault.vault.azure.net/secrets/reviews-service-admin-password"
          },
          "sensitive_attributes": [
            [
              {
                "type": "get_attr",
                "value": "value"
              }
            ]
          ],
          "identity_schema_version": 0,
          "private": "eyJlMmJmYjczMC1lY2FhLTExZTYtOGY4OC0zNDM2M2JjN2M0YzAiOnsiY3JlYXRlIjoxODAwMDAwMDAwMDAwLCJkZWxldGUiOjE4MDAwMDAwMDAwMDAsInJlYWQiOjE4MDAwMDAwMDAwMDAsInVwZGF0ZSI6MTgwMDAwMDAwMDAwMH19",
          "dependencies": [
            "azurerm_key_vault.bidr",
            "azurerm_resource_group.bidr",
            "azurerm_role_assignment.current_user_keyvault_admin",
            "data.azurerm_client_config.current",
            "random_password.service_admin_passwords",
            "time_sleep.wait_for_keyvault_rbac"
          ]
        },
        {
          "index_key": "transactions",
          "schema_version": 0,
          "attributes": {
            "content_type": "",
            "expiration_date": null,
            "id": "https://bidr-nparus-dev-vault.vault.azure.net/secrets/transactions-service-admin-password/302ecaf040ec42afa893d653b76d5605",
            "key_vault_id": "/subscriptions/51dd222b-9d63-476c-9069-cd3b2a87f6e6/resourceGroups/bidr-dev-k8s/providers/Microsoft.KeyVault/vaults/bidr-nparus-dev-vault",
            "name": "transactions-service-admin-password",
            "not_before_date": null,
            "resource_id": "/subscriptions/51dd222b-9d63-476c-9069-cd3b2a87f6e6/resourceGroups/bidr-dev-k8s/providers/Microsoft.KeyVault/vaults/bidr-nparus-dev-vault/secrets/transactions-service-admin-password/versions/302ecaf040ec42afa893d653b76d5605",
            "resource_versionless_id": "/subscriptions/51dd222b-9d63-476c-9069-cd3b2a87f6e6/resourceGroups/bidr-dev-k8s/providers/Microsoft.KeyVault/vaults/bidr-nparus-dev-vault/secrets/transactions-service-admin-password",
            "tags": {
              "Environment": "dev",
              "Project": "BIDR",
              "Service": "transactions"
            },
            "timeouts": null,
            "value": "Vi0)$O\u003eamuaIP4RS",
            "version": "302ecaf040ec42afa893d653b76d5605",
            "versionless_id": "https://bidr-nparus-dev-vault.vault.azure.net/secrets/transactions-service-admin-password"
          },
          "sensitive_attributes": [
            [
              {
                "type": "get_attr",
                "value": "value"
              }
            ]
          ],
          "identity_schema_version": 0,
          "private": "eyJlMmJmYjczMC1lY2FhLTExZTYtOGY4OC0zNDM2M2JjN2M0YzAiOnsiY3JlYXRlIjoxODAwMDAwMDAwMDAwLCJkZWxldGUiOjE4MDAwMDAwMDAwMDAsInJlYWQiOjE4MDAwMDAwMDAwMDAsInVwZGF0ZSI6MTgwMDAwMDAwMDAwMH19",
          "dependencies": [
            "azurerm_key_vault.bidr",
            "azurerm_resource_group.bidr",
            "azurerm_role_assignment.current_user_keyvault_admin",
            "data.azurerm_client_config.current",
            "random_password.service_admin_passwords",
            "time_sleep.wait_for_keyvault_rbac"
          ]
        }
      ]
    },
    {
      "mode": "managed",
      "type": "azurerm_key_vault_secret",
      "name": "service_api_keys",
      "provider": "provider[\"registry.terraform.io/hashicorp/azurerm\"]",
      "instances": [
        {
          "index_key": "auth",
          "schema_version": 0,
          "attributes": {
            "content_type": "",
            "expiration_date": null,
            "id": "https://bidr-nparus-dev-vault.vault.azure.net/secrets/auth-service-api-key/0867311c5a2445309b2fff34bddabac9",
            "key_vault_id": "/subscriptions/51dd222b-9d63-476c-9069-cd3b2a87f6e6/resourceGroups/bidr-dev-k8s/providers/Microsoft.KeyVault/vaults/bidr-nparus-dev-vault",
            "name": "auth-service-api-key",
            "not_before_date": null,
            "resource_id": "/subscriptions/51dd222b-9d63-476c-9069-cd3b2a87f6e6/resourceGroups/bidr-dev-k8s/providers/Microsoft.KeyVault/vaults/bidr-nparus-dev-vault/secrets/auth-service-api-key/versions/0867311c5a2445309b2fff34bddabac9",
            "resource_versionless_id": "/subscriptions/51dd222b-9d63-476c-9069-cd3b2a87f6e6/resourceGroups/bidr-dev-k8s/providers/Microsoft.KeyVault/vaults/bidr-nparus-dev-vault/secrets/auth-service-api-key",
            "tags": {
              "Environment": "dev",
              "Project": "BIDR",
              "Service": "auth"
            },
            "timeouts": null,
            "value": "CaSbmtjtFH9uDhPqI3o9FOvYhejGTnPyMNFlH31hyQMXZQNSRT9FPQZn29bBTWkb",
            "version": "0867311c5a2445309b2fff34bddabac9",
            "versionless_id": "https://bidr-nparus-dev-vault.vault.azure.net/secrets/auth-service-api-key"
          },
          "sensitive_attributes": [
            [
              {
                "type": "get_attr",
                "value": "value"
              }
            ]
          ],
          "identity_schema_version": 0,
          "private": "eyJlMmJmYjczMC1lY2FhLTExZTYtOGY4OC0zNDM2M2JjN2M0YzAiOnsiY3JlYXRlIjoxODAwMDAwMDAwMDAwLCJkZWxldGUiOjE4MDAwMDAwMDAwMDAsInJlYWQiOjE4MDAwMDAwMDAwMDAsInVwZGF0ZSI6MTgwMDAwMDAwMDAwMH19",
          "dependencies": [
            "azurerm_key_vault.bidr",
            "azurerm_resource_group.bidr",
            "azurerm_role_assignment.current_user_keyvault_admin",
            "data.azurerm_client_config.current",
            "random_password.service_api_keys",
            "time_sleep.wait_for_keyvault_rbac"
          ]
        },
        {
          "index_key": "chat",
          "schema_version": 0,
          "attributes": {
            "content_type": "",
            "expiration_date": null,
            "id": "https://bidr-nparus-dev-vault.vault.azure.net/secrets/chat-service-api-key/c433f7cba2b04c6fb8373bd871c4edbd",
            "key_vault_id": "/subscriptions/51dd222b-9d63-476c-9069-cd3b2a87f6e6/resourceGroups/bidr-dev-k8s/providers/Microsoft.KeyVault/vaults/bidr-nparus-dev-vault",
            "name": "chat-service-api-key",
            "not_before_date": null,
            "resource_id": "/subscriptions/51dd222b-9d63-476c-9069-cd3b2a87f6e6/resourceGroups/bidr-dev-k8s/providers/Microsoft.KeyVault/vaults/bidr-nparus-dev-vault/secrets/chat-service-api-key/versions/c433f7cba2b04c6fb8373bd871c4edbd",
            "resource_versionless_id": "/subscriptions/51dd222b-9d63-476c-9069-cd3b2a87f6e6/resourceGroups/bidr-dev-k8s/providers/Microsoft.KeyVault/vaults/bidr-nparus-dev-vault/secrets/chat-service-api-key",
            "tags": {
              "Environment": "dev",
              "Project": "BIDR",
              "Service": "chat"
            },
            "timeouts": null,
            "value": "s84vAVVOR46JNk0lLnYHcf5jAGegaEErRdADJw5FUaq6mS2zQcxbNw649b8NBrGy",
            "version": "c433f7cba2b04c6fb8373bd871c4edbd",
            "versionless_id": "https://bidr-nparus-dev-vault.vault.azure.net/secrets/chat-service-api-key"
          },
          "sensitive_attributes": [
            [
              {
                "type": "get_attr",
                "value": "value"
              }
            ]
          ],
          "identity_schema_version": 0,
          "private": "eyJlMmJmYjczMC1lY2FhLTExZTYtOGY4OC0zNDM2M2JjN2M0YzAiOnsiY3JlYXRlIjoxODAwMDAwMDAwMDAwLCJkZWxldGUiOjE4MDAwMDAwMDAwMDAsInJlYWQiOjE4MDAwMDAwMDAwMDAsInVwZGF0ZSI6MTgwMDAwMDAwMDAwMH19",
          "dependencies": [
            "azurerm_key_vault.bidr",
            "azurerm_resource_group.bidr",
            "azurerm_role_assignment.current_user_keyvault_admin",
            "data.azurerm_client_config.current",
            "random_password.service_api_keys",
            "time_sleep.wait_for_keyvault_rbac"
          ]
        },
        {
          "index_key": "notifications",
          "schema_version": 0,
          "attributes": {
            "content_type": "",
            "expiration_date": null,
            "id": "https://bidr-nparus-dev-vault.vault.azure.net/secrets/notifications-service-api-key/f79e1446f51545b2bbb9dfb3c2bb3704",
            "key_vault_id": "/subscriptions/51dd222b-9d63-476c-9069-cd3b2a87f6e6/resourceGroups/bidr-dev-k8s/providers/Microsoft.KeyVault/vaults/bidr-nparus-dev-vault",
            "name": "notifications-service-api-key",
            "not_before_date": null,
            "resource_id": "/subscriptions/51dd222b-9d63-476c-9069-cd3b2a87f6e6/resourceGroups/bidr-dev-k8s/providers/Microsoft.KeyVault/vaults/bidr-nparus-dev-vault/secrets/notifications-service-api-key/versions/f79e1446f51545b2bbb9dfb3c2bb3704",
            "resource_versionless_id": "/subscriptions/51dd222b-9d63-476c-9069-cd3b2a87f6e6/resourceGroups/bidr-dev-k8s/providers/Microsoft.KeyVault/vaults/bidr-nparus-dev-vault/secrets/notifications-service-api-key",
            "tags": {
              "Environment": "dev",
              "Project": "BIDR",
              "Service": "notifications"
            },
            "timeouts": null,
            "value": "Xu973g8NNx2vrKXstapAbBosoeiX5kUT6IU8rNbW1ie4EkEL8reEU5QOb83wFAkW",
            "version": "f79e1446f51545b2bbb9dfb3c2bb3704",
            "versionless_id": "https://bidr-nparus-dev-vault.vault.azure.net/secrets/notifications-service-api-key"
          },
          "sensitive_attributes": [
            [
              {
                "type": "get_attr",
                "value": "value"
              }
            ]
          ],
          "identity_schema_version": 0,
          "private": "eyJlMmJmYjczMC1lY2FhLTExZTYtOGY4OC0zNDM2M2JjN2M0YzAiOnsiY3JlYXRlIjoxODAwMDAwMDAwMDAwLCJkZWxldGUiOjE4MDAwMDAwMDAwMDAsInJlYWQiOjE4MDAwMDAwMDAwMDAsInVwZGF0ZSI6MTgwMDAwMDAwMDAwMH19",
          "dependencies": [
            "azurerm_key_vault.bidr",
            "azurerm_resource_group.bidr",
            "azurerm_role_assignment.current_user_keyvault_admin",
            "data.azurerm_client_config.current",
            "random_password.service_api_keys",
            "time_sleep.wait_for_keyvault_rbac"
          ]
        },
        {
          "index_key": "payment",
          "schema_version": 0,
          "attributes": {
            "content_type": "",
            "expiration_date": null,
            "id": "https://bidr-nparus-dev-vault.vault.azure.net/secrets/payment-service-api-key/3c364dced12841cfa77ac3764dacf115",
            "key_vault_id": "/subscriptions/51dd222b-9d63-476c-9069-cd3b2a87f6e6/resourceGroups/bidr-dev-k8s/providers/Microsoft.KeyVault/vaults/bidr-nparus-dev-vault",
            "name": "payment-service-api-key",
            "not_before_date": null,
            "resource_id": "/subscriptions/51dd222b-9d63-476c-9069-cd3b2a87f6e6/resourceGroups/bidr-dev-k8s/providers/Microsoft.KeyVault/vaults/bidr-nparus-dev-vault/secrets/payment-service-api-key/versions/3c364dced12841cfa77ac3764dacf115",
            "resource_versionless_id": "/subscriptions/51dd222b-9d63-476c-9069-cd3b2a87f6e6/resourceGroups/bidr-dev-k8s/providers/Microsoft.KeyVault/vaults/bidr-nparus-dev-vault/secrets/payment-service-api-key",
            "tags": {
              "Environment": "dev",
              "Project": "BIDR",
              "Service": "payment"
            },
            "timeouts": null,
            "value": "mpjXs856NERvL4A6nYF8iFj9yoqvNugP4y4W5wS2aFzfIBfUiJC5vWRchkMEb62L",
            "version": "3c364dced12841cfa77ac3764dacf115",
            "versionless_id": "https://bidr-nparus-dev-vault.vault.azure.net/secrets/payment-service-api-key"
          },
          "sensitive_attributes": [
            [
              {
                "type": "get_attr",
                "value": "value"
              }
            ]
          ],
          "identity_schema_version": 0,
          "private": "eyJlMmJmYjczMC1lY2FhLTExZTYtOGY4OC0zNDM2M2JjN2M0YzAiOnsiY3JlYXRlIjoxODAwMDAwMDAwMDAwLCJkZWxldGUiOjE4MDAwMDAwMDAwMDAsInJlYWQiOjE4MDAwMDAwMDAwMDAsInVwZGF0ZSI6MTgwMDAwMDAwMDAwMH19",
          "dependencies": [
            "azurerm_key_vault.bidr",
            "azurerm_resource_group.bidr",
            "azurerm_role_assignment.current_user_keyvault_admin",
            "data.azurerm_client_config.current",
            "random_password.service_api_keys",
            "time_sleep.wait_for_keyvault_rbac"
          ]
        },
        {
          "index_key": "product",
          "schema_version": 0,
          "attributes": {
            "content_type": "",
            "expiration_date": null,
            "id": "https://bidr-nparus-dev-vault.vault.azure.net/secrets/product-service-api-key/1d19f7d82fcd44838670a1fc310d9ceb",
            "key_vault_id": "/subscriptions/51dd222b-9d63-476c-9069-cd3b2a87f6e6/resourceGroups/bidr-dev-k8s/providers/Microsoft.KeyVault/vaults/bidr-nparus-dev-vault",
            "name": "product-service-api-key",
            "not_before_date": null,
            "resource_id": "/subscriptions/51dd222b-9d63-476c-9069-cd3b2a87f6e6/resourceGroups/bidr-dev-k8s/providers/Microsoft.KeyVault/vaults/bidr-nparus-dev-vault/secrets/product-service-api-key/versions/1d19f7d82fcd44838670a1fc310d9ceb",
            "resource_versionless_id": "/subscriptions/51dd222b-9d63-476c-9069-cd3b2a87f6e6/resourceGroups/bidr-dev-k8s/providers/Microsoft.KeyVault/vaults/bidr-nparus-dev-vault/secrets/product-service-api-key",
            "tags": {
              "Environment": "dev",
              "Project": "BIDR",
              "Service": "product"
            },
            "timeouts": null,
            "value": "LGa4J8iW5cQAYkeiAfNfpttZRjb2CRt7uzG1tyVm5EohiCkLVyl0hyNQMt0V2BPe",
            "version": "1d19f7d82fcd44838670a1fc310d9ceb",
            "versionless_id": "https://bidr-nparus-dev-vault.vault.azure.net/secrets/product-service-api-key"
          },
          "sensitive_attributes": [
            [
              {
                "type": "get_attr",
                "value": "value"
              }
            ]
          ],
          "identity_schema_version": 0,
          "private": "eyJlMmJmYjczMC1lY2FhLTExZTYtOGY4OC0zNDM2M2JjN2M0YzAiOnsiY3JlYXRlIjoxODAwMDAwMDAwMDAwLCJkZWxldGUiOjE4MDAwMDAwMDAwMDAsInJlYWQiOjE4MDAwMDAwMDAwMDAsInVwZGF0ZSI6MTgwMDAwMDAwMDAwMH19",
          "dependencies": [
            "azurerm_key_vault.bidr",
            "azurerm_resource_group.bidr",
            "azurerm_role_assignment.current_user_keyvault_admin",
            "data.azurerm_client_config.current",
            "random_password.service_api_keys",
            "time_sleep.wait_for_keyvault_rbac"
          ]
        },
        {
          "index_key": "resolution",
          "schema_version": 0,
          "attributes": {
            "content_type": "",
            "expiration_date": null,
            "id": "https://bidr-nparus-dev-vault.vault.azure.net/secrets/resolution-service-api-key/8c9c9280d0ce474599ef58403142635c",
            "key_vault_id": "/subscriptions/51dd222b-9d63-476c-9069-cd3b2a87f6e6/resourceGroups/bidr-dev-k8s/providers/Microsoft.KeyVault/vaults/bidr-nparus-dev-vault",
            "name": "resolution-service-api-key",
            "not_before_date": null,
            "resource_id": "/subscriptions/51dd222b-9d63-476c-9069-cd3b2a87f6e6/resourceGroups/bidr-dev-k8s/providers/Microsoft.KeyVault/vaults/bidr-nparus-dev-vault/secrets/resolution-service-api-key/versions/8c9c9280d0ce474599ef58403142635c",
            "resource_versionless_id": "/subscriptions/51dd222b-9d63-476c-9069-cd3b2a87f6e6/resourceGroups/bidr-dev-k8s/providers/Microsoft.KeyVault/vaults/bidr-nparus-dev-vault/secrets/resolution-service-api-key",
            "tags": {
              "Environment": "dev",
              "Project": "BIDR",
              "Service": "resolution"
            },
            "timeouts": null,
            "value": "EXAXMQmK6nawBSrMnLHZEjij6yFAEo2PPUiJySO8NA93MDAJR8S2v8syUtmpzEix",
            "version": "8c9c9280d0ce474599ef58403142635c",
            "versionless_id": "https://bidr-nparus-dev-vault.vault.azure.net/secrets/resolution-service-api-key"
          },
          "sensitive_attributes": [
            [
              {
                "type": "get_attr",
                "value": "value"
              }
            ]
          ],
          "identity_schema_version": 0,
          "private": "eyJlMmJmYjczMC1lY2FhLTExZTYtOGY4OC0zNDM2M2JjN2M0YzAiOnsiY3JlYXRlIjoxODAwMDAwMDAwMDAwLCJkZWxldGUiOjE4MDAwMDAwMDAwMDAsInJlYWQiOjE4MDAwMDAwMDAwMDAsInVwZGF0ZSI6MTgwMDAwMDAwMDAwMH19",
          "dependencies": [
            "azurerm_key_vault.bidr",
            "azurerm_resource_group.bidr",
            "azurerm_role_assignment.current_user_keyvault_admin",
            "data.azurerm_client_config.current",
            "random_password.service_api_keys",
            "time_sleep.wait_for_keyvault_rbac"
          ]
        },
        {
          "index_key": "reviews",
          "schema_version": 0,
          "attributes": {
            "content_type": "",
            "expiration_date": null,
            "id": "https://bidr-nparus-dev-vault.vault.azure.net/secrets/reviews-service-api-key/8054c253f2c641e7a073963f2624e032",
            "key_vault_id": "/subscriptions/51dd222b-9d63-476c-9069-cd3b2a87f6e6/resourceGroups/bidr-dev-k8s/providers/Microsoft.KeyVault/vaults/bidr-nparus-dev-vault",
            "name": "reviews-service-api-key",
            "not_before_date": null,
            "resource_id": "/subscriptions/51dd222b-9d63-476c-9069-cd3b2a87f6e6/resourceGroups/bidr-dev-k8s/providers/Microsoft.KeyVault/vaults/bidr-nparus-dev-vault/secrets/reviews-service-api-key/versions/8054c253f2c641e7a073963f2624e032",
            "resource_versionless_id": "/subscriptions/51dd222b-9d63-476c-9069-cd3b2a87f6e6/resourceGroups/bidr-dev-k8s/providers/Microsoft.KeyVault/vaults/bidr-nparus-dev-vault/secrets/reviews-service-api-key",
            "tags": {
              "Environment": "dev",
              "Project": "BIDR",
              "Service": "reviews"
            },
            "timeouts": null,
            "value": "YUrwJJDsx7YJNxvO0PTGz4RbnH5jXBDOGbZedgKyCNmy3TOAqSfPPM22h9EpJfXY",
            "version": "8054c253f2c641e7a073963f2624e032",
            "versionless_id": "https://bidr-nparus-dev-vault.vault.azure.net/secrets/reviews-service-api-key"
          },
          "sensitive_attributes": [
            [
              {
                "type": "get_attr",
                "value": "value"
              }
            ]
          ],
          "identity_schema_version": 0,
          "private": "eyJlMmJmYjczMC1lY2FhLTExZTYtOGY4OC0zNDM2M2JjN2M0YzAiOnsiY3JlYXRlIjoxODAwMDAwMDAwMDAwLCJkZWxldGUiOjE4MDAwMDAwMDAwMDAsInJlYWQiOjE4MDAwMDAwMDAwMDAsInVwZGF0ZSI6MTgwMDAwMDAwMDAwMH19",
          "dependencies": [
            "azurerm_key_vault.bidr",
            "azurerm_resource_group.bidr",
            "azurerm_role_assignment.current_user_keyvault_admin",
            "data.azurerm_client_config.current",
            "random_password.service_api_keys",
            "time_sleep.wait_for_keyvault_rbac"
          ]
        },
        {
          "index_key": "transactions",
          "schema_version": 0,
          "attributes": {
            "content_type": "",
            "expiration_date": null,
            "id": "https://bidr-nparus-dev-vault.vault.azure.net/secrets/transactions-service-api-key/0f02a25020894b04842770800c279607",
            "key_vault_id": "/subscriptions/51dd222b-9d63-476c-9069-cd3b2a87f6e6/resourceGroups/bidr-dev-k8s/providers/Microsoft.KeyVault/vaults/bidr-nparus-dev-vault",
            "name": "transactions-service-api-key",
            "not_before_date": null,
            "resource_id": "/subscriptions/51dd222b-9d63-476c-9069-cd3b2a87f6e6/resourceGroups/bidr-dev-k8s/providers/Microsoft.KeyVault/vaults/bidr-nparus-dev-vault/secrets/transactions-service-api-key/versions/0f02a25020894b04842770800c279607",
            "resource_versionless_id": "/subscriptions/51dd222b-9d63-476c-9069-cd3b2a87f6e6/resourceGroups/bidr-dev-k8s/providers/Microsoft.KeyVault/vaults/bidr-nparus-dev-vault/secrets/transactions-service-api-key",
            "tags": {
              "Environment": "dev",
              "Project": "BIDR",
              "Service": "transactions"
            },
            "timeouts": null,
            "value": "p38RAjMwA0xClesvwz29W4Rr5uyqL21Vr6fY2CdugviamBXQZBSB2VPWzdA3vu6Z",
            "version": "0f02a25020894b04842770800c279607",
            "versionless_id": "https://bidr-nparus-dev-vault.vault.azure.net/secrets/transactions-service-api-key"
          },
          "sensitive_attributes": [
            [
              {
                "type": "get_attr",
                "value": "value"
              }
            ]
          ],
          "identity_schema_version": 0,
          "private": "eyJlMmJmYjczMC1lY2FhLTExZTYtOGY4OC0zNDM2M2JjN2M0YzAiOnsiY3JlYXRlIjoxODAwMDAwMDAwMDAwLCJkZWxldGUiOjE4MDAwMDAwMDAwMDAsInJlYWQiOjE4MDAwMDAwMDAwMDAsInVwZGF0ZSI6MTgwMDAwMDAwMDAwMH19",
          "dependencies": [
            "azurerm_key_vault.bidr",
            "azurerm_resource_group.bidr",
            "azurerm_role_assignment.current_user_keyvault_admin",
            "data.azurerm_client_config.current",
            "random_password.service_api_keys",
            "time_sleep.wait_for_keyvault_rbac"
          ]
        }
      ]
    },
    {
      "mode": "managed",
      "type": "azurerm_key_vault_secret",
      "name": "service_jwt_secrets",
      "provider": "provider[\"registry.terraform.io/hashicorp/azurerm\"]",
      "instances": [
        {
          "index_key": "auth",
          "schema_version": 0,
          "attributes": {
            "content_type": "",
            "expiration_date": null,
            "id": "https://bidr-nparus-dev-vault.vault.azure.net/secrets/auth-service-jwt-secret/8ebc065b100740959200b2a026c39f78",
            "key_vault_id": "/subscriptions/51dd222b-9d63-476c-9069-cd3b2a87f6e6/resourceGroups/bidr-dev-k8s/providers/Microsoft.KeyVault/vaults/bidr-nparus-dev-vault",
            "name": "auth-service-jwt-secret",
            "not_before_date": null,
            "resource_id": "/subscriptions/51dd222b-9d63-476c-9069-cd3b2a87f6e6/resourceGroups/bidr-dev-k8s/providers/Microsoft.KeyVault/vaults/bidr-nparus-dev-vault/secrets/auth-service-jwt-secret/versions/8ebc065b100740959200b2a026c39f78",
            "resource_versionless_id": "/subscriptions/51dd222b-9d63-476c-9069-cd3b2a87f6e6/resourceGroups/bidr-dev-k8s/providers/Microsoft.KeyVault/vaults/bidr-nparus-dev-vault/secrets/auth-service-jwt-secret",
            "tags": {
              "Environment": "dev",
              "Project": "BIDR",
              "Service": "auth"
            },
            "timeouts": null,
            "value": "Hg%Y%sAV0k=a=[={2?nuQe$s(4KIY!bGy0+b[euZPnco0P]4UjN(y34bCzS_B2p!",
            "version": "8ebc065b100740959200b2a026c39f78",
            "versionless_id": "https://bidr-nparus-dev-vault.vault.azure.net/secrets/auth-service-jwt-secret"
          },
          "sensitive_attributes": [
            [
              {
                "type": "get_attr",
                "value": "value"
              }
            ]
          ],
          "identity_schema_version": 0,
          "private": "eyJlMmJmYjczMC1lY2FhLTExZTYtOGY4OC0zNDM2M2JjN2M0YzAiOnsiY3JlYXRlIjoxODAwMDAwMDAwMDAwLCJkZWxldGUiOjE4MDAwMDAwMDAwMDAsInJlYWQiOjE4MDAwMDAwMDAwMDAsInVwZGF0ZSI6MTgwMDAwMDAwMDAwMH19",
          "dependencies": [
            "azurerm_key_vault.bidr",
            "azurerm_resource_group.bidr",
            "azurerm_role_assignment.current_user_keyvault_admin",
            "data.azurerm_client_config.current",
            "random_password.service_jwt_secrets",
            "time_sleep.wait_for_keyvault_rbac"
          ]
        },
        {
          "index_key": "chat",
          "schema_version": 0,
          "attributes": {
            "content_type": "",
            "expiration_date": null,
            "id": "https://bidr-nparus-dev-vault.vault.azure.net/secrets/chat-service-jwt-secret/e08e3b6baef94435810e6b0a61e5234f",
            "key_vault_id": "/subscriptions/51dd222b-9d63-476c-9069-cd3b2a87f6e6/resourceGroups/bidr-dev-k8s/providers/Microsoft.KeyVault/vaults/bidr-nparus-dev-vault",
            "name": "chat-service-jwt-secret",
            "not_before_date": null,
            "resource_id": "/subscriptions/51dd222b-9d63-476c-9069-cd3b2a87f6e6/resourceGroups/bidr-dev-k8s/providers/Microsoft.KeyVault/vaults/bidr-nparus-dev-vault/secrets/chat-service-jwt-secret/versions/e08e3b6baef94435810e6b0a61e5234f",
            "resource_versionless_id": "/subscriptions/51dd222b-9d63-476c-9069-cd3b2a87f6e6/resourceGroups/bidr-dev-k8s/providers/Microsoft.KeyVault/vaults/bidr-nparus-dev-vault/secrets/chat-service-jwt-secret",
            "tags": {
              "Environment": "dev",
              "Project": "BIDR",
              "Service": "chat"
            },
            "timeouts": null,
            "value": "[e_r{T7(NheS-gn4KRGg#@4g!wOR1}x*4jJTiE7PX18:iA_JfycQdZv\u003cr%)314\u003cj",
            "version": "e08e3b6baef94435810e6b0a61e5234f",
            "versionless_id": "https://bidr-nparus-dev-vault.vault.azure.net/secrets/chat-service-jwt-secret"
          },
          "sensitive_attributes": [
            [
              {
                "type": "get_attr",
                "value": "value"
              }
            ]
          ],
          "identity_schema_version": 0,
          "private": "eyJlMmJmYjczMC1lY2FhLTExZTYtOGY4OC0zNDM2M2JjN2M0YzAiOnsiY3JlYXRlIjoxODAwMDAwMDAwMDAwLCJkZWxldGUiOjE4MDAwMDAwMDAwMDAsInJlYWQiOjE4MDAwMDAwMDAwMDAsInVwZGF0ZSI6MTgwMDAwMDAwMDAwMH19",
          "dependencies": [
            "azurerm_key_vault.bidr",
            "azurerm_resource_group.bidr",
            "azurerm_role_assignment.current_user_keyvault_admin",
            "data.azurerm_client_config.current",
            "random_password.service_jwt_secrets",
            "time_sleep.wait_for_keyvault_rbac"
          ]
        },
        {
          "index_key": "notifications",
          "schema_version": 0,
          "attributes": {
            "content_type": "",
            "expiration_date": null,
            "id": "https://bidr-nparus-dev-vault.vault.azure.net/secrets/notifications-service-jwt-secret/ca8a69d29c964189b127b005d8f53d6c",
            "key_vault_id": "/subscriptions/51dd222b-9d63-476c-9069-cd3b2a87f6e6/resourceGroups/bidr-dev-k8s/providers/Microsoft.KeyVault/vaults/bidr-nparus-dev-vault",
            "name": "notifications-service-jwt-secret",
            "not_before_date": null,
            "resource_id": "/subscriptions/51dd222b-9d63-476c-9069-cd3b2a87f6e6/resourceGroups/bidr-dev-k8s/providers/Microsoft.KeyVault/vaults/bidr-nparus-dev-vault/secrets/notifications-service-jwt-secret/versions/ca8a69d29c964189b127b005d8f53d6c",
            "resource_versionless_id": "/subscriptions/51dd222b-9d63-476c-9069-cd3b2a87f6e6/resourceGroups/bidr-dev-k8s/providers/Microsoft.KeyVault/vaults/bidr-nparus-dev-vault/secrets/notifications-service-jwt-secret",
            "tags": {
              "Environment": "dev",
              "Project": "BIDR",
              "Service": "notifications"
            },
            "timeouts": null,
            "value": "63nt-oJawiZo\u003c#VqZd!K\u003eOZL\u0026vUmZO7!%U3_UuM5Cbx\u0026y[)bZdm08DCm]viLVhVN",
            "version": "ca8a69d29c964189b127b005d8f53d6c",
            "versionless_id": "https://bidr-nparus-dev-vault.vault.azure.net/secrets/notifications-service-jwt-secret"
          },
          "sensitive_attributes": [
            [
              {
                "type": "get_attr",
                "value": "value"
              }
            ]
          ],
          "identity_schema_version": 0,
          "private": "eyJlMmJmYjczMC1lY2FhLTExZTYtOGY4OC0zNDM2M2JjN2M0YzAiOnsiY3JlYXRlIjoxODAwMDAwMDAwMDAwLCJkZWxldGUiOjE4MDAwMDAwMDAwMDAsInJlYWQiOjE4MDAwMDAwMDAwMDAsInVwZGF0ZSI6MTgwMDAwMDAwMDAwMH19",
          "dependencies": [
            "azurerm_key_vault.bidr",
            "azurerm_resource_group.bidr",
            "azurerm_role_assignment.current_user_keyvault_admin",
            "data.azurerm_client_config.current",
            "random_password.service_jwt_secrets",
            "time_sleep.wait_for_keyvault_rbac"
          ]
        },
        {
          "index_key": "payment",
          "schema_version": 0,
          "attributes": {
            "content_type": "",
            "expiration_date": null,
            "id": "https://bidr-nparus-dev-vault.vault.azure.net/secrets/payment-service-jwt-secret/cec3de63fd264e88aecf7cbd4289da2f",
            "key_vault_id": "/subscriptions/51dd222b-9d63-476c-9069-cd3b2a87f6e6/resourceGroups/bidr-dev-k8s/providers/Microsoft.KeyVault/vaults/bidr-nparus-dev-vault",
            "name": "payment-service-jwt-secret",
            "not_before_date": null,
            "resource_id": "/subscriptions/51dd222b-9d63-476c-9069-cd3b2a87f6e6/resourceGroups/bidr-dev-k8s/providers/Microsoft.KeyVault/vaults/bidr-nparus-dev-vault/secrets/payment-service-jwt-secret/versions/cec3de63fd264e88aecf7cbd4289da2f",
            "resource_versionless_id": "/subscriptions/51dd222b-9d63-476c-9069-cd3b2a87f6e6/resourceGroups/bidr-dev-k8s/providers/Microsoft.KeyVault/vaults/bidr-nparus-dev-vault/secrets/payment-service-jwt-secret",
            "tags": {
              "Environment": "dev",
              "Project": "BIDR",
              "Service": "payment"
            },
            "timeouts": null,
            "value": "\u0026(?7bw:!CCO)pIqTN-#PI=YRL4Kv3(8#yx*HB6H8*K}ph!vE]j7q6*yhiVVB92[@",
            "version": "cec3de63fd264e88aecf7cbd4289da2f",
            "versionless_id": "https://bidr-nparus-dev-vault.vault.azure.net/secrets/payment-service-jwt-secret"
          },
          "sensitive_attributes": [
            [
              {
                "type": "get_attr",
                "value": "value"
              }
            ]
          ],
          "identity_schema_version": 0,
          "private": "eyJlMmJmYjczMC1lY2FhLTExZTYtOGY4OC0zNDM2M2JjN2M0YzAiOnsiY3JlYXRlIjoxODAwMDAwMDAwMDAwLCJkZWxldGUiOjE4MDAwMDAwMDAwMDAsInJlYWQiOjE4MDAwMDAwMDAwMDAsInVwZGF0ZSI6MTgwMDAwMDAwMDAwMH19",
          "dependencies": [
            "azurerm_key_vault.bidr",
            "azurerm_resource_group.bidr",
            "azurerm_role_assignment.current_user_keyvault_admin",
            "data.azurerm_client_config.current",
            "random_password.service_jwt_secrets",
            "time_sleep.wait_for_keyvault_rbac"
          ]
        },
        {
          "index_key": "product",
          "schema_version": 0,
          "attributes": {
            "content_type": "",
            "expiration_date": null,
            "id": "https://bidr-nparus-dev-vault.vault.azure.net/secrets/product-service-jwt-secret/261ff1214a524f3c805c5103c4b16dc7",
            "key_vault_id": "/subscriptions/51dd222b-9d63-476c-9069-cd3b2a87f6e6/resourceGroups/bidr-dev-k8s/providers/Microsoft.KeyVault/vaults/bidr-nparus-dev-vault",
            "name": "product-service-jwt-secret",
            "not_before_date": null,
            "resource_id": "/subscriptions/51dd222b-9d63-476c-9069-cd3b2a87f6e6/resourceGroups/bidr-dev-k8s/providers/Microsoft.KeyVault/vaults/bidr-nparus-dev-vault/secrets/product-service-jwt-secret/versions/261ff1214a524f3c805c5103c4b16dc7",
            "resource_versionless_id": "/subscriptions/51dd222b-9d63-476c-9069-cd3b2a87f6e6/resourceGroups/bidr-dev-k8s/providers/Microsoft.KeyVault/vaults/bidr-nparus-dev-vault/secrets/product-service-jwt-secret",
            "tags": {
              "Environment": "dev",
              "Project": "BIDR",
              "Service": "product"
            },
            "timeouts": null,
            "value": "?+:%T3KIgg}:fd\u003cfW(3OUC3?rd?%OCDVxV[!$j\u0026cBwAz1?_a@v]o}8aj:L!A$#UY",
            "version": "261ff1214a524f3c805c5103c4b16dc7",
            "versionless_id": "https://bidr-nparus-dev-vault.vault.azure.net/secrets/product-service-jwt-secret"
          },
          "sensitive_attributes": [
            [
              {
                "type": "get_attr",
                "value": "value"
              }
            ]
          ],
          "identity_schema_version": 0,
          "private": "eyJlMmJmYjczMC1lY2FhLTExZTYtOGY4OC0zNDM2M2JjN2M0YzAiOnsiY3JlYXRlIjoxODAwMDAwMDAwMDAwLCJkZWxldGUiOjE4MDAwMDAwMDAwMDAsInJlYWQiOjE4MDAwMDAwMDAwMDAsInVwZGF0ZSI6MTgwMDAwMDAwMDAwMH19",
          "dependencies": [
            "azurerm_key_vault.bidr",
            "azurerm_resource_group.bidr",
            "azurerm_role_assignment.current_user_keyvault_admin",
            "data.azurerm_client_config.current",
            "random_password.service_jwt_secrets",
            "time_sleep.wait_for_keyvault_rbac"
          ]
        },
        {
          "index_key": "resolution",
          "schema_version": 0,
          "attributes": {
            "content_type": "",
            "expiration_date": null,
            "id": "https://bidr-nparus-dev-vault.vault.azure.net/secrets/resolution-service-jwt-secret/9d1c2d73b1bc4d7bb0c73dd025eaa742",
            "key_vault_id": "/subscriptions/51dd222b-9d63-476c-9069-cd3b2a87f6e6/resourceGroups/bidr-dev-k8s/providers/Microsoft.KeyVault/vaults/bidr-nparus-dev-vault",
            "name": "resolution-service-jwt-secret",
            "not_before_date": null,
            "resource_id": "/subscriptions/51dd222b-9d63-476c-9069-cd3b2a87f6e6/resourceGroups/bidr-dev-k8s/providers/Microsoft.KeyVault/vaults/bidr-nparus-dev-vault/secrets/resolution-service-jwt-secret/versions/9d1c2d73b1bc4d7bb0c73dd025eaa742",
            "resource_versionless_id": "/subscriptions/51dd222b-9d63-476c-9069-cd3b2a87f6e6/resourceGroups/bidr-dev-k8s/providers/Microsoft.KeyVault/vaults/bidr-nparus-dev-vault/secrets/resolution-service-jwt-secret",
            "tags": {
              "Environment": "dev",
              "Project": "BIDR",
              "Service": "resolution"
            },
            "timeouts": null,
            "value": "O*(VVfCM_X[UXy7(=j2QAJh{kS-\u0026\u003c?Xf@njDBqT-:=rhi(hnJyRgjo{2_P5]wyxr",
            "version": "9d1c2d73b1bc4d7bb0c73dd025eaa742",
            "versionless_id": "https://bidr-nparus-dev-vault.vault.azure.net/secrets/resolution-service-jwt-secret"
          },
          "sensitive_attributes": [
            [
              {
                "type": "get_attr",
                "value": "value"
              }
            ]
          ],
          "identity_schema_version": 0,
          "private": "eyJlMmJmYjczMC1lY2FhLTExZTYtOGY4OC0zNDM2M2JjN2M0YzAiOnsiY3JlYXRlIjoxODAwMDAwMDAwMDAwLCJkZWxldGUiOjE4MDAwMDAwMDAwMDAsInJlYWQiOjE4MDAwMDAwMDAwMDAsInVwZGF0ZSI6MTgwMDAwMDAwMDAwMH19",
          "dependencies": [
            "azurerm_key_vault.bidr",
            "azurerm_resource_group.bidr",
            "azurerm_role_assignment.current_user_keyvault_admin",
            "data.azurerm_client_config.current",
            "random_password.service_jwt_secrets",
            "time_sleep.wait_for_keyvault_rbac"
          ]
        },
        {
          "index_key": "reviews",
          "schema_version": 0,
          "attributes": {
            "content_type": "",
            "expiration_date": null,
            "id": "https://bidr-nparus-dev-vault.vault.azure.net/secrets/reviews-service-jwt-secret/73380c2c9da648fbb47e23bf38685428",
            "key_vault_id": "/subscriptions/51dd222b-9d63-476c-9069-cd3b2a87f6e6/resourceGroups/bidr-dev-k8s/providers/Microsoft.KeyVault/vaults/bidr-nparus-dev-vault",
            "name": "reviews-service-jwt-secret",
            "not_before_date": null,
            "resource_id": "/subscriptions/51dd222b-9d63-476c-9069-cd3b2a87f6e6/resourceGroups/bidr-dev-k8s/providers/Microsoft.KeyVault/vaults/bidr-nparus-dev-vault/secrets/reviews-service-jwt-secret/versions/73380c2c9da648fbb47e23bf38685428",
            "resource_versionless_id": "/subscriptions/51dd222b-9d63-476c-9069-cd3b2a87f6e6/resourceGroups/bidr-dev-k8s/providers/Microsoft.KeyVault/vaults/bidr-nparus-dev-vault/secrets/reviews-service-jwt-secret",
            "tags": {
              "Environment": "dev",
              "Project": "BIDR",
              "Service": "reviews"
            },
            "timeouts": null,
            "value": "dvn)nk3CJK}c5pRNX)M5#wl%f2Dys7\u003cG_qrk\u003c69E2u$\u0026E]CV$14\u0026bC*9Cu+O0YF%",
            "version": "73380c2c9da648fbb47e23bf38685428",
            "versionless_id": "https://bidr-nparus-dev-vault.vault.azure.net/secrets/reviews-service-jwt-secret"
          },
          "sensitive_attributes": [
            [
              {
                "type": "get_attr",
                "value": "value"
              }
            ]
          ],
          "identity_schema_version": 0,
          "private": "eyJlMmJmYjczMC1lY2FhLTExZTYtOGY4OC0zNDM2M2JjN2M0YzAiOnsiY3JlYXRlIjoxODAwMDAwMDAwMDAwLCJkZWxldGUiOjE4MDAwMDAwMDAwMDAsInJlYWQiOjE4MDAwMDAwMDAwMDAsInVwZGF0ZSI6MTgwMDAwMDAwMDAwMH19",
          "dependencies": [
            "azurerm_key_vault.bidr",
            "azurerm_resource_group.bidr",
            "azurerm_role_assignment.current_user_keyvault_admin",
            "data.azurerm_client_config.current",
            "random_password.service_jwt_secrets",
            "time_sleep.wait_for_keyvault_rbac"
          ]
        },
        {
          "index_key": "transactions",
          "schema_version": 0,
          "attributes": {
            "content_type": "",
            "expiration_date": null,
            "id": "https://bidr-nparus-dev-vault.vault.azure.net/secrets/transactions-service-jwt-secret/0d8d2388aad648e2b5768eb5c3326889",
            "key_vault_id": "/subscriptions/51dd222b-9d63-476c-9069-cd3b2a87f6e6/resourceGroups/bidr-dev-k8s/providers/Microsoft.KeyVault/vaults/bidr-nparus-dev-vault",
            "name": "transactions-service-jwt-secret",
            "not_before_date": null,
            "resource_id": "/subscriptions/51dd222b-9d63-476c-9069-cd3b2a87f6e6/resourceGroups/bidr-dev-k8s/providers/Microsoft.KeyVault/vaults/bidr-nparus-dev-vault/secrets/transactions-service-jwt-secret/versions/0d8d2388aad648e2b5768eb5c3326889",
            "resource_versionless_id": "/subscriptions/51dd222b-9d63-476c-9069-cd3b2a87f6e6/resourceGroups/bidr-dev-k8s/providers/Microsoft.KeyVault/vaults/bidr-nparus-dev-vault/secrets/transactions-service-jwt-secret",
            "tags": {
              "Environment": "dev",
              "Project": "BIDR",
              "Service": "transactions"
            },
            "timeouts": null,
            "value": "%QD4lo?gA7lb$9Y}tKRC1_whi{:9\u0026YjnashL\u0026fWmcxtLDB-s4CBZaCSP9f!\u003cJQfo",
            "version": "0d8d2388aad648e2b5768eb5c3326889",
            "versionless_id": "https://bidr-nparus-dev-vault.vault.azure.net/secrets/transactions-service-jwt-secret"
          },
          "sensitive_attributes": [
            [
              {
                "type": "get_attr",
                "value": "value"
              }
            ]
          ],
          "identity_schema_version": 0,
          "private": "eyJlMmJmYjczMC1lY2FhLTExZTYtOGY4OC0zNDM2M2JjN2M0YzAiOnsiY3JlYXRlIjoxODAwMDAwMDAwMDAwLCJkZWxldGUiOjE4MDAwMDAwMDAwMDAsInJlYWQiOjE4MDAwMDAwMDAwMDAsInVwZGF0ZSI6MTgwMDAwMDAwMDAwMH19",
          "dependencies": [
            "azurerm_key_vault.bidr",
            "azurerm_resource_group.bidr",
            "azurerm_role_assignment.current_user_keyvault_admin",
            "data.azurerm_client_config.current",
            "random_password.service_jwt_secrets",
            "time_sleep.wait_for_keyvault_rbac"
          ]
        }
      ]
    },
    {
      "mode": "managed",
      "type": "azurerm_key_vault_secret",
      "name": "storage_connection_string",
      "provider": "provider[\"registry.terraform.io/hashicorp/azurerm\"]",
      "instances": [
        {
          "schema_version": 0,
          "attributes": {
            "content_type": "",
            "expiration_date": null,
            "id": "https://bidr-nparus-dev-vault.vault.azure.net/secrets/storage-connection-string/429ea0670a73486ebae4730824f1c27f",
            "key_vault_id": "/subscriptions/51dd222b-9d63-476c-9069-cd3b2a87f6e6/resourceGroups/bidr-dev-k8s/providers/Microsoft.KeyVault/vaults/bidr-nparus-dev-vault",
            "name": "storage-connection-string",
            "not_before_date": null,
            "resource_id": "/subscriptions/51dd222b-9d63-476c-9069-cd3b2a87f6e6/resourceGroups/bidr-dev-k8s/providers/Microsoft.KeyVault/vaults/bidr-nparus-dev-vault/secrets/storage-connection-string/versions/429ea0670a73486ebae4730824f1c27f",
            "resource_versionless_id": "/subscriptions/51dd222b-9d63-476c-9069-cd3b2a87f6e6/resourceGroups/bidr-dev-k8s/providers/Microsoft.KeyVault/vaults/bidr-nparus-dev-vault/secrets/storage-connection-string",
            "tags": {
              "Environment": "dev",
              "Project": "BIDR"
            },
            "timeouts": null,
            "value": "DefaultEndpointsProtocol=https;AccountName=bidrdevaksclusterstorage;AccountKey=+8UOKHbvonb/y1hHXbBhElh7MBbAgCN7PZwR0nA/ORRT1j+VoUX2MmcKza5JT36M+1bv/FZj604n+ASt0ikl9A==;EndpointSuffix=core.windows.net",
            "version": "429ea0670a73486ebae4730824f1c27f",
            "versionless_id": "https://bidr-nparus-dev-vault.vault.azure.net/secrets/storage-connection-string"
          },
          "sensitive_attributes": [
            [
              {
                "type": "get_attr",
                "value": "value"
              }
            ]
          ],
          "identity_schema_version": 0,
          "private": "eyJlMmJmYjczMC1lY2FhLTExZTYtOGY4OC0zNDM2M2JjN2M0YzAiOnsiY3JlYXRlIjoxODAwMDAwMDAwMDAwLCJkZWxldGUiOjE4MDAwMDAwMDAwMDAsInJlYWQiOjE4MDAwMDAwMDAwMDAsInVwZGF0ZSI6MTgwMDAwMDAwMDAwMH19",
          "dependencies": [
            "azurerm_key_vault.bidr",
            "azurerm_resource_group.bidr",
            "azurerm_role_assignment.current_user_keyvault_admin",
            "azurerm_storage_account.bidr",
            "data.azurerm_client_config.current",
            "time_sleep.wait_for_keyvault_rbac"
          ]
        }
      ]
    },
    {
      "mode": "managed",
      "type": "azurerm_kubernetes_cluster",
      "name": "bidr",
      "provider": "provider[\"registry.terraform.io/hashicorp/azurerm\"]",
      "instances": [
        {
          "schema_version": 2,
          "attributes": {
            "aci_connector_linux": [],
            "api_server_access_profile": [],
            "api_server_authorized_ip_ranges": [],
            "auto_scaler_profile": [
              {
                "balance_similar_node_groups": false,
                "empty_bulk_delete_max": "10",
                "expander": "random",
                "max_graceful_termination_sec": "600",
                "max_node_provisioning_time": "15m",
                "max_unready_nodes": 3,
                "max_unready_percentage": 45,
                "new_pod_scale_up_delay": "0s",
                "scale_down_delay_after_add": "10m",
                "scale_down_delay_after_delete": "10s",
                "scale_down_delay_after_failure": "3m",
                "scale_down_unneeded": "10m",
                "scale_down_unready": "20m",
                "scale_down_utilization_threshold": "0.5",
                "scan_interval": "10s",
                "skip_nodes_with_local_storage": false,
                "skip_nodes_with_system_pods": true
              }
            ],
            "automatic_channel_upgrade": "",
            "azure_active_directory_role_based_access_control": [],
            "azure_policy_enabled": null,
            "confidential_computing": [],
            "cost_analysis_enabled": false,
            "current_kubernetes_version": "1.30.14",
            "custom_ca_trust_certificates_base64": null,
            "default_node_pool": [
              {
                "capacity_reservation_group_id": "",
                "custom_ca_trust_enabled": false,
                "enable_auto_scaling": true,
                "enable_host_encryption": false,
                "enable_node_public_ip": false,
                "fips_enabled": false,
                "gpu_instance": "",
                "host_group_id": "",
                "kubelet_config": [],
                "kubelet_disk_type": "OS",
                "linux_os_config": [],
                "max_count": 5,
                "max_pods": 110,
                "message_of_the_day": "",
                "min_count": 1,
                "name": "default",
                "node_count": 2,
                "node_labels": {},
                "node_network_profile": [],
                "node_public_ip_prefix_id": "",
                "node_taints": null,
                "only_critical_addons_enabled": false,
                "orchestrator_version": "1.30.14",
                "os_disk_size_gb": 128,
                "os_disk_type": "Managed",
                "os_sku": "Ubuntu",
                "pod_subnet_id": "",
                "proximity_placement_group_id": "",
                "scale_down_mode": "Delete",
                "snapshot_id": "",
                "tags": {
                  "Environment": "dev",
                  "Project": "BIDR"
                },
                "temporary_name_for_rotation": "",
                "type": "VirtualMachineScaleSets",
                "ultra_ssd_enabled": false,
                "upgrade_settings": [
                  {
                    "drain_timeout_in_minutes": 0,
                    "max_surge": "10%",
                    "node_soak_duration_in_minutes": 0
                  }
                ],
                "vm_size": "Standard_D2s_v3",
                "vnet_subnet_id": "",
                "workload_runtime": "",
                "zones": null
              }
            ],
            "disk_encryption_set_id": "",
            "dns_prefix": "BIDR-dev-aks-cluster-dns",
            "dns_prefix_private_cluster": "",
            "edge_zone": "",
            "enable_pod_security_policy": false,
            "fqdn": "bidr-dev-aks-cluster-dns-6hl5teig.hcp.southafricanorth.azmk8s.io",
            "http_application_routing_enabled": null,
            "http_application_routing_zone_name": null,
            "http_proxy_config": [],
            "id": "/subscriptions/51dd222b-9d63-476c-9069-cd3b2a87f6e6/resourceGroups/bidr-dev-k8s/providers/Microsoft.ContainerService/managedClusters/BIDR-dev-aks-cluster",
            "identity": [
              {
                "identity_ids": null,
                "principal_id": "1a14e3cc-dafb-4c11-a9f9-6544ffcdf6c4",
                "tenant_id": "e786b992-a2df-4004-a9d7-97d97b3db868",
                "type": "SystemAssigned"
              }
            ],
            "image_cleaner_enabled": false,
            "image_cleaner_interval_hours": 48,
            "ingress_application_gateway": [],
            "key_management_service": [],
            "key_vault_secrets_provider": [],
            "kube_admin_config": [],
            "kube_admin_config_raw": "",
            "kube_config": [
              {
                "client_certificate": "LS0tLS1CRUdJTiBDRVJUSUZJQ0FURS0tLS0tCk1JSUZIakNDQXdhZ0F3SUJBZ0lSQU1HbWNvTXlWZnlUeTYyZGR3K3huRzh3RFFZSktvWklodmNOQVFFTEJRQXcKRFRFTE1Ba0dBMVVFQXhNQ1kyRXdIaGNOTWpVd09ERXdNVGN4TnpNM1doY05NamN3T0RFd01UY3lOek0zV2pBdwpNUmN3RlFZRFZRUUtFdzV6ZVhOMFpXMDZiV0Z6ZEdWeWN6RVZNQk1HQTFVRUF4TU1iV0Z6ZEdWeVkyeHBaVzUwCk1JSUNJakFOQmdrcWhraUc5dzBCQVFFRkFBT0NBZzhBTUlJQ0NnS0NBZ0VBMkZ4SGpOQ1VOa2Y3Zi9qa2NzdkIKdWFZc2RiVXJCNi82UXVzYU9nS2t1aGE4SS9IWGJxYTVBMW10WDVFbzB0K3I5Nk5JYk15Q1U3Z2g0a3Z0dThqYwppUkhzQTlzSkRKdmlKbU1qaTNHeUdYWEhGY2dnNktPNUZPa2RnTXlVUTJsa3VPak4zMjg5S05zSkVpaDhXUy9FClBqK2tnYWV3dGY1WmRmMnY2VjVML1hlM2lDZ3pQdmJpYVRGRlB1LzJwRTNRRG9ib0FwdHN4T29SaUE5VFhPeUQKTGpvbTVTUGhRWEcyWS9HZGM5UTNzSmFTcWk2QVpYM0gvVFg1Vi9xQVA2YmxsV0xWRno2TlEvZTlDYzdwY1VCNQpaY21hZk4xcXB2WTZrRVhydjI4ZVBDc0ROcnQyb0xFTkY1SE1HSEtZTzJzWXRqV25oTlg0ZUlid3JlVVVHWXBICjZ2T05FTTNXTzRYRnUvckxDc3RYanY3SmM4ZUt5b3NlQWQ4MS9TbFJFQXZtZHlmdVlrWFN3NWFMYVRyWU1KOW0KTStZZGQxcDF3RzZ5RWpHWjhaMWh1dmZkVVNtWXdnUHVnbjhkNURuWGw2c0lEZXpKNzhYQVpLbm42aUJHVTI2Ywo0ZlNSSWZNWWRLOHpTS3FPdUxidVVxYXMvK2h1WWFvK2xnK2puV2cxQ1NiYkZ5aDQ3RS9VWDRhaEtvbDM3SVBHCk9mRDlkU3ZBZHNuSkp1MTVLSmxIczZxcm5RWTlKcVV2WENlL01YUDIzUEpMMHBBaWpVMWhVOGh0c1VJZ3lDTWsKNlRuWlRXU0FhRmhGOVdMVTdPMzRwdXhNa2FnUWR6SWJjZExDVVFLUEtmU2NYcjVXSEVaY0VMdE54L0ZQOEdOZwpUN3U0R1NCb1lKZ01rSlRCeThocnF2a0NBd0VBQWFOV01GUXdEZ1lEVlIwUEFRSC9CQVFEQWdXZ01CTUdBMVVkCkpRUU1NQW9HQ0NzR0FRVUZCd01DTUF3R0ExVWRFd0VCL3dRQ01BQXdId1lEVlIwakJCZ3dGb0FVMXZZdVVIZ2IKYzA3T1RSdlB4THliNnVEQVBod3dEUVlKS29aSWh2Y05BUUVMQlFBRGdnSUJBRjlBWlFoU2ZqNzJSNUV6cWNGYQphb1Uxak5MbG54b0tWYnNFWmFudFRiTDdSNW80d1Vyd0kwNmc1TzlOTlhZTlY0TndhakNGZTJJeENOYnZ2MFlFClFRdWE4VnN3RkhnWEVzM0RuMkVYL0E0b1dBa2dSbWVKeU1UTlJ5SnBjOWswaUN2eDFTS1BYSEdGVlREMVZFU3UKSEFNb2FuaHlUUVJMMGJUZndhVVVOcSt1QkpyM2dkNXpPaTRGOXhzRmYwQTRucXR3U0Q4VzZFcnR5TC9yLzFJSAp0ZzVuMXlKUFd3VTd0OS9PdU1qendOYmxxbE1QYzJ6QlB1ZCs5bG1JRWhBaDFuSkU1TUUzUjNGaUJ2ZHQ3ZURhClRIQlZCb2xtbWh5dHpHZDAyMnYwVzJhYnl1UlNUZ0wxZXQ5Vkt6WFJpK05mc25leG9zNUlIU0JHenM5elpOc24KQmhJZUNEM1BTZ3E5bkFQNS9xT2paSHRRczgwU1paVS9DTEhGVVJubFBXMFpONHNPVVhNWE1NOVNBS3B0ZmQvKwpVVTgvV1c2c3FQcy9MY0FoeE5HK1NYdVNEeVFjc3I5WG95Z2Z1eVduazArOE1pNldjYkUxQ24rcFp0cFFwVGFvCnJPK2hpc0hDdHoyRUFXSjV3Nmk3NUxLZVRJRVFtQkZxUWo1VlRYeXU1ZHQ4Z1dWQnkybEROLytiOTZOVFV3RkMKZ0lrQmcraGNnMW9CdjhadE9MdmlPaitMdytkWC9KVHBUVTdJZE41UGFvQkNaa3dBTFFsY0lzSjcwRWtaK1p3Vgp0ZTZpd1FoZk5mcTV0Nmp2OUxDTUE4RlBRK0xVUzFxTFIremtYM2daUDVMV1c5UHpCVCtWUXZBb0VxcDBMRG1BCjlUci9nZkNMSDJMZ2xqam14THMrLzlCUQotLS0tLUVORCBDRVJUSUZJQ0FURS0tLS0tCg==",
                "client_key": "LS0tLS1CRUdJTiBSU0EgUFJJVkFURSBLRVktLS0tLQpNSUlKS0FJQkFBS0NBZ0VBMkZ4SGpOQ1VOa2Y3Zi9qa2NzdkJ1YVlzZGJVckI2LzZRdXNhT2dLa3VoYThJL0hYCmJxYTVBMW10WDVFbzB0K3I5Nk5JYk15Q1U3Z2g0a3Z0dThqY2lSSHNBOXNKREp2aUptTWppM0d5R1hYSEZjZ2cKNktPNUZPa2RnTXlVUTJsa3VPak4zMjg5S05zSkVpaDhXUy9FUGora2dhZXd0ZjVaZGYydjZWNUwvWGUzaUNnegpQdmJpYVRGRlB1LzJwRTNRRG9ib0FwdHN4T29SaUE5VFhPeURMam9tNVNQaFFYRzJZL0dkYzlRM3NKYVNxaTZBClpYM0gvVFg1Vi9xQVA2YmxsV0xWRno2TlEvZTlDYzdwY1VCNVpjbWFmTjFxcHZZNmtFWHJ2MjhlUENzRE5ydDIKb0xFTkY1SE1HSEtZTzJzWXRqV25oTlg0ZUlid3JlVVVHWXBINnZPTkVNM1dPNFhGdS9yTENzdFhqdjdKYzhlSwp5b3NlQWQ4MS9TbFJFQXZtZHlmdVlrWFN3NWFMYVRyWU1KOW1NK1lkZDFwMXdHNnlFakdaOFoxaHV2ZmRVU21ZCndnUHVnbjhkNURuWGw2c0lEZXpKNzhYQVpLbm42aUJHVTI2YzRmU1JJZk1ZZEs4elNLcU91TGJ1VXFhcy8raHUKWWFvK2xnK2puV2cxQ1NiYkZ5aDQ3RS9VWDRhaEtvbDM3SVBHT2ZEOWRTdkFkc25KSnUxNUtKbEhzNnFyblFZOQpKcVV2WENlL01YUDIzUEpMMHBBaWpVMWhVOGh0c1VJZ3lDTWs2VG5aVFdTQWFGaEY5V0xVN08zNHB1eE1rYWdRCmR6SWJjZExDVVFLUEtmU2NYcjVXSEVaY0VMdE54L0ZQOEdOZ1Q3dTRHU0JvWUpnTWtKVEJ5OGhycXZrQ0F3RUEKQVFLQ0FnQUtUU3Q5YzRWcEI3aWNiVnp3TDg0bG9SazdFZ0VPWE1VL1NDc2ZvYlpXNDJQNkdLYlRub1hPMkdkYQpObUxCbHBOOUp4VzQwMnh0b01YaFBORUJDTVZpVTl0L1MvK2tiV3doUElWcDIyUVoxUHNoaVAyekllOTdKTVhLCk53TmtxY2taU2tGYUh2VmtJM2l0T0FjQ3BwVHpDMHZ4ZmVyYW9YV0FPZy9VL2svRExkN3IwVkV1VVdveWpMMWgKcTZKOFRIV29hV2swelpKcVZrUTNMSmFoSlNReVVHTy9jM3ZEUms4ak4xTHlPOE9haVhMS2Zrd1ArUU1MaGZVOQpLSURRZHdsMW1VYncxRUk4M3hmdHRuKzBMQmdUbmZ1WWNDRG11ZkRNSTM0ZjUySWl4b0FBekVCdjBuby9lZXBFCkxEbWVFNkZ4dElDSlFUaFRRY2FHR3hML3k4OFVkT2wwcnJmZGlQc2UvcjR5TjUxck0ydUFVTmdlTVFDekFvU3IKcWRVcXEwNHlPb25tdUVtcVZxUkFGcGZxT3dWL2NJUDZiNmVHRVorODhESWUweWcrZDdXNElzMmU1cC9UUnpGZApVdXdEZlFYeW9lZENnS0tZS3pTdGFycDRyV2VENy9tckF6RzRsQmw5Z1lzNXRJSXM2S1BRMk42WEtpamdFeFVRCm1LbkpuVTVlNzJUY21rcXE3U0pxNlJGNms1anFVRWJ5NllTNmNONkd0NGdrWDZialhkeTlaRnpmbVU1TTNtNjQKRzdZNU1sWkYrb0Z3SjNzb2ZXU2M5UnBLTnYwbjAxbWo0VmpLY1VVb3hzeXBySFJTQmJsZmZwdkVCQmZTWU5lMgp6UHc1bXdkTloxWkFtNTg5cW1XOEJLVWJGeWZraCtJL1laWGtnUzFqNWFRcFlVOGgwUUtDQVFFQTNtVElsRDBqCmRuREFFb25JU0tFL3QranFxWm8vOVJxRjl0R3c2c1ZzZnc1RXd3YU05WktEVGNIQlk5dkdtWkYzZFE1eGhVdTIKbkNrS0d6S2hyMXpVTnhXUDEwTHNiODRWSFlxSUdkRWhPV01PNXNvY2xUZmVXOC80dWlWTXpFa0ZuTjNlSG40agpYRlAxSGlsU2NpU2l4QjVqUnRhYi9vYm5HVS9WcStmZG4wSThwcDA1aDZncHBjZkRHOWVjdnh1Wm8yVmZkYzNwCjNONy85NlRIbnJGdHc1czdmWjNuaUhzQUoyL2tpdmFUOGFaUGZ6UGNsSGs0d2ZSak1mN28rNGpwY1NWN3R3VncKN0FSZzlYd0RJRFNlZmp0YlZJWkdLeC9QU0tHemg2YkNFMHgzN1ZBSkpTeDBsOXlUWnR4OVRYd051dDJXVFdwcgpndkpYb0R5eTNPMmtpUUtDQVFFQStRNGFhVDFaMUNXVGgrd3ZwWFN1Y0FqNUV6MFg1SGJsRG9sWVd2eWNHTkYzCmRzcE1NazRWMHI1TFp2Vktma3BEZmJDR2VSWVZnRTM2Si9ualJoMmdhcVJZcjZySUhTM0crcW5aSExubEJjRkoKcHY1eXY0M25kLytnelF5RFZrVUdNZG1aamZkc0xSNFBFbUdxckF2NUdnSkg4d09LZjVZUmVoaEpHSjRweExMWgo1QWIwZVdsSVhUZGc5L2VuUDdnVCtkbHFUdkYwM25waVduN280SG55WFNka3JIRXU5SzAxR3MvcTR2Ymc0SEtlCjB4UjZVS0I4WFAwRG9qendtSzd2WisvM24zVXQ2ZlN1d1d5YS9rM1N5cTRaTnFFdkJNSzRsYi9MWlkzditlNmQKeHlmY0hGUEJucnBYZ3JmNTBTeE9QdStpcmlJSnRjb0grVTNrV0JBVzhRS0NBUUF1cEhLUTdKV3dkSXRFR0JPaQpiL2MrS2lKMU9iMnFPVXJaYmpjdHRnUkFUWXpNWG1aWDVzZVZHa3JtRjZUNmRsRFlneFA2QWR3bHVsRzlUSXd1CmpFaVIyUHJYQ2RrdXhja1Y3Z1VIYlI0THZDUFc4WkszRlFXVXVmU1BqZDBpaHpvZklVVkJuZkRxbjAwc2F6dzQKWmtpZzIwSzFDN09oMlVkRXZzS3drQ3VpQ0RGU1BHMWhienAwNDRXZkpFUmlySFkzbDc1Q3BkSWptYjJUZ2NMQQpITFJKcnhmMkM1VVF3Y05SZ2gwcnEvVnhYQkVXTzVsS3BuWHA3OGlTSnNWVVkrMlo1bU9oQ2dvWjVmMHozek9FCm9LU1JFdi9mcFYyNEU2N1VxOTFNV1FRaEtndUpBUjA1NTYzNFg3R21oQjNmajJJTnpBV0c3UWZwYWN4STloSUoKVmVvSkFvSUJBSEdQMzdVYTkybkhsSVRHeWxiOFpFbkxuWjhMSFdqY1djZU9FczZ5SG84bWUvMmJjckVCYit2LwpQeXg4TG5KMWRGN01iaFNxWURWMzJOZi9sb1V6SHlGaFBOc2syVWlNeGcwb0EwcVk3UGY1MFphbXNUWHRBNTF3CjN5YUFUU2E2SkgvNGc0NzdRY1UwenBTSUdpV0c5QmZLOEhtN3BKeFdsak9BL1Z1UFN1Wlkwd2Vwc0RIb01zbm0KWlgzTDIrUXZFRlM5c1Q2NzFKbFpYcDE2L3I3VWZCSEQwNkRabnhxTUhBblV3bnFwTFpMS1VPZFlrQWxSbEVObQpUeERjRHF6Z0gyUGFSS1BkNzRpZFBFNFFNb0JBaGh4SzFFNVhvclBlQWdLdVNKVk82aHlobENucVgvQSt0S3VtCnRoNXh1eVNJdWtqeVJkQjJ6c3lvaVloQTN4elVnVkVDZ2dFQkFMZ3JOb1RCMS8vbE1pNEp3TytUS2NhU1pOcHgKRTJndjI2c2NKQXlhS3VSeFJjSXFjak05MEtnQ2E4ZDhBdE1hNEFzOHZnZFZSUlI5Wmc4cXFraFNqSFpnMy94bApXTE5sQ29WWjJRVm43cGVnRDg3SFpaTElvSnN1RTA3ZC9ESnlBKzRNNGwyd3AwaTFxaVRlOTdlbWhPdG1tb3RvClpEMmdqNkJRNmpFaU9aVEI5LzJaMXlYSEw5ak5KcTduZDltemFBVzdkTmp4eTdtZUVORnJFS1Y4ZTI5WmJraUoKaGNTNEdMaUVyUFlBZCtLWS9qSHFDTStSN1FBQ2NhOTdmTWMxcktVQmhkaFJwcy9QNkJUUW8rSEdOMzZxV0NFcwo3Q2tzbk9VY3BwWENmejNLOFNoVmJBVWJDQXRXVlFLT2t0K1VMRXIwZ3NndC9tYWx4aklUVXpXV3NsND0KLS0tLS1FTkQgUlNBIFBSSVZBVEUgS0VZLS0tLS0K",
                "cluster_ca_certificate": "LS0tLS1CRUdJTiBDRVJUSUZJQ0FURS0tLS0tCk1JSUU2VENDQXRHZ0F3SUJBZ0lSQUsySnFGYnBVd2NMeW1tSUFHRFUxcDB3RFFZSktvWklodmNOQVFFTEJRQXcKRFRFTE1Ba0dBMVVFQXhNQ1kyRXdJQmNOTWpVd09ERXdNVGN4TnpNM1doZ1BNakExTlRBNE1UQXhOekkzTXpkYQpNQTB4Q3pBSkJnTlZCQU1UQW1OaE1JSUNJakFOQmdrcWhraUc5dzBCQVFFRkFBT0NBZzhBTUlJQ0NnS0NBZ0VBCnJoUmFRc0xuMDZ1Y3A1Y3dRdUZBRVdXWXRIamtYYndiZC9oM2JnWTlUaFp1akVPQlpjTkZKZFl1NHdDalB5d2kKaFNYS3UzVzRwY1BSdzlSdjdORVRENHNWMWkwTW5lK08zeDYwRGZhTUUvV3E3NE5SVTZyaU0vNHhRUlRoVU8xTwo5bDRXNU9idGtaWnc1Qmw0MGwzL21jVTArUU0vQ1hnOEppQThNTGdnOGxkRjZtR09pRXdvQzdoQjM0OFVHQ2kyCmxXZEF4RmY4ZG9CUWJ4Rm5IeDBBaEY2cHpvc0wva0FBY1NlV2NNUnF0bk9RSjhxYi85dzBvNjFkREF2bzZCZGMKaU9iOUxHWWNkWE1HTGpOSU9hd2dyd05QR3EvMEE4czZmbUI3K2k2VFZtQUh1dXo5UW5yT2NwbzVtZ3Z2eWhNRQpMa2RlNytvZkFRaW4yb2l4SVVES09WNzd4RExhbnUyVUhqRG9DY1YvOVE5S2gxSDU2anJVYWFqakxqcW5YNDgxCm03dDhYYW0xRFdDVUNzbFFCSmJMdFRPWFNKWjQwY0l0NWZMTzZzS082M0JNeGNYbEZWaDRDRWY0M1JGUTVZbVoKS2NMUC9OT1FvZ1ljK01QSlRJK0h2MGpGcDVNR2hFS1psNW9kVUg3MEJ4MStxNkdIZVA3S21tbTN6R3BGZGFiNAo3dnZaMVRVOE5iMFN4a08rME5oaTJLbkFvdmJJYVlZMHVZMmlBQXB5YnJKNkZpU3NEdUt3WFY2bnRnSU45NUlDCnNBN2RYcHd1T2JlSm9lYkVnbmlrSUxlbVNwM2ZmK2ZUVXFZd2pzeWJWNzRibldDcDBtU1FNQXFKV2Ywakw4R0IKbnpwSlpCRldIcGloV2ljNFdMbU1MK1k0ODlIUTJwcGNOWm9oS1NJdTFnMENBd0VBQWFOQ01FQXdEZ1lEVlIwUApBUUgvQkFRREFnS2tNQThHQTFVZEV3RUIvd1FGTUFNQkFmOHdIUVlEVlIwT0JCWUVGTmIyTGxCNEczTk96azBiCno4UzhtK3Jnd0Q0Y01BMEdDU3FHU0liM0RRRUJDd1VBQTRJQ0FRQXdBZG5UcUkwTEtYaVBXN2tmUUpuUDhqWnkKeHhLcTdDVXpGdUtTa25nOStHVHI5SW8wamhFZjdrNGw3dTJUMkZ5UW1JT1RnQ01pbkhWNWJrT2p4SGJ6aDdOYgpFZzVLYW9rMUpPUmJ6QlNmM1ltT1dqanZ1Y014MXBYQnJyVjNmcC9VcVNibEt2akd4Y1Y0cGh5dVUwKzR6V3ZRCmVXK0cwSmVWeVVzMTI2MEw1cHNiaCtBeFcycklhMHEraGpPak5TN0xtZDVOSUJxb3JmdFI0bURFWUQrRnBnWlMKVTk4cGthK2lzTXVublQzSndzZUw0RlBNZTI0dzkyTDVabVRzbWdTKzRGYmZTUEdXUW95YjZBTk5Cc010cGczMQpJb0k0bVlOdmJoVFpVa0k0RWVDNDV6TFZ6ZG56bUlXYUkvZVE0TkJzdGRhZ1hKNkUzY3U5eW1TL2I4ZHViVnlECnFYbHB1MHNwS3pqNjhhMFpHZ21zaCtSM1BaR1BxSmRzREpmamtDOTFrK0IwRm5GcmkyZ3AybnFQMDlyU1lQU28KOXZmZEY0OXdVajUxYVlOR2RuTittcko0aG51UVhYVDFaV3RGWGRuSHB4U01HL2dpNmlMWEdmMXo4c3J2VmQ2NwpYaEZBV2RwRmJFYjhaNGJGMHRxNjdDenpFaG5uMEo5RGRGQTdoKzFBd0ljYVZHM0NIWExPMlVqMzBJT1JvVEhZCjBnRmFrdnMzTllPc3EyTlVneCsvTk5FWkl5R3pYWWRqNDNJeE9EMkE4M29nUWkvcGxRbHpqUyttSGQrOUZQdEUKSlcvbWgveUMyMnZXSHRxbmd5aTJuZWFRbG1BZ0FNSDdmYS9udkt0bkgySTJuVlZmK096NFN3SVdjQ3FaZmtWRgovdWs3aFk5RkxnNVBVelBybnc9PQotLS0tLUVORCBDRVJUSUZJQ0FURS0tLS0tCg==",
                "host": "https://bidr-dev-aks-cluster-dns-6hl5teig.hcp.southafricanorth.azmk8s.io:443",
                "password": "szbrmtvj0qyglrlaog52k9y8g4hvblsxortpdapdf7dgmobo6w7ds0ud5ow5galhrhy5eg6nx8htd6lt031eg4n52sqrjpug0llhby3ige9ormnsnvx06cub2go961sn",
                "username": "clusterUser_bidr-dev-k8s_BIDR-dev-aks-cluster"
              }
            ],
            "kube_config_raw": "apiVersion: v1\nclusters:\n- cluster:\n    certificate-authority-data: LS0tLS1CRUdJTiBDRVJUSUZJQ0FURS0tLS0tCk1JSUU2VENDQXRHZ0F3SUJBZ0lSQUsySnFGYnBVd2NMeW1tSUFHRFUxcDB3RFFZSktvWklodmNOQVFFTEJRQXcKRFRFTE1Ba0dBMVVFQXhNQ1kyRXdJQmNOTWpVd09ERXdNVGN4TnpNM1doZ1BNakExTlRBNE1UQXhOekkzTXpkYQpNQTB4Q3pBSkJnTlZCQU1UQW1OaE1JSUNJakFOQmdrcWhraUc5dzBCQVFFRkFBT0NBZzhBTUlJQ0NnS0NBZ0VBCnJoUmFRc0xuMDZ1Y3A1Y3dRdUZBRVdXWXRIamtYYndiZC9oM2JnWTlUaFp1akVPQlpjTkZKZFl1NHdDalB5d2kKaFNYS3UzVzRwY1BSdzlSdjdORVRENHNWMWkwTW5lK08zeDYwRGZhTUUvV3E3NE5SVTZyaU0vNHhRUlRoVU8xTwo5bDRXNU9idGtaWnc1Qmw0MGwzL21jVTArUU0vQ1hnOEppQThNTGdnOGxkRjZtR09pRXdvQzdoQjM0OFVHQ2kyCmxXZEF4RmY4ZG9CUWJ4Rm5IeDBBaEY2cHpvc0wva0FBY1NlV2NNUnF0bk9RSjhxYi85dzBvNjFkREF2bzZCZGMKaU9iOUxHWWNkWE1HTGpOSU9hd2dyd05QR3EvMEE4czZmbUI3K2k2VFZtQUh1dXo5UW5yT2NwbzVtZ3Z2eWhNRQpMa2RlNytvZkFRaW4yb2l4SVVES09WNzd4RExhbnUyVUhqRG9DY1YvOVE5S2gxSDU2anJVYWFqakxqcW5YNDgxCm03dDhYYW0xRFdDVUNzbFFCSmJMdFRPWFNKWjQwY0l0NWZMTzZzS082M0JNeGNYbEZWaDRDRWY0M1JGUTVZbVoKS2NMUC9OT1FvZ1ljK01QSlRJK0h2MGpGcDVNR2hFS1psNW9kVUg3MEJ4MStxNkdIZVA3S21tbTN6R3BGZGFiNAo3dnZaMVRVOE5iMFN4a08rME5oaTJLbkFvdmJJYVlZMHVZMmlBQXB5YnJKNkZpU3NEdUt3WFY2bnRnSU45NUlDCnNBN2RYcHd1T2JlSm9lYkVnbmlrSUxlbVNwM2ZmK2ZUVXFZd2pzeWJWNzRibldDcDBtU1FNQXFKV2Ywakw4R0IKbnpwSlpCRldIcGloV2ljNFdMbU1MK1k0ODlIUTJwcGNOWm9oS1NJdTFnMENBd0VBQWFOQ01FQXdEZ1lEVlIwUApBUUgvQkFRREFnS2tNQThHQTFVZEV3RUIvd1FGTUFNQkFmOHdIUVlEVlIwT0JCWUVGTmIyTGxCNEczTk96azBiCno4UzhtK3Jnd0Q0Y01BMEdDU3FHU0liM0RRRUJDd1VBQTRJQ0FRQXdBZG5UcUkwTEtYaVBXN2tmUUpuUDhqWnkKeHhLcTdDVXpGdUtTa25nOStHVHI5SW8wamhFZjdrNGw3dTJUMkZ5UW1JT1RnQ01pbkhWNWJrT2p4SGJ6aDdOYgpFZzVLYW9rMUpPUmJ6QlNmM1ltT1dqanZ1Y014MXBYQnJyVjNmcC9VcVNibEt2akd4Y1Y0cGh5dVUwKzR6V3ZRCmVXK0cwSmVWeVVzMTI2MEw1cHNiaCtBeFcycklhMHEraGpPak5TN0xtZDVOSUJxb3JmdFI0bURFWUQrRnBnWlMKVTk4cGthK2lzTXVublQzSndzZUw0RlBNZTI0dzkyTDVabVRzbWdTKzRGYmZTUEdXUW95YjZBTk5Cc010cGczMQpJb0k0bVlOdmJoVFpVa0k0RWVDNDV6TFZ6ZG56bUlXYUkvZVE0TkJzdGRhZ1hKNkUzY3U5eW1TL2I4ZHViVnlECnFYbHB1MHNwS3pqNjhhMFpHZ21zaCtSM1BaR1BxSmRzREpmamtDOTFrK0IwRm5GcmkyZ3AybnFQMDlyU1lQU28KOXZmZEY0OXdVajUxYVlOR2RuTittcko0aG51UVhYVDFaV3RGWGRuSHB4U01HL2dpNmlMWEdmMXo4c3J2VmQ2NwpYaEZBV2RwRmJFYjhaNGJGMHRxNjdDenpFaG5uMEo5RGRGQTdoKzFBd0ljYVZHM0NIWExPMlVqMzBJT1JvVEhZCjBnRmFrdnMzTllPc3EyTlVneCsvTk5FWkl5R3pYWWRqNDNJeE9EMkE4M29nUWkvcGxRbHpqUyttSGQrOUZQdEUKSlcvbWgveUMyMnZXSHRxbmd5aTJuZWFRbG1BZ0FNSDdmYS9udkt0bkgySTJuVlZmK096NFN3SVdjQ3FaZmtWRgovdWs3aFk5RkxnNVBVelBybnc9PQotLS0tLUVORCBDRVJUSUZJQ0FURS0tLS0tCg==\n    server: https://bidr-dev-aks-cluster-dns-6hl5teig.hcp.southafricanorth.azmk8s.io:443\n  name: BIDR-dev-aks-cluster\ncontexts:\n- context:\n    cluster: BIDR-dev-aks-cluster\n    user: clusterUser_bidr-dev-k8s_BIDR-dev-aks-cluster\n  name: BIDR-dev-aks-cluster\ncurrent-context: BIDR-dev-aks-cluster\nkind: Config\npreferences: {}\nusers:\n- name: clusterUser_bidr-dev-k8s_BIDR-dev-aks-cluster\n  user:\n    client-certificate-data: LS0tLS1CRUdJTiBDRVJUSUZJQ0FURS0tLS0tCk1JSUZIakNDQXdhZ0F3SUJBZ0lSQU1HbWNvTXlWZnlUeTYyZGR3K3huRzh3RFFZSktvWklodmNOQVFFTEJRQXcKRFRFTE1Ba0dBMVVFQXhNQ1kyRXdIaGNOTWpVd09ERXdNVGN4TnpNM1doY05NamN3T0RFd01UY3lOek0zV2pBdwpNUmN3RlFZRFZRUUtFdzV6ZVhOMFpXMDZiV0Z6ZEdWeWN6RVZNQk1HQTFVRUF4TU1iV0Z6ZEdWeVkyeHBaVzUwCk1JSUNJakFOQmdrcWhraUc5dzBCQVFFRkFBT0NBZzhBTUlJQ0NnS0NBZ0VBMkZ4SGpOQ1VOa2Y3Zi9qa2NzdkIKdWFZc2RiVXJCNi82UXVzYU9nS2t1aGE4SS9IWGJxYTVBMW10WDVFbzB0K3I5Nk5JYk15Q1U3Z2g0a3Z0dThqYwppUkhzQTlzSkRKdmlKbU1qaTNHeUdYWEhGY2dnNktPNUZPa2RnTXlVUTJsa3VPak4zMjg5S05zSkVpaDhXUy9FClBqK2tnYWV3dGY1WmRmMnY2VjVML1hlM2lDZ3pQdmJpYVRGRlB1LzJwRTNRRG9ib0FwdHN4T29SaUE5VFhPeUQKTGpvbTVTUGhRWEcyWS9HZGM5UTNzSmFTcWk2QVpYM0gvVFg1Vi9xQVA2YmxsV0xWRno2TlEvZTlDYzdwY1VCNQpaY21hZk4xcXB2WTZrRVhydjI4ZVBDc0ROcnQyb0xFTkY1SE1HSEtZTzJzWXRqV25oTlg0ZUlid3JlVVVHWXBICjZ2T05FTTNXTzRYRnUvckxDc3RYanY3SmM4ZUt5b3NlQWQ4MS9TbFJFQXZtZHlmdVlrWFN3NWFMYVRyWU1KOW0KTStZZGQxcDF3RzZ5RWpHWjhaMWh1dmZkVVNtWXdnUHVnbjhkNURuWGw2c0lEZXpKNzhYQVpLbm42aUJHVTI2Ywo0ZlNSSWZNWWRLOHpTS3FPdUxidVVxYXMvK2h1WWFvK2xnK2puV2cxQ1NiYkZ5aDQ3RS9VWDRhaEtvbDM3SVBHCk9mRDlkU3ZBZHNuSkp1MTVLSmxIczZxcm5RWTlKcVV2WENlL01YUDIzUEpMMHBBaWpVMWhVOGh0c1VJZ3lDTWsKNlRuWlRXU0FhRmhGOVdMVTdPMzRwdXhNa2FnUWR6SWJjZExDVVFLUEtmU2NYcjVXSEVaY0VMdE54L0ZQOEdOZwpUN3U0R1NCb1lKZ01rSlRCeThocnF2a0NBd0VBQWFOV01GUXdEZ1lEVlIwUEFRSC9CQVFEQWdXZ01CTUdBMVVkCkpRUU1NQW9HQ0NzR0FRVUZCd01DTUF3R0ExVWRFd0VCL3dRQ01BQXdId1lEVlIwakJCZ3dGb0FVMXZZdVVIZ2IKYzA3T1RSdlB4THliNnVEQVBod3dEUVlKS29aSWh2Y05BUUVMQlFBRGdnSUJBRjlBWlFoU2ZqNzJSNUV6cWNGYQphb1Uxak5MbG54b0tWYnNFWmFudFRiTDdSNW80d1Vyd0kwNmc1TzlOTlhZTlY0TndhakNGZTJJeENOYnZ2MFlFClFRdWE4VnN3RkhnWEVzM0RuMkVYL0E0b1dBa2dSbWVKeU1UTlJ5SnBjOWswaUN2eDFTS1BYSEdGVlREMVZFU3UKSEFNb2FuaHlUUVJMMGJUZndhVVVOcSt1QkpyM2dkNXpPaTRGOXhzRmYwQTRucXR3U0Q4VzZFcnR5TC9yLzFJSAp0ZzVuMXlKUFd3VTd0OS9PdU1qendOYmxxbE1QYzJ6QlB1ZCs5bG1JRWhBaDFuSkU1TUUzUjNGaUJ2ZHQ3ZURhClRIQlZCb2xtbWh5dHpHZDAyMnYwVzJhYnl1UlNUZ0wxZXQ5Vkt6WFJpK05mc25leG9zNUlIU0JHenM5elpOc24KQmhJZUNEM1BTZ3E5bkFQNS9xT2paSHRRczgwU1paVS9DTEhGVVJubFBXMFpONHNPVVhNWE1NOVNBS3B0ZmQvKwpVVTgvV1c2c3FQcy9MY0FoeE5HK1NYdVNEeVFjc3I5WG95Z2Z1eVduazArOE1pNldjYkUxQ24rcFp0cFFwVGFvCnJPK2hpc0hDdHoyRUFXSjV3Nmk3NUxLZVRJRVFtQkZxUWo1VlRYeXU1ZHQ4Z1dWQnkybEROLytiOTZOVFV3RkMKZ0lrQmcraGNnMW9CdjhadE9MdmlPaitMdytkWC9KVHBUVTdJZE41UGFvQkNaa3dBTFFsY0lzSjcwRWtaK1p3Vgp0ZTZpd1FoZk5mcTV0Nmp2OUxDTUE4RlBRK0xVUzFxTFIremtYM2daUDVMV1c5UHpCVCtWUXZBb0VxcDBMRG1BCjlUci9nZkNMSDJMZ2xqam14THMrLzlCUQotLS0tLUVORCBDRVJUSUZJQ0FURS0tLS0tCg==\n    client-key-data: LS0tLS1CRUdJTiBSU0EgUFJJVkFURSBLRVktLS0tLQpNSUlKS0FJQkFBS0NBZ0VBMkZ4SGpOQ1VOa2Y3Zi9qa2NzdkJ1YVlzZGJVckI2LzZRdXNhT2dLa3VoYThJL0hYCmJxYTVBMW10WDVFbzB0K3I5Nk5JYk15Q1U3Z2g0a3Z0dThqY2lSSHNBOXNKREp2aUptTWppM0d5R1hYSEZjZ2cKNktPNUZPa2RnTXlVUTJsa3VPak4zMjg5S05zSkVpaDhXUy9FUGora2dhZXd0ZjVaZGYydjZWNUwvWGUzaUNnegpQdmJpYVRGRlB1LzJwRTNRRG9ib0FwdHN4T29SaUE5VFhPeURMam9tNVNQaFFYRzJZL0dkYzlRM3NKYVNxaTZBClpYM0gvVFg1Vi9xQVA2YmxsV0xWRno2TlEvZTlDYzdwY1VCNVpjbWFmTjFxcHZZNmtFWHJ2MjhlUENzRE5ydDIKb0xFTkY1SE1HSEtZTzJzWXRqV25oTlg0ZUlid3JlVVVHWXBINnZPTkVNM1dPNFhGdS9yTENzdFhqdjdKYzhlSwp5b3NlQWQ4MS9TbFJFQXZtZHlmdVlrWFN3NWFMYVRyWU1KOW1NK1lkZDFwMXdHNnlFakdaOFoxaHV2ZmRVU21ZCndnUHVnbjhkNURuWGw2c0lEZXpKNzhYQVpLbm42aUJHVTI2YzRmU1JJZk1ZZEs4elNLcU91TGJ1VXFhcy8raHUKWWFvK2xnK2puV2cxQ1NiYkZ5aDQ3RS9VWDRhaEtvbDM3SVBHT2ZEOWRTdkFkc25KSnUxNUtKbEhzNnFyblFZOQpKcVV2WENlL01YUDIzUEpMMHBBaWpVMWhVOGh0c1VJZ3lDTWs2VG5aVFdTQWFGaEY5V0xVN08zNHB1eE1rYWdRCmR6SWJjZExDVVFLUEtmU2NYcjVXSEVaY0VMdE54L0ZQOEdOZ1Q3dTRHU0JvWUpnTWtKVEJ5OGhycXZrQ0F3RUEKQVFLQ0FnQUtUU3Q5YzRWcEI3aWNiVnp3TDg0bG9SazdFZ0VPWE1VL1NDc2ZvYlpXNDJQNkdLYlRub1hPMkdkYQpObUxCbHBOOUp4VzQwMnh0b01YaFBORUJDTVZpVTl0L1MvK2tiV3doUElWcDIyUVoxUHNoaVAyekllOTdKTVhLCk53TmtxY2taU2tGYUh2VmtJM2l0T0FjQ3BwVHpDMHZ4ZmVyYW9YV0FPZy9VL2svRExkN3IwVkV1VVdveWpMMWgKcTZKOFRIV29hV2swelpKcVZrUTNMSmFoSlNReVVHTy9jM3ZEUms4ak4xTHlPOE9haVhMS2Zrd1ArUU1MaGZVOQpLSURRZHdsMW1VYncxRUk4M3hmdHRuKzBMQmdUbmZ1WWNDRG11ZkRNSTM0ZjUySWl4b0FBekVCdjBuby9lZXBFCkxEbWVFNkZ4dElDSlFUaFRRY2FHR3hML3k4OFVkT2wwcnJmZGlQc2UvcjR5TjUxck0ydUFVTmdlTVFDekFvU3IKcWRVcXEwNHlPb25tdUVtcVZxUkFGcGZxT3dWL2NJUDZiNmVHRVorODhESWUweWcrZDdXNElzMmU1cC9UUnpGZApVdXdEZlFYeW9lZENnS0tZS3pTdGFycDRyV2VENy9tckF6RzRsQmw5Z1lzNXRJSXM2S1BRMk42WEtpamdFeFVRCm1LbkpuVTVlNzJUY21rcXE3U0pxNlJGNms1anFVRWJ5NllTNmNONkd0NGdrWDZialhkeTlaRnpmbVU1TTNtNjQKRzdZNU1sWkYrb0Z3SjNzb2ZXU2M5UnBLTnYwbjAxbWo0VmpLY1VVb3hzeXBySFJTQmJsZmZwdkVCQmZTWU5lMgp6UHc1bXdkTloxWkFtNTg5cW1XOEJLVWJGeWZraCtJL1laWGtnUzFqNWFRcFlVOGgwUUtDQVFFQTNtVElsRDBqCmRuREFFb25JU0tFL3QranFxWm8vOVJxRjl0R3c2c1ZzZnc1RXd3YU05WktEVGNIQlk5dkdtWkYzZFE1eGhVdTIKbkNrS0d6S2hyMXpVTnhXUDEwTHNiODRWSFlxSUdkRWhPV01PNXNvY2xUZmVXOC80dWlWTXpFa0ZuTjNlSG40agpYRlAxSGlsU2NpU2l4QjVqUnRhYi9vYm5HVS9WcStmZG4wSThwcDA1aDZncHBjZkRHOWVjdnh1Wm8yVmZkYzNwCjNONy85NlRIbnJGdHc1czdmWjNuaUhzQUoyL2tpdmFUOGFaUGZ6UGNsSGs0d2ZSak1mN28rNGpwY1NWN3R3VncKN0FSZzlYd0RJRFNlZmp0YlZJWkdLeC9QU0tHemg2YkNFMHgzN1ZBSkpTeDBsOXlUWnR4OVRYd051dDJXVFdwcgpndkpYb0R5eTNPMmtpUUtDQVFFQStRNGFhVDFaMUNXVGgrd3ZwWFN1Y0FqNUV6MFg1SGJsRG9sWVd2eWNHTkYzCmRzcE1NazRWMHI1TFp2Vktma3BEZmJDR2VSWVZnRTM2Si9ualJoMmdhcVJZcjZySUhTM0crcW5aSExubEJjRkoKcHY1eXY0M25kLytnelF5RFZrVUdNZG1aamZkc0xSNFBFbUdxckF2NUdnSkg4d09LZjVZUmVoaEpHSjRweExMWgo1QWIwZVdsSVhUZGc5L2VuUDdnVCtkbHFUdkYwM25waVduN280SG55WFNka3JIRXU5SzAxR3MvcTR2Ymc0SEtlCjB4UjZVS0I4WFAwRG9qendtSzd2WisvM24zVXQ2ZlN1d1d5YS9rM1N5cTRaTnFFdkJNSzRsYi9MWlkzditlNmQKeHlmY0hGUEJucnBYZ3JmNTBTeE9QdStpcmlJSnRjb0grVTNrV0JBVzhRS0NBUUF1cEhLUTdKV3dkSXRFR0JPaQpiL2MrS2lKMU9iMnFPVXJaYmpjdHRnUkFUWXpNWG1aWDVzZVZHa3JtRjZUNmRsRFlneFA2QWR3bHVsRzlUSXd1CmpFaVIyUHJYQ2RrdXhja1Y3Z1VIYlI0THZDUFc4WkszRlFXVXVmU1BqZDBpaHpvZklVVkJuZkRxbjAwc2F6dzQKWmtpZzIwSzFDN09oMlVkRXZzS3drQ3VpQ0RGU1BHMWhienAwNDRXZkpFUmlySFkzbDc1Q3BkSWptYjJUZ2NMQQpITFJKcnhmMkM1VVF3Y05SZ2gwcnEvVnhYQkVXTzVsS3BuWHA3OGlTSnNWVVkrMlo1bU9oQ2dvWjVmMHozek9FCm9LU1JFdi9mcFYyNEU2N1VxOTFNV1FRaEtndUpBUjA1NTYzNFg3R21oQjNmajJJTnpBV0c3UWZwYWN4STloSUoKVmVvSkFvSUJBSEdQMzdVYTkybkhsSVRHeWxiOFpFbkxuWjhMSFdqY1djZU9FczZ5SG84bWUvMmJjckVCYit2LwpQeXg4TG5KMWRGN01iaFNxWURWMzJOZi9sb1V6SHlGaFBOc2syVWlNeGcwb0EwcVk3UGY1MFphbXNUWHRBNTF3CjN5YUFUU2E2SkgvNGc0NzdRY1UwenBTSUdpV0c5QmZLOEhtN3BKeFdsak9BL1Z1UFN1Wlkwd2Vwc0RIb01zbm0KWlgzTDIrUXZFRlM5c1Q2NzFKbFpYcDE2L3I3VWZCSEQwNkRabnhxTUhBblV3bnFwTFpMS1VPZFlrQWxSbEVObQpUeERjRHF6Z0gyUGFSS1BkNzRpZFBFNFFNb0JBaGh4SzFFNVhvclBlQWdLdVNKVk82aHlobENucVgvQSt0S3VtCnRoNXh1eVNJdWtqeVJkQjJ6c3lvaVloQTN4elVnVkVDZ2dFQkFMZ3JOb1RCMS8vbE1pNEp3TytUS2NhU1pOcHgKRTJndjI2c2NKQXlhS3VSeFJjSXFjak05MEtnQ2E4ZDhBdE1hNEFzOHZnZFZSUlI5Wmc4cXFraFNqSFpnMy94bApXTE5sQ29WWjJRVm43cGVnRDg3SFpaTElvSnN1RTA3ZC9ESnlBKzRNNGwyd3AwaTFxaVRlOTdlbWhPdG1tb3RvClpEMmdqNkJRNmpFaU9aVEI5LzJaMXlYSEw5ak5KcTduZDltemFBVzdkTmp4eTdtZUVORnJFS1Y4ZTI5WmJraUoKaGNTNEdMaUVyUFlBZCtLWS9qSHFDTStSN1FBQ2NhOTdmTWMxcktVQmhkaFJwcy9QNkJUUW8rSEdOMzZxV0NFcwo3Q2tzbk9VY3BwWENmejNLOFNoVmJBVWJDQXRXVlFLT2t0K1VMRXIwZ3NndC9tYWx4aklUVXpXV3NsND0KLS0tLS1FTkQgUlNBIFBSSVZBVEUgS0VZLS0tLS0K\n    token: szbrmtvj0qyglrlaog52k9y8g4hvblsxortpdapdf7dgmobo6w7ds0ud5ow5galhrhy5eg6nx8htd6lt031eg4n52sqrjpug0llhby3ige9ormnsnvx06cub2go961sn\n",
            "kubelet_identity": [
              {
                "client_id": "222177f5-f964-4917-b221-4fc74f706ed2",
                "object_id": "5118551c-e18e-44b3-ad32-b02128d4d32d",
                "user_assigned_identity_id": "/subscriptions/51dd222b-9d63-476c-9069-cd3b2a87f6e6/resourceGroups/MC_bidr-dev-k8s_BIDR-dev-aks-cluster_southafricanorth/providers/Microsoft.ManagedIdentity/userAssignedIdentities/BIDR-dev-aks-cluster-agentpool"
              }
            ],
            "kubernetes_version": "1.30.14",
            "linux_profile": [],
            "local_account_disabled": false,
            "location": "southafricanorth",
            "maintenance_window": [],
            "maintenance_window_auto_upgrade": [],
            "maintenance_window_node_os": [],
            "microsoft_defender": [],
            "monitor_metrics": [],
            "name": "BIDR-dev-aks-cluster",
            "network_profile": [
              {
                "dns_service_ip": "10.0.0.10",
                "docker_bridge_cidr": "",
                "ebpf_data_plane": "",
                "ip_versions": [
                  "IPv4"
                ],
                "load_balancer_profile": [
                  {
                    "effective_outbound_ips": [
                      "/subscriptions/51dd222b-9d63-476c-9069-cd3b2a87f6e6/resourceGroups/MC_bidr-dev-k8s_BIDR-dev-aks-cluster_southafricanorth/providers/Microsoft.Network/publicIPAddresses/6d350ce7-caab-4c5d-affa-d9a7857ef42e"
                    ],
                    "idle_timeout_in_minutes": 0,
                    "managed_outbound_ip_count": 1,
                    "managed_outbound_ipv6_count": 0,
                    "outbound_ip_address_ids": [],
                    "outbound_ip_prefix_ids": [],
                    "outbound_ports_allocated": 0
                  }
                ],
                "load_balancer_sku": "standard",
                "nat_gateway_profile": [],
                "network_data_plane": "azure",
                "network_mode": "",
                "network_plugin": "kubenet",
                "network_plugin_mode": "",
                "network_policy": "calico",
                "outbound_ip_address_ids": [],
                "outbound_ip_prefix_ids": [],
                "outbound_type": "loadBalancer",
                "pod_cidr": "10.244.0.0/16",
                "pod_cidrs": [
                  "10.244.0.0/16"
                ],
                "service_cidr": "10.0.0.0/16",
                "service_cidrs": [
                  "10.0.0.0/16"
                ]
              }
            ],
            "node_os_channel_upgrade": null,
            "node_resource_group": "MC_bidr-dev-k8s_BIDR-dev-aks-cluster_southafricanorth",
            "node_resource_group_id": "/subscriptions/51dd222b-9d63-476c-9069-cd3b2a87f6e6/resourceGroups/MC_bidr-dev-k8s_BIDR-dev-aks-cluster_southafricanorth",
            "oidc_issuer_enabled": false,
            "oidc_issuer_url": "",
            "oms_agent": [],
            "open_service_mesh_enabled": null,
            "portal_fqdn": "bidr-dev-aks-cluster-dns-6hl5teig.portal.hcp.southafricanorth.azmk8s.io",
            "private_cluster_enabled": false,
            "private_cluster_public_fqdn_enabled": false,
            "private_dns_zone_id": "",
            "private_fqdn": "",
            "public_network_access_enabled": true,
            "resource_group_name": "bidr-dev-k8s",
            "role_based_access_control_enabled": true,
            "run_command_enabled": true,
            "service_mesh_profile": [],
            "service_principal": [],
            "sku_tier": "Free",
            "storage_profile": [],
            "support_plan": "KubernetesOfficial",
            "tags": {
              "Environment": "dev",
              "ManagedBy": "Terraform",
              "Project": "BIDR"
            },
            "timeouts": null,
            "web_app_routing": [],
            "windows_profile": [],
            "workload_autoscaler_profile": [],
            "workload_identity_enabled": false
          },
          "sensitive_attributes": [
            [
              {
                "type": "get_attr",
                "value": "kube_admin_config"
              }
            ],
            [
              {
                "type": "get_attr",
                "value": "kube_admin_config_raw"
              }
            ],
            [
              {
                "type": "get_attr",
                "value": "kube_config"
              }
            ],
            [
              {
                "type": "get_attr",
                "value": "kube_config_raw"
              }
            ]
          ],
          "identity_schema_version": 0,
          "private": "eyJlMmJmYjczMC1lY2FhLTExZTYtOGY4OC0zNDM2M2JjN2M0YzAiOnsiY3JlYXRlIjo1NDAwMDAwMDAwMDAwLCJkZWxldGUiOjU0MDAwMDAwMDAwMDAsInJlYWQiOjMwMDAwMDAwMDAwMCwidXBkYXRlIjo1NDAwMDAwMDAwMDAwfSwic2NoZW1hX3ZlcnNpb24iOiIyIn0=",
          "dependencies": [
            "azurerm_resource_group.bidr"
          ]
        }
      ]
    },
    {
      "mode": "managed",
      "type": "azurerm_log_analytics_workspace",
      "name": "bidr",
      "provider": "provider[\"registry.terraform.io/hashicorp/azurerm\"]",
      "instances": [
        {
          "schema_version": 3,
          "attributes": {
            "allow_resource_only_permissions": true,
            "cmk_for_query_forced": false,
            "daily_quota_gb": -1,
            "data_collection_rule_id": "",
            "id": "/subscriptions/51dd222b-9d63-476c-9069-cd3b2a87f6e6/resourceGroups/bidr-dev-k8s/providers/Microsoft.OperationalInsights/workspaces/BIDR-dev-aks-cluster-logs",
            "identity": [],
            "immediate_data_purge_on_30_days_enabled": false,
            "internet_ingestion_enabled": true,
            "internet_query_enabled": true,
            "local_authentication_disabled": false,
            "location": "southafricanorth",
            "name": "BIDR-dev-aks-cluster-logs",
            "primary_shared_key": "iNr2vSlG2z4lFM2c234Z6BuHnoA/O8dHxU5clXBGDP7uCwhEpZtoa9ZkADxIhlNKM0B8l8GfmbvD3v/DGgLb4Q==",
            "reservation_capacity_in_gb_per_day": null,
            "resource_group_name": "bidr-dev-k8s",
            "retention_in_days": 30,
            "secondary_shared_key": "9uJndySkRKWt9wxj3nP9xOop8ZMQzN2Q7AMRRW9lEiJVCJQKdU7D4wjoRkKKJr9msQMJ7AkSr7cxtMq8iJ/gAQ==",
            "sku": "PerGB2018",
            "tags": {
              "Environment": "dev",
              "ManagedBy": "Terraform",
              "Project": "BIDR"
            },
            "timeouts": null,
            "workspace_id": "7be3e836-8f6c-4bad-b817-2201909b3e02"
          },
          "sensitive_attributes": [
            [
              {
                "type": "get_attr",
                "value": "primary_shared_key"
              }
            ],
            [
              {
                "type": "get_attr",
                "value": "secondary_shared_key"
              }
            ]
          ],
          "identity_schema_version": 0,
          "private": "eyJlMmJmYjczMC1lY2FhLTExZTYtOGY4OC0zNDM2M2JjN2M0YzAiOnsiY3JlYXRlIjoxODAwMDAwMDAwMDAwLCJkZWxldGUiOjE4MDAwMDAwMDAwMDAsInJlYWQiOjMwMDAwMDAwMDAwMCwidXBkYXRlIjoxODAwMDAwMDAwMDAwfSwic2NoZW1hX3ZlcnNpb24iOiIzIn0=",
          "dependencies": [
            "azurerm_resource_group.bidr"
          ]
        }
      ]
    },
    {
      "mode": "managed",
      "type": "azurerm_private_dns_zone",
      "name": "postgresql",
      "provider": "provider[\"registry.terraform.io/hashicorp/azurerm\"]",
      "instances": [
        {
          "schema_version": 0,
          "attributes": {
            "id": "/subscriptions/51dd222b-9d63-476c-9069-cd3b2a87f6e6/resourceGroups/bidr-dev-k8s/providers/Microsoft.Network/privateDnsZones/BIDR-dev-aks-cluster-pdz.postgres.database.azure.com",
            "max_number_of_record_sets": 25000,
            "max_number_of_virtual_network_links": 1000,
            "max_number_of_virtual_network_links_with_registration": 100,
            "name": "BIDR-dev-aks-cluster-pdz.postgres.database.azure.com",
            "number_of_record_sets": 1,
            "resource_group_name": "bidr-dev-k8s",
            "soa_record": [
              {
                "email": "azureprivatedns-host.microsoft.com",
                "expire_time": 2419200,
                "fqdn": "bidr-dev-aks-cluster-pdz.postgres.database.azure.com.",
                "host_name": "azureprivatedns.net",
                "minimum_ttl": 10,
                "refresh_time": 3600,
                "retry_time": 300,
                "serial_number": 1,
                "tags": {},
                "ttl": 3600
              }
            ],
            "tags": {
              "Environment": "dev",
              "ManagedBy": "Terraform",
              "Project": "BIDR"
            },
            "timeouts": null
          },
          "sensitive_attributes": [],
          "identity_schema_version": 0,
          "private": "eyJlMmJmYjczMC1lY2FhLTExZTYtOGY4OC0zNDM2M2JjN2M0YzAiOnsiY3JlYXRlIjoxODAwMDAwMDAwMDAwLCJkZWxldGUiOjE4MDAwMDAwMDAwMDAsInJlYWQiOjMwMDAwMDAwMDAwMCwidXBkYXRlIjoxODAwMDAwMDAwMDAwfX0=",
          "dependencies": [
            "azurerm_resource_group.bidr"
          ]
        }
      ]
    },
    {
      "mode": "managed",
      "type": "azurerm_private_dns_zone_virtual_network_link",
      "name": "postgresql",
      "provider": "provider[\"registry.terraform.io/hashicorp/azurerm\"]",
      "instances": [
        {
          "schema_version": 0,
          "attributes": {
            "id": "/subscriptions/51dd222b-9d63-476c-9069-cd3b2a87f6e6/resourceGroups/bidr-dev-k8s/providers/Microsoft.Network/privateDnsZones/BIDR-dev-aks-cluster-pdz.postgres.database.azure.com/virtualNetworkLinks/BIDR-dev-aks-cluster-pdzvnetlink",
            "name": "BIDR-dev-aks-cluster-pdzvnetlink",
            "private_dns_zone_name": "BIDR-dev-aks-cluster-pdz.postgres.database.azure.com",
            "registration_enabled": false,
            "resource_group_name": "bidr-dev-k8s",
            "tags": {
              "Environment": "dev",
              "ManagedBy": "Terraform",
              "Project": "BIDR"
            },
            "timeouts": null,
            "virtual_network_id": "/subscriptions/51dd222b-9d63-476c-9069-cd3b2a87f6e6/resourceGroups/bidr-dev-k8s/providers/Microsoft.Network/virtualNetworks/BIDR-dev-aks-cluster-vnet"
          },
          "sensitive_attributes": [],
          "identity_schema_version": 0,
          "private": "eyJlMmJmYjczMC1lY2FhLTExZTYtOGY4OC0zNDM2M2JjN2M0YzAiOnsiY3JlYXRlIjoxODAwMDAwMDAwMDAwLCJkZWxldGUiOjE4MDAwMDAwMDAwMDAsInJlYWQiOjMwMDAwMDAwMDAwMCwidXBkYXRlIjoxODAwMDAwMDAwMDAwfX0=",
          "dependencies": [
            "azurerm_private_dns_zone.postgresql",
            "azurerm_resource_group.bidr",
            "azurerm_virtual_network.bidr"
          ]
        }
      ]
    },
    {
      "mode": "managed",
      "type": "azurerm_public_ip",
      "name": "bidr_lb",
      "provider": "provider[\"registry.terraform.io/hashicorp/azurerm\"]",
      "instances": [
        {
          "schema_version": 0,
          "attributes": {
            "allocation_method": "Static",
            "ddos_protection_mode": "VirtualNetworkInherited",
            "ddos_protection_plan_id": null,
            "domain_name_label": null,
            "edge_zone": "",
            "fqdn": null,
            "id": "/subscriptions/51dd222b-9d63-476c-9069-cd3b2a87f6e6/resourceGroups/MC_bidr-dev-k8s_BIDR-dev-aks-cluster_southafricanorth/providers/Microsoft.Network/publicIPAddresses/BIDR-dev-aks-cluster-lb-ip",
            "idle_timeout_in_minutes": 4,
            "ip_address": "4.221.172.198",
            "ip_tags": null,
            "ip_version": "IPv4",
            "location": "southafricanorth",
            "name": "BIDR-dev-aks-cluster-lb-ip",
            "public_ip_prefix_id": null,
            "resource_group_name": "MC_bidr-dev-k8s_BIDR-dev-aks-cluster_southafricanorth",
            "reverse_fqdn": null,
            "sku": "Standard",
            "sku_tier": "Regional",
            "tags": {
              "Environment": "dev",
              "ManagedBy": "Terraform",
              "Project": "BIDR"
            },
            "timeouts": null,
            "zones": null
          },
          "sensitive_attributes": [],
          "identity_schema_version": 0,
          "private": "eyJlMmJmYjczMC1lY2FhLTExZTYtOGY4OC0zNDM2M2JjN2M0YzAiOnsiY3JlYXRlIjoxODAwMDAwMDAwMDAwLCJkZWxldGUiOjE4MDAwMDAwMDAwMDAsInJlYWQiOjMwMDAwMDAwMDAwMCwidXBkYXRlIjoxODAwMDAwMDAwMDAwfX0=",
          "dependencies": [
            "azurerm_kubernetes_cluster.bidr",
            "azurerm_resource_group.bidr"
          ]
        }
      ]
    },
    {
      "mode": "managed",
      "type": "azurerm_redis_cache",
      "name": "bidr",
      "provider": "provider[\"registry.terraform.io/hashicorp/azurerm\"]",
      "instances": [
        {
          "schema_version": 1,
          "attributes": {
            "capacity": 1,
            "enable_non_ssl_port": false,
            "family": "C",
            "hostname": "BIDR-dev-aks-cluster-redis.redis.cache.windows.net",
            "id": "/subscriptions/51dd222b-9d63-476c-9069-cd3b2a87f6e6/resourceGroups/bidr-dev-k8s/providers/Microsoft.Cache/redis/BIDR-dev-aks-cluster-redis",
            "identity": [],
            "location": "southafricanorth",
            "minimum_tls_version": "1.2",
            "name": "BIDR-dev-aks-cluster-redis",
            "non_ssl_port_enabled": false,
            "patch_schedule": [],
            "port": 6379,
            "primary_access_key": "Z9DXCTQNOjBg3T691eSPzC5RPUdfcX5E8AzCaD739f4=",
            "primary_connection_string": "BIDR-dev-aks-cluster-redis.redis.cache.windows.net:6380,password=Z9DXCTQNOjBg3T691eSPzC5RPUdfcX5E8AzCaD739f4=,ssl=true,abortConnect=False",
            "private_static_ip_address": "",
            "public_network_access_enabled": true,
            "redis_configuration": [
              {
                "active_directory_authentication_enabled": false,
                "aof_backup_enabled": false,
                "aof_storage_connection_string_0": "",
                "aof_storage_connection_string_1": "",
                "authentication_enabled": true,
                "data_persistence_authentication_method": "SAS",
                "enable_authentication": true,
                "maxclients": 1000,
                "maxfragmentationmemory_reserved": 125,
                "maxmemory_delta": 125,
                "maxmemory_policy": "volatile-lru",
                "maxmemory_reserved": 125,
                "notify_keyspace_events": "",
                "rdb_backup_enabled": false,
                "rdb_backup_frequency": 0,
                "rdb_backup_max_snapshot_count": 0,
                "rdb_storage_connection_string": "",
                "storage_account_subscription_id": ""
              }
            ],
            "redis_version": "6.0",
            "replicas_per_master": 0,
            "replicas_per_primary": 0,
            "resource_group_name": "bidr-dev-k8s",
            "secondary_access_key": "Wf7rSPuSkehtsf71miOYSlAX8Wrnowm7XAzCaF4AIVM=",
            "secondary_connection_string": "BIDR-dev-aks-cluster-redis.redis.cache.windows.net:6380,password=Wf7rSPuSkehtsf71miOYSlAX8Wrnowm7XAzCaF4AIVM=,ssl=true,abortConnect=False",
            "shard_count": 0,
            "sku_name": "Basic",
            "ssl_port": 6380,
            "subnet_id": "",
            "tags": {
              "Environment": "dev",
              "ManagedBy": "Terraform",
              "Project": "BIDR"
            },
            "tenant_settings": {},
            "timeouts": null,
            "zones": []
          },
          "sensitive_attributes": [
            [
              {
                "type": "get_attr",
                "value": "primary_access_key"
              }
            ],
            [
              {
                "type": "get_attr",
                "value": "primary_connection_string"
              }
            ],
            [
              {
                "type": "get_attr",
                "value": "redis_configuration"
              },
              {
                "type": "index",
                "value": {
                  "value": 0,
                  "type": "number"
                }
              },
              {
                "type": "get_attr",
                "value": "aof_storage_connection_string_0"
              }
            ],
            [
              {
                "type": "get_attr",
                "value": "redis_configuration"
              },
              {
                "type": "index",
                "value": {
                  "value": 0,
                  "type": "number"
                }
              },
              {
                "type": "get_attr",
                "value": "aof_storage_connection_string_1"
              }
            ],
            [
              {
                "type": "get_attr",
                "value": "redis_configuration"
              },
              {
                "type": "index",
                "value": {
                  "value": 0,
                  "type": "number"
                }
              },
              {
                "type": "get_attr",
                "value": "rdb_storage_connection_string"
              }
            ],
            [
              {
                "type": "get_attr",
                "value": "secondary_access_key"
              }
            ],
            [
              {
                "type": "get_attr",
                "value": "secondary_connection_string"
              }
            ]
          ],
          "identity_schema_version": 0,
          "private": "eyJlMmJmYjczMC1lY2FhLTExZTYtOGY4OC0zNDM2M2JjN2M0YzAiOnsiY3JlYXRlIjoxMDgwMDAwMDAwMDAwMCwiZGVsZXRlIjoxMDgwMDAwMDAwMDAwMCwicmVhZCI6MzAwMDAwMDAwMDAwLCJ1cGRhdGUiOjEwODAwMDAwMDAwMDAwfSwic2NoZW1hX3ZlcnNpb24iOiIxIn0="
        }
      ]
    },
    {
      "mode": "managed",
      "type": "azurerm_resource_group",
      "name": "bidr",
      "provider": "provider[\"registry.terraform.io/hashicorp/azurerm\"]",
      "instances": [
        {
          "schema_version": 0,
          "attributes": {
            "id": "/subscriptions/51dd222b-9d63-476c-9069-cd3b2a87f6e6/resourceGroups/bidr-dev-k8s",
            "location": "southafricanorth",
            "managed_by": "",
            "name": "bidr-dev-k8s",
            "tags": {
              "Environment": "dev",
              "ManagedBy": "Terraform",
              "Project": "BIDR"
            },
            "timeouts": null
          },
          "sensitive_attributes": [],
          "identity_schema_version": 0,
          "private": "eyJlMmJmYjczMC1lY2FhLTExZTYtOGY4OC0zNDM2M2JjN2M0YzAiOnsiY3JlYXRlIjo1NDAwMDAwMDAwMDAwLCJkZWxldGUiOjU0MDAwMDAwMDAwMDAsInJlYWQiOjMwMDAwMDAwMDAwMCwidXBkYXRlIjo1NDAwMDAwMDAwMDAwfX0="
        }
      ]
    },
    {
      "mode": "managed",
      "type": "azurerm_role_assignment",
      "name": "aks_acr_pull",
      "provider": "provider[\"registry.terraform.io/hashicorp/azurerm\"]",
      "instances": [
        {
          "schema_version": 0,
          "attributes": {
            "condition": "",
            "condition_version": "",
            "delegated_managed_identity_resource_id": "",
            "description": "",
            "id": "/subscriptions/51dd222b-9d63-476c-9069-cd3b2a87f6e6/resourceGroups/bidr-dev-k8s/providers/Microsoft.ContainerRegistry/registries/bidrnparusdevregistry2024/providers/Microsoft.Authorization/roleAssignments/a07c1c82-1e08-3d9b-2af2-896aa87ecbde",
            "name": "a07c1c82-1e08-3d9b-2af2-896aa87ecbde",
            "principal_id": "5118551c-e18e-44b3-ad32-b02128d4d32d",
            "principal_type": "ServicePrincipal",
            "role_definition_id": "/subscriptions/51dd222b-9d63-476c-9069-cd3b2a87f6e6/providers/Microsoft.Authorization/roleDefinitions/7f951dda-4ed3-4680-a7ca-43fe172d538d",
            "role_definition_name": "AcrPull",
            "scope": "/subscriptions/51dd222b-9d63-476c-9069-cd3b2a87f6e6/resourceGroups/bidr-dev-k8s/providers/Microsoft.ContainerRegistry/registries/bidrnparusdevregistry2024",
            "skip_service_principal_aad_check": true,
            "timeouts": null
          },
          "sensitive_attributes": [],
          "identity_schema_version": 0,
          "private": "eyJlMmJmYjczMC1lY2FhLTExZTYtOGY4OC0zNDM2M2JjN2M0YzAiOnsiY3JlYXRlIjoxODAwMDAwMDAwMDAwLCJkZWxldGUiOjE4MDAwMDAwMDAwMDAsInJlYWQiOjMwMDAwMDAwMDAwMH19",
          "dependencies": [
            "azurerm_container_registry.bidr",
            "azurerm_kubernetes_cluster.bidr",
            "azurerm_resource_group.bidr"
          ]
        }
      ]
    },
    {
      "mode": "managed",
      "type": "azurerm_role_assignment",
      "name": "aks_keyvault_secrets_user",
      "provider": "provider[\"registry.terraform.io/hashicorp/azurerm\"]",
      "instances": [
        {
          "schema_version": 0,
          "attributes": {
            "condition": "",
            "condition_version": "",
            "delegated_managed_identity_resource_id": "",
            "description": "",
            "id": "/subscriptions/51dd222b-9d63-476c-9069-cd3b2a87f6e6/resourceGroups/bidr-dev-k8s/providers/Microsoft.KeyVault/vaults/bidr-nparus-dev-vault/providers/Microsoft.Authorization/roleAssignments/d0db38a4-26cd-fae0-62de-8f4f087f4cb9",
            "name": "d0db38a4-26cd-fae0-62de-8f4f087f4cb9",
            "principal_id": "1a14e3cc-dafb-4c11-a9f9-6544ffcdf6c4",
            "principal_type": "ServicePrincipal",
            "role_definition_id": "/subscriptions/51dd222b-9d63-476c-9069-cd3b2a87f6e6/providers/Microsoft.Authorization/roleDefinitions/4633458b-17de-408a-b874-0445c86b69e6",
            "role_definition_name": "Key Vault Secrets User",
            "scope": "/subscriptions/51dd222b-9d63-476c-9069-cd3b2a87f6e6/resourceGroups/bidr-dev-k8s/providers/Microsoft.KeyVault/vaults/bidr-nparus-dev-vault",
            "skip_service_principal_aad_check": null,
            "timeouts": null
          },
          "sensitive_attributes": [],
          "identity_schema_version": 0,
          "private": "eyJlMmJmYjczMC1lY2FhLTExZTYtOGY4OC0zNDM2M2JjN2M0YzAiOnsiY3JlYXRlIjoxODAwMDAwMDAwMDAwLCJkZWxldGUiOjE4MDAwMDAwMDAwMDAsInJlYWQiOjMwMDAwMDAwMDAwMH19",
          "dependencies": [
            "azurerm_key_vault.bidr",
            "azurerm_kubernetes_cluster.bidr",
            "azurerm_resource_group.bidr",
            "data.azurerm_client_config.current"
          ]
        }
      ]
    },
    {
      "mode": "managed",
      "type": "azurerm_role_assignment",
      "name": "current_user_keyvault_admin",
      "provider": "provider[\"registry.terraform.io/hashicorp/azurerm\"]",
      "instances": [
        {
          "schema_version": 0,
          "attributes": {
            "condition": "",
            "condition_version": "",
            "delegated_managed_identity_resource_id": "",
            "description": "",
            "id": "/subscriptions/51dd222b-9d63-476c-9069-cd3b2a87f6e6/resourceGroups/bidr-dev-k8s/providers/Microsoft.KeyVault/vaults/bidr-nparus-dev-vault/providers/Microsoft.Authorization/roleAssignments/8287753c-ddfc-447d-9b5a-00ac7b2765f9",
            "name": "8287753c-ddfc-447d-9b5a-00ac7b2765f9",
            "principal_id": "cbe442c1-96a2-4379-8523-06d9a9f4fdcd",
            "principal_type": "User",
            "role_definition_id": "/subscriptions/51dd222b-9d63-476c-9069-cd3b2a87f6e6/providers/Microsoft.Authorization/roleDefinitions/00482a5a-887f-4fb3-b363-3b7fe8e74483",
            "role_definition_name": "Key Vault Administrator",
            "scope": "/subscriptions/51dd222b-9d63-476c-9069-cd3b2a87f6e6/resourceGroups/bidr-dev-k8s/providers/Microsoft.KeyVault/vaults/bidr-nparus-dev-vault",
            "skip_service_principal_aad_check": null,
            "timeouts": null
          },
          "sensitive_attributes": [],
          "identity_schema_version": 0,
          "private": "eyJlMmJmYjczMC1lY2FhLTExZTYtOGY4OC0zNDM2M2JjN2M0YzAiOnsiY3JlYXRlIjoxODAwMDAwMDAwMDAwLCJkZWxldGUiOjE4MDAwMDAwMDAwMDAsInJlYWQiOjMwMDAwMDAwMDAwMH19",
          "dependencies": [
            "azurerm_key_vault.bidr",
            "azurerm_resource_group.bidr",
            "data.azurerm_client_config.current"
          ]
        }
      ]
    },
    {
      "mode": "managed",
      "type": "azurerm_storage_account",
      "name": "bidr",
      "provider": "provider[\"registry.terraform.io/hashicorp/azurerm\"]",
      "instances": [
        {
          "schema_version": 4,
          "attributes": {
            "access_tier": "Hot",
            "account_kind": "StorageV2",
            "account_replication_type": "LRS",
            "account_tier": "Standard",
            "allow_nested_items_to_be_public": true,
            "allowed_copy_scope": "",
            "azure_files_authentication": [],
            "blob_properties": [
              {
                "change_feed_enabled": false,
                "change_feed_retention_in_days": 0,
                "container_delete_retention_policy": [],
                "cors_rule": [
                  {
                    "allowed_headers": [
                      "*"
                    ],
                    "allowed_methods": [
                      "GET",
                      "HEAD",
                      "POST",
                      "PUT"
                    ],
                    "allowed_origins": [
                      "*"
                    ],
                    "exposed_headers": [
                      "*"
                    ],
                    "max_age_in_seconds": 300
                  }
                ],
                "default_service_version": "",
                "delete_retention_policy": [],
                "last_access_time_enabled": false,
                "restore_policy": [],
                "versioning_enabled": false
              }
            ],
            "cross_tenant_replication_enabled": true,
            "custom_domain": [],
            "customer_managed_key": [],
            "default_to_oauth_authentication": false,
            "dns_endpoint_type": "Standard",
            "edge_zone": "",
            "enable_https_traffic_only": true,
            "https_traffic_only_enabled": true,
            "id": "/subscriptions/51dd222b-9d63-476c-9069-cd3b2a87f6e6/resourceGroups/bidr-dev-k8s/providers/Microsoft.Storage/storageAccounts/bidrdevaksclusterstorage",
            "identity": [],
            "immutability_policy": [],
            "infrastructure_encryption_enabled": false,
            "is_hns_enabled": false,
            "large_file_share_enabled": false,
            "local_user_enabled": true,
            "location": "southafricanorth",
            "min_tls_version": "TLS1_2",
            "name": "bidrdevaksclusterstorage",
            "network_rules": [],
            "nfsv3_enabled": false,
            "primary_access_key": "+8UOKHbvonb/y1hHXbBhElh7MBbAgCN7PZwR0nA/ORRT1j+VoUX2MmcKza5JT36M+1bv/FZj604n+ASt0ikl9A==",
            "primary_blob_connection_string": "DefaultEndpointsProtocol=https;BlobEndpoint=https://bidrdevaksclusterstorage.blob.core.windows.net/;AccountName=bidrdevaksclusterstorage;AccountKey=+8UOKHbvonb/y1hHXbBhElh7MBbAgCN7PZwR0nA/ORRT1j+VoUX2MmcKza5JT36M+1bv/FZj604n+ASt0ikl9A==",
            "primary_blob_endpoint": "https://bidrdevaksclusterstorage.blob.core.windows.net/",
            "primary_blob_host": "bidrdevaksclusterstorage.blob.core.windows.net",
            "primary_blob_internet_endpoint": "",
            "primary_blob_internet_host": "",
            "primary_blob_microsoft_endpoint": "",
            "primary_blob_microsoft_host": "",
            "primary_connection_string": "DefaultEndpointsProtocol=https;AccountName=bidrdevaksclusterstorage;AccountKey=+8UOKHbvonb/y1hHXbBhElh7MBbAgCN7PZwR0nA/ORRT1j+VoUX2MmcKza5JT36M+1bv/FZj604n+ASt0ikl9A==;EndpointSuffix=core.windows.net",
            "primary_dfs_endpoint": "https://bidrdevaksclusterstorage.dfs.core.windows.net/",
            "primary_dfs_host": "bidrdevaksclusterstorage.dfs.core.windows.net",
            "primary_dfs_internet_endpoint": "",
            "primary_dfs_internet_host": "",
            "primary_dfs_microsoft_endpoint": "",
            "primary_dfs_microsoft_host": "",
            "primary_file_endpoint": "https://bidrdevaksclusterstorage.file.core.windows.net/",
            "primary_file_host": "bidrdevaksclusterstorage.file.core.windows.net",
            "primary_file_internet_endpoint": "",
            "primary_file_internet_host": "",
            "primary_file_microsoft_endpoint": "",
            "primary_file_microsoft_host": "",
            "primary_location": "southafricanorth",
            "primary_queue_endpoint": "https://bidrdevaksclusterstorage.queue.core.windows.net/",
            "primary_queue_host": "bidrdevaksclusterstorage.queue.core.windows.net",
            "primary_queue_microsoft_endpoint": "",
            "primary_queue_microsoft_host": "",
            "primary_table_endpoint": "https://bidrdevaksclusterstorage.table.core.windows.net/",
            "primary_table_host": "bidrdevaksclusterstorage.table.core.windows.net",
            "primary_table_microsoft_endpoint": "",
            "primary_table_microsoft_host": "",
            "primary_web_endpoint": "https://bidrdevaksclusterstorage.z1.web.core.windows.net/",
            "primary_web_host": "bidrdevaksclusterstorage.z1.web.core.windows.net",
            "primary_web_internet_endpoint": "",
            "primary_web_internet_host": "",
            "primary_web_microsoft_endpoint": "",
            "primary_web_microsoft_host": "",
            "public_network_access_enabled": true,
            "queue_encryption_key_type": "Service",
            "queue_properties": [
              {
                "cors_rule": [],
                "hour_metrics": [
                  {
                    "enabled": false,
                    "include_apis": false,
                    "retention_policy_days": 0,
                    "version": "1.0"
                  }
                ],
                "logging": [
                  {
                    "delete": false,
                    "read": false,
                    "retention_policy_days": 0,
                    "version": "1.0",
                    "write": false
                  }
                ],
                "minute_metrics": [
                  {
                    "enabled": false,
                    "include_apis": false,
                    "retention_policy_days": 0,
                    "version": "1.0"
                  }
                ]
              }
            ],
            "resource_group_name": "bidr-dev-k8s",
            "routing": [],
            "sas_policy": [],
            "secondary_access_key": "Uct1LHsHrbmmtjhbUlwObceK/80JvWZ/zpMR7W7s0TkCy6I9RSDVImAqehhhPNS6Y86eW8Grlwvh+AStj93Iyg==",
            "secondary_blob_connection_string": "",
            "secondary_blob_endpoint": "",
            "secondary_blob_host": "",
            "secondary_blob_internet_endpoint": "",
            "secondary_blob_internet_host": "",
            "secondary_blob_microsoft_endpoint": "",
            "secondary_blob_microsoft_host": "",
            "secondary_connection_string": "DefaultEndpointsProtocol=https;AccountName=bidrdevaksclusterstorage;AccountKey=Uct1LHsHrbmmtjhbUlwObceK/80JvWZ/zpMR7W7s0TkCy6I9RSDVImAqehhhPNS6Y86eW8Grlwvh+AStj93Iyg==;EndpointSuffix=core.windows.net",
            "secondary_dfs_endpoint": "",
            "secondary_dfs_host": "",
            "secondary_dfs_internet_endpoint": "",
            "secondary_dfs_internet_host": "",
            "secondary_dfs_microsoft_endpoint": "",
            "secondary_dfs_microsoft_host": "",
            "secondary_file_endpoint": "",
            "secondary_file_host": "",
            "secondary_file_internet_endpoint": "",
            "secondary_file_internet_host": "",
            "secondary_file_microsoft_endpoint": "",
            "secondary_file_microsoft_host": "",
            "secondary_location": "",
            "secondary_queue_endpoint": "",
            "secondary_queue_host": "",
            "secondary_queue_microsoft_endpoint": "",
            "secondary_queue_microsoft_host": "",
            "secondary_table_endpoint": "",
            "secondary_table_host": "",
            "secondary_table_microsoft_endpoint": "",
            "secondary_table_microsoft_host": "",
            "secondary_web_endpoint": "",
            "secondary_web_host": "",
            "secondary_web_internet_endpoint": "",
            "secondary_web_internet_host": "",
            "secondary_web_microsoft_endpoint": "",
            "secondary_web_microsoft_host": "",
            "sftp_enabled": false,
            "share_properties": [
              {
                "cors_rule": [],
                "retention_policy": [
                  {
                    "days": 7
                  }
                ],
                "smb": []
              }
            ],
            "shared_access_key_enabled": true,
            "static_website": [],
            "table_encryption_key_type": "Service",
            "tags": {
              "Environment": "dev",
              "ManagedBy": "Terraform",
              "Project": "BIDR"
            },
            "timeouts": null
          },
          "sensitive_attributes": [
            [
              {
                "type": "get_attr",
                "value": "primary_access_key"
              }
            ],
            [
              {
                "type": "get_attr",
                "value": "primary_blob_connection_string"
              }
            ],
            [
              {
                "type": "get_attr",
                "value": "primary_connection_string"
              }
            ],
            [
              {
                "type": "get_attr",
                "value": "secondary_access_key"
              }
            ],
            [
              {
                "type": "get_attr",
                "value": "secondary_blob_connection_string"
              }
            ],
            [
              {
                "type": "get_attr",
                "value": "secondary_connection_string"
              }
            ]
          ],
          "identity_schema_version": 0,
          "private": "eyJlMmJmYjczMC1lY2FhLTExZTYtOGY4OC0zNDM2M2JjN2M0YzAiOnsiY3JlYXRlIjozNjAwMDAwMDAwMDAwLCJkZWxldGUiOjM2MDAwMDAwMDAwMDAsInJlYWQiOjMwMDAwMDAwMDAwMCwidXBkYXRlIjozNjAwMDAwMDAwMDAwfSwic2NoZW1hX3ZlcnNpb24iOiI0In0=",
          "dependencies": [
            "azurerm_resource_group.bidr"
          ]
        }
      ]
    },
    {
      "mode": "managed",
      "type": "azurerm_subnet",
      "name": "aks",
      "provider": "provider[\"registry.terraform.io/hashicorp/azurerm\"]",
      "instances": [
        {
          "schema_version": 0,
          "attributes": {
            "address_prefixes": [
              "10.0.1.0/24"
            ],
            "default_outbound_access_enabled": true,
            "delegation": [],
            "enforce_private_link_endpoint_network_policies": false,
            "enforce_private_link_service_network_policies": false,
            "id": "/subscriptions/51dd222b-9d63-476c-9069-cd3b2a87f6e6/resourceGroups/bidr-dev-k8s/providers/Microsoft.Network/virtualNetworks/BIDR-dev-aks-cluster-vnet/subnets/BIDR-dev-aks-cluster-aks-subnet",
            "name": "BIDR-dev-aks-cluster-aks-subnet",
            "private_endpoint_network_policies": "Enabled",
            "private_endpoint_network_policies_enabled": true,
            "private_link_service_network_policies_enabled": true,
            "resource_group_name": "bidr-dev-k8s",
            "service_endpoint_policy_ids": [],
            "service_endpoints": [],
            "timeouts": null,
            "virtual_network_name": "BIDR-dev-aks-cluster-vnet"
          },
          "sensitive_attributes": [],
          "identity_schema_version": 0,
          "private": "eyJlMmJmYjczMC1lY2FhLTExZTYtOGY4OC0zNDM2M2JjN2M0YzAiOnsiY3JlYXRlIjoxODAwMDAwMDAwMDAwLCJkZWxldGUiOjE4MDAwMDAwMDAwMDAsInJlYWQiOjMwMDAwMDAwMDAwMCwidXBkYXRlIjoxODAwMDAwMDAwMDAwfX0=",
          "dependencies": [
            "azurerm_resource_group.bidr",
            "azurerm_virtual_network.bidr"
          ]
        }
      ]
    },
    {
      "mode": "managed",
      "type": "azurerm_subnet",
      "name": "database",
      "provider": "provider[\"registry.terraform.io/hashicorp/azurerm\"]",
      "instances": [
        {
          "schema_version": 0,
          "attributes": {
            "address_prefixes": [
              "10.0.2.0/24"
            ],
            "default_outbound_access_enabled": true,
            "delegation": [
              {
                "name": "fs",
                "service_delegation": [
                  {
                    "actions": [
                      "Microsoft.Network/virtualNetworks/subnets/join/action"
                    ],
                    "name": "Microsoft.DBforPostgreSQL/flexibleServers"
                  }
                ]
              }
            ],
            "enforce_private_link_endpoint_network_policies": false,
            "enforce_private_link_service_network_policies": false,
            "id": "/subscriptions/51dd222b-9d63-476c-9069-cd3b2a87f6e6/resourceGroups/bidr-dev-k8s/providers/Microsoft.Network/virtualNetworks/BIDR-dev-aks-cluster-vnet/subnets/BIDR-dev-aks-cluster-db-subnet",
            "name": "BIDR-dev-aks-cluster-db-subnet",
            "private_endpoint_network_policies": "Enabled",
            "private_endpoint_network_policies_enabled": true,
            "private_link_service_network_policies_enabled": true,
            "resource_group_name": "bidr-dev-k8s",
            "service_endpoint_policy_ids": [],
            "service_endpoints": [],
            "timeouts": null,
            "virtual_network_name": "BIDR-dev-aks-cluster-vnet"
          },
          "sensitive_attributes": [],
          "identity_schema_version": 0,
          "private": "eyJlMmJmYjczMC1lY2FhLTExZTYtOGY4OC0zNDM2M2JjN2M0YzAiOnsiY3JlYXRlIjoxODAwMDAwMDAwMDAwLCJkZWxldGUiOjE4MDAwMDAwMDAwMDAsInJlYWQiOjMwMDAwMDAwMDAwMCwidXBkYXRlIjoxODAwMDAwMDAwMDAwfX0=",
          "dependencies": [
            "azurerm_resource_group.bidr",
            "azurerm_virtual_network.bidr"
          ]
        }
      ]
    },
    {
      "mode": "managed",
      "type": "azurerm_virtual_network",
      "name": "bidr",
      "provider": "provider[\"registry.terraform.io/hashicorp/azurerm\"]",
      "instances": [
        {
          "schema_version": 0,
          "attributes": {
            "address_space": [
              "10.0.0.0/16"
            ],
            "bgp_community": "",
            "ddos_protection_plan": [],
            "dns_servers": [],
            "edge_zone": "",
            "encryption": [],
            "flow_timeout_in_minutes": 0,
            "guid": "8b3e43b8-d667-48b4-8fc4-8452763a2c97",
            "id": "/subscriptions/51dd222b-9d63-476c-9069-cd3b2a87f6e6/resourceGroups/bidr-dev-k8s/providers/Microsoft.Network/virtualNetworks/BIDR-dev-aks-cluster-vnet",
            "location": "southafricanorth",
            "name": "BIDR-dev-aks-cluster-vnet",
            "resource_group_name": "bidr-dev-k8s",
            "subnet": [
              {
                "address_prefix": "10.0.1.0/24",
                "id": "/subscriptions/51dd222b-9d63-476c-9069-cd3b2a87f6e6/resourceGroups/bidr-dev-k8s/providers/Microsoft.Network/virtualNetworks/BIDR-dev-aks-cluster-vnet/subnets/BIDR-dev-aks-cluster-aks-subnet",
                "name": "BIDR-dev-aks-cluster-aks-subnet",
                "security_group": ""
              },
              {
                "address_prefix": "10.0.2.0/24",
                "id": "/subscriptions/51dd222b-9d63-476c-9069-cd3b2a87f6e6/resourceGroups/bidr-dev-k8s/providers/Microsoft.Network/virtualNetworks/BIDR-dev-aks-cluster-vnet/subnets/BIDR-dev-aks-cluster-db-subnet",
                "name": "BIDR-dev-aks-cluster-db-subnet",
                "security_group": ""
              }
            ],
            "tags": {
              "Environment": "dev",
              "ManagedBy": "Terraform",
              "Project": "BIDR"
            },
            "timeouts": null
          },
          "sensitive_attributes": [],
          "identity_schema_version": 0,
          "private": "eyJlMmJmYjczMC1lY2FhLTExZTYtOGY4OC0zNDM2M2JjN2M0YzAiOnsiY3JlYXRlIjoxODAwMDAwMDAwMDAwLCJkZWxldGUiOjE4MDAwMDAwMDAwMDAsInJlYWQiOjMwMDAwMDAwMDAwMCwidXBkYXRlIjoxODAwMDAwMDAwMDAwfX0=",
          "dependencies": [
            "azurerm_resource_group.bidr"
          ]
        }
      ]
    },
    {
      "mode": "managed",
      "type": "random_password",
      "name": "admin_password",
      "provider": "provider[\"registry.terraform.io/hashicorp/random\"]",
      "instances": [
        {
          "schema_version": 3,
          "attributes": {
            "bcrypt_hash": "$2a$10$D0XTz8jJNGDnwfqFiUMG7uCMrNQfV3W0wlTNpxC6X2lbLz1VVwbtG",
            "id": "none",
            "keepers": null,
            "length": 16,
            "lower": true,
            "min_lower": 0,
            "min_numeric": 0,
            "min_special": 0,
            "min_upper": 0,
            "number": true,
            "numeric": true,
            "override_special": null,
            "result": "hS?K4F-k$}Q550Vf",
            "special": true,
            "upper": true
          },
          "sensitive_attributes": [
            [
              {
                "type": "get_attr",
                "value": "bcrypt_hash"
              }
            ],
            [
              {
                "type": "get_attr",
                "value": "result"
              }
            ]
          ],
          "identity_schema_version": 0
        }
      ]
    },
    {
      "mode": "managed",
      "type": "random_password",
      "name": "database_password",
      "provider": "provider[\"registry.terraform.io/hashicorp/random\"]",
      "instances": [
        {
          "schema_version": 3,
          "attributes": {
            "bcrypt_hash": "$2a$10$GQ72r1cbEfgmjIXdZv9dxuTzxbwVDd2eZ26p5wQTAvf4cWy1NGdJ6",
            "id": "none",
            "keepers": null,
            "length": 32,
            "lower": true,
            "min_lower": 0,
            "min_numeric": 0,
            "min_special": 0,
            "min_upper": 0,
            "number": true,
            "numeric": true,
            "override_special": null,
            "result": "bpx}h=WY3lTlhnOCh4S6#D(wk$E$C0o:",
            "special": true,
            "upper": true
          },
          "sensitive_attributes": [
            [
              {
                "type": "get_attr",
                "value": "bcrypt_hash"
              }
            ],
            [
              {
                "type": "get_attr",
                "value": "result"
              }
            ]
          ],
          "identity_schema_version": 0
        }
      ]
    },
    {
      "mode": "managed",
      "type": "random_password",
      "name": "django_secret_key",
      "provider": "provider[\"registry.terraform.io/hashicorp/random\"]",
      "instances": [
        {
          "schema_version": 3,
          "attributes": {
            "bcrypt_hash": "$2a$10$r.JK8rbeo5.VHWmnM4AhLuV8UnQyXBPxgJM5HxIuMNTsE95czlNHa",
            "id": "none",
            "keepers": null,
            "length": 50,
            "lower": true,
            "min_lower": 0,
            "min_numeric": 0,
            "min_special": 0,
            "min_upper": 0,
            "number": true,
            "numeric": true,
            "override_special": null,
            "result": "ftOPbs\u003eb+-ec1]8ssf@\u0026{!2lk_-J@B_g1[7aDWmGVh$TOVN@#%",
            "special": true,
            "upper": true
          },
          "sensitive_attributes": [
            [
              {
                "type": "get_attr",
                "value": "bcrypt_hash"
              }
            ],
            [
              {
                "type": "get_attr",
                "value": "result"
              }
            ]
          ],
          "identity_schema_version": 0
        }
      ]
    },
    {
      "mode": "managed",
      "type": "random_password",
      "name": "redis_password",
      "provider": "provider[\"registry.terraform.io/hashicorp/random\"]",
      "instances": [
        {
          "schema_version": 3,
          "attributes": {
            "bcrypt_hash": "$2a$10$iA3Pz.7s7mhjx2oC4bdevePJGQ8Uavh1Gop640nCR/uVMtpWRr2n2",
            "id": "none",
            "keepers": null,
            "length": 32,
            "lower": true,
            "min_lower": 0,
            "min_numeric": 0,
            "min_special": 0,
            "min_upper": 0,
            "number": true,
            "numeric": true,
            "override_special": null,
            "result": "ntYJ40vURxWUlaS2URD4erFe1vruIIn9",
            "special": false,
            "upper": true
          },
          "sensitive_attributes": [
            [
              {
                "type": "get_attr",
                "value": "bcrypt_hash"
              }
            ],
            [
              {
                "type": "get_attr",
                "value": "result"
              }
            ]
          ],
          "identity_schema_version": 0
        }
      ]
    },
    {
      "mode": "managed",
      "type": "random_password",
      "name": "service_admin_passwords",
      "provider": "provider[\"registry.terraform.io/hashicorp/random\"]",
      "instances": [
        {
          "index_key": "auth",
          "schema_version": 3,
          "attributes": {
            "bcrypt_hash": "$2a$10$xauQljIrXN4kT40BVZADcu44qBgQRUyooG7Kw.W12B1EgLluLQsvS",
            "id": "none",
            "keepers": null,
            "length": 16,
            "lower": true,
            "min_lower": 0,
            "min_numeric": 0,
            "min_special": 0,
            "min_upper": 0,
            "number": true,
            "numeric": true,
            "override_special": null,
            "result": "Tc_tYOQZt)\u003e84A3M",
            "special": true,
            "upper": true
          },
          "sensitive_attributes": [
            [
              {
                "type": "get_attr",
                "value": "bcrypt_hash"
              }
            ],
            [
              {
                "type": "get_attr",
                "value": "result"
              }
            ]
          ],
          "identity_schema_version": 0
        },
        {
          "index_key": "chat",
          "schema_version": 3,
          "attributes": {
            "bcrypt_hash": "$2a$10$by/ucL8IXacVHZjjho/ZqO2wj/aTAn/WZf2m8ejr9WD4qMz/M2AJu",
            "id": "none",
            "keepers": null,
            "length": 16,
            "lower": true,
            "min_lower": 0,
            "min_numeric": 0,
            "min_special": 0,
            "min_upper": 0,
            "number": true,
            "numeric": true,
            "override_special": null,
            "result": "$$:_yCg}6pSOcH*u",
            "special": true,
            "upper": true
          },
          "sensitive_attributes": [
            [
              {
                "type": "get_attr",
                "value": "bcrypt_hash"
              }
            ],
            [
              {
                "type": "get_attr",
                "value": "result"
              }
            ]
          ],
          "identity_schema_version": 0
        },
        {
          "index_key": "notifications",
          "schema_version": 3,
          "attributes": {
            "bcrypt_hash": "$2a$10$KJSAYUw85n.Nd4dfggZ50.4spJSHI8RkWlvzDHuEJRq6EGlPi8KO6",
            "id": "none",
            "keepers": null,
            "length": 16,
            "lower": true,
            "min_lower": 0,
            "min_numeric": 0,
            "min_special": 0,
            "min_upper": 0,
            "number": true,
            "numeric": true,
            "override_special": null,
            "result": "xYWKA\u003c_r]p3tqlNy",
            "special": true,
            "upper": true
          },
          "sensitive_attributes": [
            [
              {
                "type": "get_attr",
                "value": "bcrypt_hash"
              }
            ],
            [
              {
                "type": "get_attr",
                "value": "result"
              }
            ]
          ],
          "identity_schema_version": 0
        },
        {
          "index_key": "payment",
          "schema_version": 3,
          "attributes": {
            "bcrypt_hash": "$2a$10$PiDEevInamJ8tql4RHHSVuHM/CZJxlum2vt/nlxMl16.90W4jBx.u",
            "id": "none",
            "keepers": null,
            "length": 16,
            "lower": true,
            "min_lower": 0,
            "min_numeric": 0,
            "min_special": 0,
            "min_upper": 0,
            "number": true,
            "numeric": true,
            "override_special": null,
            "result": "qF{OK_*B\u003eId!PuB}",
            "special": true,
            "upper": true
          },
          "sensitive_attributes": [
            [
              {
                "type": "get_attr",
                "value": "bcrypt_hash"
              }
            ],
            [
              {
                "type": "get_attr",
                "value": "result"
              }
            ]
          ],
          "identity_schema_version": 0
        },
        {
          "index_key": "product",
          "schema_version": 3,
          "attributes": {
            "bcrypt_hash": "$2a$10$4ssuwG9rJGHAVUYROy9cMu6J8.djNPMDeLQxX1kx0kFpddCyiampC",
            "id": "none",
            "keepers": null,
            "length": 16,
            "lower": true,
            "min_lower": 0,
            "min_numeric": 0,
            "min_special": 0,
            "min_upper": 0,
            "number": true,
            "numeric": true,
            "override_special": null,
            "result": "d_\u003c!?8zm0Pv?nbA9",
            "special": true,
            "upper": true
          },
          "sensitive_attributes": [
            [
              {
                "type": "get_attr",
                "value": "bcrypt_hash"
              }
            ],
            [
              {
                "type": "get_attr",
                "value": "result"
              }
            ]
          ],
          "identity_schema_version": 0
        },
        {
          "index_key": "resolution",
          "schema_version": 3,
          "attributes": {
            "bcrypt_hash": "$2a$10$rNe7Gif8UiYLl9LYcfKsKeAEjyoIlYrT6rh5VHzmnx6WQfftYVKha",
            "id": "none",
            "keepers": null,
            "length": 16,
            "lower": true,
            "min_lower": 0,
            "min_numeric": 0,
            "min_special": 0,
            "min_upper": 0,
            "number": true,
            "numeric": true,
            "override_special": null,
            "result": "vqL1-t)#X{zOOEf\u003e",
            "special": true,
            "upper": true
          },
          "sensitive_attributes": [
            [
              {
                "type": "get_attr",
                "value": "bcrypt_hash"
              }
            ],
            [
              {
                "type": "get_attr",
                "value": "result"
              }
            ]
          ],
          "identity_schema_version": 0
        },
        {
          "index_key": "reviews",
          "schema_version": 3,
          "attributes": {
            "bcrypt_hash": "$2a$10$iqEQvAAjOdnVBD6UzU2cOOMCuhit1qL02atOkCIuWneLQetHeLDru",
            "id": "none",
            "keepers": null,
            "length": 16,
            "lower": true,
            "min_lower": 0,
            "min_numeric": 0,
            "min_special": 0,
            "min_upper": 0,
            "number": true,
            "numeric": true,
            "override_special": null,
            "result": ":lO#qUghyQiJ+b\u0026d",
            "special": true,
            "upper": true
          },
          "sensitive_attributes": [
            [
              {
                "type": "get_attr",
                "value": "bcrypt_hash"
              }
            ],
            [
              {
                "type": "get_attr",
                "value": "result"
              }
            ]
          ],
          "identity_schema_version": 0
        },
        {
          "index_key": "transactions",
          "schema_version": 3,
          "attributes": {
            "bcrypt_hash": "$2a$10$8R9TpZxfbN1HaDDVGFUT0O9BDn/Xhb5EQE5nvBcuWRmhHW1qzBbDu",
            "id": "none",
            "keepers": null,
            "length": 16,
            "lower": true,
            "min_lower": 0,
            "min_numeric": 0,
            "min_special": 0,
            "min_upper": 0,
            "number": true,
            "numeric": true,
            "override_special": null,
            "result": "Vi0)$O\u003eamuaIP4RS",
            "special": true,
            "upper": true
          },
          "sensitive_attributes": [
            [
              {
                "type": "get_attr",
                "value": "bcrypt_hash"
              }
            ],
            [
              {
                "type": "get_attr",
                "value": "result"
              }
            ]
          ],
          "identity_schema_version": 0
        }
      ]
    },
    {
      "mode": "managed",
      "type": "random_password",
      "name": "service_api_keys",
      "provider": "provider[\"registry.terraform.io/hashicorp/random\"]",
      "instances": [
        {
          "index_key": "auth",
          "schema_version": 3,
          "attributes": {
            "bcrypt_hash": "$2a$10$mzyn5Zynj.XQyxHExY/04.yOGRuiNoBNujM5cMFGGVrfQxGrCS4oW",
            "id": "none",
            "keepers": null,
            "length": 64,
            "lower": true,
            "min_lower": 0,
            "min_numeric": 0,
            "min_special": 0,
            "min_upper": 0,
            "number": true,
            "numeric": true,
            "override_special": null,
            "result": "CaSbmtjtFH9uDhPqI3o9FOvYhejGTnPyMNFlH31hyQMXZQNSRT9FPQZn29bBTWkb",
            "special": false,
            "upper": true
          },
          "sensitive_attributes": [
            [
              {
                "type": "get_attr",
                "value": "bcrypt_hash"
              }
            ],
            [
              {
                "type": "get_attr",
                "value": "result"
              }
            ]
          ],
          "identity_schema_version": 0
        },
        {
          "index_key": "chat",
          "schema_version": 3,
          "attributes": {
            "bcrypt_hash": "$2a$10$CE.06rMIwPLWrXmbu6iKGuATgeLfJxUgF3klQb.bsIJvddwvbew66",
            "id": "none",
            "keepers": null,
            "length": 64,
            "lower": true,
            "min_lower": 0,
            "min_numeric": 0,
            "min_special": 0,
            "min_upper": 0,
            "number": true,
            "numeric": true,
            "override_special": null,
            "result": "s84vAVVOR46JNk0lLnYHcf5jAGegaEErRdADJw5FUaq6mS2zQcxbNw649b8NBrGy",
            "special": false,
            "upper": true
          },
          "sensitive_attributes": [
            [
              {
                "type": "get_attr",
                "value": "bcrypt_hash"
              }
            ],
            [
              {
                "type": "get_attr",
                "value": "result"
              }
            ]
          ],
          "identity_schema_version": 0
        },
        {
          "index_key": "notifications",
          "schema_version": 3,
          "attributes": {
            "bcrypt_hash": "$2a$10$TjwESL2XRoAtiUWhaZfJ8ulbj7KAKztxyEjCpl0sTxeXwBp1pkj7S",
            "id": "none",
            "keepers": null,
            "length": 64,
            "lower": true,
            "min_lower": 0,
            "min_numeric": 0,
            "min_special": 0,
            "min_upper": 0,
            "number": true,
            "numeric": true,
            "override_special": null,
            "result": "Xu973g8NNx2vrKXstapAbBosoeiX5kUT6IU8rNbW1ie4EkEL8reEU5QOb83wFAkW",
            "special": false,
            "upper": true
          },
          "sensitive_attributes": [
            [
              {
                "type": "get_attr",
                "value": "bcrypt_hash"
              }
            ],
            [
              {
                "type": "get_attr",
                "value": "result"
              }
            ]
          ],
          "identity_schema_version": 0
        },
        {
          "index_key": "payment",
          "schema_version": 3,
          "attributes": {
            "bcrypt_hash": "$2a$10$lhxbCZn1NqmBs8F4AMQy8uXhbWzwq3OPxidVSo/ywt3vV/HnaO5ia",
            "id": "none",
            "keepers": null,
            "length": 64,
            "lower": true,
            "min_lower": 0,
            "min_numeric": 0,
            "min_special": 0,
            "min_upper": 0,
            "number": true,
            "numeric": true,
            "override_special": null,
            "result": "mpjXs856NERvL4A6nYF8iFj9yoqvNugP4y4W5wS2aFzfIBfUiJC5vWRchkMEb62L",
            "special": false,
            "upper": true
          },
          "sensitive_attributes": [
            [
              {
                "type": "get_attr",
                "value": "bcrypt_hash"
              }
            ],
            [
              {
                "type": "get_attr",
                "value": "result"
              }
            ]
          ],
          "identity_schema_version": 0
        },
        {
          "index_key": "product",
          "schema_version": 3,
          "attributes": {
            "bcrypt_hash": "$2a$10$kxB7HQ2yHvtRoi/PEgU1xO/6cZAsGsajVcdJHoRVUHrOELl2Juggi",
            "id": "none",
            "keepers": null,
            "length": 64,
            "lower": true,
            "min_lower": 0,
            "min_numeric": 0,
            "min_special": 0,
            "min_upper": 0,
            "number": true,
            "numeric": true,
            "override_special": null,
            "result": "LGa4J8iW5cQAYkeiAfNfpttZRjb2CRt7uzG1tyVm5EohiCkLVyl0hyNQMt0V2BPe",
            "special": false,
            "upper": true
          },
          "sensitive_attributes": [
            [
              {
                "type": "get_attr",
                "value": "bcrypt_hash"
              }
            ],
            [
              {
                "type": "get_attr",
                "value": "result"
              }
            ]
          ],
          "identity_schema_version": 0
        },
        {
          "index_key": "resolution",
          "schema_version": 3,
          "attributes": {
            "bcrypt_hash": "$2a$10$A2SMnzw2t1rEdn2R2Xsnm.ZD6aQfzxlyMxEdk7YdJv9KaFCf4gQou",
            "id": "none",
            "keepers": null,
            "length": 64,
            "lower": true,
            "min_lower": 0,
            "min_numeric": 0,
            "min_special": 0,
            "min_upper": 0,
            "number": true,
            "numeric": true,
            "override_special": null,
            "result": "EXAXMQmK6nawBSrMnLHZEjij6yFAEo2PPUiJySO8NA93MDAJR8S2v8syUtmpzEix",
            "special": false,
            "upper": true
          },
          "sensitive_attributes": [
            [
              {
                "type": "get_attr",
                "value": "bcrypt_hash"
              }
            ],
            [
              {
                "type": "get_attr",
                "value": "result"
              }
            ]
          ],
          "identity_schema_version": 0
        },
        {
          "index_key": "reviews",
          "schema_version": 3,
          "attributes": {
            "bcrypt_hash": "$2a$10$EFtXppomwBEO1pNlk6I4sunl4wj9FE5DHOwCxG9MxQGfxS7vaM8ZS",
            "id": "none",
            "keepers": null,
            "length": 64,
            "lower": true,
            "min_lower": 0,
            "min_numeric": 0,
            "min_special": 0,
            "min_upper": 0,
            "number": true,
            "numeric": true,
            "override_special": null,
            "result": "YUrwJJDsx7YJNxvO0PTGz4RbnH5jXBDOGbZedgKyCNmy3TOAqSfPPM22h9EpJfXY",
            "special": false,
            "upper": true
          },
          "sensitive_attributes": [
            [
              {
                "type": "get_attr",
                "value": "bcrypt_hash"
              }
            ],
            [
              {
                "type": "get_attr",
                "value": "result"
              }
            ]
          ],
          "identity_schema_version": 0
        },
        {
          "index_key": "transactions",
          "schema_version": 3,
          "attributes": {
            "bcrypt_hash": "$2a$10$vVY66fkyrmN6CuL7GlS7KuEwN9ideYpzKgQqVR79vuULjZLbYUuVu",
            "id": "none",
            "keepers": null,
            "length": 64,
            "lower": true,
            "min_lower": 0,
            "min_numeric": 0,
            "min_special": 0,
            "min_upper": 0,
            "number": true,
            "numeric": true,
            "override_special": null,
            "result": "p38RAjMwA0xClesvwz29W4Rr5uyqL21Vr6fY2CdugviamBXQZBSB2VPWzdA3vu6Z",
            "special": false,
            "upper": true
          },
          "sensitive_attributes": [
            [
              {
                "type": "get_attr",
                "value": "bcrypt_hash"
              }
            ],
            [
              {
                "type": "get_attr",
                "value": "result"
              }
            ]
          ],
          "identity_schema_version": 0
        }
      ]
    },
    {
      "mode": "managed",
      "type": "random_password",
      "name": "service_jwt_secrets",
      "provider": "provider[\"registry.terraform.io/hashicorp/random\"]",
      "instances": [
        {
          "index_key": "auth",
          "schema_version": 3,
          "attributes": {
            "bcrypt_hash": "$2a$10$7p6BUvSge49fyVPfc9iAJeDJuvBZQ5kFHOT3OMCwzox4l18UW4Ojm",
            "id": "none",
            "keepers": null,
            "length": 64,
            "lower": true,
            "min_lower": 0,
            "min_numeric": 0,
            "min_special": 0,
            "min_upper": 0,
            "number": true,
            "numeric": true,
            "override_special": null,
            "result": "Hg%Y%sAV0k=a=[={2?nuQe$s(4KIY!bGy0+b[euZPnco0P]4UjN(y34bCzS_B2p!",
            "special": true,
            "upper": true
          },
          "sensitive_attributes": [
            [
              {
                "type": "get_attr",
                "value": "bcrypt_hash"
              }
            ],
            [
              {
                "type": "get_attr",
                "value": "result"
              }
            ]
          ],
          "identity_schema_version": 0
        },
        {
          "index_key": "chat",
          "schema_version": 3,
          "attributes": {
            "bcrypt_hash": "$2a$10$twFWqlENrhABUNkEGd.93uzgEcRvQh4is8C8ndSYaHNDjsTXT2DKu",
            "id": "none",
            "keepers": null,
            "length": 64,
            "lower": true,
            "min_lower": 0,
            "min_numeric": 0,
            "min_special": 0,
            "min_upper": 0,
            "number": true,
            "numeric": true,
            "override_special": null,
            "result": "[e_r{T7(NheS-gn4KRGg#@4g!wOR1}x*4jJTiE7PX18:iA_JfycQdZv\u003cr%)314\u003cj",
            "special": true,
            "upper": true
          },
          "sensitive_attributes": [
            [
              {
                "type": "get_attr",
                "value": "bcrypt_hash"
              }
            ],
            [
              {
                "type": "get_attr",
                "value": "result"
              }
            ]
          ],
          "identity_schema_version": 0
        },
        {
          "index_key": "notifications",
          "schema_version": 3,
          "attributes": {
            "bcrypt_hash": "$2a$10$CGDxBXp9VIA1zfwKA5C9VektPfiJy72aR8NEvY7RDoHQpaU.u30F2",
            "id": "none",
            "keepers": null,
            "length": 64,
            "lower": true,
            "min_lower": 0,
            "min_numeric": 0,
            "min_special": 0,
            "min_upper": 0,
            "number": true,
            "numeric": true,
            "override_special": null,
            "result": "63nt-oJawiZo\u003c#VqZd!K\u003eOZL\u0026vUmZO7!%U3_UuM5Cbx\u0026y[)bZdm08DCm]viLVhVN",
            "special": true,
            "upper": true
          },
          "sensitive_attributes": [
            [
              {
                "type": "get_attr",
                "value": "bcrypt_hash"
              }
            ],
            [
              {
                "type": "get_attr",
                "value": "result"
              }
            ]
          ],
          "identity_schema_version": 0
        },
        {
          "index_key": "payment",
          "schema_version": 3,
          "attributes": {
            "bcrypt_hash": "$2a$10$hXYaJ.zNod/.uRPjwz8SYON/Yl.AXzH3ORYHqXmPKvRkgy87NOQ/C",
            "id": "none",
            "keepers": null,
            "length": 64,
            "lower": true,
            "min_lower": 0,
            "min_numeric": 0,
            "min_special": 0,
            "min_upper": 0,
            "number": true,
            "numeric": true,
            "override_special": null,
            "result": "\u0026(?7bw:!CCO)pIqTN-#PI=YRL4Kv3(8#yx*HB6H8*K}ph!vE]j7q6*yhiVVB92[@",
            "special": true,
            "upper": true
          },
          "sensitive_attributes": [
            [
              {
                "type": "get_attr",
                "value": "bcrypt_hash"
              }
            ],
            [
              {
                "type": "get_attr",
                "value": "result"
              }
            ]
          ],
          "identity_schema_version": 0
        },
        {
          "index_key": "product",
          "schema_version": 3,
          "attributes": {
            "bcrypt_hash": "$2a$10$GGsizB2spXzZURPGRfLH3e5EGyG.PBf.64oDahsEHXO7H66hQFQYO",
            "id": "none",
            "keepers": null,
            "length": 64,
            "lower": true,
            "min_lower": 0,
            "min_numeric": 0,
            "min_special": 0,
            "min_upper": 0,
            "number": true,
            "numeric": true,
            "override_special": null,
            "result": "?+:%T3KIgg}:fd\u003cfW(3OUC3?rd?%OCDVxV[!$j\u0026cBwAz1?_a@v]o}8aj:L!A$#UY",
            "special": true,
            "upper": true
          },
          "sensitive_attributes": [
            [
              {
                "type": "get_attr",
                "value": "bcrypt_hash"
              }
            ],
            [
              {
                "type": "get_attr",
                "value": "result"
              }
            ]
          ],
          "identity_schema_version": 0
        },
        {
          "index_key": "resolution",
          "schema_version": 3,
          "attributes": {
            "bcrypt_hash": "$2a$10$.mlvoof1vPPsxnIDvnKlN.SNE9BAJQrzSJTtFh2VOqO6LSkqMwiYu",
            "id": "none",
            "keepers": null,
            "length": 64,
            "lower": true,
            "min_lower": 0,
            "min_numeric": 0,
            "min_special": 0,
            "min_upper": 0,
            "number": true,
            "numeric": true,
            "override_special": null,
            "result": "O*(VVfCM_X[UXy7(=j2QAJh{kS-\u0026\u003c?Xf@njDBqT-:=rhi(hnJyRgjo{2_P5]wyxr",
            "special": true,
            "upper": true
          },
          "sensitive_attributes": [
            [
              {
                "type": "get_attr",
                "value": "bcrypt_hash"
              }
            ],
            [
              {
                "type": "get_attr",
                "value": "result"
              }
            ]
          ],
          "identity_schema_version": 0
        },
        {
          "index_key": "reviews",
          "schema_version": 3,
          "attributes": {
            "bcrypt_hash": "$2a$10$Ezmib4SIiolprBH91Z57G.9mFlYoPhUJWoyXUAzjIaVX2yXDfeYla",
            "id": "none",
            "keepers": null,
            "length": 64,
            "lower": true,
            "min_lower": 0,
            "min_numeric": 0,
            "min_special": 0,
            "min_upper": 0,
            "number": true,
            "numeric": true,
            "override_special": null,
            "result": "dvn)nk3CJK}c5pRNX)M5#wl%f2Dys7\u003cG_qrk\u003c69E2u$\u0026E]CV$14\u0026bC*9Cu+O0YF%",
            "special": true,
            "upper": true
          },
          "sensitive_attributes": [
            [
              {
                "type": "get_attr",
                "value": "bcrypt_hash"
              }
            ],
            [
              {
                "type": "get_attr",
                "value": "result"
              }
            ]
          ],
          "identity_schema_version": 0
        },
        {
          "index_key": "transactions",
          "schema_version": 3,
          "attributes": {
            "bcrypt_hash": "$2a$10$3dQqG2pAU4dgtPBqp6AjauUsRb4ExFCcpYxu1uS47axzhf8p93Pu2",
            "id": "none",
            "keepers": null,
            "length": 64,
            "lower": true,
            "min_lower": 0,
            "min_numeric": 0,
            "min_special": 0,
            "min_upper": 0,
            "number": true,
            "numeric": true,
            "override_special": null,
            "result": "%QD4lo?gA7lb$9Y}tKRC1_whi{:9\u0026YjnashL\u0026fWmcxtLDB-s4CBZaCSP9f!\u003cJQfo",
            "special": true,
            "upper": true
          },
          "sensitive_attributes": [
            [
              {
                "type": "get_attr",
                "value": "bcrypt_hash"
              }
            ],
            [
              {
                "type": "get_attr",
                "value": "result"
              }
            ]
          ],
          "identity_schema_version": 0
        }
      ]
    },
    {
      "mode": "managed",
      "type": "time_sleep",
      "name": "wait_for_keyvault_rbac",
      "provider": "provider[\"registry.terraform.io/hashicorp/time\"]",
      "instances": [
        {
          "schema_version": 0,
          "attributes": {
            "create_duration": "60s",
            "destroy_duration": null,
            "id": "2025-08-10T17:13:02Z",
            "triggers": null
          },
          "sensitive_attributes": [],
          "identity_schema_version": 0,
          "dependencies": [
            "azurerm_key_vault.bidr",
            "azurerm_resource_group.bidr",
            "azurerm_role_assignment.current_user_keyvault_admin",
            "data.azurerm_client_config.current"
          ]
        }
      ]
    }
  ],
  "check_results": null
}
