{
  "version": 4,
  "terraform_version": "1.12.2",
  "serial": 308,
  "lineage": "b05b506b-def2-10de-bc14-639aaae4cc73",
  "outputs": {
    "acr_admin_password": {
      "value": "Z9b3/4F0JCHI1luUPM6FBvB3mW6cEZw1q61Pe+XVaF+ACRBILVV2",
      "type": "string",
      "sensitive": true
    },
    "acr_admin_username": {
      "value": "bidrnparusuatregistry2024",
      "type": "string",
      "sensitive": true
    },
    "acr_login_command": {
      "value": "az acr login --name bidrnparusuatregistry2024",
      "type": "string"
    },
    "acr_login_server": {
      "value": "bidrnparusuatregistry2024.azurecr.io",
      "type": "string"
    },
    "acr_name": {
      "value": "bidrnparusuatregistry2024",
      "type": "string"
    },
    "aks_cluster_id": {
      "value": "/subscriptions/51dd222b-9d63-476c-9069-cd3b2a87f6e6/resourceGroups/bidr-uat-k8s/providers/Microsoft.ContainerService/managedClusters/BIDR-uat-aks-cluster",
      "type": "string"
    },
    "aks_cluster_name": {
      "value": "BIDR-uat-aks-cluster",
      "type": "string"
    },
    "aks_node_resource_group": {
      "value": "MC_bidr-uat-k8s_BIDR-uat-aks-cluster_eastus",
      "type": "string"
    },
    "aks_subnet_id": {
      "value": "/subscriptions/51dd222b-9d63-476c-9069-cd3b2a87f6e6/resourceGroups/bidr-uat-k8s/providers/Microsoft.Network/virtualNetworks/BIDR-uat-aks-cluster-vnet/subnets/BIDR-uat-aks-cluster-aks-subnet",
      "type": "string"
    },
    "application_insights_connection_string": {
      "value": "InstrumentationKey=66a3eb60-a7e7-4d6b-a476-814f2893911a;IngestionEndpoint=https://southafricanorth-1.in.applicationinsights.azure.com/;LiveEndpoint=https://southafricanorth.livediagnostics.monitor.azure.com/;ApplicationId=6e5075ca-ada6-458a-8a17-1189461ae58f",
      "type": "string",
      "sensitive": true
    },
    "application_insights_instrumentation_key": {
      "value": "66a3eb60-a7e7-4d6b-a476-814f2893911a",
      "type": "string",
      "sensitive": true
    },
    "database_password_key_vault_reference": {
      "value": "@Microsoft.KeyVault(VaultName=bidr-uat-vault-2024;SecretName=database-password)",
      "type": "string"
    },
    "database_subnet_id": {
      "value": "/subscriptions/51dd222b-9d63-476c-9069-cd3b2a87f6e6/resourceGroups/bidr-uat-k8s/providers/Microsoft.Network/virtualNetworks/BIDR-uat-aks-cluster-vnet/subnets/BIDR-uat-aks-cluster-db-subnet",
      "type": "string"
    },
    "django_secret_key_vault_reference": {
      "value": "@Microsoft.KeyVault(VaultName=bidr-uat-vault-2024;SecretName=django-secret-key)",
      "type": "string"
    },
    "key_vault_name": {
      "value": "bidr-uat-vault-2024",
      "type": "string"
    },
    "key_vault_uri": {
      "value": "https://bidr-uat-vault-2024.vault.azure.net/",
      "type": "string"
    },
    "kube_config": {
      "value": "apiVersion: v1\nclusters:\n- cluster:\n    certificate-authority-data: LS0tLS1CRUdJTiBDRVJUSUZJQ0FURS0tLS0tCk1JSUU2RENDQXRDZ0F3SUJBZ0lRTjZKK01tQzdaSDU0bUcxalZZaVZHakFOQmdrcWhraUc5dzBCQVFzRkFEQU4KTVFzd0NRWURWUVFERXdKallUQWdGdzB5TlRBNU1ERXdNVEk1TXpKYUdBOHlNRFUxTURrd01UQXhNemt6TWxvdwpEVEVMTUFrR0ExVUVBeE1DWTJFd2dnSWlNQTBHQ1NxR1NJYjNEUUVCQVFVQUE0SUNEd0F3Z2dJS0FvSUNBUUM1CitGV1BybDJKdnY3REt5cThTWnZCNytKdzFNeWdoOE1JRE1SZTFDZnYzeDlleXNINTZ0V1dJc2VacGF6UzdYVEQKNjV3TVFGbUgzczRCTjNhK1Z2Z3dKeW5OeXM5N0VPRUZHamxrenhzaGI5c0QwUlNUWXA2bHJYZ0tJS2dJdVdaNApVaXJ2aXhMZ1M1Z0xSWGNBb29ncHVVc2JvSzJVeG9DcmtVRnRoOGlDYUhMVjVpUG1hNXV4bXBKVjVtYXJYaGR4CjdhUEZrOFgyRXdzTFRRS3NHYVlISkdBUHhmaGJ2MnBpZmNGT0VEM1UyQXpUWC9BckZaRXllcWtXZnhoK2tDdWMKRDcrYS8wN2VqS2ZnVHRXZTJTcVhkL1NnWkpzMHVwdmpRUXVxSjRlNE85d3ZlT21yNlhGWVZ5UHhxRWVwWk1DYwpydFVpRzdIdkVqL2ZkZnZ5OTdCWDh1VGRkckZQcnpnVy9VTDZpUlBGbnI3bktRWUVoZFhONGxhcHVscGdFcEhBClAxTGU4V0ZrMkE0Wm5oc3dYaWVvMDNDc2prTUJqN25wczUvRnE5aVRZUHVGZFp5Qkh5ZFBxMlZSejVtZzhFWnQKSTFvSVMyK3RXamI4cmxBaXNrSXJNai9WVWxhSXRKeHpNbWFMbnY1RExzbWRWTW91bGhFQkQ0blhSNGZwL0ZyawpNNmZ6S3QzR0tDc1V6UzVvZkJEeUYrTW5idXlaRm5QY1ExV0M3cTU5MFJpNG9raVNjVDhPRFJuZTBKVE5jOFIyCnY5YXJuZmtoV0JaWTl6cHN3c1MvUG00ZUlMYVEyVSs2WUcrY1lZdXErSlhKV0I2L0s4aTFpRkhZeDFVbVcxOTcKaUI2WU9Ud0NpYXRsMGxOYy9ld0JrZUN6OU1jZ0NLamJEVXRSWW1obUtRSURBUUFCbzBJd1FEQU9CZ05WSFE4QgpBZjhFQkFNQ0FxUXdEd1lEVlIwVEFRSC9CQVV3QXdFQi96QWRCZ05WSFE0RUZnUVVmMkZGa3gzM3QwUURNWitLCit2UnQwb29Icmprd0RRWUpLb1pJaHZjTkFRRUxCUUFEZ2dJQkFJVFZVYWlyUUlMeUMySGVtUVkyZmhBTFYzelYKbDNTMy9JSmRRMkduV29MVlM0N3lraGtLNUwvQWZNTVV0Z040eWUydUpDVlNjdUJWbjAreTFwWmFFVnFMbjN2OQppMHFScExhRStDRTdFbG1NYTlRVmYwc2dYMHZmMEwyK0ZSSzdLOWpUUmNZK3NBYVkzVlRNVFZMMW92eCtKanF5CnY2eFlDbyt6ZkV5Q0h6YlE5MGZyZjZqalRmekc2eTVyRGpjdWVRU1VJN0FzbGFvdFMrbEk3MVI5YksvWER5QVEKMEs2WmYwbnErUS9GNW1FNGRSK3F0Zmk3ZjV3VHVnVHBCMThvaTY4WXgxaUhyMjV0STZxRHN3enMwQWJjaHZoQgpCa2RJNE5ZeWhBM1l1YWlHQnA0bUNLWjJzcmo3NkZqWkJaQmNkMnVkVzRIOWxlKzBvcGVDbVlRWWpjaVJGaDhmCk5ycHIwNWxnWWRYSHBXc3FIUWljS2tKOWJUL2FyS01VVjJvdStub2I1T0ZpVUtkL3pibmVUSnJybEF3bHBWc0UKTjFldWY4VFM0cFpjUWtlNktUV2ZkWEhzV0pnSmtleGdxb1FITXllT2RpSUZXd2wwWTZOdXpBS054UDlBcE1xKwpFeVNJcGxhQXRnTkk4c0l6QnhLU3FrUWJoNEFmUmVyOFRiRytkZVNDY3owZ0dWWjYzZUdVYlFGdUlxVGZQbkkzCldLVG1QVXFzVTBPbS9UZS9vaEIyeitwdmxvTkpVWXVJenlNTEZkUXFSVHJ6VU1lUVdOaU8yZTdlaExiV3F0UnYKcVBFV1M1Qmk2b054N0FJcUVKU01qcWhiS1VjMEI1cTg2S29CTVpGeVErM3h6Z3ZlbXBNbTRrQmhpS1dURmhoVApRMXNBVy9JanNQdHlZUU5jCi0tLS0tRU5EIENFUlRJRklDQVRFLS0tLS0K\n    server: https://bidr-uat-aks-cluster-dns-uolg7iux.hcp.eastus.azmk8s.io:443\n  name: BIDR-uat-aks-cluster\ncontexts:\n- context:\n    cluster: BIDR-uat-aks-cluster\n    user: clusterUser_bidr-uat-k8s_BIDR-uat-aks-cluster\n  name: BIDR-uat-aks-cluster\ncurrent-context: BIDR-uat-aks-cluster\nkind: Config\npreferences: {}\nusers:\n- name: clusterUser_bidr-uat-k8s_BIDR-uat-aks-cluster\n  user:\n    client-certificate-data: LS0tLS1CRUdJTiBDRVJUSUZJQ0FURS0tLS0tCk1JSUZIakNDQXdhZ0F3SUJBZ0lSQU5MWXp2bUtaVDcyVVpnTmVCallxamd3RFFZSktvWklodmNOQVFFTEJRQXcKRFRFTE1Ba0dBMVVFQXhNQ1kyRXdIaGNOTWpVd09UQXhNREV5T1RNeVdoY05NamN3T1RBeE1ERXpPVE15V2pBdwpNUmN3RlFZRFZRUUtFdzV6ZVhOMFpXMDZiV0Z6ZEdWeWN6RVZNQk1HQTFVRUF4TU1iV0Z6ZEdWeVkyeHBaVzUwCk1JSUNJakFOQmdrcWhraUc5dzBCQVFFRkFBT0NBZzhBTUlJQ0NnS0NBZ0VBMVlNdXR2S3VRbFNzZ1NLSHpkbnQKR01kVjFIK05JVVR4d1F1THc3Q0FqUmFSZGp6L0FSdWxoL2VKeE9wdUZwWlMraXQybGJ2R0tEekQrV3VScGRzOApkdXRHMGdORDlOODlraUpxOGVEZE1RRFBPMG1ia3FjbWwzcG4xRDFLSEQ1NjlXTktxZWRISU5KWG9xWjgxMmd5CjRleGNnN2kyZkRsR2xkT2RDN24yS3JCQjRXeWcxTXZxSE54VEEralQ0S1ZvTDlHMFJZN09vTExXUUhmYlNnMi8KaFlRbjdWclEzYWljWDAvUkM0Ym1zWHdtL0t2Uy9RQVJqcnY3MTFJNXBoWHVOck40ZWNlaEFiMVBveUJ5WVlMZQpPR1RsVEdxSFkrU2lMbmRyaG9ObjJjczlrMFhxZ1o3L09rMTFYZllqMHZ6NjBubnBkUmV4RHpyYm5KOWhzWU1WCitROEh5ZGRkSGIrUTJNd0RIRURhL1lhVzVVR2Z2VXRuV3JqalEwTE9vcWs0cVNVUDlGSXZwZDJaTjk2VGVxc1YKb2VGR054VzIrWlUrcHFaZzZFNktXV1FWK3JXVmdWRXhQeUZ5MGNxd01hY0UwSVdBVmZURHFvdGVEUFBiUitTeApwVnEraG0xRjlZK3hrVy9lUkxQYUtCLzYwOWx5MncvUkRxR0FuYUFBejJWUm1Jd0txMUovY0VDVjNsTlhKbVpUCm5iR2huSkt1Nm1WM0VNRzd0YXRjYkUxOUZzbWZSY3hNOUtuR1ZiYTRRa1ZWMHJUN1g3RGk5VjdwVHVsUTNla3EKdEZxaGZUUWRtR3JMMERMeUE3YkNYekR6b25QbDE0eHYwSm5ybGVjWlpLZ2trZ0l3UGpmNnBENFZ1NnhFTFVXMwpRcUxna3JIRHI2RkJLN0pIaU1jN0MzVUNBd0VBQWFOV01GUXdEZ1lEVlIwUEFRSC9CQVFEQWdXZ01CTUdBMVVkCkpRUU1NQW9HQ0NzR0FRVUZCd01DTUF3R0ExVWRFd0VCL3dRQ01BQXdId1lEVlIwakJCZ3dGb0FVZjJGRmt4MzMKdDBRRE1aK0srdlJ0MG9vSHJqa3dEUVlKS29aSWh2Y05BUUVMQlFBRGdnSUJBQnNhODdMQTNhOGxVRjJIVzlSRAoxQ0o2aTNRbU5qNVpJdGk0amF0TVFlRzBOc1g1MXZ0cWROQVh4M1BwbmU4WUorbEdFWjNhZk9wVnNkRkdMWHROCml1RE1lWU0zenk1blVacTYwNkI2aUhlV1dVcTk0OVVtUTNFb25sUGl1NW4rbVhuYlU3UGwxRTlMVFFYUTZMd1gKTDJBaVJ2cVJyanZpdVZPOWZ1QlRxL0V5NnpSY3J2cVNUVVlpR3h5dzZ2Tnd1UmR4NUhIUmhnMGY3dm1vdHNyeApadXdFbW5QR3UyTUZrc0ZuZkJSOCtLdklrcURNdlZzbE8zeklLanV5UlFNQVRDYjJSUTVoMXFaYUdoZXlQWk1ICktJZUpaMFljc2tMeU02MXV0anRYeFZHUm00NkNnTW5BR2c3Vy8wclpic3FhaDJ5M0R3bDl6YUR6YkppVXhTTDQKYzNYZkJiQUc4MHpZdStwN3Jpd3VKYjJMckg0cDBoa0REMHVKVk52YjE1czNDSjR3S3hIWlJKcXFtOEcreFdDbwo3eVR0MjZMK21uK3JXbTZQVktaa1k0d3JXc0pKYUJkYXIvbXBmWG1LOWJPZzRQRjJsOHg2bEVUM0ZmbGtnSU5GCkN5T0t6OFZDbGpYbVZUbHpwaXFZYXMzeVlIaVRJUlBPM1pkQ1prcjJGbFpJUlJxbDRzdWFkbUNycjVUaEVtdzMKV3lEbEhFS2pXRzFCZkxlSzgrRFE5NUNJWEN4TU9COEJUNi9YenQyZkV2b3RSc2RNbGo1dXMyRzVOTllVWFVVZQpYQ3owMnAyeThQT2Q4VlV0Mmt4eWJlb1oyS3Z1Njd4bElXWGxiVWduVFd1d3JOeTRLT0FsUWtudlExNURsQ21uCnhOV3VSeTVUK2lsQ1cyQkQ1MkQyOUl4RwotLS0tLUVORCBDRVJUSUZJQ0FURS0tLS0tCg==\n    client-key-data: LS0tLS1CRUdJTiBSU0EgUFJJVkFURSBLRVktLS0tLQpNSUlKSndJQkFBS0NBZ0VBMVlNdXR2S3VRbFNzZ1NLSHpkbnRHTWRWMUgrTklVVHh3UXVMdzdDQWpSYVJkanovCkFSdWxoL2VKeE9wdUZwWlMraXQybGJ2R0tEekQrV3VScGRzOGR1dEcwZ05EOU44OWtpSnE4ZURkTVFEUE8wbWIKa3FjbWwzcG4xRDFLSEQ1NjlXTktxZWRISU5KWG9xWjgxMmd5NGV4Y2c3aTJmRGxHbGRPZEM3bjJLckJCNFd5ZwoxTXZxSE54VEEralQ0S1ZvTDlHMFJZN09vTExXUUhmYlNnMi9oWVFuN1ZyUTNhaWNYMC9SQzRibXNYd20vS3ZTCi9RQVJqcnY3MTFJNXBoWHVOck40ZWNlaEFiMVBveUJ5WVlMZU9HVGxUR3FIWStTaUxuZHJob05uMmNzOWswWHEKZ1o3L09rMTFYZllqMHZ6NjBubnBkUmV4RHpyYm5KOWhzWU1WK1E4SHlkZGRIYitRMk13REhFRGEvWWFXNVVHZgp2VXRuV3JqalEwTE9vcWs0cVNVUDlGSXZwZDJaTjk2VGVxc1ZvZUZHTnhXMitaVStwcVpnNkU2S1dXUVYrcldWCmdWRXhQeUZ5MGNxd01hY0UwSVdBVmZURHFvdGVEUFBiUitTeHBWcStobTFGOVkreGtXL2VSTFBhS0IvNjA5bHkKMncvUkRxR0FuYUFBejJWUm1Jd0txMUovY0VDVjNsTlhKbVpUbmJHaG5KS3U2bVYzRU1HN3RhdGNiRTE5RnNtZgpSY3hNOUtuR1ZiYTRRa1ZWMHJUN1g3RGk5VjdwVHVsUTNla3F0RnFoZlRRZG1HckwwREx5QTdiQ1h6RHpvblBsCjE0eHYwSm5ybGVjWlpLZ2trZ0l3UGpmNnBENFZ1NnhFTFVXM1FxTGdrckhEcjZGQks3SkhpTWM3QzNVQ0F3RUEKQVFLQ0FnQUZTWjFqakhrQ1RZU0VJaTNJekVmUjRFWGc0RlBIYWlTdWlqR280L3NiQTE4UTFZdmZKQ2NpU2VBUQpqMW13bDRKd2paai9Oa28rL3RvL21BbGdXU0NUTlZwb293b1F5MktEOXZROUR6dUxGaUVMcjlQNWVzZzY0aDRtCkpHcHNicU91NWdtWVVaRHlZQ01wZFFRTWRaa2svU3lCV3BheVZ0ekhveGoxakdKclJqZ3JjL3c3cU4wZ1g5aHkKZFZhaDdwYTQ4SEdOYzI3c2plRStjWGx0eVE5Z0tCaXhDUm01RTQ3ajBWODA4TjlQcitwclFYb1ZKK1pIYWFKZgovN3BMd2FsSGs0UTlSOU5WN3JGRk1lMkRPckYwSmhPRG8vTzhacElab24xNE5GTGpFdVJ3ZkQvRmZBR0lHUmo1Ci9ibC9aU0oxQ2UzZEozd01DNElheTl1b2dMMlBoTm9PWWsrTjg5aXdCQU13NXdVMHFvTzFXOFYxNnJNaThRN0kKZmM4aUpYOC9mUHE1Vkc4SWNld3F6ZXNuUlV4MU1SYnlkWHBIUEJldEh3M0JNQTRjVCsrTGFBbCtscktvOGhOOApIR1ZpZWc4M1hzM05MSkpEUFFZU1d0SlV3MjRFZENMOHdjaDRWZTkwc20vQlJ3NHRSYitPTFZMQitIdmE3T3VnCjJxYlFwdHVEMXBMR1hBNGVaVzVibXBFZkRSZlNHR21PdytOdUkyeVZYd3FDeEtWKzFpRTcyMy9wSDJXaXAyaGcKK3M0aldhN3RySWVzVW9pdk5PWWF4Z0JRSE1Nck9mN0ZzS0NaQ2hDVTlZZDZJVnpjSzBqbkZDNmxBMmEyNnRsYQowNGoxMkVZb0lvNjVDSHlLUVB2cUQ4SkdPZTE0RXdtVDZ3bkRsdkNHVnAybkxNZ28xUUtDQVFFQTdSb2xJNm14ClJxV2sxdFVHRHczS1pYSEtzRUdkTlNBbzllUFdyenRrZHg4SVlVbVMxcG5mcDRZdVp0L0M4R1hodUlEWUIxQlcKQ0N0eCtaRC8wRW5hU0dPY3RualduYUVjWitsQ3B0SnBTdmFLcnllSmJOR25SOEJLVDZrb1YxeUZCc210blZvTQozSkxuMXdhcHptNk54SjlxMkowaDUvZExSTm9ZY0JTYlhKNmJ2TGswMnRCNXkzQ1FsbitzNHVLdmc3VlpmTW9NCjNpcFk3M3hTS3ZpS1pOMXJ2UGZCTmxhOUpxZTdXQ0d0dzB3b2tkTGhIWkxaRy8vZ1phUzVIN3JjVjZ0WU9GTWcKaEZibFU3bWxVdWdYREQ4UTE3MS8wRXpvQUFMMjZwOGZ2ZWNKVS9VVXljak5CSEY3aU85bmVuVyt5d0lLK1ZmMAozVlJGWW9YNEVnMGhRd0tDQVFFQTVvZTEvcUl3ZUlDWTlETjJpU3NabnZUYmpvNlpNMHJnK05QMkJwOFVkSEY4CnhBNlMxQVFNYU1TSGUzNklMakNLY1o4ZERwbWh3ZTN5ZUU2SGhJT2g5YlN0NEEzbUl1SU9Hbm1aUVBmOGY4QngKWGtrSGR0ZGl6ZzU2dTI2WnJNR0J5RXNrdDhDcjZKKys2RzBGM21pTjZHV3NzSThyb2FYTjl5UWNhSm5ScVJZLwoxUTdBb084V3RNQXhDczRTS2k5SXJsODRtdFR1SFFnaSt4NXo0WU1KandVLy9iVFR1Qkg0UVM2aGNEeFZJS3c3CkJYTWdENXJxcEM4TElFbUsvRmNVM3RkSFRtVzYxUUlWbVpkZ242S0VzSnBUN0ZSUnU5MGorajJJU2tYLzh1cFkKSk41U2FHMElDaU0zMUdsd0hRSnI4aHVVWmtyU2VOT2VYUUhMb1pGWTV3S0NBUUJwckdKckg2RmtKRVZ3Zm1jQgo1SnFWVmY4SlNXVWduV0hFSGJTOFN0TS9DRFM2NzRpalh0ZEFtZHdxZTRZdGtLcm1pWDQrM0Q1THk5a3phcjJvCi9wRnIvQUdIamhuUkRWSlV1YkM4RzBGVWFNZHN3MGxMbDdGZm1FTkdkOVVFQXJkRFREVzEwTUcwdVVEZEpCb2cKYUVPRkk2d0NPUjQ0Zlk0dGRLcTVvV1dSQlJ2U0pCVjdoTGtUdytxZE9QQTcrdDVRN0UyakFZWjBxaGtUTzZ4LwpmR0JxRGdtTG9qeVoxRlRmV3BoejhpYTR5VU8zb200MHVSTk1tR0ZSeS9XNlA1VWUrYjRLOUhta29mbjVzOThNCk1XYThUWXRiTEJsQUpGYXVVcVByODltNDBMVG1sMitaYzRaMGVZT2VoMXp1Um5ZdmtveURqd0VTZUJHb2xKNzQKcEtOekFvSUJBQjloVDlQR2ppU0pGTWtCREZ5bG9rb3grSVVTUWlacVJlOTVJdDlKM2tYdmdOVkxTbzlUc2NDOQpKOWdXcEVEdFdKc1kxcUs3SlBxNkFpeUFQQkE4dnRvc2F4SzVzWjhEK0htQUhlMXJGRkxyaGtNWVc4ekFpdkdUCnBQOUlrZUNqUXFCYUlqaGxJTUY4cFVjTU9DVkxSQzNqVVR1RGNhUUNadVFDWlYrVHVLZDBvT0hHclUvNjI3TmwKQ2dmM2Z4K0E2anJhT1dGU0pNdU01UDRiNmhoRGR4U2gyVkVXd1U4b0d3djhaZnRhS3hoVWVZQkhhSkRYUEtOMgp4K1B3UHR3VW1vR3Ura1Rnc2lyMnFxd0tvQnQ2eXVjalN0TTdzeGlJaExJMm1Bdk1OWWdDZ0ZjY2NFbEl0alJ6CkVORjRQTXVtSGIyS0pZdzdHU1ZiWVE0MkJWc0w1dmNDZ2dFQVB1NWg2NVBib2pScEZaU0hHbUZEWHFFN3J1RUsKbStaeWdBTC9JU283aDRXOVdFM0xPU2VsVVdyc0R6aUlSbUwxZ0Ntd3ZaVDVHcVJMTnBPVjlKRGtzL2l5STdjVgppS1o5RnJXN1lEdEFGZ1pWbEMxdFVLdnozV1YrU20vMmxudEdobnJYZ1BKV1NFSDZEYnhQRnRBWFpSeCtqRlplCmI4dld3ZmVhNnV0ZThQNGFYUUFQVUlEM0hEMzd3NWY2cHZGZGFHTWJrVndYZXhaWVBtaUZZd2VDVjhuU0hrdFIKZHZ5WEpvL1VScVFyREt1eHdtcFlhRDNIdDhhNkwzcW9nRjlSNWJkcGVBRGVSdHZOWmpqWUl0OEViWmZIOG1IVwp0NG5sc1V0d1VlY2J1bWpoRk5mVzBGbWJTWlg4M3E2SXJYNkx1ZFh4ZEJ1SGduUmFUeExpRXAwZ2hnPT0KLS0tLS1FTkQgUlNBIFBSSVZBVEUgS0VZLS0tLS0K\n    token: whw2uyipk4nk6xsl75qz1rs802esk8k8wqd8jdfpmlx66nv04rjkiimjlz8eobrf7tmcqj9912ggunce2ogyuk5wrld3oggynd8v7u6hu1ky0ye7dy4vwgr95mqn7qe8\n",
      "type": "string",
      "sensitive": true
    },
    "kubectl_config_command": {
      "value": "az aks get-credentials --resource-group bidr-uat-k8s --name BIDR-uat-aks-cluster",
      "type": "string"
    },
    "load_balancer_name": {
      "value": "BIDR-uat-aks-cluster-lb",
      "type": "string"
    },
    "load_balancer_public_ip": {
      "value": "20.51.142.175",
      "type": "string"
    },
    "postgresql_connection_string": {
      "value": "postgresql://bidruser:@bidr-uat-aks-cluster-psql-server.postgres.database.azure.com:5432/",
      "type": "string",
      "sensitive": true
    },
    "postgresql_fqdn": {
      "value": "bidr-uat-aks-cluster-psql-server.postgres.database.azure.com",
      "type": "string"
    },
    "postgresql_server_name": {
      "value": "bidr-uat-aks-cluster-psql-server",
      "type": "string"
    },
    "public_ip_address": {
      "value": "4.221.180.147",
      "type": "string"
    },
    "redis_hostname": {
      "value": "BIDR-uat-aks-cluster-redis.redis.cache.windows.net",
      "type": "string"
    },
    "redis_primary_access_key": {
      "value": "VSV9bchDpUVBpfQPcabcYSUxlfLmmZrCIAzCaLyA42M=",
      "type": "string",
      "sensitive": true
    },
    "redis_ssl_port": {
      "value": 6380,
      "type": "number"
    },
    "resource_group_name": {
      "value": "bidr-uat-k8s",
      "type": "string"
    },
    "service_urls": {
      "value": {
        "auth_service": "http://20.51.142.175/auth",
        "chat_service": "http://20.51.142.175/chat",
        "main_app": "http://20.51.142.175",
        "notification_service": "http://20.51.142.175/notifications",
        "payment_service": "http://20.51.142.175/payment",
        "product_service": "http://20.51.142.175/product",
        "resolution_service": "http://20.51.142.175/resolution",
        "reviews_service": "http://20.51.142.175/reviews",
        "transaction_service": "http://20.51.142.175/transactions"
      },
      "type": [
        "object",
        {
          "auth_service": "string",
          "chat_service": "string",
          "main_app": "string",
          "notification_service": "string",
          "payment_service": "string",
          "product_service": "string",
          "resolution_service": "string",
          "reviews_service": "string",
          "transaction_service": "string"
        }
      ]
    },
    "storage_account_name": {
      "value": "bidruataksclusterstorage",
      "type": "string"
    },
    "storage_account_primary_blob_endpoint": {
      "value": "https://bidruataksclusterstorage.blob.core.windows.net/",
      "type": "string"
    },
    "vnet_name": {
      "value": "BIDR-uat-aks-cluster-vnet",
      "type": "string"
    }
  },
  "resources": [
    {
      "mode": "data",
      "type": "azurerm_client_config",
      "name": "current",
      "provider": "provider[\"registry.terraform.io/hashicorp/azurerm\"]",
      "instances": [
        {
          "schema_version": 0,
          "attributes": {
            "client_id": "04b07795-8ddb-461a-bbee-02f9e1bf7b46",
            "id": "Y2xpZW50Q29uZmlncy9jbGllbnRJZD0wNGIwNzc5NS04ZGRiLTQ2MWEtYmJlZS0wMmY5ZTFiZjdiNDY7b2JqZWN0SWQ9Y2JlNDQyYzEtOTZhMi00Mzc5LTg1MjMtMDZkOWE5ZjRmZGNkO3N1YnNjcmlwdGlvbklkPTUxZGQyMjJiLTlkNjMtNDc2Yy05MDY5LWNkM2IyYTg3ZjZlNjt0ZW5hbnRJZD1lNzg2Yjk5Mi1hMmRmLTQwMDQtYTlkNy05N2Q5N2IzZGI4Njg=",
            "object_id": "cbe442c1-96a2-4379-8523-06d9a9f4fdcd",
            "subscription_id": "51dd222b-9d63-476c-9069-cd3b2a87f6e6",
            "tenant_id": "e786b992-a2df-4004-a9d7-97d97b3db868",
            "timeouts": null
          },
          "sensitive_attributes": [],
          "identity_schema_version": 0
        }
      ]
    },
    {
      "mode": "managed",
      "type": "azurerm_key_vault",
      "name": "bidr",
      "provider": "provider[\"registry.terraform.io/hashicorp/azurerm\"]",
      "instances": [
        {
          "schema_version": 2,
          "attributes": {
            "access_policy": [],
            "contact": [],
            "enable_rbac_authorization": true,
            "enabled_for_deployment": false,
            "enabled_for_disk_encryption": false,
            "enabled_for_template_deployment": false,
            "id": "/subscriptions/51dd222b-9d63-476c-9069-cd3b2a87f6e6/resourceGroups/bidr-uat-k8s/providers/Microsoft.KeyVault/vaults/bidr-uat-vault-2024",
            "location": "eastus",
            "name": "bidr-uat-vault-2024",
            "network_acls": [
              {
                "bypass": "AzureServices",
                "default_action": "Allow",
                "ip_rules": [],
                "virtual_network_subnet_ids": []
              }
            ],
            "public_network_access_enabled": true,
            "purge_protection_enabled": false,
            "resource_group_name": "bidr-uat-k8s",
            "sku_name": "standard",
            "soft_delete_retention_days": 90,
            "tags": {
              "Environment": "uat",
              "ManagedBy": "Terraform",
              "Project": "BIDR"
            },
            "tenant_id": "e786b992-a2df-4004-a9d7-97d97b3db868",
            "timeouts": null,
            "vault_uri": "https://bidr-uat-vault-2024.vault.azure.net/"
          },
          "sensitive_attributes": [],
          "identity_schema_version": 0,
          "private": "eyJlMmJmYjczMC1lY2FhLTExZTYtOGY4OC0zNDM2M2JjN2M0YzAiOnsiY3JlYXRlIjoxODAwMDAwMDAwMDAwLCJkZWxldGUiOjE4MDAwMDAwMDAwMDAsInJlYWQiOjMwMDAwMDAwMDAwMCwidXBkYXRlIjoxODAwMDAwMDAwMDAwfSwic2NoZW1hX3ZlcnNpb24iOiIyIn0=",
          "dependencies": [
            "azurerm_resource_group.bidr",
            "data.azurerm_client_config.current"
          ]
        }
      ]
    },
    {
      "mode": "managed",
      "type": "azurerm_key_vault_secret",
      "name": "admin_password",
      "provider": "provider[\"registry.terraform.io/hashicorp/azurerm\"]",
      "instances": [
        {
          "schema_version": 0,
          "attributes": {
            "content_type": "",
            "expiration_date": null,
            "id": "https://bidr-uat-vault-2024.vault.azure.net/secrets/admin-password/b5692dd993074012b45f06a281637442",
            "key_vault_id": "/subscriptions/51dd222b-9d63-476c-9069-cd3b2a87f6e6/resourceGroups/bidr-uat-k8s/providers/Microsoft.KeyVault/vaults/bidr-uat-vault-2024",
            "name": "admin-password",
            "not_before_date": null,
            "resource_id": "/subscriptions/51dd222b-9d63-476c-9069-cd3b2a87f6e6/resourceGroups/bidr-uat-k8s/providers/Microsoft.KeyVault/vaults/bidr-uat-vault-2024/secrets/admin-password/versions/b5692dd993074012b45f06a281637442",
            "resource_versionless_id": "/subscriptions/51dd222b-9d63-476c-9069-cd3b2a87f6e6/resourceGroups/bidr-uat-k8s/providers/Microsoft.KeyVault/vaults/bidr-uat-vault-2024/secrets/admin-password",
            "tags": {
              "Environment": "uat",
              "Project": "BIDR"
            },
            "timeouts": null,
            "value": "hS?K4F-k$}Q550Vf",
            "version": "b5692dd993074012b45f06a281637442",
            "versionless_id": "https://bidr-uat-vault-2024.vault.azure.net/secrets/admin-password"
          },
          "sensitive_attributes": [
            [
              {
                "type": "get_attr",
                "value": "value"
              }
            ]
          ],
          "identity_schema_version": 0,
          "private": "eyJlMmJmYjczMC1lY2FhLTExZTYtOGY4OC0zNDM2M2JjN2M0YzAiOnsiY3JlYXRlIjoxODAwMDAwMDAwMDAwLCJkZWxldGUiOjE4MDAwMDAwMDAwMDAsInJlYWQiOjE4MDAwMDAwMDAwMDAsInVwZGF0ZSI6MTgwMDAwMDAwMDAwMH19",
          "dependencies": [
            "azurerm_key_vault.bidr",
            "azurerm_resource_group.bidr",
            "azurerm_role_assignment.current_user_keyvault_admin",
            "data.azurerm_client_config.current",
            "random_password.admin_password",
            "time_sleep.wait_for_keyvault_rbac"
          ]
        }
      ]
    },
    {
      "mode": "managed",
      "type": "azurerm_key_vault_secret",
      "name": "database_password",
      "provider": "provider[\"registry.terraform.io/hashicorp/azurerm\"]",
      "instances": [
        {
          "schema_version": 0,
          "attributes": {
            "content_type": "",
            "expiration_date": null,
            "id": "https://bidr-uat-vault-2024.vault.azure.net/secrets/database-password/62ca3b1eb109479a934adf0204e88fe3",
            "key_vault_id": "/subscriptions/51dd222b-9d63-476c-9069-cd3b2a87f6e6/resourceGroups/bidr-uat-k8s/providers/Microsoft.KeyVault/vaults/bidr-uat-vault-2024",
            "name": "database-password",
            "not_before_date": null,
            "resource_id": "/subscriptions/51dd222b-9d63-476c-9069-cd3b2a87f6e6/resourceGroups/bidr-uat-k8s/providers/Microsoft.KeyVault/vaults/bidr-uat-vault-2024/secrets/database-password/versions/62ca3b1eb109479a934adf0204e88fe3",
            "resource_versionless_id": "/subscriptions/51dd222b-9d63-476c-9069-cd3b2a87f6e6/resourceGroups/bidr-uat-k8s/providers/Microsoft.KeyVault/vaults/bidr-uat-vault-2024/secrets/database-password",
            "tags": {
              "Environment": "uat",
              "Project": "BIDR"
            },
            "timeouts": null,
            "value": "bpx}h=WY3lTlhnOCh4S6#D(wk$E$C0o:",
            "version": "62ca3b1eb109479a934adf0204e88fe3",
            "versionless_id": "https://bidr-uat-vault-2024.vault.azure.net/secrets/database-password"
          },
          "sensitive_attributes": [
            [
              {
                "type": "get_attr",
                "value": "value"
              }
            ]
          ],
          "identity_schema_version": 0,
          "private": "eyJlMmJmYjczMC1lY2FhLTExZTYtOGY4OC0zNDM2M2JjN2M0YzAiOnsiY3JlYXRlIjoxODAwMDAwMDAwMDAwLCJkZWxldGUiOjE4MDAwMDAwMDAwMDAsInJlYWQiOjE4MDAwMDAwMDAwMDAsInVwZGF0ZSI6MTgwMDAwMDAwMDAwMH19",
          "dependencies": [
            "azurerm_key_vault.bidr",
            "azurerm_resource_group.bidr",
            "azurerm_role_assignment.current_user_keyvault_admin",
            "data.azurerm_client_config.current",
            "random_password.database_password",
            "time_sleep.wait_for_keyvault_rbac"
          ]
        }
      ]
    },
    {
      "mode": "managed",
      "type": "azurerm_key_vault_secret",
      "name": "database_user",
      "provider": "provider[\"registry.terraform.io/hashicorp/azurerm\"]",
      "instances": [
        {
          "schema_version": 0,
          "attributes": {
            "content_type": "",
            "expiration_date": null,
            "id": "https://bidr-uat-vault-2024.vault.azure.net/secrets/database-user/c4421fcf4f0b4947994437d9b661ae5e",
            "key_vault_id": "/subscriptions/51dd222b-9d63-476c-9069-cd3b2a87f6e6/resourceGroups/bidr-uat-k8s/providers/Microsoft.KeyVault/vaults/bidr-uat-vault-2024",
            "name": "database-user",
            "not_before_date": null,
            "resource_id": "/subscriptions/51dd222b-9d63-476c-9069-cd3b2a87f6e6/resourceGroups/bidr-uat-k8s/providers/Microsoft.KeyVault/vaults/bidr-uat-vault-2024/secrets/database-user/versions/c4421fcf4f0b4947994437d9b661ae5e",
            "resource_versionless_id": "/subscriptions/51dd222b-9d63-476c-9069-cd3b2a87f6e6/resourceGroups/bidr-uat-k8s/providers/Microsoft.KeyVault/vaults/bidr-uat-vault-2024/secrets/database-user",
            "tags": {
              "Environment": "uat",
              "Project": "BIDR"
            },
            "timeouts": null,
            "value": "bidruser",
            "version": "c4421fcf4f0b4947994437d9b661ae5e",
            "versionless_id": "https://bidr-uat-vault-2024.vault.azure.net/secrets/database-user"
          },
          "sensitive_attributes": [
            [
              {
                "type": "get_attr",
                "value": "value"
              }
            ]
          ],
          "identity_schema_version": 0,
          "private": "eyJlMmJmYjczMC1lY2FhLTExZTYtOGY4OC0zNDM2M2JjN2M0YzAiOnsiY3JlYXRlIjoxODAwMDAwMDAwMDAwLCJkZWxldGUiOjE4MDAwMDAwMDAwMDAsInJlYWQiOjE4MDAwMDAwMDAwMDAsInVwZGF0ZSI6MTgwMDAwMDAwMDAwMH19",
          "dependencies": [
            "azurerm_key_vault.bidr",
            "azurerm_resource_group.bidr",
            "azurerm_role_assignment.current_user_keyvault_admin",
            "data.azurerm_client_config.current",
            "time_sleep.wait_for_keyvault_rbac"
          ]
        }
      ]
    },
    {
      "mode": "managed",
      "type": "azurerm_key_vault_secret",
      "name": "django_secret_key",
      "provider": "provider[\"registry.terraform.io/hashicorp/azurerm\"]",
      "instances": [
        {
          "schema_version": 0,
          "attributes": {
            "content_type": "",
            "expiration_date": null,
            "id": "https://bidr-uat-vault-2024.vault.azure.net/secrets/django-secret-key/1c54758664c747768666ae394586cbe9",
            "key_vault_id": "/subscriptions/51dd222b-9d63-476c-9069-cd3b2a87f6e6/resourceGroups/bidr-uat-k8s/providers/Microsoft.KeyVault/vaults/bidr-uat-vault-2024",
            "name": "django-secret-key",
            "not_before_date": null,
            "resource_id": "/subscriptions/51dd222b-9d63-476c-9069-cd3b2a87f6e6/resourceGroups/bidr-uat-k8s/providers/Microsoft.KeyVault/vaults/bidr-uat-vault-2024/secrets/django-secret-key/versions/1c54758664c747768666ae394586cbe9",
            "resource_versionless_id": "/subscriptions/51dd222b-9d63-476c-9069-cd3b2a87f6e6/resourceGroups/bidr-uat-k8s/providers/Microsoft.KeyVault/vaults/bidr-uat-vault-2024/secrets/django-secret-key",
            "tags": {
              "Environment": "uat",
              "Project": "BIDR"
            },
            "timeouts": null,
            "value": "ftOPbs\u003eb+-ec1]8ssf@\u0026{!2lk_-J@B_g1[7aDWmGVh$TOVN@#%",
            "version": "1c54758664c747768666ae394586cbe9",
            "versionless_id": "https://bidr-uat-vault-2024.vault.azure.net/secrets/django-secret-key"
          },
          "sensitive_attributes": [
            [
              {
                "type": "get_attr",
                "value": "value"
              }
            ]
          ],
          "identity_schema_version": 0,
          "private": "eyJlMmJmYjczMC1lY2FhLTExZTYtOGY4OC0zNDM2M2JjN2M0YzAiOnsiY3JlYXRlIjoxODAwMDAwMDAwMDAwLCJkZWxldGUiOjE4MDAwMDAwMDAwMDAsInJlYWQiOjE4MDAwMDAwMDAwMDAsInVwZGF0ZSI6MTgwMDAwMDAwMDAwMH19",
          "dependencies": [
            "azurerm_key_vault.bidr",
            "azurerm_resource_group.bidr",
            "azurerm_role_assignment.current_user_keyvault_admin",
            "data.azurerm_client_config.current",
            "random_password.django_secret_key",
            "time_sleep.wait_for_keyvault_rbac"
          ]
        }
      ]
    },
    {
      "mode": "managed",
      "type": "azurerm_key_vault_secret",
      "name": "email_host_password",
      "provider": "provider[\"registry.terraform.io/hashicorp/azurerm\"]",
      "instances": [
        {
          "schema_version": 0,
          "attributes": {
            "content_type": "",
            "expiration_date": null,
            "id": "https://bidr-uat-vault-2024.vault.azure.net/secrets/email-host-password/9ae4351dc743443c89f78950519b2d21",
            "key_vault_id": "/subscriptions/51dd222b-9d63-476c-9069-cd3b2a87f6e6/resourceGroups/bidr-uat-k8s/providers/Microsoft.KeyVault/vaults/bidr-uat-vault-2024",
            "name": "email-host-password",
            "not_before_date": null,
            "resource_id": "/subscriptions/51dd222b-9d63-476c-9069-cd3b2a87f6e6/resourceGroups/bidr-uat-k8s/providers/Microsoft.KeyVault/vaults/bidr-uat-vault-2024/secrets/email-host-password/versions/9ae4351dc743443c89f78950519b2d21",
            "resource_versionless_id": "/subscriptions/51dd222b-9d63-476c-9069-cd3b2a87f6e6/resourceGroups/bidr-uat-k8s/providers/Microsoft.KeyVault/vaults/bidr-uat-vault-2024/secrets/email-host-password",
            "tags": {
              "Environment": "uat",
              "Project": "BIDR"
            },
            "timeouts": null,
            "value": "",
            "version": "9ae4351dc743443c89f78950519b2d21",
            "versionless_id": "https://bidr-uat-vault-2024.vault.azure.net/secrets/email-host-password"
          },
          "sensitive_attributes": [
            [
              {
                "type": "get_attr",
                "value": "value"
              }
            ]
          ],
          "identity_schema_version": 0,
          "private": "eyJlMmJmYjczMC1lY2FhLTExZTYtOGY4OC0zNDM2M2JjN2M0YzAiOnsiY3JlYXRlIjoxODAwMDAwMDAwMDAwLCJkZWxldGUiOjE4MDAwMDAwMDAwMDAsInJlYWQiOjE4MDAwMDAwMDAwMDAsInVwZGF0ZSI6MTgwMDAwMDAwMDAwMH19",
          "dependencies": [
            "azurerm_key_vault.bidr",
            "azurerm_resource_group.bidr",
            "azurerm_role_assignment.current_user_keyvault_admin",
            "data.azurerm_client_config.current",
            "time_sleep.wait_for_keyvault_rbac"
          ]
        }
      ]
    },
    {
      "mode": "managed",
      "type": "azurerm_key_vault_secret",
      "name": "email_host_user",
      "provider": "provider[\"registry.terraform.io/hashicorp/azurerm\"]",
      "instances": [
        {
          "schema_version": 0,
          "attributes": {
            "content_type": "",
            "expiration_date": null,
            "id": "https://bidr-uat-vault-2024.vault.azure.net/secrets/email-host-user/26ec78d64fed43c8b90d1a803d6ce670",
            "key_vault_id": "/subscriptions/51dd222b-9d63-476c-9069-cd3b2a87f6e6/resourceGroups/bidr-uat-k8s/providers/Microsoft.KeyVault/vaults/bidr-uat-vault-2024",
            "name": "email-host-user",
            "not_before_date": null,
            "resource_id": "/subscriptions/51dd222b-9d63-476c-9069-cd3b2a87f6e6/resourceGroups/bidr-uat-k8s/providers/Microsoft.KeyVault/vaults/bidr-uat-vault-2024/secrets/email-host-user/versions/26ec78d64fed43c8b90d1a803d6ce670",
            "resource_versionless_id": "/subscriptions/51dd222b-9d63-476c-9069-cd3b2a87f6e6/resourceGroups/bidr-uat-k8s/providers/Microsoft.KeyVault/vaults/bidr-uat-vault-2024/secrets/email-host-user",
            "tags": {
              "Environment": "uat",
              "Project": "BIDR"
            },
            "timeouts": null,
            "value": "nparus@gmail.com",
            "version": "26ec78d64fed43c8b90d1a803d6ce670",
            "versionless_id": "https://bidr-uat-vault-2024.vault.azure.net/secrets/email-host-user"
          },
          "sensitive_attributes": [
            [
              {
                "type": "get_attr",
                "value": "value"
              }
            ]
          ],
          "identity_schema_version": 0,
          "private": "eyJlMmJmYjczMC1lY2FhLTExZTYtOGY4OC0zNDM2M2JjN2M0YzAiOnsiY3JlYXRlIjoxODAwMDAwMDAwMDAwLCJkZWxldGUiOjE4MDAwMDAwMDAwMDAsInJlYWQiOjE4MDAwMDAwMDAwMDAsInVwZGF0ZSI6MTgwMDAwMDAwMDAwMH19",
          "dependencies": [
            "azurerm_key_vault.bidr",
            "azurerm_resource_group.bidr",
            "azurerm_role_assignment.current_user_keyvault_admin",
            "data.azurerm_client_config.current",
            "time_sleep.wait_for_keyvault_rbac"
          ]
        }
      ]
    },
    {
      "mode": "managed",
      "type": "azurerm_key_vault_secret",
      "name": "redis_password",
      "provider": "provider[\"registry.terraform.io/hashicorp/azurerm\"]",
      "instances": [
        {
          "schema_version": 0,
          "attributes": {
            "content_type": "",
            "expiration_date": null,
            "id": "https://bidr-uat-vault-2024.vault.azure.net/secrets/redis-password/9924537ab3d34378b866faeaddbe80ee",
            "key_vault_id": "/subscriptions/51dd222b-9d63-476c-9069-cd3b2a87f6e6/resourceGroups/bidr-uat-k8s/providers/Microsoft.KeyVault/vaults/bidr-uat-vault-2024",
            "name": "redis-password",
            "not_before_date": null,
            "resource_id": "/subscriptions/51dd222b-9d63-476c-9069-cd3b2a87f6e6/resourceGroups/bidr-uat-k8s/providers/Microsoft.KeyVault/vaults/bidr-uat-vault-2024/secrets/redis-password/versions/9924537ab3d34378b866faeaddbe80ee",
            "resource_versionless_id": "/subscriptions/51dd222b-9d63-476c-9069-cd3b2a87f6e6/resourceGroups/bidr-uat-k8s/providers/Microsoft.KeyVault/vaults/bidr-uat-vault-2024/secrets/redis-password",
            "tags": {
              "Environment": "uat",
              "Project": "BIDR"
            },
            "timeouts": null,
            "value": "ntYJ40vURxWUlaS2URD4erFe1vruIIn9",
            "version": "9924537ab3d34378b866faeaddbe80ee",
            "versionless_id": "https://bidr-uat-vault-2024.vault.azure.net/secrets/redis-password"
          },
          "sensitive_attributes": [
            [
              {
                "type": "get_attr",
                "value": "value"
              }
            ]
          ],
          "identity_schema_version": 0,
          "private": "eyJlMmJmYjczMC1lY2FhLTExZTYtOGY4OC0zNDM2M2JjN2M0YzAiOnsiY3JlYXRlIjoxODAwMDAwMDAwMDAwLCJkZWxldGUiOjE4MDAwMDAwMDAwMDAsInJlYWQiOjE4MDAwMDAwMDAwMDAsInVwZGF0ZSI6MTgwMDAwMDAwMDAwMH19",
          "dependencies": [
            "azurerm_key_vault.bidr",
            "azurerm_resource_group.bidr",
            "azurerm_role_assignment.current_user_keyvault_admin",
            "data.azurerm_client_config.current",
            "random_password.redis_password",
            "time_sleep.wait_for_keyvault_rbac"
          ]
        }
      ]
    },
    {
      "mode": "managed",
      "type": "azurerm_key_vault_secret",
      "name": "service_admin_passwords",
      "provider": "provider[\"registry.terraform.io/hashicorp/azurerm\"]",
      "instances": [
        {
          "index_key": "auth",
          "schema_version": 0,
          "attributes": {
            "content_type": "",
            "expiration_date": null,
            "id": "https://bidr-uat-vault-2024.vault.azure.net/secrets/auth-service-admin-password/7e4177aef8bc427cb9d338b04673fc14",
            "key_vault_id": "/subscriptions/51dd222b-9d63-476c-9069-cd3b2a87f6e6/resourceGroups/bidr-uat-k8s/providers/Microsoft.KeyVault/vaults/bidr-uat-vault-2024",
            "name": "auth-service-admin-password",
            "not_before_date": null,
            "resource_id": "/subscriptions/51dd222b-9d63-476c-9069-cd3b2a87f6e6/resourceGroups/bidr-uat-k8s/providers/Microsoft.KeyVault/vaults/bidr-uat-vault-2024/secrets/auth-service-admin-password/versions/7e4177aef8bc427cb9d338b04673fc14",
            "resource_versionless_id": "/subscriptions/51dd222b-9d63-476c-9069-cd3b2a87f6e6/resourceGroups/bidr-uat-k8s/providers/Microsoft.KeyVault/vaults/bidr-uat-vault-2024/secrets/auth-service-admin-password",
            "tags": {
              "Environment": "uat",
              "Project": "BIDR",
              "Service": "auth"
            },
            "timeouts": null,
            "value": "Tc_tYOQZt)\u003e84A3M",
            "version": "7e4177aef8bc427cb9d338b04673fc14",
            "versionless_id": "https://bidr-uat-vault-2024.vault.azure.net/secrets/auth-service-admin-password"
          },
          "sensitive_attributes": [
            [
              {
                "type": "get_attr",
                "value": "value"
              }
            ]
          ],
          "identity_schema_version": 0,
          "private": "eyJlMmJmYjczMC1lY2FhLTExZTYtOGY4OC0zNDM2M2JjN2M0YzAiOnsiY3JlYXRlIjoxODAwMDAwMDAwMDAwLCJkZWxldGUiOjE4MDAwMDAwMDAwMDAsInJlYWQiOjE4MDAwMDAwMDAwMDAsInVwZGF0ZSI6MTgwMDAwMDAwMDAwMH19",
          "dependencies": [
            "azurerm_key_vault.bidr",
            "azurerm_resource_group.bidr",
            "azurerm_role_assignment.current_user_keyvault_admin",
            "data.azurerm_client_config.current",
            "random_password.service_admin_passwords",
            "time_sleep.wait_for_keyvault_rbac"
          ]
        },
        {
          "index_key": "chat",
          "schema_version": 0,
          "attributes": {
            "content_type": "",
            "expiration_date": null,
            "id": "https://bidr-uat-vault-2024.vault.azure.net/secrets/chat-service-admin-password/f995a10e00a74b2e8b455800ff43acb5",
            "key_vault_id": "/subscriptions/51dd222b-9d63-476c-9069-cd3b2a87f6e6/resourceGroups/bidr-uat-k8s/providers/Microsoft.KeyVault/vaults/bidr-uat-vault-2024",
            "name": "chat-service-admin-password",
            "not_before_date": null,
            "resource_id": "/subscriptions/51dd222b-9d63-476c-9069-cd3b2a87f6e6/resourceGroups/bidr-uat-k8s/providers/Microsoft.KeyVault/vaults/bidr-uat-vault-2024/secrets/chat-service-admin-password/versions/f995a10e00a74b2e8b455800ff43acb5",
            "resource_versionless_id": "/subscriptions/51dd222b-9d63-476c-9069-cd3b2a87f6e6/resourceGroups/bidr-uat-k8s/providers/Microsoft.KeyVault/vaults/bidr-uat-vault-2024/secrets/chat-service-admin-password",
            "tags": {
              "Environment": "uat",
              "Project": "BIDR",
              "Service": "chat"
            },
            "timeouts": null,
            "value": "$$:_yCg}6pSOcH*u",
            "version": "f995a10e00a74b2e8b455800ff43acb5",
            "versionless_id": "https://bidr-uat-vault-2024.vault.azure.net/secrets/chat-service-admin-password"
          },
          "sensitive_attributes": [
            [
              {
                "type": "get_attr",
                "value": "value"
              }
            ]
          ],
          "identity_schema_version": 0,
          "private": "eyJlMmJmYjczMC1lY2FhLTExZTYtOGY4OC0zNDM2M2JjN2M0YzAiOnsiY3JlYXRlIjoxODAwMDAwMDAwMDAwLCJkZWxldGUiOjE4MDAwMDAwMDAwMDAsInJlYWQiOjE4MDAwMDAwMDAwMDAsInVwZGF0ZSI6MTgwMDAwMDAwMDAwMH19",
          "dependencies": [
            "azurerm_key_vault.bidr",
            "azurerm_resource_group.bidr",
            "azurerm_role_assignment.current_user_keyvault_admin",
            "data.azurerm_client_config.current",
            "random_password.service_admin_passwords",
            "time_sleep.wait_for_keyvault_rbac"
          ]
        },
        {
          "index_key": "notifications",
          "schema_version": 0,
          "attributes": {
            "content_type": "",
            "expiration_date": null,
            "id": "https://bidr-uat-vault-2024.vault.azure.net/secrets/notifications-service-admin-password/7f89bfc24b004b849a6b8267e780a976",
            "key_vault_id": "/subscriptions/51dd222b-9d63-476c-9069-cd3b2a87f6e6/resourceGroups/bidr-uat-k8s/providers/Microsoft.KeyVault/vaults/bidr-uat-vault-2024",
            "name": "notifications-service-admin-password",
            "not_before_date": null,
            "resource_id": "/subscriptions/51dd222b-9d63-476c-9069-cd3b2a87f6e6/resourceGroups/bidr-uat-k8s/providers/Microsoft.KeyVault/vaults/bidr-uat-vault-2024/secrets/notifications-service-admin-password/versions/7f89bfc24b004b849a6b8267e780a976",
            "resource_versionless_id": "/subscriptions/51dd222b-9d63-476c-9069-cd3b2a87f6e6/resourceGroups/bidr-uat-k8s/providers/Microsoft.KeyVault/vaults/bidr-uat-vault-2024/secrets/notifications-service-admin-password",
            "tags": {
              "Environment": "uat",
              "Project": "BIDR",
              "Service": "notifications"
            },
            "timeouts": null,
            "value": "xYWKA\u003c_r]p3tqlNy",
            "version": "7f89bfc24b004b849a6b8267e780a976",
            "versionless_id": "https://bidr-uat-vault-2024.vault.azure.net/secrets/notifications-service-admin-password"
          },
          "sensitive_attributes": [
            [
              {
                "type": "get_attr",
                "value": "value"
              }
            ]
          ],
          "identity_schema_version": 0,
          "private": "eyJlMmJmYjczMC1lY2FhLTExZTYtOGY4OC0zNDM2M2JjN2M0YzAiOnsiY3JlYXRlIjoxODAwMDAwMDAwMDAwLCJkZWxldGUiOjE4MDAwMDAwMDAwMDAsInJlYWQiOjE4MDAwMDAwMDAwMDAsInVwZGF0ZSI6MTgwMDAwMDAwMDAwMH19",
          "dependencies": [
            "azurerm_key_vault.bidr",
            "azurerm_resource_group.bidr",
            "azurerm_role_assignment.current_user_keyvault_admin",
            "data.azurerm_client_config.current",
            "random_password.service_admin_passwords",
            "time_sleep.wait_for_keyvault_rbac"
          ]
        },
        {
          "index_key": "payment",
          "schema_version": 0,
          "attributes": {
            "content_type": "",
            "expiration_date": null,
            "id": "https://bidr-uat-vault-2024.vault.azure.net/secrets/payment-service-admin-password/aa9083d0f65443468db6010c8f6ba7c6",
            "key_vault_id": "/subscriptions/51dd222b-9d63-476c-9069-cd3b2a87f6e6/resourceGroups/bidr-uat-k8s/providers/Microsoft.KeyVault/vaults/bidr-uat-vault-2024",
            "name": "payment-service-admin-password",
            "not_before_date": null,
            "resource_id": "/subscriptions/51dd222b-9d63-476c-9069-cd3b2a87f6e6/resourceGroups/bidr-uat-k8s/providers/Microsoft.KeyVault/vaults/bidr-uat-vault-2024/secrets/payment-service-admin-password/versions/aa9083d0f65443468db6010c8f6ba7c6",
            "resource_versionless_id": "/subscriptions/51dd222b-9d63-476c-9069-cd3b2a87f6e6/resourceGroups/bidr-uat-k8s/providers/Microsoft.KeyVault/vaults/bidr-uat-vault-2024/secrets/payment-service-admin-password",
            "tags": {
              "Environment": "uat",
              "Project": "BIDR",
              "Service": "payment"
            },
            "timeouts": null,
            "value": "qF{OK_*B\u003eId!PuB}",
            "version": "aa9083d0f65443468db6010c8f6ba7c6",
            "versionless_id": "https://bidr-uat-vault-2024.vault.azure.net/secrets/payment-service-admin-password"
          },
          "sensitive_attributes": [
            [
              {
                "type": "get_attr",
                "value": "value"
              }
            ]
          ],
          "identity_schema_version": 0,
          "private": "eyJlMmJmYjczMC1lY2FhLTExZTYtOGY4OC0zNDM2M2JjN2M0YzAiOnsiY3JlYXRlIjoxODAwMDAwMDAwMDAwLCJkZWxldGUiOjE4MDAwMDAwMDAwMDAsInJlYWQiOjE4MDAwMDAwMDAwMDAsInVwZGF0ZSI6MTgwMDAwMDAwMDAwMH19",
          "dependencies": [
            "azurerm_key_vault.bidr",
            "azurerm_resource_group.bidr",
            "azurerm_role_assignment.current_user_keyvault_admin",
            "data.azurerm_client_config.current",
            "random_password.service_admin_passwords",
            "time_sleep.wait_for_keyvault_rbac"
          ]
        },
        {
          "index_key": "product",
          "schema_version": 0,
          "attributes": {
            "content_type": "",
            "expiration_date": null,
            "id": "https://bidr-uat-vault-2024.vault.azure.net/secrets/product-service-admin-password/acc7a1e2df534bb88e08fad8d7472d44",
            "key_vault_id": "/subscriptions/51dd222b-9d63-476c-9069-cd3b2a87f6e6/resourceGroups/bidr-uat-k8s/providers/Microsoft.KeyVault/vaults/bidr-uat-vault-2024",
            "name": "product-service-admin-password",
            "not_before_date": null,
            "resource_id": "/subscriptions/51dd222b-9d63-476c-9069-cd3b2a87f6e6/resourceGroups/bidr-uat-k8s/providers/Microsoft.KeyVault/vaults/bidr-uat-vault-2024/secrets/product-service-admin-password/versions/acc7a1e2df534bb88e08fad8d7472d44",
            "resource_versionless_id": "/subscriptions/51dd222b-9d63-476c-9069-cd3b2a87f6e6/resourceGroups/bidr-uat-k8s/providers/Microsoft.KeyVault/vaults/bidr-uat-vault-2024/secrets/product-service-admin-password",
            "tags": {
              "Environment": "uat",
              "Project": "BIDR",
              "Service": "product"
            },
            "timeouts": null,
            "value": "d_\u003c!?8zm0Pv?nbA9",
            "version": "acc7a1e2df534bb88e08fad8d7472d44",
            "versionless_id": "https://bidr-uat-vault-2024.vault.azure.net/secrets/product-service-admin-password"
          },
          "sensitive_attributes": [
            [
              {
                "type": "get_attr",
                "value": "value"
              }
            ]
          ],
          "identity_schema_version": 0,
          "private": "eyJlMmJmYjczMC1lY2FhLTExZTYtOGY4OC0zNDM2M2JjN2M0YzAiOnsiY3JlYXRlIjoxODAwMDAwMDAwMDAwLCJkZWxldGUiOjE4MDAwMDAwMDAwMDAsInJlYWQiOjE4MDAwMDAwMDAwMDAsInVwZGF0ZSI6MTgwMDAwMDAwMDAwMH19",
          "dependencies": [
            "azurerm_key_vault.bidr",
            "azurerm_resource_group.bidr",
            "azurerm_role_assignment.current_user_keyvault_admin",
            "data.azurerm_client_config.current",
            "random_password.service_admin_passwords",
            "time_sleep.wait_for_keyvault_rbac"
          ]
        },
        {
          "index_key": "resolution",
          "schema_version": 0,
          "attributes": {
            "content_type": "",
            "expiration_date": null,
            "id": "https://bidr-uat-vault-2024.vault.azure.net/secrets/resolution-service-admin-password/14e36e0bb6994f17936a068290160e83",
            "key_vault_id": "/subscriptions/51dd222b-9d63-476c-9069-cd3b2a87f6e6/resourceGroups/bidr-uat-k8s/providers/Microsoft.KeyVault/vaults/bidr-uat-vault-2024",
            "name": "resolution-service-admin-password",
            "not_before_date": null,
            "resource_id": "/subscriptions/51dd222b-9d63-476c-9069-cd3b2a87f6e6/resourceGroups/bidr-uat-k8s/providers/Microsoft.KeyVault/vaults/bidr-uat-vault-2024/secrets/resolution-service-admin-password/versions/14e36e0bb6994f17936a068290160e83",
            "resource_versionless_id": "/subscriptions/51dd222b-9d63-476c-9069-cd3b2a87f6e6/resourceGroups/bidr-uat-k8s/providers/Microsoft.KeyVault/vaults/bidr-uat-vault-2024/secrets/resolution-service-admin-password",
            "tags": {
              "Environment": "uat",
              "Project": "BIDR",
              "Service": "resolution"
            },
            "timeouts": null,
            "value": "vqL1-t)#X{zOOEf\u003e",
            "version": "14e36e0bb6994f17936a068290160e83",
            "versionless_id": "https://bidr-uat-vault-2024.vault.azure.net/secrets/resolution-service-admin-password"
          },
          "sensitive_attributes": [
            [
              {
                "type": "get_attr",
                "value": "value"
              }
            ]
          ],
          "identity_schema_version": 0,
          "private": "eyJlMmJmYjczMC1lY2FhLTExZTYtOGY4OC0zNDM2M2JjN2M0YzAiOnsiY3JlYXRlIjoxODAwMDAwMDAwMDAwLCJkZWxldGUiOjE4MDAwMDAwMDAwMDAsInJlYWQiOjE4MDAwMDAwMDAwMDAsInVwZGF0ZSI6MTgwMDAwMDAwMDAwMH19",
          "dependencies": [
            "azurerm_key_vault.bidr",
            "azurerm_resource_group.bidr",
            "azurerm_role_assignment.current_user_keyvault_admin",
            "data.azurerm_client_config.current",
            "random_password.service_admin_passwords",
            "time_sleep.wait_for_keyvault_rbac"
          ]
        },
        {
          "index_key": "reviews",
          "schema_version": 0,
          "attributes": {
            "content_type": "",
            "expiration_date": null,
            "id": "https://bidr-uat-vault-2024.vault.azure.net/secrets/reviews-service-admin-password/338119c6a5ba43c5ac55f98a41d81895",
            "key_vault_id": "/subscriptions/51dd222b-9d63-476c-9069-cd3b2a87f6e6/resourceGroups/bidr-uat-k8s/providers/Microsoft.KeyVault/vaults/bidr-uat-vault-2024",
            "name": "reviews-service-admin-password",
            "not_before_date": null,
            "resource_id": "/subscriptions/51dd222b-9d63-476c-9069-cd3b2a87f6e6/resourceGroups/bidr-uat-k8s/providers/Microsoft.KeyVault/vaults/bidr-uat-vault-2024/secrets/reviews-service-admin-password/versions/338119c6a5ba43c5ac55f98a41d81895",
            "resource_versionless_id": "/subscriptions/51dd222b-9d63-476c-9069-cd3b2a87f6e6/resourceGroups/bidr-uat-k8s/providers/Microsoft.KeyVault/vaults/bidr-uat-vault-2024/secrets/reviews-service-admin-password",
            "tags": {
              "Environment": "uat",
              "Project": "BIDR",
              "Service": "reviews"
            },
            "timeouts": null,
            "value": ":lO#qUghyQiJ+b\u0026d",
            "version": "338119c6a5ba43c5ac55f98a41d81895",
            "versionless_id": "https://bidr-uat-vault-2024.vault.azure.net/secrets/reviews-service-admin-password"
          },
          "sensitive_attributes": [
            [
              {
                "type": "get_attr",
                "value": "value"
              }
            ]
          ],
          "identity_schema_version": 0,
          "private": "eyJlMmJmYjczMC1lY2FhLTExZTYtOGY4OC0zNDM2M2JjN2M0YzAiOnsiY3JlYXRlIjoxODAwMDAwMDAwMDAwLCJkZWxldGUiOjE4MDAwMDAwMDAwMDAsInJlYWQiOjE4MDAwMDAwMDAwMDAsInVwZGF0ZSI6MTgwMDAwMDAwMDAwMH19",
          "dependencies": [
            "azurerm_key_vault.bidr",
            "azurerm_resource_group.bidr",
            "azurerm_role_assignment.current_user_keyvault_admin",
            "data.azurerm_client_config.current",
            "random_password.service_admin_passwords",
            "time_sleep.wait_for_keyvault_rbac"
          ]
        },
        {
          "index_key": "transactions",
          "schema_version": 0,
          "attributes": {
            "content_type": "",
            "expiration_date": null,
            "id": "https://bidr-uat-vault-2024.vault.azure.net/secrets/transactions-service-admin-password/0c96151a36364e8b9f02738cc543bb3f",
            "key_vault_id": "/subscriptions/51dd222b-9d63-476c-9069-cd3b2a87f6e6/resourceGroups/bidr-uat-k8s/providers/Microsoft.KeyVault/vaults/bidr-uat-vault-2024",
            "name": "transactions-service-admin-password",
            "not_before_date": null,
            "resource_id": "/subscriptions/51dd222b-9d63-476c-9069-cd3b2a87f6e6/resourceGroups/bidr-uat-k8s/providers/Microsoft.KeyVault/vaults/bidr-uat-vault-2024/secrets/transactions-service-admin-password/versions/0c96151a36364e8b9f02738cc543bb3f",
            "resource_versionless_id": "/subscriptions/51dd222b-9d63-476c-9069-cd3b2a87f6e6/resourceGroups/bidr-uat-k8s/providers/Microsoft.KeyVault/vaults/bidr-uat-vault-2024/secrets/transactions-service-admin-password",
            "tags": {
              "Environment": "uat",
              "Project": "BIDR",
              "Service": "transactions"
            },
            "timeouts": null,
            "value": "Vi0)$O\u003eamuaIP4RS",
            "version": "0c96151a36364e8b9f02738cc543bb3f",
            "versionless_id": "https://bidr-uat-vault-2024.vault.azure.net/secrets/transactions-service-admin-password"
          },
          "sensitive_attributes": [
            [
              {
                "type": "get_attr",
                "value": "value"
              }
            ]
          ],
          "identity_schema_version": 0,
          "private": "eyJlMmJmYjczMC1lY2FhLTExZTYtOGY4OC0zNDM2M2JjN2M0YzAiOnsiY3JlYXRlIjoxODAwMDAwMDAwMDAwLCJkZWxldGUiOjE4MDAwMDAwMDAwMDAsInJlYWQiOjE4MDAwMDAwMDAwMDAsInVwZGF0ZSI6MTgwMDAwMDAwMDAwMH19",
          "dependencies": [
            "azurerm_key_vault.bidr",
            "azurerm_resource_group.bidr",
            "azurerm_role_assignment.current_user_keyvault_admin",
            "data.azurerm_client_config.current",
            "random_password.service_admin_passwords",
            "time_sleep.wait_for_keyvault_rbac"
          ]
        }
      ]
    },
    {
      "mode": "managed",
      "type": "azurerm_key_vault_secret",
      "name": "service_api_keys",
      "provider": "provider[\"registry.terraform.io/hashicorp/azurerm\"]",
      "instances": [
        {
          "index_key": "auth",
          "schema_version": 0,
          "attributes": {
            "content_type": "",
            "expiration_date": null,
            "id": "https://bidr-uat-vault-2024.vault.azure.net/secrets/auth-service-api-key/e4594c80f0954b528623bcb34a0ba77e",
            "key_vault_id": "/subscriptions/51dd222b-9d63-476c-9069-cd3b2a87f6e6/resourceGroups/bidr-uat-k8s/providers/Microsoft.KeyVault/vaults/bidr-uat-vault-2024",
            "name": "auth-service-api-key",
            "not_before_date": null,
            "resource_id": "/subscriptions/51dd222b-9d63-476c-9069-cd3b2a87f6e6/resourceGroups/bidr-uat-k8s/providers/Microsoft.KeyVault/vaults/bidr-uat-vault-2024/secrets/auth-service-api-key/versions/e4594c80f0954b528623bcb34a0ba77e",
            "resource_versionless_id": "/subscriptions/51dd222b-9d63-476c-9069-cd3b2a87f6e6/resourceGroups/bidr-uat-k8s/providers/Microsoft.KeyVault/vaults/bidr-uat-vault-2024/secrets/auth-service-api-key",
            "tags": {
              "Environment": "uat",
              "Project": "BIDR",
              "Service": "auth"
            },
            "timeouts": null,
            "value": "CaSbmtjtFH9uDhPqI3o9FOvYhejGTnPyMNFlH31hyQMXZQNSRT9FPQZn29bBTWkb",
            "version": "e4594c80f0954b528623bcb34a0ba77e",
            "versionless_id": "https://bidr-uat-vault-2024.vault.azure.net/secrets/auth-service-api-key"
          },
          "sensitive_attributes": [
            [
              {
                "type": "get_attr",
                "value": "value"
              }
            ]
          ],
          "identity_schema_version": 0,
          "private": "eyJlMmJmYjczMC1lY2FhLTExZTYtOGY4OC0zNDM2M2JjN2M0YzAiOnsiY3JlYXRlIjoxODAwMDAwMDAwMDAwLCJkZWxldGUiOjE4MDAwMDAwMDAwMDAsInJlYWQiOjE4MDAwMDAwMDAwMDAsInVwZGF0ZSI6MTgwMDAwMDAwMDAwMH19",
          "dependencies": [
            "azurerm_key_vault.bidr",
            "azurerm_resource_group.bidr",
            "azurerm_role_assignment.current_user_keyvault_admin",
            "data.azurerm_client_config.current",
            "random_password.service_api_keys",
            "time_sleep.wait_for_keyvault_rbac"
          ]
        },
        {
          "index_key": "chat",
          "schema_version": 0,
          "attributes": {
            "content_type": "",
            "expiration_date": null,
            "id": "https://bidr-uat-vault-2024.vault.azure.net/secrets/chat-service-api-key/728be9edc8b74625a638d309700f62c1",
            "key_vault_id": "/subscriptions/51dd222b-9d63-476c-9069-cd3b2a87f6e6/resourceGroups/bidr-uat-k8s/providers/Microsoft.KeyVault/vaults/bidr-uat-vault-2024",
            "name": "chat-service-api-key",
            "not_before_date": null,
            "resource_id": "/subscriptions/51dd222b-9d63-476c-9069-cd3b2a87f6e6/resourceGroups/bidr-uat-k8s/providers/Microsoft.KeyVault/vaults/bidr-uat-vault-2024/secrets/chat-service-api-key/versions/728be9edc8b74625a638d309700f62c1",
            "resource_versionless_id": "/subscriptions/51dd222b-9d63-476c-9069-cd3b2a87f6e6/resourceGroups/bidr-uat-k8s/providers/Microsoft.KeyVault/vaults/bidr-uat-vault-2024/secrets/chat-service-api-key",
            "tags": {
              "Environment": "uat",
              "Project": "BIDR",
              "Service": "chat"
            },
            "timeouts": null,
            "value": "s84vAVVOR46JNk0lLnYHcf5jAGegaEErRdADJw5FUaq6mS2zQcxbNw649b8NBrGy",
            "version": "728be9edc8b74625a638d309700f62c1",
            "versionless_id": "https://bidr-uat-vault-2024.vault.azure.net/secrets/chat-service-api-key"
          },
          "sensitive_attributes": [
            [
              {
                "type": "get_attr",
                "value": "value"
              }
            ]
          ],
          "identity_schema_version": 0,
          "private": "eyJlMmJmYjczMC1lY2FhLTExZTYtOGY4OC0zNDM2M2JjN2M0YzAiOnsiY3JlYXRlIjoxODAwMDAwMDAwMDAwLCJkZWxldGUiOjE4MDAwMDAwMDAwMDAsInJlYWQiOjE4MDAwMDAwMDAwMDAsInVwZGF0ZSI6MTgwMDAwMDAwMDAwMH19",
          "dependencies": [
            "azurerm_key_vault.bidr",
            "azurerm_resource_group.bidr",
            "azurerm_role_assignment.current_user_keyvault_admin",
            "data.azurerm_client_config.current",
            "random_password.service_api_keys",
            "time_sleep.wait_for_keyvault_rbac"
          ]
        },
        {
          "index_key": "notifications",
          "schema_version": 0,
          "attributes": {
            "content_type": "",
            "expiration_date": null,
            "id": "https://bidr-uat-vault-2024.vault.azure.net/secrets/notifications-service-api-key/1ad77ae0455947bba419ca9efe88b2ab",
            "key_vault_id": "/subscriptions/51dd222b-9d63-476c-9069-cd3b2a87f6e6/resourceGroups/bidr-uat-k8s/providers/Microsoft.KeyVault/vaults/bidr-uat-vault-2024",
            "name": "notifications-service-api-key",
            "not_before_date": null,
            "resource_id": "/subscriptions/51dd222b-9d63-476c-9069-cd3b2a87f6e6/resourceGroups/bidr-uat-k8s/providers/Microsoft.KeyVault/vaults/bidr-uat-vault-2024/secrets/notifications-service-api-key/versions/1ad77ae0455947bba419ca9efe88b2ab",
            "resource_versionless_id": "/subscriptions/51dd222b-9d63-476c-9069-cd3b2a87f6e6/resourceGroups/bidr-uat-k8s/providers/Microsoft.KeyVault/vaults/bidr-uat-vault-2024/secrets/notifications-service-api-key",
            "tags": {
              "Environment": "uat",
              "Project": "BIDR",
              "Service": "notifications"
            },
            "timeouts": null,
            "value": "Xu973g8NNx2vrKXstapAbBosoeiX5kUT6IU8rNbW1ie4EkEL8reEU5QOb83wFAkW",
            "version": "1ad77ae0455947bba419ca9efe88b2ab",
            "versionless_id": "https://bidr-uat-vault-2024.vault.azure.net/secrets/notifications-service-api-key"
          },
          "sensitive_attributes": [
            [
              {
                "type": "get_attr",
                "value": "value"
              }
            ]
          ],
          "identity_schema_version": 0,
          "private": "eyJlMmJmYjczMC1lY2FhLTExZTYtOGY4OC0zNDM2M2JjN2M0YzAiOnsiY3JlYXRlIjoxODAwMDAwMDAwMDAwLCJkZWxldGUiOjE4MDAwMDAwMDAwMDAsInJlYWQiOjE4MDAwMDAwMDAwMDAsInVwZGF0ZSI6MTgwMDAwMDAwMDAwMH19",
          "dependencies": [
            "azurerm_key_vault.bidr",
            "azurerm_resource_group.bidr",
            "azurerm_role_assignment.current_user_keyvault_admin",
            "data.azurerm_client_config.current",
            "random_password.service_api_keys",
            "time_sleep.wait_for_keyvault_rbac"
          ]
        },
        {
          "index_key": "payment",
          "schema_version": 0,
          "attributes": {
            "content_type": "",
            "expiration_date": null,
            "id": "https://bidr-uat-vault-2024.vault.azure.net/secrets/payment-service-api-key/f12db34f737f4f1b9ad5d3f4647e9a81",
            "key_vault_id": "/subscriptions/51dd222b-9d63-476c-9069-cd3b2a87f6e6/resourceGroups/bidr-uat-k8s/providers/Microsoft.KeyVault/vaults/bidr-uat-vault-2024",
            "name": "payment-service-api-key",
            "not_before_date": null,
            "resource_id": "/subscriptions/51dd222b-9d63-476c-9069-cd3b2a87f6e6/resourceGroups/bidr-uat-k8s/providers/Microsoft.KeyVault/vaults/bidr-uat-vault-2024/secrets/payment-service-api-key/versions/f12db34f737f4f1b9ad5d3f4647e9a81",
            "resource_versionless_id": "/subscriptions/51dd222b-9d63-476c-9069-cd3b2a87f6e6/resourceGroups/bidr-uat-k8s/providers/Microsoft.KeyVault/vaults/bidr-uat-vault-2024/secrets/payment-service-api-key",
            "tags": {
              "Environment": "uat",
              "Project": "BIDR",
              "Service": "payment"
            },
            "timeouts": null,
            "value": "mpjXs856NERvL4A6nYF8iFj9yoqvNugP4y4W5wS2aFzfIBfUiJC5vWRchkMEb62L",
            "version": "f12db34f737f4f1b9ad5d3f4647e9a81",
            "versionless_id": "https://bidr-uat-vault-2024.vault.azure.net/secrets/payment-service-api-key"
          },
          "sensitive_attributes": [
            [
              {
                "type": "get_attr",
                "value": "value"
              }
            ]
          ],
          "identity_schema_version": 0,
          "private": "eyJlMmJmYjczMC1lY2FhLTExZTYtOGY4OC0zNDM2M2JjN2M0YzAiOnsiY3JlYXRlIjoxODAwMDAwMDAwMDAwLCJkZWxldGUiOjE4MDAwMDAwMDAwMDAsInJlYWQiOjE4MDAwMDAwMDAwMDAsInVwZGF0ZSI6MTgwMDAwMDAwMDAwMH19",
          "dependencies": [
            "azurerm_key_vault.bidr",
            "azurerm_resource_group.bidr",
            "azurerm_role_assignment.current_user_keyvault_admin",
            "data.azurerm_client_config.current",
            "random_password.service_api_keys",
            "time_sleep.wait_for_keyvault_rbac"
          ]
        },
        {
          "index_key": "product",
          "schema_version": 0,
          "attributes": {
            "content_type": "",
            "expiration_date": null,
            "id": "https://bidr-uat-vault-2024.vault.azure.net/secrets/product-service-api-key/673313b79fdb4a9aa22dd4a5d182f3c3",
            "key_vault_id": "/subscriptions/51dd222b-9d63-476c-9069-cd3b2a87f6e6/resourceGroups/bidr-uat-k8s/providers/Microsoft.KeyVault/vaults/bidr-uat-vault-2024",
            "name": "product-service-api-key",
            "not_before_date": null,
            "resource_id": "/subscriptions/51dd222b-9d63-476c-9069-cd3b2a87f6e6/resourceGroups/bidr-uat-k8s/providers/Microsoft.KeyVault/vaults/bidr-uat-vault-2024/secrets/product-service-api-key/versions/673313b79fdb4a9aa22dd4a5d182f3c3",
            "resource_versionless_id": "/subscriptions/51dd222b-9d63-476c-9069-cd3b2a87f6e6/resourceGroups/bidr-uat-k8s/providers/Microsoft.KeyVault/vaults/bidr-uat-vault-2024/secrets/product-service-api-key",
            "tags": {
              "Environment": "uat",
              "Project": "BIDR",
              "Service": "product"
            },
            "timeouts": null,
            "value": "LGa4J8iW5cQAYkeiAfNfpttZRjb2CRt7uzG1tyVm5EohiCkLVyl0hyNQMt0V2BPe",
            "version": "673313b79fdb4a9aa22dd4a5d182f3c3",
            "versionless_id": "https://bidr-uat-vault-2024.vault.azure.net/secrets/product-service-api-key"
          },
          "sensitive_attributes": [
            [
              {
                "type": "get_attr",
                "value": "value"
              }
            ]
          ],
          "identity_schema_version": 0,
          "private": "eyJlMmJmYjczMC1lY2FhLTExZTYtOGY4OC0zNDM2M2JjN2M0YzAiOnsiY3JlYXRlIjoxODAwMDAwMDAwMDAwLCJkZWxldGUiOjE4MDAwMDAwMDAwMDAsInJlYWQiOjE4MDAwMDAwMDAwMDAsInVwZGF0ZSI6MTgwMDAwMDAwMDAwMH19",
          "dependencies": [
            "azurerm_key_vault.bidr",
            "azurerm_resource_group.bidr",
            "azurerm_role_assignment.current_user_keyvault_admin",
            "data.azurerm_client_config.current",
            "random_password.service_api_keys",
            "time_sleep.wait_for_keyvault_rbac"
          ]
        },
        {
          "index_key": "resolution",
          "schema_version": 0,
          "attributes": {
            "content_type": "",
            "expiration_date": null,
            "id": "https://bidr-uat-vault-2024.vault.azure.net/secrets/resolution-service-api-key/1cace85cb8b84ce2b1474bef399d207c",
            "key_vault_id": "/subscriptions/51dd222b-9d63-476c-9069-cd3b2a87f6e6/resourceGroups/bidr-uat-k8s/providers/Microsoft.KeyVault/vaults/bidr-uat-vault-2024",
            "name": "resolution-service-api-key",
            "not_before_date": null,
            "resource_id": "/subscriptions/51dd222b-9d63-476c-9069-cd3b2a87f6e6/resourceGroups/bidr-uat-k8s/providers/Microsoft.KeyVault/vaults/bidr-uat-vault-2024/secrets/resolution-service-api-key/versions/1cace85cb8b84ce2b1474bef399d207c",
            "resource_versionless_id": "/subscriptions/51dd222b-9d63-476c-9069-cd3b2a87f6e6/resourceGroups/bidr-uat-k8s/providers/Microsoft.KeyVault/vaults/bidr-uat-vault-2024/secrets/resolution-service-api-key",
            "tags": {
              "Environment": "uat",
              "Project": "BIDR",
              "Service": "resolution"
            },
            "timeouts": null,
            "value": "EXAXMQmK6nawBSrMnLHZEjij6yFAEo2PPUiJySO8NA93MDAJR8S2v8syUtmpzEix",
            "version": "1cace85cb8b84ce2b1474bef399d207c",
            "versionless_id": "https://bidr-uat-vault-2024.vault.azure.net/secrets/resolution-service-api-key"
          },
          "sensitive_attributes": [
            [
              {
                "type": "get_attr",
                "value": "value"
              }
            ]
          ],
          "identity_schema_version": 0,
          "private": "eyJlMmJmYjczMC1lY2FhLTExZTYtOGY4OC0zNDM2M2JjN2M0YzAiOnsiY3JlYXRlIjoxODAwMDAwMDAwMDAwLCJkZWxldGUiOjE4MDAwMDAwMDAwMDAsInJlYWQiOjE4MDAwMDAwMDAwMDAsInVwZGF0ZSI6MTgwMDAwMDAwMDAwMH19",
          "dependencies": [
            "azurerm_key_vault.bidr",
            "azurerm_resource_group.bidr",
            "azurerm_role_assignment.current_user_keyvault_admin",
            "data.azurerm_client_config.current",
            "random_password.service_api_keys",
            "time_sleep.wait_for_keyvault_rbac"
          ]
        },
        {
          "index_key": "reviews",
          "schema_version": 0,
          "attributes": {
            "content_type": "",
            "expiration_date": null,
            "id": "https://bidr-uat-vault-2024.vault.azure.net/secrets/reviews-service-api-key/a601af71dee94c7f8922110e806cf86e",
            "key_vault_id": "/subscriptions/51dd222b-9d63-476c-9069-cd3b2a87f6e6/resourceGroups/bidr-uat-k8s/providers/Microsoft.KeyVault/vaults/bidr-uat-vault-2024",
            "name": "reviews-service-api-key",
            "not_before_date": null,
            "resource_id": "/subscriptions/51dd222b-9d63-476c-9069-cd3b2a87f6e6/resourceGroups/bidr-uat-k8s/providers/Microsoft.KeyVault/vaults/bidr-uat-vault-2024/secrets/reviews-service-api-key/versions/a601af71dee94c7f8922110e806cf86e",
            "resource_versionless_id": "/subscriptions/51dd222b-9d63-476c-9069-cd3b2a87f6e6/resourceGroups/bidr-uat-k8s/providers/Microsoft.KeyVault/vaults/bidr-uat-vault-2024/secrets/reviews-service-api-key",
            "tags": {
              "Environment": "uat",
              "Project": "BIDR",
              "Service": "reviews"
            },
            "timeouts": null,
            "value": "YUrwJJDsx7YJNxvO0PTGz4RbnH5jXBDOGbZedgKyCNmy3TOAqSfPPM22h9EpJfXY",
            "version": "a601af71dee94c7f8922110e806cf86e",
            "versionless_id": "https://bidr-uat-vault-2024.vault.azure.net/secrets/reviews-service-api-key"
          },
          "sensitive_attributes": [
            [
              {
                "type": "get_attr",
                "value": "value"
              }
            ]
          ],
          "identity_schema_version": 0,
          "private": "eyJlMmJmYjczMC1lY2FhLTExZTYtOGY4OC0zNDM2M2JjN2M0YzAiOnsiY3JlYXRlIjoxODAwMDAwMDAwMDAwLCJkZWxldGUiOjE4MDAwMDAwMDAwMDAsInJlYWQiOjE4MDAwMDAwMDAwMDAsInVwZGF0ZSI6MTgwMDAwMDAwMDAwMH19",
          "dependencies": [
            "azurerm_key_vault.bidr",
            "azurerm_resource_group.bidr",
            "azurerm_role_assignment.current_user_keyvault_admin",
            "data.azurerm_client_config.current",
            "random_password.service_api_keys",
            "time_sleep.wait_for_keyvault_rbac"
          ]
        },
        {
          "index_key": "transactions",
          "schema_version": 0,
          "attributes": {
            "content_type": "",
            "expiration_date": null,
            "id": "https://bidr-uat-vault-2024.vault.azure.net/secrets/transactions-service-api-key/65eb518ae88b4e23a9ccf0068284a322",
            "key_vault_id": "/subscriptions/51dd222b-9d63-476c-9069-cd3b2a87f6e6/resourceGroups/bidr-uat-k8s/providers/Microsoft.KeyVault/vaults/bidr-uat-vault-2024",
            "name": "transactions-service-api-key",
            "not_before_date": null,
            "resource_id": "/subscriptions/51dd222b-9d63-476c-9069-cd3b2a87f6e6/resourceGroups/bidr-uat-k8s/providers/Microsoft.KeyVault/vaults/bidr-uat-vault-2024/secrets/transactions-service-api-key/versions/65eb518ae88b4e23a9ccf0068284a322",
            "resource_versionless_id": "/subscriptions/51dd222b-9d63-476c-9069-cd3b2a87f6e6/resourceGroups/bidr-uat-k8s/providers/Microsoft.KeyVault/vaults/bidr-uat-vault-2024/secrets/transactions-service-api-key",
            "tags": {
              "Environment": "uat",
              "Project": "BIDR",
              "Service": "transactions"
            },
            "timeouts": null,
            "value": "p38RAjMwA0xClesvwz29W4Rr5uyqL21Vr6fY2CdugviamBXQZBSB2VPWzdA3vu6Z",
            "version": "65eb518ae88b4e23a9ccf0068284a322",
            "versionless_id": "https://bidr-uat-vault-2024.vault.azure.net/secrets/transactions-service-api-key"
          },
          "sensitive_attributes": [
            [
              {
                "type": "get_attr",
                "value": "value"
              }
            ]
          ],
          "identity_schema_version": 0,
          "private": "eyJlMmJmYjczMC1lY2FhLTExZTYtOGY4OC0zNDM2M2JjN2M0YzAiOnsiY3JlYXRlIjoxODAwMDAwMDAwMDAwLCJkZWxldGUiOjE4MDAwMDAwMDAwMDAsInJlYWQiOjE4MDAwMDAwMDAwMDAsInVwZGF0ZSI6MTgwMDAwMDAwMDAwMH19",
          "dependencies": [
            "azurerm_key_vault.bidr",
            "azurerm_resource_group.bidr",
            "azurerm_role_assignment.current_user_keyvault_admin",
            "data.azurerm_client_config.current",
            "random_password.service_api_keys",
            "time_sleep.wait_for_keyvault_rbac"
          ]
        }
      ]
    },
    {
      "mode": "managed",
      "type": "azurerm_key_vault_secret",
      "name": "service_jwt_secrets",
      "provider": "provider[\"registry.terraform.io/hashicorp/azurerm\"]",
      "instances": [
        {
          "index_key": "auth",
          "schema_version": 0,
          "attributes": {
            "content_type": "",
            "expiration_date": null,
            "id": "https://bidr-uat-vault-2024.vault.azure.net/secrets/auth-service-jwt-secret/bac4baf1e95a4735aa5ab5f5655f890b",
            "key_vault_id": "/subscriptions/51dd222b-9d63-476c-9069-cd3b2a87f6e6/resourceGroups/bidr-uat-k8s/providers/Microsoft.KeyVault/vaults/bidr-uat-vault-2024",
            "name": "auth-service-jwt-secret",
            "not_before_date": null,
            "resource_id": "/subscriptions/51dd222b-9d63-476c-9069-cd3b2a87f6e6/resourceGroups/bidr-uat-k8s/providers/Microsoft.KeyVault/vaults/bidr-uat-vault-2024/secrets/auth-service-jwt-secret/versions/bac4baf1e95a4735aa5ab5f5655f890b",
            "resource_versionless_id": "/subscriptions/51dd222b-9d63-476c-9069-cd3b2a87f6e6/resourceGroups/bidr-uat-k8s/providers/Microsoft.KeyVault/vaults/bidr-uat-vault-2024/secrets/auth-service-jwt-secret",
            "tags": {
              "Environment": "uat",
              "Project": "BIDR",
              "Service": "auth"
            },
            "timeouts": null,
            "value": "Hg%Y%sAV0k=a=[={2?nuQe$s(4KIY!bGy0+b[euZPnco0P]4UjN(y34bCzS_B2p!",
            "version": "bac4baf1e95a4735aa5ab5f5655f890b",
            "versionless_id": "https://bidr-uat-vault-2024.vault.azure.net/secrets/auth-service-jwt-secret"
          },
          "sensitive_attributes": [
            [
              {
                "type": "get_attr",
                "value": "value"
              }
            ]
          ],
          "identity_schema_version": 0,
          "private": "eyJlMmJmYjczMC1lY2FhLTExZTYtOGY4OC0zNDM2M2JjN2M0YzAiOnsiY3JlYXRlIjoxODAwMDAwMDAwMDAwLCJkZWxldGUiOjE4MDAwMDAwMDAwMDAsInJlYWQiOjE4MDAwMDAwMDAwMDAsInVwZGF0ZSI6MTgwMDAwMDAwMDAwMH19",
          "dependencies": [
            "azurerm_key_vault.bidr",
            "azurerm_resource_group.bidr",
            "azurerm_role_assignment.current_user_keyvault_admin",
            "data.azurerm_client_config.current",
            "random_password.service_jwt_secrets",
            "time_sleep.wait_for_keyvault_rbac"
          ]
        },
        {
          "index_key": "chat",
          "schema_version": 0,
          "attributes": {
            "content_type": "",
            "expiration_date": null,
            "id": "https://bidr-uat-vault-2024.vault.azure.net/secrets/chat-service-jwt-secret/b3466972cdd24639a434111ad5cac201",
            "key_vault_id": "/subscriptions/51dd222b-9d63-476c-9069-cd3b2a87f6e6/resourceGroups/bidr-uat-k8s/providers/Microsoft.KeyVault/vaults/bidr-uat-vault-2024",
            "name": "chat-service-jwt-secret",
            "not_before_date": null,
            "resource_id": "/subscriptions/51dd222b-9d63-476c-9069-cd3b2a87f6e6/resourceGroups/bidr-uat-k8s/providers/Microsoft.KeyVault/vaults/bidr-uat-vault-2024/secrets/chat-service-jwt-secret/versions/b3466972cdd24639a434111ad5cac201",
            "resource_versionless_id": "/subscriptions/51dd222b-9d63-476c-9069-cd3b2a87f6e6/resourceGroups/bidr-uat-k8s/providers/Microsoft.KeyVault/vaults/bidr-uat-vault-2024/secrets/chat-service-jwt-secret",
            "tags": {
              "Environment": "uat",
              "Project": "BIDR",
              "Service": "chat"
            },
            "timeouts": null,
            "value": "[e_r{T7(NheS-gn4KRGg#@4g!wOR1}x*4jJTiE7PX18:iA_JfycQdZv\u003cr%)314\u003cj",
            "version": "b3466972cdd24639a434111ad5cac201",
            "versionless_id": "https://bidr-uat-vault-2024.vault.azure.net/secrets/chat-service-jwt-secret"
          },
          "sensitive_attributes": [
            [
              {
                "type": "get_attr",
                "value": "value"
              }
            ]
          ],
          "identity_schema_version": 0,
          "private": "eyJlMmJmYjczMC1lY2FhLTExZTYtOGY4OC0zNDM2M2JjN2M0YzAiOnsiY3JlYXRlIjoxODAwMDAwMDAwMDAwLCJkZWxldGUiOjE4MDAwMDAwMDAwMDAsInJlYWQiOjE4MDAwMDAwMDAwMDAsInVwZGF0ZSI6MTgwMDAwMDAwMDAwMH19",
          "dependencies": [
            "azurerm_key_vault.bidr",
            "azurerm_resource_group.bidr",
            "azurerm_role_assignment.current_user_keyvault_admin",
            "data.azurerm_client_config.current",
            "random_password.service_jwt_secrets",
            "time_sleep.wait_for_keyvault_rbac"
          ]
        },
        {
          "index_key": "notifications",
          "schema_version": 0,
          "attributes": {
            "content_type": "",
            "expiration_date": null,
            "id": "https://bidr-uat-vault-2024.vault.azure.net/secrets/notifications-service-jwt-secret/91ccc4cfff214f5f9e97d2bbe08dfb1c",
            "key_vault_id": "/subscriptions/51dd222b-9d63-476c-9069-cd3b2a87f6e6/resourceGroups/bidr-uat-k8s/providers/Microsoft.KeyVault/vaults/bidr-uat-vault-2024",
            "name": "notifications-service-jwt-secret",
            "not_before_date": null,
            "resource_id": "/subscriptions/51dd222b-9d63-476c-9069-cd3b2a87f6e6/resourceGroups/bidr-uat-k8s/providers/Microsoft.KeyVault/vaults/bidr-uat-vault-2024/secrets/notifications-service-jwt-secret/versions/91ccc4cfff214f5f9e97d2bbe08dfb1c",
            "resource_versionless_id": "/subscriptions/51dd222b-9d63-476c-9069-cd3b2a87f6e6/resourceGroups/bidr-uat-k8s/providers/Microsoft.KeyVault/vaults/bidr-uat-vault-2024/secrets/notifications-service-jwt-secret",
            "tags": {
              "Environment": "uat",
              "Project": "BIDR",
              "Service": "notifications"
            },
            "timeouts": null,
            "value": "63nt-oJawiZo\u003c#VqZd!K\u003eOZL\u0026vUmZO7!%U3_UuM5Cbx\u0026y[)bZdm08DCm]viLVhVN",
            "version": "91ccc4cfff214f5f9e97d2bbe08dfb1c",
            "versionless_id": "https://bidr-uat-vault-2024.vault.azure.net/secrets/notifications-service-jwt-secret"
          },
          "sensitive_attributes": [
            [
              {
                "type": "get_attr",
                "value": "value"
              }
            ]
          ],
          "identity_schema_version": 0,
          "private": "eyJlMmJmYjczMC1lY2FhLTExZTYtOGY4OC0zNDM2M2JjN2M0YzAiOnsiY3JlYXRlIjoxODAwMDAwMDAwMDAwLCJkZWxldGUiOjE4MDAwMDAwMDAwMDAsInJlYWQiOjE4MDAwMDAwMDAwMDAsInVwZGF0ZSI6MTgwMDAwMDAwMDAwMH19",
          "dependencies": [
            "azurerm_key_vault.bidr",
            "azurerm_resource_group.bidr",
            "azurerm_role_assignment.current_user_keyvault_admin",
            "data.azurerm_client_config.current",
            "random_password.service_jwt_secrets",
            "time_sleep.wait_for_keyvault_rbac"
          ]
        },
        {
          "index_key": "payment",
          "schema_version": 0,
          "attributes": {
            "content_type": "",
            "expiration_date": null,
            "id": "https://bidr-uat-vault-2024.vault.azure.net/secrets/payment-service-jwt-secret/60f86be348c2473b95bff71b0c8d43d7",
            "key_vault_id": "/subscriptions/51dd222b-9d63-476c-9069-cd3b2a87f6e6/resourceGroups/bidr-uat-k8s/providers/Microsoft.KeyVault/vaults/bidr-uat-vault-2024",
            "name": "payment-service-jwt-secret",
            "not_before_date": null,
            "resource_id": "/subscriptions/51dd222b-9d63-476c-9069-cd3b2a87f6e6/resourceGroups/bidr-uat-k8s/providers/Microsoft.KeyVault/vaults/bidr-uat-vault-2024/secrets/payment-service-jwt-secret/versions/60f86be348c2473b95bff71b0c8d43d7",
            "resource_versionless_id": "/subscriptions/51dd222b-9d63-476c-9069-cd3b2a87f6e6/resourceGroups/bidr-uat-k8s/providers/Microsoft.KeyVault/vaults/bidr-uat-vault-2024/secrets/payment-service-jwt-secret",
            "tags": {
              "Environment": "uat",
              "Project": "BIDR",
              "Service": "payment"
            },
            "timeouts": null,
            "value": "\u0026(?7bw:!CCO)pIqTN-#PI=YRL4Kv3(8#yx*HB6H8*K}ph!vE]j7q6*yhiVVB92[@",
            "version": "60f86be348c2473b95bff71b0c8d43d7",
            "versionless_id": "https://bidr-uat-vault-2024.vault.azure.net/secrets/payment-service-jwt-secret"
          },
          "sensitive_attributes": [
            [
              {
                "type": "get_attr",
                "value": "value"
              }
            ]
          ],
          "identity_schema_version": 0,
          "private": "eyJlMmJmYjczMC1lY2FhLTExZTYtOGY4OC0zNDM2M2JjN2M0YzAiOnsiY3JlYXRlIjoxODAwMDAwMDAwMDAwLCJkZWxldGUiOjE4MDAwMDAwMDAwMDAsInJlYWQiOjE4MDAwMDAwMDAwMDAsInVwZGF0ZSI6MTgwMDAwMDAwMDAwMH19",
          "dependencies": [
            "azurerm_key_vault.bidr",
            "azurerm_resource_group.bidr",
            "azurerm_role_assignment.current_user_keyvault_admin",
            "data.azurerm_client_config.current",
            "random_password.service_jwt_secrets",
            "time_sleep.wait_for_keyvault_rbac"
          ]
        },
        {
          "index_key": "product",
          "schema_version": 0,
          "attributes": {
            "content_type": "",
            "expiration_date": null,
            "id": "https://bidr-uat-vault-2024.vault.azure.net/secrets/product-service-jwt-secret/364364894fed4fb6a3de4fcb063db366",
            "key_vault_id": "/subscriptions/51dd222b-9d63-476c-9069-cd3b2a87f6e6/resourceGroups/bidr-uat-k8s/providers/Microsoft.KeyVault/vaults/bidr-uat-vault-2024",
            "name": "product-service-jwt-secret",
            "not_before_date": null,
            "resource_id": "/subscriptions/51dd222b-9d63-476c-9069-cd3b2a87f6e6/resourceGroups/bidr-uat-k8s/providers/Microsoft.KeyVault/vaults/bidr-uat-vault-2024/secrets/product-service-jwt-secret/versions/364364894fed4fb6a3de4fcb063db366",
            "resource_versionless_id": "/subscriptions/51dd222b-9d63-476c-9069-cd3b2a87f6e6/resourceGroups/bidr-uat-k8s/providers/Microsoft.KeyVault/vaults/bidr-uat-vault-2024/secrets/product-service-jwt-secret",
            "tags": {
              "Environment": "uat",
              "Project": "BIDR",
              "Service": "product"
            },
            "timeouts": null,
            "value": "?+:%T3KIgg}:fd\u003cfW(3OUC3?rd?%OCDVxV[!$j\u0026cBwAz1?_a@v]o}8aj:L!A$#UY",
            "version": "364364894fed4fb6a3de4fcb063db366",
            "versionless_id": "https://bidr-uat-vault-2024.vault.azure.net/secrets/product-service-jwt-secret"
          },
          "sensitive_attributes": [
            [
              {
                "type": "get_attr",
                "value": "value"
              }
            ]
          ],
          "identity_schema_version": 0,
          "private": "eyJlMmJmYjczMC1lY2FhLTExZTYtOGY4OC0zNDM2M2JjN2M0YzAiOnsiY3JlYXRlIjoxODAwMDAwMDAwMDAwLCJkZWxldGUiOjE4MDAwMDAwMDAwMDAsInJlYWQiOjE4MDAwMDAwMDAwMDAsInVwZGF0ZSI6MTgwMDAwMDAwMDAwMH19",
          "dependencies": [
            "azurerm_key_vault.bidr",
            "azurerm_resource_group.bidr",
            "azurerm_role_assignment.current_user_keyvault_admin",
            "data.azurerm_client_config.current",
            "random_password.service_jwt_secrets",
            "time_sleep.wait_for_keyvault_rbac"
          ]
        },
        {
          "index_key": "resolution",
          "schema_version": 0,
          "attributes": {
            "content_type": "",
            "expiration_date": null,
            "id": "https://bidr-uat-vault-2024.vault.azure.net/secrets/resolution-service-jwt-secret/1ebfbd36670b4fd1bbabd53ebbc34323",
            "key_vault_id": "/subscriptions/51dd222b-9d63-476c-9069-cd3b2a87f6e6/resourceGroups/bidr-uat-k8s/providers/Microsoft.KeyVault/vaults/bidr-uat-vault-2024",
            "name": "resolution-service-jwt-secret",
            "not_before_date": null,
            "resource_id": "/subscriptions/51dd222b-9d63-476c-9069-cd3b2a87f6e6/resourceGroups/bidr-uat-k8s/providers/Microsoft.KeyVault/vaults/bidr-uat-vault-2024/secrets/resolution-service-jwt-secret/versions/1ebfbd36670b4fd1bbabd53ebbc34323",
            "resource_versionless_id": "/subscriptions/51dd222b-9d63-476c-9069-cd3b2a87f6e6/resourceGroups/bidr-uat-k8s/providers/Microsoft.KeyVault/vaults/bidr-uat-vault-2024/secrets/resolution-service-jwt-secret",
            "tags": {
              "Environment": "uat",
              "Project": "BIDR",
              "Service": "resolution"
            },
            "timeouts": null,
            "value": "O*(VVfCM_X[UXy7(=j2QAJh{kS-\u0026\u003c?Xf@njDBqT-:=rhi(hnJyRgjo{2_P5]wyxr",
            "version": "1ebfbd36670b4fd1bbabd53ebbc34323",
            "versionless_id": "https://bidr-uat-vault-2024.vault.azure.net/secrets/resolution-service-jwt-secret"
          },
          "sensitive_attributes": [
            [
              {
                "type": "get_attr",
                "value": "value"
              }
            ]
          ],
          "identity_schema_version": 0,
          "private": "eyJlMmJmYjczMC1lY2FhLTExZTYtOGY4OC0zNDM2M2JjN2M0YzAiOnsiY3JlYXRlIjoxODAwMDAwMDAwMDAwLCJkZWxldGUiOjE4MDAwMDAwMDAwMDAsInJlYWQiOjE4MDAwMDAwMDAwMDAsInVwZGF0ZSI6MTgwMDAwMDAwMDAwMH19",
          "dependencies": [
            "azurerm_key_vault.bidr",
            "azurerm_resource_group.bidr",
            "azurerm_role_assignment.current_user_keyvault_admin",
            "data.azurerm_client_config.current",
            "random_password.service_jwt_secrets",
            "time_sleep.wait_for_keyvault_rbac"
          ]
        },
        {
          "index_key": "reviews",
          "schema_version": 0,
          "attributes": {
            "content_type": "",
            "expiration_date": null,
            "id": "https://bidr-uat-vault-2024.vault.azure.net/secrets/reviews-service-jwt-secret/3f5b0890198149618bc314dd9cc246ce",
            "key_vault_id": "/subscriptions/51dd222b-9d63-476c-9069-cd3b2a87f6e6/resourceGroups/bidr-uat-k8s/providers/Microsoft.KeyVault/vaults/bidr-uat-vault-2024",
            "name": "reviews-service-jwt-secret",
            "not_before_date": null,
            "resource_id": "/subscriptions/51dd222b-9d63-476c-9069-cd3b2a87f6e6/resourceGroups/bidr-uat-k8s/providers/Microsoft.KeyVault/vaults/bidr-uat-vault-2024/secrets/reviews-service-jwt-secret/versions/3f5b0890198149618bc314dd9cc246ce",
            "resource_versionless_id": "/subscriptions/51dd222b-9d63-476c-9069-cd3b2a87f6e6/resourceGroups/bidr-uat-k8s/providers/Microsoft.KeyVault/vaults/bidr-uat-vault-2024/secrets/reviews-service-jwt-secret",
            "tags": {
              "Environment": "uat",
              "Project": "BIDR",
              "Service": "reviews"
            },
            "timeouts": null,
            "value": "dvn)nk3CJK}c5pRNX)M5#wl%f2Dys7\u003cG_qrk\u003c69E2u$\u0026E]CV$14\u0026bC*9Cu+O0YF%",
            "version": "3f5b0890198149618bc314dd9cc246ce",
            "versionless_id": "https://bidr-uat-vault-2024.vault.azure.net/secrets/reviews-service-jwt-secret"
          },
          "sensitive_attributes": [
            [
              {
                "type": "get_attr",
                "value": "value"
              }
            ]
          ],
          "identity_schema_version": 0,
          "private": "eyJlMmJmYjczMC1lY2FhLTExZTYtOGY4OC0zNDM2M2JjN2M0YzAiOnsiY3JlYXRlIjoxODAwMDAwMDAwMDAwLCJkZWxldGUiOjE4MDAwMDAwMDAwMDAsInJlYWQiOjE4MDAwMDAwMDAwMDAsInVwZGF0ZSI6MTgwMDAwMDAwMDAwMH19",
          "dependencies": [
            "azurerm_key_vault.bidr",
            "azurerm_resource_group.bidr",
            "azurerm_role_assignment.current_user_keyvault_admin",
            "data.azurerm_client_config.current",
            "random_password.service_jwt_secrets",
            "time_sleep.wait_for_keyvault_rbac"
          ]
        },
        {
          "index_key": "transactions",
          "schema_version": 0,
          "attributes": {
            "content_type": "",
            "expiration_date": null,
            "id": "https://bidr-uat-vault-2024.vault.azure.net/secrets/transactions-service-jwt-secret/e469ccbd937b484f90aa4a31734595df",
            "key_vault_id": "/subscriptions/51dd222b-9d63-476c-9069-cd3b2a87f6e6/resourceGroups/bidr-uat-k8s/providers/Microsoft.KeyVault/vaults/bidr-uat-vault-2024",
            "name": "transactions-service-jwt-secret",
            "not_before_date": null,
            "resource_id": "/subscriptions/51dd222b-9d63-476c-9069-cd3b2a87f6e6/resourceGroups/bidr-uat-k8s/providers/Microsoft.KeyVault/vaults/bidr-uat-vault-2024/secrets/transactions-service-jwt-secret/versions/e469ccbd937b484f90aa4a31734595df",
            "resource_versionless_id": "/subscriptions/51dd222b-9d63-476c-9069-cd3b2a87f6e6/resourceGroups/bidr-uat-k8s/providers/Microsoft.KeyVault/vaults/bidr-uat-vault-2024/secrets/transactions-service-jwt-secret",
            "tags": {
              "Environment": "uat",
              "Project": "BIDR",
              "Service": "transactions"
            },
            "timeouts": null,
            "value": "%QD4lo?gA7lb$9Y}tKRC1_whi{:9\u0026YjnashL\u0026fWmcxtLDB-s4CBZaCSP9f!\u003cJQfo",
            "version": "e469ccbd937b484f90aa4a31734595df",
            "versionless_id": "https://bidr-uat-vault-2024.vault.azure.net/secrets/transactions-service-jwt-secret"
          },
          "sensitive_attributes": [
            [
              {
                "type": "get_attr",
                "value": "value"
              }
            ]
          ],
          "identity_schema_version": 0,
          "private": "eyJlMmJmYjczMC1lY2FhLTExZTYtOGY4OC0zNDM2M2JjN2M0YzAiOnsiY3JlYXRlIjoxODAwMDAwMDAwMDAwLCJkZWxldGUiOjE4MDAwMDAwMDAwMDAsInJlYWQiOjE4MDAwMDAwMDAwMDAsInVwZGF0ZSI6MTgwMDAwMDAwMDAwMH19",
          "dependencies": [
            "azurerm_key_vault.bidr",
            "azurerm_resource_group.bidr",
            "azurerm_role_assignment.current_user_keyvault_admin",
            "data.azurerm_client_config.current",
            "random_password.service_jwt_secrets",
            "time_sleep.wait_for_keyvault_rbac"
          ]
        }
      ]
    },
    {
      "mode": "managed",
      "type": "azurerm_kubernetes_cluster",
      "name": "bidr",
      "provider": "provider[\"registry.terraform.io/hashicorp/azurerm\"]",
      "instances": [
        {
          "schema_version": 2,
          "attributes": {
            "aci_connector_linux": [],
            "api_server_access_profile": [],
            "api_server_authorized_ip_ranges": [],
            "auto_scaler_profile": [
              {
                "balance_similar_node_groups": false,
                "empty_bulk_delete_max": "10",
                "expander": "random",
                "max_graceful_termination_sec": "600",
                "max_node_provisioning_time": "15m",
                "max_unready_nodes": 3,
                "max_unready_percentage": 45,
                "new_pod_scale_up_delay": "0s",
                "scale_down_delay_after_add": "10m",
                "scale_down_delay_after_delete": "10s",
                "scale_down_delay_after_failure": "3m",
                "scale_down_unneeded": "10m",
                "scale_down_unready": "20m",
                "scale_down_utilization_threshold": "0.5",
                "scan_interval": "10s",
                "skip_nodes_with_local_storage": false,
                "skip_nodes_with_system_pods": true
              }
            ],
            "automatic_channel_upgrade": "",
            "azure_active_directory_role_based_access_control": [],
            "azure_policy_enabled": null,
            "confidential_computing": [],
            "cost_analysis_enabled": false,
            "current_kubernetes_version": "1.30.14",
            "custom_ca_trust_certificates_base64": null,
            "default_node_pool": [
              {
                "capacity_reservation_group_id": "",
                "custom_ca_trust_enabled": false,
                "enable_auto_scaling": true,
                "enable_host_encryption": false,
                "enable_node_public_ip": false,
                "fips_enabled": false,
                "gpu_instance": "",
                "host_group_id": "",
                "kubelet_config": [],
                "kubelet_disk_type": "OS",
                "linux_os_config": [],
                "max_count": 3,
                "max_pods": 110,
                "message_of_the_day": "",
                "min_count": 1,
                "name": "default",
                "node_count": 2,
                "node_labels": {},
                "node_network_profile": [],
                "node_public_ip_prefix_id": "",
                "node_taints": null,
                "only_critical_addons_enabled": false,
                "orchestrator_version": "1.30.14",
                "os_disk_size_gb": 128,
                "os_disk_type": "Managed",
                "os_sku": "Ubuntu",
                "pod_subnet_id": "",
                "proximity_placement_group_id": "",
                "scale_down_mode": "Delete",
                "snapshot_id": "",
                "tags": {
                  "Environment": "uat",
                  "Project": "BIDR"
                },
                "temporary_name_for_rotation": "",
                "type": "VirtualMachineScaleSets",
                "ultra_ssd_enabled": false,
                "upgrade_settings": [
                  {
                    "drain_timeout_in_minutes": 0,
                    "max_surge": "10%",
                    "node_soak_duration_in_minutes": 0
                  }
                ],
                "vm_size": "Standard_B2s",
                "vnet_subnet_id": "",
                "workload_runtime": "",
                "zones": null
              }
            ],
            "disk_encryption_set_id": "",
            "dns_prefix": "BIDR-uat-aks-cluster-dns",
            "dns_prefix_private_cluster": "",
            "edge_zone": "",
            "enable_pod_security_policy": false,
            "fqdn": "bidr-uat-aks-cluster-dns-uolg7iux.hcp.eastus.azmk8s.io",
            "http_application_routing_enabled": null,
            "http_application_routing_zone_name": null,
            "http_proxy_config": [],
            "id": "/subscriptions/51dd222b-9d63-476c-9069-cd3b2a87f6e6/resourceGroups/bidr-uat-k8s/providers/Microsoft.ContainerService/managedClusters/BIDR-uat-aks-cluster",
            "identity": [
              {
                "identity_ids": null,
                "principal_id": "6431d50a-5930-4ccb-af38-a93a4b72019f",
                "tenant_id": "e786b992-a2df-4004-a9d7-97d97b3db868",
                "type": "SystemAssigned"
              }
            ],
            "image_cleaner_enabled": false,
            "image_cleaner_interval_hours": 48,
            "ingress_application_gateway": [],
            "key_management_service": [],
            "key_vault_secrets_provider": [],
            "kube_admin_config": [],
            "kube_admin_config_raw": "",
            "kube_config": [
              {
                "client_certificate": "LS0tLS1CRUdJTiBDRVJUSUZJQ0FURS0tLS0tCk1JSUZIakNDQXdhZ0F3SUJBZ0lSQU5MWXp2bUtaVDcyVVpnTmVCallxamd3RFFZSktvWklodmNOQVFFTEJRQXcKRFRFTE1Ba0dBMVVFQXhNQ1kyRXdIaGNOTWpVd09UQXhNREV5T1RNeVdoY05NamN3T1RBeE1ERXpPVE15V2pBdwpNUmN3RlFZRFZRUUtFdzV6ZVhOMFpXMDZiV0Z6ZEdWeWN6RVZNQk1HQTFVRUF4TU1iV0Z6ZEdWeVkyeHBaVzUwCk1JSUNJakFOQmdrcWhraUc5dzBCQVFFRkFBT0NBZzhBTUlJQ0NnS0NBZ0VBMVlNdXR2S3VRbFNzZ1NLSHpkbnQKR01kVjFIK05JVVR4d1F1THc3Q0FqUmFSZGp6L0FSdWxoL2VKeE9wdUZwWlMraXQybGJ2R0tEekQrV3VScGRzOApkdXRHMGdORDlOODlraUpxOGVEZE1RRFBPMG1ia3FjbWwzcG4xRDFLSEQ1NjlXTktxZWRISU5KWG9xWjgxMmd5CjRleGNnN2kyZkRsR2xkT2RDN24yS3JCQjRXeWcxTXZxSE54VEEralQ0S1ZvTDlHMFJZN09vTExXUUhmYlNnMi8KaFlRbjdWclEzYWljWDAvUkM0Ym1zWHdtL0t2Uy9RQVJqcnY3MTFJNXBoWHVOck40ZWNlaEFiMVBveUJ5WVlMZQpPR1RsVEdxSFkrU2lMbmRyaG9ObjJjczlrMFhxZ1o3L09rMTFYZllqMHZ6NjBubnBkUmV4RHpyYm5KOWhzWU1WCitROEh5ZGRkSGIrUTJNd0RIRURhL1lhVzVVR2Z2VXRuV3JqalEwTE9vcWs0cVNVUDlGSXZwZDJaTjk2VGVxc1YKb2VGR054VzIrWlUrcHFaZzZFNktXV1FWK3JXVmdWRXhQeUZ5MGNxd01hY0UwSVdBVmZURHFvdGVEUFBiUitTeApwVnEraG0xRjlZK3hrVy9lUkxQYUtCLzYwOWx5MncvUkRxR0FuYUFBejJWUm1Jd0txMUovY0VDVjNsTlhKbVpUCm5iR2huSkt1Nm1WM0VNRzd0YXRjYkUxOUZzbWZSY3hNOUtuR1ZiYTRRa1ZWMHJUN1g3RGk5VjdwVHVsUTNla3EKdEZxaGZUUWRtR3JMMERMeUE3YkNYekR6b25QbDE0eHYwSm5ybGVjWlpLZ2trZ0l3UGpmNnBENFZ1NnhFTFVXMwpRcUxna3JIRHI2RkJLN0pIaU1jN0MzVUNBd0VBQWFOV01GUXdEZ1lEVlIwUEFRSC9CQVFEQWdXZ01CTUdBMVVkCkpRUU1NQW9HQ0NzR0FRVUZCd01DTUF3R0ExVWRFd0VCL3dRQ01BQXdId1lEVlIwakJCZ3dGb0FVZjJGRmt4MzMKdDBRRE1aK0srdlJ0MG9vSHJqa3dEUVlKS29aSWh2Y05BUUVMQlFBRGdnSUJBQnNhODdMQTNhOGxVRjJIVzlSRAoxQ0o2aTNRbU5qNVpJdGk0amF0TVFlRzBOc1g1MXZ0cWROQVh4M1BwbmU4WUorbEdFWjNhZk9wVnNkRkdMWHROCml1RE1lWU0zenk1blVacTYwNkI2aUhlV1dVcTk0OVVtUTNFb25sUGl1NW4rbVhuYlU3UGwxRTlMVFFYUTZMd1gKTDJBaVJ2cVJyanZpdVZPOWZ1QlRxL0V5NnpSY3J2cVNUVVlpR3h5dzZ2Tnd1UmR4NUhIUmhnMGY3dm1vdHNyeApadXdFbW5QR3UyTUZrc0ZuZkJSOCtLdklrcURNdlZzbE8zeklLanV5UlFNQVRDYjJSUTVoMXFaYUdoZXlQWk1ICktJZUpaMFljc2tMeU02MXV0anRYeFZHUm00NkNnTW5BR2c3Vy8wclpic3FhaDJ5M0R3bDl6YUR6YkppVXhTTDQKYzNYZkJiQUc4MHpZdStwN3Jpd3VKYjJMckg0cDBoa0REMHVKVk52YjE1czNDSjR3S3hIWlJKcXFtOEcreFdDbwo3eVR0MjZMK21uK3JXbTZQVktaa1k0d3JXc0pKYUJkYXIvbXBmWG1LOWJPZzRQRjJsOHg2bEVUM0ZmbGtnSU5GCkN5T0t6OFZDbGpYbVZUbHpwaXFZYXMzeVlIaVRJUlBPM1pkQ1prcjJGbFpJUlJxbDRzdWFkbUNycjVUaEVtdzMKV3lEbEhFS2pXRzFCZkxlSzgrRFE5NUNJWEN4TU9COEJUNi9YenQyZkV2b3RSc2RNbGo1dXMyRzVOTllVWFVVZQpYQ3owMnAyeThQT2Q4VlV0Mmt4eWJlb1oyS3Z1Njd4bElXWGxiVWduVFd1d3JOeTRLT0FsUWtudlExNURsQ21uCnhOV3VSeTVUK2lsQ1cyQkQ1MkQyOUl4RwotLS0tLUVORCBDRVJUSUZJQ0FURS0tLS0tCg==",
                "client_key": "LS0tLS1CRUdJTiBSU0EgUFJJVkFURSBLRVktLS0tLQpNSUlKSndJQkFBS0NBZ0VBMVlNdXR2S3VRbFNzZ1NLSHpkbnRHTWRWMUgrTklVVHh3UXVMdzdDQWpSYVJkanovCkFSdWxoL2VKeE9wdUZwWlMraXQybGJ2R0tEekQrV3VScGRzOGR1dEcwZ05EOU44OWtpSnE4ZURkTVFEUE8wbWIKa3FjbWwzcG4xRDFLSEQ1NjlXTktxZWRISU5KWG9xWjgxMmd5NGV4Y2c3aTJmRGxHbGRPZEM3bjJLckJCNFd5ZwoxTXZxSE54VEEralQ0S1ZvTDlHMFJZN09vTExXUUhmYlNnMi9oWVFuN1ZyUTNhaWNYMC9SQzRibXNYd20vS3ZTCi9RQVJqcnY3MTFJNXBoWHVOck40ZWNlaEFiMVBveUJ5WVlMZU9HVGxUR3FIWStTaUxuZHJob05uMmNzOWswWHEKZ1o3L09rMTFYZllqMHZ6NjBubnBkUmV4RHpyYm5KOWhzWU1WK1E4SHlkZGRIYitRMk13REhFRGEvWWFXNVVHZgp2VXRuV3JqalEwTE9vcWs0cVNVUDlGSXZwZDJaTjk2VGVxc1ZvZUZHTnhXMitaVStwcVpnNkU2S1dXUVYrcldWCmdWRXhQeUZ5MGNxd01hY0UwSVdBVmZURHFvdGVEUFBiUitTeHBWcStobTFGOVkreGtXL2VSTFBhS0IvNjA5bHkKMncvUkRxR0FuYUFBejJWUm1Jd0txMUovY0VDVjNsTlhKbVpUbmJHaG5KS3U2bVYzRU1HN3RhdGNiRTE5RnNtZgpSY3hNOUtuR1ZiYTRRa1ZWMHJUN1g3RGk5VjdwVHVsUTNla3F0RnFoZlRRZG1HckwwREx5QTdiQ1h6RHpvblBsCjE0eHYwSm5ybGVjWlpLZ2trZ0l3UGpmNnBENFZ1NnhFTFVXM1FxTGdrckhEcjZGQks3SkhpTWM3QzNVQ0F3RUEKQVFLQ0FnQUZTWjFqakhrQ1RZU0VJaTNJekVmUjRFWGc0RlBIYWlTdWlqR280L3NiQTE4UTFZdmZKQ2NpU2VBUQpqMW13bDRKd2paai9Oa28rL3RvL21BbGdXU0NUTlZwb293b1F5MktEOXZROUR6dUxGaUVMcjlQNWVzZzY0aDRtCkpHcHNicU91NWdtWVVaRHlZQ01wZFFRTWRaa2svU3lCV3BheVZ0ekhveGoxakdKclJqZ3JjL3c3cU4wZ1g5aHkKZFZhaDdwYTQ4SEdOYzI3c2plRStjWGx0eVE5Z0tCaXhDUm01RTQ3ajBWODA4TjlQcitwclFYb1ZKK1pIYWFKZgovN3BMd2FsSGs0UTlSOU5WN3JGRk1lMkRPckYwSmhPRG8vTzhacElab24xNE5GTGpFdVJ3ZkQvRmZBR0lHUmo1Ci9ibC9aU0oxQ2UzZEozd01DNElheTl1b2dMMlBoTm9PWWsrTjg5aXdCQU13NXdVMHFvTzFXOFYxNnJNaThRN0kKZmM4aUpYOC9mUHE1Vkc4SWNld3F6ZXNuUlV4MU1SYnlkWHBIUEJldEh3M0JNQTRjVCsrTGFBbCtscktvOGhOOApIR1ZpZWc4M1hzM05MSkpEUFFZU1d0SlV3MjRFZENMOHdjaDRWZTkwc20vQlJ3NHRSYitPTFZMQitIdmE3T3VnCjJxYlFwdHVEMXBMR1hBNGVaVzVibXBFZkRSZlNHR21PdytOdUkyeVZYd3FDeEtWKzFpRTcyMy9wSDJXaXAyaGcKK3M0aldhN3RySWVzVW9pdk5PWWF4Z0JRSE1Nck9mN0ZzS0NaQ2hDVTlZZDZJVnpjSzBqbkZDNmxBMmEyNnRsYQowNGoxMkVZb0lvNjVDSHlLUVB2cUQ4SkdPZTE0RXdtVDZ3bkRsdkNHVnAybkxNZ28xUUtDQVFFQTdSb2xJNm14ClJxV2sxdFVHRHczS1pYSEtzRUdkTlNBbzllUFdyenRrZHg4SVlVbVMxcG5mcDRZdVp0L0M4R1hodUlEWUIxQlcKQ0N0eCtaRC8wRW5hU0dPY3RualduYUVjWitsQ3B0SnBTdmFLcnllSmJOR25SOEJLVDZrb1YxeUZCc210blZvTQozSkxuMXdhcHptNk54SjlxMkowaDUvZExSTm9ZY0JTYlhKNmJ2TGswMnRCNXkzQ1FsbitzNHVLdmc3VlpmTW9NCjNpcFk3M3hTS3ZpS1pOMXJ2UGZCTmxhOUpxZTdXQ0d0dzB3b2tkTGhIWkxaRy8vZ1phUzVIN3JjVjZ0WU9GTWcKaEZibFU3bWxVdWdYREQ4UTE3MS8wRXpvQUFMMjZwOGZ2ZWNKVS9VVXljak5CSEY3aU85bmVuVyt5d0lLK1ZmMAozVlJGWW9YNEVnMGhRd0tDQVFFQTVvZTEvcUl3ZUlDWTlETjJpU3NabnZUYmpvNlpNMHJnK05QMkJwOFVkSEY4CnhBNlMxQVFNYU1TSGUzNklMakNLY1o4ZERwbWh3ZTN5ZUU2SGhJT2g5YlN0NEEzbUl1SU9Hbm1aUVBmOGY4QngKWGtrSGR0ZGl6ZzU2dTI2WnJNR0J5RXNrdDhDcjZKKys2RzBGM21pTjZHV3NzSThyb2FYTjl5UWNhSm5ScVJZLwoxUTdBb084V3RNQXhDczRTS2k5SXJsODRtdFR1SFFnaSt4NXo0WU1KandVLy9iVFR1Qkg0UVM2aGNEeFZJS3c3CkJYTWdENXJxcEM4TElFbUsvRmNVM3RkSFRtVzYxUUlWbVpkZ242S0VzSnBUN0ZSUnU5MGorajJJU2tYLzh1cFkKSk41U2FHMElDaU0zMUdsd0hRSnI4aHVVWmtyU2VOT2VYUUhMb1pGWTV3S0NBUUJwckdKckg2RmtKRVZ3Zm1jQgo1SnFWVmY4SlNXVWduV0hFSGJTOFN0TS9DRFM2NzRpalh0ZEFtZHdxZTRZdGtLcm1pWDQrM0Q1THk5a3phcjJvCi9wRnIvQUdIamhuUkRWSlV1YkM4RzBGVWFNZHN3MGxMbDdGZm1FTkdkOVVFQXJkRFREVzEwTUcwdVVEZEpCb2cKYUVPRkk2d0NPUjQ0Zlk0dGRLcTVvV1dSQlJ2U0pCVjdoTGtUdytxZE9QQTcrdDVRN0UyakFZWjBxaGtUTzZ4LwpmR0JxRGdtTG9qeVoxRlRmV3BoejhpYTR5VU8zb200MHVSTk1tR0ZSeS9XNlA1VWUrYjRLOUhta29mbjVzOThNCk1XYThUWXRiTEJsQUpGYXVVcVByODltNDBMVG1sMitaYzRaMGVZT2VoMXp1Um5ZdmtveURqd0VTZUJHb2xKNzQKcEtOekFvSUJBQjloVDlQR2ppU0pGTWtCREZ5bG9rb3grSVVTUWlacVJlOTVJdDlKM2tYdmdOVkxTbzlUc2NDOQpKOWdXcEVEdFdKc1kxcUs3SlBxNkFpeUFQQkE4dnRvc2F4SzVzWjhEK0htQUhlMXJGRkxyaGtNWVc4ekFpdkdUCnBQOUlrZUNqUXFCYUlqaGxJTUY4cFVjTU9DVkxSQzNqVVR1RGNhUUNadVFDWlYrVHVLZDBvT0hHclUvNjI3TmwKQ2dmM2Z4K0E2anJhT1dGU0pNdU01UDRiNmhoRGR4U2gyVkVXd1U4b0d3djhaZnRhS3hoVWVZQkhhSkRYUEtOMgp4K1B3UHR3VW1vR3Ura1Rnc2lyMnFxd0tvQnQ2eXVjalN0TTdzeGlJaExJMm1Bdk1OWWdDZ0ZjY2NFbEl0alJ6CkVORjRQTXVtSGIyS0pZdzdHU1ZiWVE0MkJWc0w1dmNDZ2dFQVB1NWg2NVBib2pScEZaU0hHbUZEWHFFN3J1RUsKbStaeWdBTC9JU283aDRXOVdFM0xPU2VsVVdyc0R6aUlSbUwxZ0Ntd3ZaVDVHcVJMTnBPVjlKRGtzL2l5STdjVgppS1o5RnJXN1lEdEFGZ1pWbEMxdFVLdnozV1YrU20vMmxudEdobnJYZ1BKV1NFSDZEYnhQRnRBWFpSeCtqRlplCmI4dld3ZmVhNnV0ZThQNGFYUUFQVUlEM0hEMzd3NWY2cHZGZGFHTWJrVndYZXhaWVBtaUZZd2VDVjhuU0hrdFIKZHZ5WEpvL1VScVFyREt1eHdtcFlhRDNIdDhhNkwzcW9nRjlSNWJkcGVBRGVSdHZOWmpqWUl0OEViWmZIOG1IVwp0NG5sc1V0d1VlY2J1bWpoRk5mVzBGbWJTWlg4M3E2SXJYNkx1ZFh4ZEJ1SGduUmFUeExpRXAwZ2hnPT0KLS0tLS1FTkQgUlNBIFBSSVZBVEUgS0VZLS0tLS0K",
                "cluster_ca_certificate": "LS0tLS1CRUdJTiBDRVJUSUZJQ0FURS0tLS0tCk1JSUU2RENDQXRDZ0F3SUJBZ0lRTjZKK01tQzdaSDU0bUcxalZZaVZHakFOQmdrcWhraUc5dzBCQVFzRkFEQU4KTVFzd0NRWURWUVFERXdKallUQWdGdzB5TlRBNU1ERXdNVEk1TXpKYUdBOHlNRFUxTURrd01UQXhNemt6TWxvdwpEVEVMTUFrR0ExVUVBeE1DWTJFd2dnSWlNQTBHQ1NxR1NJYjNEUUVCQVFVQUE0SUNEd0F3Z2dJS0FvSUNBUUM1CitGV1BybDJKdnY3REt5cThTWnZCNytKdzFNeWdoOE1JRE1SZTFDZnYzeDlleXNINTZ0V1dJc2VacGF6UzdYVEQKNjV3TVFGbUgzczRCTjNhK1Z2Z3dKeW5OeXM5N0VPRUZHamxrenhzaGI5c0QwUlNUWXA2bHJYZ0tJS2dJdVdaNApVaXJ2aXhMZ1M1Z0xSWGNBb29ncHVVc2JvSzJVeG9DcmtVRnRoOGlDYUhMVjVpUG1hNXV4bXBKVjVtYXJYaGR4CjdhUEZrOFgyRXdzTFRRS3NHYVlISkdBUHhmaGJ2MnBpZmNGT0VEM1UyQXpUWC9BckZaRXllcWtXZnhoK2tDdWMKRDcrYS8wN2VqS2ZnVHRXZTJTcVhkL1NnWkpzMHVwdmpRUXVxSjRlNE85d3ZlT21yNlhGWVZ5UHhxRWVwWk1DYwpydFVpRzdIdkVqL2ZkZnZ5OTdCWDh1VGRkckZQcnpnVy9VTDZpUlBGbnI3bktRWUVoZFhONGxhcHVscGdFcEhBClAxTGU4V0ZrMkE0Wm5oc3dYaWVvMDNDc2prTUJqN25wczUvRnE5aVRZUHVGZFp5Qkh5ZFBxMlZSejVtZzhFWnQKSTFvSVMyK3RXamI4cmxBaXNrSXJNai9WVWxhSXRKeHpNbWFMbnY1RExzbWRWTW91bGhFQkQ0blhSNGZwL0ZyawpNNmZ6S3QzR0tDc1V6UzVvZkJEeUYrTW5idXlaRm5QY1ExV0M3cTU5MFJpNG9raVNjVDhPRFJuZTBKVE5jOFIyCnY5YXJuZmtoV0JaWTl6cHN3c1MvUG00ZUlMYVEyVSs2WUcrY1lZdXErSlhKV0I2L0s4aTFpRkhZeDFVbVcxOTcKaUI2WU9Ud0NpYXRsMGxOYy9ld0JrZUN6OU1jZ0NLamJEVXRSWW1obUtRSURBUUFCbzBJd1FEQU9CZ05WSFE4QgpBZjhFQkFNQ0FxUXdEd1lEVlIwVEFRSC9CQVV3QXdFQi96QWRCZ05WSFE0RUZnUVVmMkZGa3gzM3QwUURNWitLCit2UnQwb29Icmprd0RRWUpLb1pJaHZjTkFRRUxCUUFEZ2dJQkFJVFZVYWlyUUlMeUMySGVtUVkyZmhBTFYzelYKbDNTMy9JSmRRMkduV29MVlM0N3lraGtLNUwvQWZNTVV0Z040eWUydUpDVlNjdUJWbjAreTFwWmFFVnFMbjN2OQppMHFScExhRStDRTdFbG1NYTlRVmYwc2dYMHZmMEwyK0ZSSzdLOWpUUmNZK3NBYVkzVlRNVFZMMW92eCtKanF5CnY2eFlDbyt6ZkV5Q0h6YlE5MGZyZjZqalRmekc2eTVyRGpjdWVRU1VJN0FzbGFvdFMrbEk3MVI5YksvWER5QVEKMEs2WmYwbnErUS9GNW1FNGRSK3F0Zmk3ZjV3VHVnVHBCMThvaTY4WXgxaUhyMjV0STZxRHN3enMwQWJjaHZoQgpCa2RJNE5ZeWhBM1l1YWlHQnA0bUNLWjJzcmo3NkZqWkJaQmNkMnVkVzRIOWxlKzBvcGVDbVlRWWpjaVJGaDhmCk5ycHIwNWxnWWRYSHBXc3FIUWljS2tKOWJUL2FyS01VVjJvdStub2I1T0ZpVUtkL3pibmVUSnJybEF3bHBWc0UKTjFldWY4VFM0cFpjUWtlNktUV2ZkWEhzV0pnSmtleGdxb1FITXllT2RpSUZXd2wwWTZOdXpBS054UDlBcE1xKwpFeVNJcGxhQXRnTkk4c0l6QnhLU3FrUWJoNEFmUmVyOFRiRytkZVNDY3owZ0dWWjYzZUdVYlFGdUlxVGZQbkkzCldLVG1QVXFzVTBPbS9UZS9vaEIyeitwdmxvTkpVWXVJenlNTEZkUXFSVHJ6VU1lUVdOaU8yZTdlaExiV3F0UnYKcVBFV1M1Qmk2b054N0FJcUVKU01qcWhiS1VjMEI1cTg2S29CTVpGeVErM3h6Z3ZlbXBNbTRrQmhpS1dURmhoVApRMXNBVy9JanNQdHlZUU5jCi0tLS0tRU5EIENFUlRJRklDQVRFLS0tLS0K",
                "host": "https://bidr-uat-aks-cluster-dns-uolg7iux.hcp.eastus.azmk8s.io:443",
                "password": "whw2uyipk4nk6xsl75qz1rs802esk8k8wqd8jdfpmlx66nv04rjkiimjlz8eobrf7tmcqj9912ggunce2ogyuk5wrld3oggynd8v7u6hu1ky0ye7dy4vwgr95mqn7qe8",
                "username": "clusterUser_bidr-uat-k8s_BIDR-uat-aks-cluster"
              }
            ],
            "kube_config_raw": "apiVersion: v1\nclusters:\n- cluster:\n    certificate-authority-data: LS0tLS1CRUdJTiBDRVJUSUZJQ0FURS0tLS0tCk1JSUU2RENDQXRDZ0F3SUJBZ0lRTjZKK01tQzdaSDU0bUcxalZZaVZHakFOQmdrcWhraUc5dzBCQVFzRkFEQU4KTVFzd0NRWURWUVFERXdKallUQWdGdzB5TlRBNU1ERXdNVEk1TXpKYUdBOHlNRFUxTURrd01UQXhNemt6TWxvdwpEVEVMTUFrR0ExVUVBeE1DWTJFd2dnSWlNQTBHQ1NxR1NJYjNEUUVCQVFVQUE0SUNEd0F3Z2dJS0FvSUNBUUM1CitGV1BybDJKdnY3REt5cThTWnZCNytKdzFNeWdoOE1JRE1SZTFDZnYzeDlleXNINTZ0V1dJc2VacGF6UzdYVEQKNjV3TVFGbUgzczRCTjNhK1Z2Z3dKeW5OeXM5N0VPRUZHamxrenhzaGI5c0QwUlNUWXA2bHJYZ0tJS2dJdVdaNApVaXJ2aXhMZ1M1Z0xSWGNBb29ncHVVc2JvSzJVeG9DcmtVRnRoOGlDYUhMVjVpUG1hNXV4bXBKVjVtYXJYaGR4CjdhUEZrOFgyRXdzTFRRS3NHYVlISkdBUHhmaGJ2MnBpZmNGT0VEM1UyQXpUWC9BckZaRXllcWtXZnhoK2tDdWMKRDcrYS8wN2VqS2ZnVHRXZTJTcVhkL1NnWkpzMHVwdmpRUXVxSjRlNE85d3ZlT21yNlhGWVZ5UHhxRWVwWk1DYwpydFVpRzdIdkVqL2ZkZnZ5OTdCWDh1VGRkckZQcnpnVy9VTDZpUlBGbnI3bktRWUVoZFhONGxhcHVscGdFcEhBClAxTGU4V0ZrMkE0Wm5oc3dYaWVvMDNDc2prTUJqN25wczUvRnE5aVRZUHVGZFp5Qkh5ZFBxMlZSejVtZzhFWnQKSTFvSVMyK3RXamI4cmxBaXNrSXJNai9WVWxhSXRKeHpNbWFMbnY1RExzbWRWTW91bGhFQkQ0blhSNGZwL0ZyawpNNmZ6S3QzR0tDc1V6UzVvZkJEeUYrTW5idXlaRm5QY1ExV0M3cTU5MFJpNG9raVNjVDhPRFJuZTBKVE5jOFIyCnY5YXJuZmtoV0JaWTl6cHN3c1MvUG00ZUlMYVEyVSs2WUcrY1lZdXErSlhKV0I2L0s4aTFpRkhZeDFVbVcxOTcKaUI2WU9Ud0NpYXRsMGxOYy9ld0JrZUN6OU1jZ0NLamJEVXRSWW1obUtRSURBUUFCbzBJd1FEQU9CZ05WSFE4QgpBZjhFQkFNQ0FxUXdEd1lEVlIwVEFRSC9CQVV3QXdFQi96QWRCZ05WSFE0RUZnUVVmMkZGa3gzM3QwUURNWitLCit2UnQwb29Icmprd0RRWUpLb1pJaHZjTkFRRUxCUUFEZ2dJQkFJVFZVYWlyUUlMeUMySGVtUVkyZmhBTFYzelYKbDNTMy9JSmRRMkduV29MVlM0N3lraGtLNUwvQWZNTVV0Z040eWUydUpDVlNjdUJWbjAreTFwWmFFVnFMbjN2OQppMHFScExhRStDRTdFbG1NYTlRVmYwc2dYMHZmMEwyK0ZSSzdLOWpUUmNZK3NBYVkzVlRNVFZMMW92eCtKanF5CnY2eFlDbyt6ZkV5Q0h6YlE5MGZyZjZqalRmekc2eTVyRGpjdWVRU1VJN0FzbGFvdFMrbEk3MVI5YksvWER5QVEKMEs2WmYwbnErUS9GNW1FNGRSK3F0Zmk3ZjV3VHVnVHBCMThvaTY4WXgxaUhyMjV0STZxRHN3enMwQWJjaHZoQgpCa2RJNE5ZeWhBM1l1YWlHQnA0bUNLWjJzcmo3NkZqWkJaQmNkMnVkVzRIOWxlKzBvcGVDbVlRWWpjaVJGaDhmCk5ycHIwNWxnWWRYSHBXc3FIUWljS2tKOWJUL2FyS01VVjJvdStub2I1T0ZpVUtkL3pibmVUSnJybEF3bHBWc0UKTjFldWY4VFM0cFpjUWtlNktUV2ZkWEhzV0pnSmtleGdxb1FITXllT2RpSUZXd2wwWTZOdXpBS054UDlBcE1xKwpFeVNJcGxhQXRnTkk4c0l6QnhLU3FrUWJoNEFmUmVyOFRiRytkZVNDY3owZ0dWWjYzZUdVYlFGdUlxVGZQbkkzCldLVG1QVXFzVTBPbS9UZS9vaEIyeitwdmxvTkpVWXVJenlNTEZkUXFSVHJ6VU1lUVdOaU8yZTdlaExiV3F0UnYKcVBFV1M1Qmk2b054N0FJcUVKU01qcWhiS1VjMEI1cTg2S29CTVpGeVErM3h6Z3ZlbXBNbTRrQmhpS1dURmhoVApRMXNBVy9JanNQdHlZUU5jCi0tLS0tRU5EIENFUlRJRklDQVRFLS0tLS0K\n    server: https://bidr-uat-aks-cluster-dns-uolg7iux.hcp.eastus.azmk8s.io:443\n  name: BIDR-uat-aks-cluster\ncontexts:\n- context:\n    cluster: BIDR-uat-aks-cluster\n    user: clusterUser_bidr-uat-k8s_BIDR-uat-aks-cluster\n  name: BIDR-uat-aks-cluster\ncurrent-context: BIDR-uat-aks-cluster\nkind: Config\npreferences: {}\nusers:\n- name: clusterUser_bidr-uat-k8s_BIDR-uat-aks-cluster\n  user:\n    client-certificate-data: LS0tLS1CRUdJTiBDRVJUSUZJQ0FURS0tLS0tCk1JSUZIakNDQXdhZ0F3SUJBZ0lSQU5MWXp2bUtaVDcyVVpnTmVCallxamd3RFFZSktvWklodmNOQVFFTEJRQXcKRFRFTE1Ba0dBMVVFQXhNQ1kyRXdIaGNOTWpVd09UQXhNREV5T1RNeVdoY05NamN3T1RBeE1ERXpPVE15V2pBdwpNUmN3RlFZRFZRUUtFdzV6ZVhOMFpXMDZiV0Z6ZEdWeWN6RVZNQk1HQTFVRUF4TU1iV0Z6ZEdWeVkyeHBaVzUwCk1JSUNJakFOQmdrcWhraUc5dzBCQVFFRkFBT0NBZzhBTUlJQ0NnS0NBZ0VBMVlNdXR2S3VRbFNzZ1NLSHpkbnQKR01kVjFIK05JVVR4d1F1THc3Q0FqUmFSZGp6L0FSdWxoL2VKeE9wdUZwWlMraXQybGJ2R0tEekQrV3VScGRzOApkdXRHMGdORDlOODlraUpxOGVEZE1RRFBPMG1ia3FjbWwzcG4xRDFLSEQ1NjlXTktxZWRISU5KWG9xWjgxMmd5CjRleGNnN2kyZkRsR2xkT2RDN24yS3JCQjRXeWcxTXZxSE54VEEralQ0S1ZvTDlHMFJZN09vTExXUUhmYlNnMi8KaFlRbjdWclEzYWljWDAvUkM0Ym1zWHdtL0t2Uy9RQVJqcnY3MTFJNXBoWHVOck40ZWNlaEFiMVBveUJ5WVlMZQpPR1RsVEdxSFkrU2lMbmRyaG9ObjJjczlrMFhxZ1o3L09rMTFYZllqMHZ6NjBubnBkUmV4RHpyYm5KOWhzWU1WCitROEh5ZGRkSGIrUTJNd0RIRURhL1lhVzVVR2Z2VXRuV3JqalEwTE9vcWs0cVNVUDlGSXZwZDJaTjk2VGVxc1YKb2VGR054VzIrWlUrcHFaZzZFNktXV1FWK3JXVmdWRXhQeUZ5MGNxd01hY0UwSVdBVmZURHFvdGVEUFBiUitTeApwVnEraG0xRjlZK3hrVy9lUkxQYUtCLzYwOWx5MncvUkRxR0FuYUFBejJWUm1Jd0txMUovY0VDVjNsTlhKbVpUCm5iR2huSkt1Nm1WM0VNRzd0YXRjYkUxOUZzbWZSY3hNOUtuR1ZiYTRRa1ZWMHJUN1g3RGk5VjdwVHVsUTNla3EKdEZxaGZUUWRtR3JMMERMeUE3YkNYekR6b25QbDE0eHYwSm5ybGVjWlpLZ2trZ0l3UGpmNnBENFZ1NnhFTFVXMwpRcUxna3JIRHI2RkJLN0pIaU1jN0MzVUNBd0VBQWFOV01GUXdEZ1lEVlIwUEFRSC9CQVFEQWdXZ01CTUdBMVVkCkpRUU1NQW9HQ0NzR0FRVUZCd01DTUF3R0ExVWRFd0VCL3dRQ01BQXdId1lEVlIwakJCZ3dGb0FVZjJGRmt4MzMKdDBRRE1aK0srdlJ0MG9vSHJqa3dEUVlKS29aSWh2Y05BUUVMQlFBRGdnSUJBQnNhODdMQTNhOGxVRjJIVzlSRAoxQ0o2aTNRbU5qNVpJdGk0amF0TVFlRzBOc1g1MXZ0cWROQVh4M1BwbmU4WUorbEdFWjNhZk9wVnNkRkdMWHROCml1RE1lWU0zenk1blVacTYwNkI2aUhlV1dVcTk0OVVtUTNFb25sUGl1NW4rbVhuYlU3UGwxRTlMVFFYUTZMd1gKTDJBaVJ2cVJyanZpdVZPOWZ1QlRxL0V5NnpSY3J2cVNUVVlpR3h5dzZ2Tnd1UmR4NUhIUmhnMGY3dm1vdHNyeApadXdFbW5QR3UyTUZrc0ZuZkJSOCtLdklrcURNdlZzbE8zeklLanV5UlFNQVRDYjJSUTVoMXFaYUdoZXlQWk1ICktJZUpaMFljc2tMeU02MXV0anRYeFZHUm00NkNnTW5BR2c3Vy8wclpic3FhaDJ5M0R3bDl6YUR6YkppVXhTTDQKYzNYZkJiQUc4MHpZdStwN3Jpd3VKYjJMckg0cDBoa0REMHVKVk52YjE1czNDSjR3S3hIWlJKcXFtOEcreFdDbwo3eVR0MjZMK21uK3JXbTZQVktaa1k0d3JXc0pKYUJkYXIvbXBmWG1LOWJPZzRQRjJsOHg2bEVUM0ZmbGtnSU5GCkN5T0t6OFZDbGpYbVZUbHpwaXFZYXMzeVlIaVRJUlBPM1pkQ1prcjJGbFpJUlJxbDRzdWFkbUNycjVUaEVtdzMKV3lEbEhFS2pXRzFCZkxlSzgrRFE5NUNJWEN4TU9COEJUNi9YenQyZkV2b3RSc2RNbGo1dXMyRzVOTllVWFVVZQpYQ3owMnAyeThQT2Q4VlV0Mmt4eWJlb1oyS3Z1Njd4bElXWGxiVWduVFd1d3JOeTRLT0FsUWtudlExNURsQ21uCnhOV3VSeTVUK2lsQ1cyQkQ1MkQyOUl4RwotLS0tLUVORCBDRVJUSUZJQ0FURS0tLS0tCg==\n    client-key-data: LS0tLS1CRUdJTiBSU0EgUFJJVkFURSBLRVktLS0tLQpNSUlKSndJQkFBS0NBZ0VBMVlNdXR2S3VRbFNzZ1NLSHpkbnRHTWRWMUgrTklVVHh3UXVMdzdDQWpSYVJkanovCkFSdWxoL2VKeE9wdUZwWlMraXQybGJ2R0tEekQrV3VScGRzOGR1dEcwZ05EOU44OWtpSnE4ZURkTVFEUE8wbWIKa3FjbWwzcG4xRDFLSEQ1NjlXTktxZWRISU5KWG9xWjgxMmd5NGV4Y2c3aTJmRGxHbGRPZEM3bjJLckJCNFd5ZwoxTXZxSE54VEEralQ0S1ZvTDlHMFJZN09vTExXUUhmYlNnMi9oWVFuN1ZyUTNhaWNYMC9SQzRibXNYd20vS3ZTCi9RQVJqcnY3MTFJNXBoWHVOck40ZWNlaEFiMVBveUJ5WVlMZU9HVGxUR3FIWStTaUxuZHJob05uMmNzOWswWHEKZ1o3L09rMTFYZllqMHZ6NjBubnBkUmV4RHpyYm5KOWhzWU1WK1E4SHlkZGRIYitRMk13REhFRGEvWWFXNVVHZgp2VXRuV3JqalEwTE9vcWs0cVNVUDlGSXZwZDJaTjk2VGVxc1ZvZUZHTnhXMitaVStwcVpnNkU2S1dXUVYrcldWCmdWRXhQeUZ5MGNxd01hY0UwSVdBVmZURHFvdGVEUFBiUitTeHBWcStobTFGOVkreGtXL2VSTFBhS0IvNjA5bHkKMncvUkRxR0FuYUFBejJWUm1Jd0txMUovY0VDVjNsTlhKbVpUbmJHaG5KS3U2bVYzRU1HN3RhdGNiRTE5RnNtZgpSY3hNOUtuR1ZiYTRRa1ZWMHJUN1g3RGk5VjdwVHVsUTNla3F0RnFoZlRRZG1HckwwREx5QTdiQ1h6RHpvblBsCjE0eHYwSm5ybGVjWlpLZ2trZ0l3UGpmNnBENFZ1NnhFTFVXM1FxTGdrckhEcjZGQks3SkhpTWM3QzNVQ0F3RUEKQVFLQ0FnQUZTWjFqakhrQ1RZU0VJaTNJekVmUjRFWGc0RlBIYWlTdWlqR280L3NiQTE4UTFZdmZKQ2NpU2VBUQpqMW13bDRKd2paai9Oa28rL3RvL21BbGdXU0NUTlZwb293b1F5MktEOXZROUR6dUxGaUVMcjlQNWVzZzY0aDRtCkpHcHNicU91NWdtWVVaRHlZQ01wZFFRTWRaa2svU3lCV3BheVZ0ekhveGoxakdKclJqZ3JjL3c3cU4wZ1g5aHkKZFZhaDdwYTQ4SEdOYzI3c2plRStjWGx0eVE5Z0tCaXhDUm01RTQ3ajBWODA4TjlQcitwclFYb1ZKK1pIYWFKZgovN3BMd2FsSGs0UTlSOU5WN3JGRk1lMkRPckYwSmhPRG8vTzhacElab24xNE5GTGpFdVJ3ZkQvRmZBR0lHUmo1Ci9ibC9aU0oxQ2UzZEozd01DNElheTl1b2dMMlBoTm9PWWsrTjg5aXdCQU13NXdVMHFvTzFXOFYxNnJNaThRN0kKZmM4aUpYOC9mUHE1Vkc4SWNld3F6ZXNuUlV4MU1SYnlkWHBIUEJldEh3M0JNQTRjVCsrTGFBbCtscktvOGhOOApIR1ZpZWc4M1hzM05MSkpEUFFZU1d0SlV3MjRFZENMOHdjaDRWZTkwc20vQlJ3NHRSYitPTFZMQitIdmE3T3VnCjJxYlFwdHVEMXBMR1hBNGVaVzVibXBFZkRSZlNHR21PdytOdUkyeVZYd3FDeEtWKzFpRTcyMy9wSDJXaXAyaGcKK3M0aldhN3RySWVzVW9pdk5PWWF4Z0JRSE1Nck9mN0ZzS0NaQ2hDVTlZZDZJVnpjSzBqbkZDNmxBMmEyNnRsYQowNGoxMkVZb0lvNjVDSHlLUVB2cUQ4SkdPZTE0RXdtVDZ3bkRsdkNHVnAybkxNZ28xUUtDQVFFQTdSb2xJNm14ClJxV2sxdFVHRHczS1pYSEtzRUdkTlNBbzllUFdyenRrZHg4SVlVbVMxcG5mcDRZdVp0L0M4R1hodUlEWUIxQlcKQ0N0eCtaRC8wRW5hU0dPY3RualduYUVjWitsQ3B0SnBTdmFLcnllSmJOR25SOEJLVDZrb1YxeUZCc210blZvTQozSkxuMXdhcHptNk54SjlxMkowaDUvZExSTm9ZY0JTYlhKNmJ2TGswMnRCNXkzQ1FsbitzNHVLdmc3VlpmTW9NCjNpcFk3M3hTS3ZpS1pOMXJ2UGZCTmxhOUpxZTdXQ0d0dzB3b2tkTGhIWkxaRy8vZ1phUzVIN3JjVjZ0WU9GTWcKaEZibFU3bWxVdWdYREQ4UTE3MS8wRXpvQUFMMjZwOGZ2ZWNKVS9VVXljak5CSEY3aU85bmVuVyt5d0lLK1ZmMAozVlJGWW9YNEVnMGhRd0tDQVFFQTVvZTEvcUl3ZUlDWTlETjJpU3NabnZUYmpvNlpNMHJnK05QMkJwOFVkSEY4CnhBNlMxQVFNYU1TSGUzNklMakNLY1o4ZERwbWh3ZTN5ZUU2SGhJT2g5YlN0NEEzbUl1SU9Hbm1aUVBmOGY4QngKWGtrSGR0ZGl6ZzU2dTI2WnJNR0J5RXNrdDhDcjZKKys2RzBGM21pTjZHV3NzSThyb2FYTjl5UWNhSm5ScVJZLwoxUTdBb084V3RNQXhDczRTS2k5SXJsODRtdFR1SFFnaSt4NXo0WU1KandVLy9iVFR1Qkg0UVM2aGNEeFZJS3c3CkJYTWdENXJxcEM4TElFbUsvRmNVM3RkSFRtVzYxUUlWbVpkZ242S0VzSnBUN0ZSUnU5MGorajJJU2tYLzh1cFkKSk41U2FHMElDaU0zMUdsd0hRSnI4aHVVWmtyU2VOT2VYUUhMb1pGWTV3S0NBUUJwckdKckg2RmtKRVZ3Zm1jQgo1SnFWVmY4SlNXVWduV0hFSGJTOFN0TS9DRFM2NzRpalh0ZEFtZHdxZTRZdGtLcm1pWDQrM0Q1THk5a3phcjJvCi9wRnIvQUdIamhuUkRWSlV1YkM4RzBGVWFNZHN3MGxMbDdGZm1FTkdkOVVFQXJkRFREVzEwTUcwdVVEZEpCb2cKYUVPRkk2d0NPUjQ0Zlk0dGRLcTVvV1dSQlJ2U0pCVjdoTGtUdytxZE9QQTcrdDVRN0UyakFZWjBxaGtUTzZ4LwpmR0JxRGdtTG9qeVoxRlRmV3BoejhpYTR5VU8zb200MHVSTk1tR0ZSeS9XNlA1VWUrYjRLOUhta29mbjVzOThNCk1XYThUWXRiTEJsQUpGYXVVcVByODltNDBMVG1sMitaYzRaMGVZT2VoMXp1Um5ZdmtveURqd0VTZUJHb2xKNzQKcEtOekFvSUJBQjloVDlQR2ppU0pGTWtCREZ5bG9rb3grSVVTUWlacVJlOTVJdDlKM2tYdmdOVkxTbzlUc2NDOQpKOWdXcEVEdFdKc1kxcUs3SlBxNkFpeUFQQkE4dnRvc2F4SzVzWjhEK0htQUhlMXJGRkxyaGtNWVc4ekFpdkdUCnBQOUlrZUNqUXFCYUlqaGxJTUY4cFVjTU9DVkxSQzNqVVR1RGNhUUNadVFDWlYrVHVLZDBvT0hHclUvNjI3TmwKQ2dmM2Z4K0E2anJhT1dGU0pNdU01UDRiNmhoRGR4U2gyVkVXd1U4b0d3djhaZnRhS3hoVWVZQkhhSkRYUEtOMgp4K1B3UHR3VW1vR3Ura1Rnc2lyMnFxd0tvQnQ2eXVjalN0TTdzeGlJaExJMm1Bdk1OWWdDZ0ZjY2NFbEl0alJ6CkVORjRQTXVtSGIyS0pZdzdHU1ZiWVE0MkJWc0w1dmNDZ2dFQVB1NWg2NVBib2pScEZaU0hHbUZEWHFFN3J1RUsKbStaeWdBTC9JU283aDRXOVdFM0xPU2VsVVdyc0R6aUlSbUwxZ0Ntd3ZaVDVHcVJMTnBPVjlKRGtzL2l5STdjVgppS1o5RnJXN1lEdEFGZ1pWbEMxdFVLdnozV1YrU20vMmxudEdobnJYZ1BKV1NFSDZEYnhQRnRBWFpSeCtqRlplCmI4dld3ZmVhNnV0ZThQNGFYUUFQVUlEM0hEMzd3NWY2cHZGZGFHTWJrVndYZXhaWVBtaUZZd2VDVjhuU0hrdFIKZHZ5WEpvL1VScVFyREt1eHdtcFlhRDNIdDhhNkwzcW9nRjlSNWJkcGVBRGVSdHZOWmpqWUl0OEViWmZIOG1IVwp0NG5sc1V0d1VlY2J1bWpoRk5mVzBGbWJTWlg4M3E2SXJYNkx1ZFh4ZEJ1SGduUmFUeExpRXAwZ2hnPT0KLS0tLS1FTkQgUlNBIFBSSVZBVEUgS0VZLS0tLS0K\n    token: whw2uyipk4nk6xsl75qz1rs802esk8k8wqd8jdfpmlx66nv04rjkiimjlz8eobrf7tmcqj9912ggunce2ogyuk5wrld3oggynd8v7u6hu1ky0ye7dy4vwgr95mqn7qe8\n",
            "kubelet_identity": [
              {
                "client_id": "7a8540e3-4ab4-41e2-bbf3-86a0091a9e1a",
                "object_id": "1129d753-7b33-475a-ba53-a7a9fb61c3c9",
                "user_assigned_identity_id": "/subscriptions/51dd222b-9d63-476c-9069-cd3b2a87f6e6/resourceGroups/MC_bidr-uat-k8s_BIDR-uat-aks-cluster_eastus/providers/Microsoft.ManagedIdentity/userAssignedIdentities/BIDR-uat-aks-cluster-agentpool"
              }
            ],
            "kubernetes_version": "1.30.14",
            "linux_profile": [],
            "local_account_disabled": false,
            "location": "eastus",
            "maintenance_window": [],
            "maintenance_window_auto_upgrade": [],
            "maintenance_window_node_os": [],
            "microsoft_defender": [],
            "monitor_metrics": [],
            "name": "BIDR-uat-aks-cluster",
            "network_profile": [
              {
                "dns_service_ip": "10.0.0.10",
                "docker_bridge_cidr": "",
                "ebpf_data_plane": "",
                "ip_versions": [
                  "IPv4"
                ],
                "load_balancer_profile": [
                  {
                    "effective_outbound_ips": [
                      "/subscriptions/51dd222b-9d63-476c-9069-cd3b2a87f6e6/resourceGroups/MC_bidr-uat-k8s_BIDR-uat-aks-cluster_eastus/providers/Microsoft.Network/publicIPAddresses/e38413a7-e38d-4ab5-81ff-a925b8d19a01"
                    ],
                    "idle_timeout_in_minutes": 0,
                    "managed_outbound_ip_count": 1,
                    "managed_outbound_ipv6_count": 0,
                    "outbound_ip_address_ids": [],
                    "outbound_ip_prefix_ids": [],
                    "outbound_ports_allocated": 0
                  }
                ],
                "load_balancer_sku": "standard",
                "nat_gateway_profile": [],
                "network_data_plane": "azure",
                "network_mode": "",
                "network_plugin": "kubenet",
                "network_plugin_mode": "",
                "network_policy": "calico",
                "outbound_ip_address_ids": [],
                "outbound_ip_prefix_ids": [],
                "outbound_type": "loadBalancer",
                "pod_cidr": "10.244.0.0/16",
                "pod_cidrs": [
                  "10.244.0.0/16"
                ],
                "service_cidr": "10.0.0.0/16",
                "service_cidrs": [
                  "10.0.0.0/16"
                ]
              }
            ],
            "node_os_channel_upgrade": null,
            "node_resource_group": "MC_bidr-uat-k8s_BIDR-uat-aks-cluster_eastus",
            "node_resource_group_id": "/subscriptions/51dd222b-9d63-476c-9069-cd3b2a87f6e6/resourceGroups/MC_bidr-uat-k8s_BIDR-uat-aks-cluster_eastus",
            "oidc_issuer_enabled": false,
            "oidc_issuer_url": "",
            "oms_agent": [],
            "open_service_mesh_enabled": null,
            "portal_fqdn": "bidr-uat-aks-cluster-dns-uolg7iux.portal.hcp.eastus.azmk8s.io",
            "private_cluster_enabled": false,
            "private_cluster_public_fqdn_enabled": false,
            "private_dns_zone_id": "",
            "private_fqdn": "",
            "public_network_access_enabled": true,
            "resource_group_name": "bidr-uat-k8s",
            "role_based_access_control_enabled": true,
            "run_command_enabled": true,
            "service_mesh_profile": [],
            "service_principal": [],
            "sku_tier": "Free",
            "storage_profile": [],
            "support_plan": "KubernetesOfficial",
            "tags": {
              "Environment": "uat",
              "ManagedBy": "Terraform",
              "Project": "BIDR"
            },
            "timeouts": null,
            "web_app_routing": [],
            "windows_profile": [],
            "workload_autoscaler_profile": [],
            "workload_identity_enabled": false
          },
          "sensitive_attributes": [
            [
              {
                "type": "get_attr",
                "value": "kube_admin_config"
              }
            ],
            [
              {
                "type": "get_attr",
                "value": "kube_admin_config_raw"
              }
            ],
            [
              {
                "type": "get_attr",
                "value": "kube_config"
              }
            ],
            [
              {
                "type": "get_attr",
                "value": "kube_config_raw"
              }
            ]
          ],
          "identity_schema_version": 0,
          "private": "eyJlMmJmYjczMC1lY2FhLTExZTYtOGY4OC0zNDM2M2JjN2M0YzAiOnsiY3JlYXRlIjo1NDAwMDAwMDAwMDAwLCJkZWxldGUiOjU0MDAwMDAwMDAwMDAsInJlYWQiOjMwMDAwMDAwMDAwMCwidXBkYXRlIjo1NDAwMDAwMDAwMDAwfSwic2NoZW1hX3ZlcnNpb24iOiIyIn0=",
          "dependencies": [
            "azurerm_resource_group.bidr"
          ]
        }
      ]
    },
    {
      "mode": "managed",
      "type": "azurerm_log_analytics_workspace",
      "name": "bidr",
      "provider": "provider[\"registry.terraform.io/hashicorp/azurerm\"]",
      "instances": [
        {
          "schema_version": 3,
          "attributes": {
            "allow_resource_only_permissions": true,
            "cmk_for_query_forced": false,
            "daily_quota_gb": -1,
            "data_collection_rule_id": "",
            "id": "/subscriptions/51dd222b-9d63-476c-9069-cd3b2a87f6e6/resourceGroups/bidr-uat-k8s/providers/Microsoft.OperationalInsights/workspaces/BIDR-uat-aks-cluster-logs",
            "identity": [],
            "immediate_data_purge_on_30_days_enabled": false,
            "internet_ingestion_enabled": true,
            "internet_query_enabled": true,
            "local_authentication_disabled": false,
            "location": "eastus",
            "name": "BIDR-uat-aks-cluster-logs",
            "primary_shared_key": "LaVr5+7pc9BGHdVA+2xFLNebIMYw1unUmVbEy9ZvHa1E76eZLNBkAQ1V3HVgxPNd2oFUiB4Bc5uFGi54QjWYTw==",
            "reservation_capacity_in_gb_per_day": null,
            "resource_group_name": "bidr-uat-k8s",
            "retention_in_days": 30,
            "secondary_shared_key": "7MJfmFSySCDerb2Bq5vHBZ2S9PzDGgRtFUM6mG/uRQoBLzhNZCrKeCy7r0I6WN7Xh5Hf3lHMFOZbUKn9UBNWow==",
            "sku": "PerGB2018",
            "tags": {
              "Environment": "uat",
              "ManagedBy": "Terraform",
              "Project": "BIDR"
            },
            "timeouts": null,
            "workspace_id": "876799f2-c0d9-4fac-94be-5a1332fad1a9"
          },
          "sensitive_attributes": [
            [
              {
                "type": "get_attr",
                "value": "primary_shared_key"
              }
            ],
            [
              {
                "type": "get_attr",
                "value": "secondary_shared_key"
              }
            ]
          ],
          "identity_schema_version": 0,
          "private": "eyJlMmJmYjczMC1lY2FhLTExZTYtOGY4OC0zNDM2M2JjN2M0YzAiOnsiY3JlYXRlIjoxODAwMDAwMDAwMDAwLCJkZWxldGUiOjE4MDAwMDAwMDAwMDAsInJlYWQiOjMwMDAwMDAwMDAwMCwidXBkYXRlIjoxODAwMDAwMDAwMDAwfSwic2NoZW1hX3ZlcnNpb24iOiIzIn0=",
          "dependencies": [
            "azurerm_resource_group.bidr"
          ]
        }
      ]
    },
    {
      "mode": "managed",
      "type": "azurerm_network_security_group",
      "name": "nginx_proxy",
      "provider": "provider[\"registry.terraform.io/hashicorp/azurerm\"]",
      "instances": [
        {
          "schema_version": 0,
          "attributes": {
            "id": "/subscriptions/51dd222b-9d63-476c-9069-cd3b2a87f6e6/resourceGroups/bidr-uat-k8s/providers/Microsoft.Network/networkSecurityGroups/BIDR-uat-aks-cluster-nginx-nsg",
            "location": "eastus",
            "name": "BIDR-uat-aks-cluster-nginx-nsg",
            "resource_group_name": "bidr-uat-k8s",
            "security_rule": [
              {
                "access": "Allow",
                "description": "",
                "destination_address_prefix": "*",
                "destination_address_prefixes": [],
                "destination_application_security_group_ids": [],
                "destination_port_range": "22",
                "destination_port_ranges": [],
                "direction": "Inbound",
                "name": "SSH",
                "priority": 1003,
                "protocol": "Tcp",
                "source_address_prefix": "*",
                "source_address_prefixes": [],
                "source_application_security_group_ids": [],
                "source_port_range": "*",
                "source_port_ranges": []
              },
              {
                "access": "Allow",
                "description": "",
                "destination_address_prefix": "*",
                "destination_address_prefixes": [],
                "destination_application_security_group_ids": [],
                "destination_port_range": "443",
                "destination_port_ranges": [],
                "direction": "Inbound",
                "name": "HTTPS",
                "priority": 1002,
                "protocol": "Tcp",
                "source_address_prefix": "*",
                "source_address_prefixes": [],
                "source_application_security_group_ids": [],
                "source_port_range": "*",
                "source_port_ranges": []
              },
              {
                "access": "Allow",
                "description": "",
                "destination_address_prefix": "*",
                "destination_address_prefixes": [],
                "destination_application_security_group_ids": [],
                "destination_port_range": "80",
                "destination_port_ranges": [],
                "direction": "Inbound",
                "name": "HTTP",
                "priority": 1001,
                "protocol": "Tcp",
                "source_address_prefix": "*",
                "source_address_prefixes": [],
                "source_application_security_group_ids": [],
                "source_port_range": "*",
                "source_port_ranges": []
              }
            ],
            "tags": {
              "Environment": "uat",
              "ManagedBy": "Terraform",
              "Project": "BIDR"
            },
            "timeouts": null
          },
          "sensitive_attributes": [],
          "identity_schema_version": 0,
          "private": "eyJlMmJmYjczMC1lY2FhLTExZTYtOGY4OC0zNDM2M2JjN2M0YzAiOnsiY3JlYXRlIjoxODAwMDAwMDAwMDAwLCJkZWxldGUiOjE4MDAwMDAwMDAwMDAsInJlYWQiOjMwMDAwMDAwMDAwMCwidXBkYXRlIjoxODAwMDAwMDAwMDAwfX0=",
          "dependencies": [
            "azurerm_resource_group.bidr"
          ]
        }
      ]
    },
    {
      "mode": "managed",
      "type": "azurerm_private_dns_zone",
      "name": "postgresql",
      "provider": "provider[\"registry.terraform.io/hashicorp/azurerm\"]",
      "instances": [
        {
          "schema_version": 0,
          "attributes": {
            "id": "/subscriptions/51dd222b-9d63-476c-9069-cd3b2a87f6e6/resourceGroups/bidr-uat-k8s/providers/Microsoft.Network/privateDnsZones/BIDR-uat-aks-cluster-pdz.postgres.database.azure.com",
            "max_number_of_record_sets": 25000,
            "max_number_of_virtual_network_links": 1000,
            "max_number_of_virtual_network_links_with_registration": 100,
            "name": "BIDR-uat-aks-cluster-pdz.postgres.database.azure.com",
            "number_of_record_sets": 2,
            "resource_group_name": "bidr-uat-k8s",
            "soa_record": [
              {
                "email": "azureprivatedns-host.microsoft.com",
                "expire_time": 2419200,
                "fqdn": "bidr-uat-aks-cluster-pdz.postgres.database.azure.com.",
                "host_name": "azureprivatedns.net",
                "minimum_ttl": 10,
                "refresh_time": 3600,
                "retry_time": 300,
                "serial_number": 1,
                "tags": {},
                "ttl": 3600
              }
            ],
            "tags": {
              "Environment": "uat",
              "ManagedBy": "Terraform",
              "Project": "BIDR"
            },
            "timeouts": null
          },
          "sensitive_attributes": [],
          "identity_schema_version": 0,
          "private": "eyJlMmJmYjczMC1lY2FhLTExZTYtOGY4OC0zNDM2M2JjN2M0YzAiOnsiY3JlYXRlIjoxODAwMDAwMDAwMDAwLCJkZWxldGUiOjE4MDAwMDAwMDAwMDAsInJlYWQiOjMwMDAwMDAwMDAwMCwidXBkYXRlIjoxODAwMDAwMDAwMDAwfX0=",
          "dependencies": [
            "azurerm_resource_group.bidr"
          ]
        }
      ]
    },
    {
      "mode": "managed",
      "type": "azurerm_public_ip",
      "name": "load_balancer",
      "provider": "provider[\"registry.terraform.io/hashicorp/azurerm\"]",
      "instances": [
        {
          "schema_version": 0,
          "attributes": {
            "allocation_method": "Static",
            "ddos_protection_mode": "VirtualNetworkInherited",
            "ddos_protection_plan_id": null,
            "domain_name_label": null,
            "edge_zone": "",
            "fqdn": null,
            "id": "/subscriptions/51dd222b-9d63-476c-9069-cd3b2a87f6e6/resourceGroups/bidr-uat-k8s/providers/Microsoft.Network/publicIPAddresses/BIDR-uat-aks-cluster-lb-ip",
            "idle_timeout_in_minutes": 4,
            "ip_address": "20.51.142.175",
            "ip_tags": null,
            "ip_version": "IPv4",
            "location": "eastus",
            "name": "BIDR-uat-aks-cluster-lb-ip",
            "public_ip_prefix_id": null,
            "resource_group_name": "bidr-uat-k8s",
            "reverse_fqdn": null,
            "sku": "Standard",
            "sku_tier": "Regional",
            "tags": {
              "Environment": "uat",
              "ManagedBy": "Terraform",
              "Project": "BIDR"
            },
            "timeouts": null,
            "zones": null
          },
          "sensitive_attributes": [],
          "identity_schema_version": 0,
          "private": "eyJlMmJmYjczMC1lY2FhLTExZTYtOGY4OC0zNDM2M2JjN2M0YzAiOnsiY3JlYXRlIjoxODAwMDAwMDAwMDAwLCJkZWxldGUiOjE4MDAwMDAwMDAwMDAsInJlYWQiOjMwMDAwMDAwMDAwMCwidXBkYXRlIjoxODAwMDAwMDAwMDAwfX0=",
          "dependencies": [
            "azurerm_resource_group.bidr"
          ]
        }
      ]
    },
    {
      "mode": "managed",
      "type": "azurerm_redis_cache",
      "name": "bidr",
      "provider": "provider[\"registry.terraform.io/hashicorp/azurerm\"]",
      "instances": []
    },
    {
      "mode": "managed",
      "type": "azurerm_resource_group",
      "name": "bidr",
      "provider": "provider[\"registry.terraform.io/hashicorp/azurerm\"]",
      "instances": [
        {
          "schema_version": 0,
          "attributes": {
            "id": "/subscriptions/51dd222b-9d63-476c-9069-cd3b2a87f6e6/resourceGroups/bidr-uat-k8s",
            "location": "eastus",
            "managed_by": "",
            "name": "bidr-uat-k8s",
            "tags": {
              "Environment": "uat",
              "ManagedBy": "Terraform",
              "Project": "BIDR"
            },
            "timeouts": null
          },
          "sensitive_attributes": [],
          "identity_schema_version": 0,
          "private": "eyJlMmJmYjczMC1lY2FhLTExZTYtOGY4OC0zNDM2M2JjN2M0YzAiOnsiY3JlYXRlIjo1NDAwMDAwMDAwMDAwLCJkZWxldGUiOjU0MDAwMDAwMDAwMDAsInJlYWQiOjMwMDAwMDAwMDAwMCwidXBkYXRlIjo1NDAwMDAwMDAwMDAwfX0="
        }
      ]
    },
    {
      "mode": "managed",
      "type": "azurerm_role_assignment",
      "name": "aks_keyvault_secrets_user",
      "provider": "provider[\"registry.terraform.io/hashicorp/azurerm\"]",
      "instances": [
        {
          "schema_version": 0,
          "attributes": {
            "condition": "",
            "condition_version": "",
            "delegated_managed_identity_resource_id": "",
            "description": "",
            "id": "/subscriptions/51dd222b-9d63-476c-9069-cd3b2a87f6e6/resourceGroups/bidr-uat-k8s/providers/Microsoft.KeyVault/vaults/bidr-uat-vault-2024/providers/Microsoft.Authorization/roleAssignments/7ae06860-90cc-ce52-5e46-c6282bd3ec5c",
            "name": "7ae06860-90cc-ce52-5e46-c6282bd3ec5c",
            "principal_id": "6431d50a-5930-4ccb-af38-a93a4b72019f",
            "principal_type": "ServicePrincipal",
            "role_definition_id": "/subscriptions/51dd222b-9d63-476c-9069-cd3b2a87f6e6/providers/Microsoft.Authorization/roleDefinitions/4633458b-17de-408a-b874-0445c86b69e6",
            "role_definition_name": "Key Vault Secrets User",
            "scope": "/subscriptions/51dd222b-9d63-476c-9069-cd3b2a87f6e6/resourceGroups/bidr-uat-k8s/providers/Microsoft.KeyVault/vaults/bidr-uat-vault-2024",
            "skip_service_principal_aad_check": null,
            "timeouts": null
          },
          "sensitive_attributes": [],
          "identity_schema_version": 0,
          "private": "eyJlMmJmYjczMC1lY2FhLTExZTYtOGY4OC0zNDM2M2JjN2M0YzAiOnsiY3JlYXRlIjoxODAwMDAwMDAwMDAwLCJkZWxldGUiOjE4MDAwMDAwMDAwMDAsInJlYWQiOjMwMDAwMDAwMDAwMH19",
          "dependencies": [
            "azurerm_key_vault.bidr",
            "azurerm_kubernetes_cluster.bidr",
            "azurerm_resource_group.bidr",
            "data.azurerm_client_config.current"
          ]
        }
      ]
    },
    {
      "mode": "managed",
      "type": "azurerm_role_assignment",
      "name": "current_user_keyvault_admin",
      "provider": "provider[\"registry.terraform.io/hashicorp/azurerm\"]",
      "instances": [
        {
          "schema_version": 0,
          "attributes": {
            "condition": "",
            "condition_version": "",
            "delegated_managed_identity_resource_id": "",
            "description": "",
            "id": "/subscriptions/51dd222b-9d63-476c-9069-cd3b2a87f6e6/resourceGroups/bidr-uat-k8s/providers/Microsoft.KeyVault/vaults/bidr-uat-vault-2024/providers/Microsoft.Authorization/roleAssignments/74f40042-07df-f45e-a81e-0dc7aa2143da",
            "name": "74f40042-07df-f45e-a81e-0dc7aa2143da",
            "principal_id": "cbe442c1-96a2-4379-8523-06d9a9f4fdcd",
            "principal_type": "User",
            "role_definition_id": "/subscriptions/51dd222b-9d63-476c-9069-cd3b2a87f6e6/providers/Microsoft.Authorization/roleDefinitions/00482a5a-887f-4fb3-b363-3b7fe8e74483",
            "role_definition_name": "Key Vault Administrator",
            "scope": "/subscriptions/51dd222b-9d63-476c-9069-cd3b2a87f6e6/resourceGroups/bidr-uat-k8s/providers/Microsoft.KeyVault/vaults/bidr-uat-vault-2024",
            "skip_service_principal_aad_check": null,
            "timeouts": null
          },
          "sensitive_attributes": [],
          "identity_schema_version": 0,
          "private": "eyJlMmJmYjczMC1lY2FhLTExZTYtOGY4OC0zNDM2M2JjN2M0YzAiOnsiY3JlYXRlIjoxODAwMDAwMDAwMDAwLCJkZWxldGUiOjE4MDAwMDAwMDAwMDAsInJlYWQiOjMwMDAwMDAwMDAwMH19",
          "dependencies": [
            "azurerm_key_vault.bidr",
            "azurerm_resource_group.bidr",
            "data.azurerm_client_config.current"
          ]
        }
      ]
    },
    {
      "mode": "managed",
      "type": "azurerm_storage_account",
      "name": "bidr",
      "provider": "provider[\"registry.terraform.io/hashicorp/azurerm\"]",
      "instances": [
        {
          "status": "tainted",
          "schema_version": 4,
          "attributes": {
            "access_tier": null,
            "account_kind": "StorageV2",
            "account_replication_type": "LRS",
            "account_tier": "Standard",
            "allow_nested_items_to_be_public": true,
            "allowed_copy_scope": null,
            "azure_files_authentication": [],
            "blob_properties": [
              {
                "change_feed_enabled": false,
                "change_feed_retention_in_days": 0,
                "container_delete_retention_policy": [],
                "cors_rule": [
                  {
                    "allowed_headers": [
                      "*"
                    ],
                    "allowed_methods": [
                      "GET",
                      "HEAD",
                      "POST",
                      "PUT"
                    ],
                    "allowed_origins": [
                      "*"
                    ],
                    "exposed_headers": [
                      "*"
                    ],
                    "max_age_in_seconds": 300
                  }
                ],
                "default_service_version": "",
                "delete_retention_policy": [],
                "last_access_time_enabled": false,
                "restore_policy": [],
                "versioning_enabled": false
              }
            ],
            "cross_tenant_replication_enabled": true,
            "custom_domain": [],
            "customer_managed_key": [],
            "default_to_oauth_authentication": false,
            "dns_endpoint_type": "Standard",
            "edge_zone": null,
            "enable_https_traffic_only": null,
            "https_traffic_only_enabled": null,
            "id": "/subscriptions/51dd222b-9d63-476c-9069-cd3b2a87f6e6/resourceGroups/bidr-uat-k8s/providers/Microsoft.Storage/storageAccounts/bidruataksclusterstorage",
            "identity": [],
            "immutability_policy": [],
            "infrastructure_encryption_enabled": false,
            "is_hns_enabled": false,
            "large_file_share_enabled": null,
            "local_user_enabled": true,
            "location": "eastus",
            "min_tls_version": "TLS1_2",
            "name": "bidruataksclusterstorage",
            "network_rules": null,
            "nfsv3_enabled": false,
            "primary_access_key": null,
            "primary_blob_connection_string": null,
            "primary_blob_endpoint": null,
            "primary_blob_host": null,
            "primary_blob_internet_endpoint": null,
            "primary_blob_internet_host": null,
            "primary_blob_microsoft_endpoint": null,
            "primary_blob_microsoft_host": null,
            "primary_connection_string": null,
            "primary_dfs_endpoint": null,
            "primary_dfs_host": null,
            "primary_dfs_internet_endpoint": null,
            "primary_dfs_internet_host": null,
            "primary_dfs_microsoft_endpoint": null,
            "primary_dfs_microsoft_host": null,
            "primary_file_endpoint": null,
            "primary_file_host": null,
            "primary_file_internet_endpoint": null,
            "primary_file_internet_host": null,
            "primary_file_microsoft_endpoint": null,
            "primary_file_microsoft_host": null,
            "primary_location": null,
            "primary_queue_endpoint": null,
            "primary_queue_host": null,
            "primary_queue_microsoft_endpoint": null,
            "primary_queue_microsoft_host": null,
            "primary_table_endpoint": null,
            "primary_table_host": null,
            "primary_table_microsoft_endpoint": null,
            "primary_table_microsoft_host": null,
            "primary_web_endpoint": null,
            "primary_web_host": null,
            "primary_web_internet_endpoint": null,
            "primary_web_internet_host": null,
            "primary_web_microsoft_endpoint": null,
            "primary_web_microsoft_host": null,
            "public_network_access_enabled": true,
            "queue_encryption_key_type": "Service",
            "queue_properties": null,
            "resource_group_name": "bidr-uat-k8s",
            "routing": null,
            "sas_policy": [],
            "secondary_access_key": null,
            "secondary_blob_connection_string": null,
            "secondary_blob_endpoint": null,
            "secondary_blob_host": null,
            "secondary_blob_internet_endpoint": null,
            "secondary_blob_internet_host": null,
            "secondary_blob_microsoft_endpoint": null,
            "secondary_blob_microsoft_host": null,
            "secondary_connection_string": null,
            "secondary_dfs_endpoint": null,
            "secondary_dfs_host": null,
            "secondary_dfs_internet_endpoint": null,
            "secondary_dfs_internet_host": null,
            "secondary_dfs_microsoft_endpoint": null,
            "secondary_dfs_microsoft_host": null,
            "secondary_file_endpoint": null,
            "secondary_file_host": null,
            "secondary_file_internet_endpoint": null,
            "secondary_file_internet_host": null,
            "secondary_file_microsoft_endpoint": null,
            "secondary_file_microsoft_host": null,
            "secondary_location": null,
            "secondary_queue_endpoint": null,
            "secondary_queue_host": null,
            "secondary_queue_microsoft_endpoint": null,
            "secondary_queue_microsoft_host": null,
            "secondary_table_endpoint": null,
            "secondary_table_host": null,
            "secondary_table_microsoft_endpoint": null,
            "secondary_table_microsoft_host": null,
            "secondary_web_endpoint": null,
            "secondary_web_host": null,
            "secondary_web_internet_endpoint": null,
            "secondary_web_internet_host": null,
            "secondary_web_microsoft_endpoint": null,
            "secondary_web_microsoft_host": null,
            "sftp_enabled": false,
            "share_properties": null,
            "shared_access_key_enabled": true,
            "static_website": null,
            "table_encryption_key_type": "Service",
            "tags": {
              "Environment": "uat",
              "ManagedBy": "Terraform",
              "Project": "BIDR"
            },
            "timeouts": null
          },
          "sensitive_attributes": [
            [
              {
                "type": "get_attr",
                "value": "primary_access_key"
              }
            ],
            [
              {
                "type": "get_attr",
                "value": "primary_blob_connection_string"
              }
            ],
            [
              {
                "type": "get_attr",
                "value": "primary_connection_string"
              }
            ],
            [
              {
                "type": "get_attr",
                "value": "secondary_access_key"
              }
            ],
            [
              {
                "type": "get_attr",
                "value": "secondary_blob_connection_string"
              }
            ],
            [
              {
                "type": "get_attr",
                "value": "secondary_connection_string"
              }
            ]
          ],
          "identity_schema_version": 0,
          "private": "eyJlMmJmYjczMC1lY2FhLTExZTYtOGY4OC0zNDM2M2JjN2M0YzAiOnsiY3JlYXRlIjozNjAwMDAwMDAwMDAwLCJkZWxldGUiOjM2MDAwMDAwMDAwMDAsInJlYWQiOjMwMDAwMDAwMDAwMCwidXBkYXRlIjozNjAwMDAwMDAwMDAwfSwic2NoZW1hX3ZlcnNpb24iOiI0In0=",
          "dependencies": [
            "azurerm_resource_group.bidr"
          ]
        }
      ]
    },
    {
      "mode": "managed",
      "type": "azurerm_subnet",
      "name": "aks",
      "provider": "provider[\"registry.terraform.io/hashicorp/azurerm\"]",
      "instances": [
        {
          "schema_version": 0,
          "attributes": {
            "address_prefixes": [
              "10.0.1.0/24"
            ],
            "default_outbound_access_enabled": true,
            "delegation": [],
            "enforce_private_link_endpoint_network_policies": false,
            "enforce_private_link_service_network_policies": false,
            "id": "/subscriptions/51dd222b-9d63-476c-9069-cd3b2a87f6e6/resourceGroups/bidr-uat-k8s/providers/Microsoft.Network/virtualNetworks/BIDR-uat-aks-cluster-vnet/subnets/BIDR-uat-aks-cluster-aks-subnet",
            "name": "BIDR-uat-aks-cluster-aks-subnet",
            "private_endpoint_network_policies": "Enabled",
            "private_endpoint_network_policies_enabled": true,
            "private_link_service_network_policies_enabled": true,
            "resource_group_name": "bidr-uat-k8s",
            "service_endpoint_policy_ids": [],
            "service_endpoints": [],
            "timeouts": null,
            "virtual_network_name": "BIDR-uat-aks-cluster-vnet"
          },
          "sensitive_attributes": [],
          "identity_schema_version": 0,
          "private": "eyJlMmJmYjczMC1lY2FhLTExZTYtOGY4OC0zNDM2M2JjN2M0YzAiOnsiY3JlYXRlIjoxODAwMDAwMDAwMDAwLCJkZWxldGUiOjE4MDAwMDAwMDAwMDAsInJlYWQiOjMwMDAwMDAwMDAwMCwidXBkYXRlIjoxODAwMDAwMDAwMDAwfX0=",
          "dependencies": [
            "azurerm_resource_group.bidr",
            "azurerm_virtual_network.bidr"
          ]
        }
      ]
    },
    {
      "mode": "managed",
      "type": "azurerm_subnet",
      "name": "database",
      "provider": "provider[\"registry.terraform.io/hashicorp/azurerm\"]",
      "instances": [
        {
          "schema_version": 0,
          "attributes": {
            "address_prefixes": [
              "10.0.2.0/24"
            ],
            "default_outbound_access_enabled": true,
            "delegation": [
              {
                "name": "fs",
                "service_delegation": [
                  {
                    "actions": [
                      "Microsoft.Network/virtualNetworks/subnets/join/action"
                    ],
                    "name": "Microsoft.DBforPostgreSQL/flexibleServers"
                  }
                ]
              }
            ],
            "enforce_private_link_endpoint_network_policies": false,
            "enforce_private_link_service_network_policies": false,
            "id": "/subscriptions/51dd222b-9d63-476c-9069-cd3b2a87f6e6/resourceGroups/bidr-uat-k8s/providers/Microsoft.Network/virtualNetworks/BIDR-uat-aks-cluster-vnet/subnets/BIDR-uat-aks-cluster-db-subnet",
            "name": "BIDR-uat-aks-cluster-db-subnet",
            "private_endpoint_network_policies": "Enabled",
            "private_endpoint_network_policies_enabled": true,
            "private_link_service_network_policies_enabled": true,
            "resource_group_name": "bidr-uat-k8s",
            "service_endpoint_policy_ids": [],
            "service_endpoints": [],
            "timeouts": null,
            "virtual_network_name": "BIDR-uat-aks-cluster-vnet"
          },
          "sensitive_attributes": [],
          "identity_schema_version": 0,
          "private": "eyJlMmJmYjczMC1lY2FhLTExZTYtOGY4OC0zNDM2M2JjN2M0YzAiOnsiY3JlYXRlIjoxODAwMDAwMDAwMDAwLCJkZWxldGUiOjE4MDAwMDAwMDAwMDAsInJlYWQiOjMwMDAwMDAwMDAwMCwidXBkYXRlIjoxODAwMDAwMDAwMDAwfX0=",
          "dependencies": [
            "azurerm_resource_group.bidr",
            "azurerm_virtual_network.bidr"
          ]
        }
      ]
    },
    {
      "mode": "managed",
      "type": "azurerm_virtual_network",
      "name": "bidr",
      "provider": "provider[\"registry.terraform.io/hashicorp/azurerm\"]",
      "instances": [
        {
          "schema_version": 0,
          "attributes": {
            "address_space": [
              "10.0.0.0/16"
            ],
            "bgp_community": "",
            "ddos_protection_plan": [],
            "dns_servers": [],
            "edge_zone": "",
            "encryption": [],
            "flow_timeout_in_minutes": 0,
            "guid": "cdfbc66f-e44e-466b-b054-d098d571f8df",
            "id": "/subscriptions/51dd222b-9d63-476c-9069-cd3b2a87f6e6/resourceGroups/bidr-uat-k8s/providers/Microsoft.Network/virtualNetworks/BIDR-uat-aks-cluster-vnet",
            "location": "eastus",
            "name": "BIDR-uat-aks-cluster-vnet",
            "resource_group_name": "bidr-uat-k8s",
            "subnet": [],
            "tags": {
              "Environment": "uat",
              "ManagedBy": "Terraform",
              "Project": "BIDR"
            },
            "timeouts": null
          },
          "sensitive_attributes": [],
          "identity_schema_version": 0,
          "private": "eyJlMmJmYjczMC1lY2FhLTExZTYtOGY4OC0zNDM2M2JjN2M0YzAiOnsiY3JlYXRlIjoxODAwMDAwMDAwMDAwLCJkZWxldGUiOjE4MDAwMDAwMDAwMDAsInJlYWQiOjMwMDAwMDAwMDAwMCwidXBkYXRlIjoxODAwMDAwMDAwMDAwfX0=",
          "dependencies": [
            "azurerm_resource_group.bidr"
          ]
        }
      ]
    },
    {
      "mode": "managed",
      "type": "random_password",
      "name": "admin_password",
      "provider": "provider[\"registry.terraform.io/hashicorp/random\"]",
      "instances": [
        {
          "schema_version": 3,
          "attributes": {
            "bcrypt_hash": "$2a$10$D0XTz8jJNGDnwfqFiUMG7uCMrNQfV3W0wlTNpxC6X2lbLz1VVwbtG",
            "id": "none",
            "keepers": null,
            "length": 16,
            "lower": true,
            "min_lower": 0,
            "min_numeric": 0,
            "min_special": 0,
            "min_upper": 0,
            "number": true,
            "numeric": true,
            "override_special": null,
            "result": "hS?K4F-k$}Q550Vf",
            "special": true,
            "upper": true
          },
          "sensitive_attributes": [
            [
              {
                "type": "get_attr",
                "value": "bcrypt_hash"
              }
            ],
            [
              {
                "type": "get_attr",
                "value": "result"
              }
            ]
          ],
          "identity_schema_version": 0
        }
      ]
    },
    {
      "mode": "managed",
      "type": "random_password",
      "name": "database_password",
      "provider": "provider[\"registry.terraform.io/hashicorp/random\"]",
      "instances": [
        {
          "schema_version": 3,
          "attributes": {
            "bcrypt_hash": "$2a$10$GQ72r1cbEfgmjIXdZv9dxuTzxbwVDd2eZ26p5wQTAvf4cWy1NGdJ6",
            "id": "none",
            "keepers": null,
            "length": 32,
            "lower": true,
            "min_lower": 0,
            "min_numeric": 0,
            "min_special": 0,
            "min_upper": 0,
            "number": true,
            "numeric": true,
            "override_special": null,
            "result": "bpx}h=WY3lTlhnOCh4S6#D(wk$E$C0o:",
            "special": true,
            "upper": true
          },
          "sensitive_attributes": [
            [
              {
                "type": "get_attr",
                "value": "bcrypt_hash"
              }
            ],
            [
              {
                "type": "get_attr",
                "value": "result"
              }
            ]
          ],
          "identity_schema_version": 0
        }
      ]
    },
    {
      "mode": "managed",
      "type": "random_password",
      "name": "django_secret_key",
      "provider": "provider[\"registry.terraform.io/hashicorp/random\"]",
      "instances": [
        {
          "schema_version": 3,
          "attributes": {
            "bcrypt_hash": "$2a$10$r.JK8rbeo5.VHWmnM4AhLuV8UnQyXBPxgJM5HxIuMNTsE95czlNHa",
            "id": "none",
            "keepers": null,
            "length": 50,
            "lower": true,
            "min_lower": 0,
            "min_numeric": 0,
            "min_special": 0,
            "min_upper": 0,
            "number": true,
            "numeric": true,
            "override_special": null,
            "result": "ftOPbs\u003eb+-ec1]8ssf@\u0026{!2lk_-J@B_g1[7aDWmGVh$TOVN@#%",
            "special": true,
            "upper": true
          },
          "sensitive_attributes": [
            [
              {
                "type": "get_attr",
                "value": "bcrypt_hash"
              }
            ],
            [
              {
                "type": "get_attr",
                "value": "result"
              }
            ]
          ],
          "identity_schema_version": 0
        }
      ]
    },
    {
      "mode": "managed",
      "type": "random_password",
      "name": "redis_password",
      "provider": "provider[\"registry.terraform.io/hashicorp/random\"]",
      "instances": [
        {
          "schema_version": 3,
          "attributes": {
            "bcrypt_hash": "$2a$10$iA3Pz.7s7mhjx2oC4bdevePJGQ8Uavh1Gop640nCR/uVMtpWRr2n2",
            "id": "none",
            "keepers": null,
            "length": 32,
            "lower": true,
            "min_lower": 0,
            "min_numeric": 0,
            "min_special": 0,
            "min_upper": 0,
            "number": true,
            "numeric": true,
            "override_special": null,
            "result": "ntYJ40vURxWUlaS2URD4erFe1vruIIn9",
            "special": false,
            "upper": true
          },
          "sensitive_attributes": [
            [
              {
                "type": "get_attr",
                "value": "bcrypt_hash"
              }
            ],
            [
              {
                "type": "get_attr",
                "value": "result"
              }
            ]
          ],
          "identity_schema_version": 0
        }
      ]
    },
    {
      "mode": "managed",
      "type": "random_password",
      "name": "service_admin_passwords",
      "provider": "provider[\"registry.terraform.io/hashicorp/random\"]",
      "instances": [
        {
          "index_key": "auth",
          "schema_version": 3,
          "attributes": {
            "bcrypt_hash": "$2a$10$xauQljIrXN4kT40BVZADcu44qBgQRUyooG7Kw.W12B1EgLluLQsvS",
            "id": "none",
            "keepers": null,
            "length": 16,
            "lower": true,
            "min_lower": 0,
            "min_numeric": 0,
            "min_special": 0,
            "min_upper": 0,
            "number": true,
            "numeric": true,
            "override_special": null,
            "result": "Tc_tYOQZt)\u003e84A3M",
            "special": true,
            "upper": true
          },
          "sensitive_attributes": [
            [
              {
                "type": "get_attr",
                "value": "bcrypt_hash"
              }
            ],
            [
              {
                "type": "get_attr",
                "value": "result"
              }
            ]
          ],
          "identity_schema_version": 0
        },
        {
          "index_key": "chat",
          "schema_version": 3,
          "attributes": {
            "bcrypt_hash": "$2a$10$by/ucL8IXacVHZjjho/ZqO2wj/aTAn/WZf2m8ejr9WD4qMz/M2AJu",
            "id": "none",
            "keepers": null,
            "length": 16,
            "lower": true,
            "min_lower": 0,
            "min_numeric": 0,
            "min_special": 0,
            "min_upper": 0,
            "number": true,
            "numeric": true,
            "override_special": null,
            "result": "$$:_yCg}6pSOcH*u",
            "special": true,
            "upper": true
          },
          "sensitive_attributes": [
            [
              {
                "type": "get_attr",
                "value": "bcrypt_hash"
              }
            ],
            [
              {
                "type": "get_attr",
                "value": "result"
              }
            ]
          ],
          "identity_schema_version": 0
        },
        {
          "index_key": "notifications",
          "schema_version": 3,
          "attributes": {
            "bcrypt_hash": "$2a$10$KJSAYUw85n.Nd4dfggZ50.4spJSHI8RkWlvzDHuEJRq6EGlPi8KO6",
            "id": "none",
            "keepers": null,
            "length": 16,
            "lower": true,
            "min_lower": 0,
            "min_numeric": 0,
            "min_special": 0,
            "min_upper": 0,
            "number": true,
            "numeric": true,
            "override_special": null,
            "result": "xYWKA\u003c_r]p3tqlNy",
            "special": true,
            "upper": true
          },
          "sensitive_attributes": [
            [
              {
                "type": "get_attr",
                "value": "bcrypt_hash"
              }
            ],
            [
              {
                "type": "get_attr",
                "value": "result"
              }
            ]
          ],
          "identity_schema_version": 0
        },
        {
          "index_key": "payment",
          "schema_version": 3,
          "attributes": {
            "bcrypt_hash": "$2a$10$PiDEevInamJ8tql4RHHSVuHM/CZJxlum2vt/nlxMl16.90W4jBx.u",
            "id": "none",
            "keepers": null,
            "length": 16,
            "lower": true,
            "min_lower": 0,
            "min_numeric": 0,
            "min_special": 0,
            "min_upper": 0,
            "number": true,
            "numeric": true,
            "override_special": null,
            "result": "qF{OK_*B\u003eId!PuB}",
            "special": true,
            "upper": true
          },
          "sensitive_attributes": [
            [
              {
                "type": "get_attr",
                "value": "bcrypt_hash"
              }
            ],
            [
              {
                "type": "get_attr",
                "value": "result"
              }
            ]
          ],
          "identity_schema_version": 0
        },
        {
          "index_key": "product",
          "schema_version": 3,
          "attributes": {
            "bcrypt_hash": "$2a$10$4ssuwG9rJGHAVUYROy9cMu6J8.djNPMDeLQxX1kx0kFpddCyiampC",
            "id": "none",
            "keepers": null,
            "length": 16,
            "lower": true,
            "min_lower": 0,
            "min_numeric": 0,
            "min_special": 0,
            "min_upper": 0,
            "number": true,
            "numeric": true,
            "override_special": null,
            "result": "d_\u003c!?8zm0Pv?nbA9",
            "special": true,
            "upper": true
          },
          "sensitive_attributes": [
            [
              {
                "type": "get_attr",
                "value": "bcrypt_hash"
              }
            ],
            [
              {
                "type": "get_attr",
                "value": "result"
              }
            ]
          ],
          "identity_schema_version": 0
        },
        {
          "index_key": "resolution",
          "schema_version": 3,
          "attributes": {
            "bcrypt_hash": "$2a$10$rNe7Gif8UiYLl9LYcfKsKeAEjyoIlYrT6rh5VHzmnx6WQfftYVKha",
            "id": "none",
            "keepers": null,
            "length": 16,
            "lower": true,
            "min_lower": 0,
            "min_numeric": 0,
            "min_special": 0,
            "min_upper": 0,
            "number": true,
            "numeric": true,
            "override_special": null,
            "result": "vqL1-t)#X{zOOEf\u003e",
            "special": true,
            "upper": true
          },
          "sensitive_attributes": [
            [
              {
                "type": "get_attr",
                "value": "bcrypt_hash"
              }
            ],
            [
              {
                "type": "get_attr",
                "value": "result"
              }
            ]
          ],
          "identity_schema_version": 0
        },
        {
          "index_key": "reviews",
          "schema_version": 3,
          "attributes": {
            "bcrypt_hash": "$2a$10$iqEQvAAjOdnVBD6UzU2cOOMCuhit1qL02atOkCIuWneLQetHeLDru",
            "id": "none",
            "keepers": null,
            "length": 16,
            "lower": true,
            "min_lower": 0,
            "min_numeric": 0,
            "min_special": 0,
            "min_upper": 0,
            "number": true,
            "numeric": true,
            "override_special": null,
            "result": ":lO#qUghyQiJ+b\u0026d",
            "special": true,
            "upper": true
          },
          "sensitive_attributes": [
            [
              {
                "type": "get_attr",
                "value": "bcrypt_hash"
              }
            ],
            [
              {
                "type": "get_attr",
                "value": "result"
              }
            ]
          ],
          "identity_schema_version": 0
        },
        {
          "index_key": "transactions",
          "schema_version": 3,
          "attributes": {
            "bcrypt_hash": "$2a$10$8R9TpZxfbN1HaDDVGFUT0O9BDn/Xhb5EQE5nvBcuWRmhHW1qzBbDu",
            "id": "none",
            "keepers": null,
            "length": 16,
            "lower": true,
            "min_lower": 0,
            "min_numeric": 0,
            "min_special": 0,
            "min_upper": 0,
            "number": true,
            "numeric": true,
            "override_special": null,
            "result": "Vi0)$O\u003eamuaIP4RS",
            "special": true,
            "upper": true
          },
          "sensitive_attributes": [
            [
              {
                "type": "get_attr",
                "value": "bcrypt_hash"
              }
            ],
            [
              {
                "type": "get_attr",
                "value": "result"
              }
            ]
          ],
          "identity_schema_version": 0
        }
      ]
    },
    {
      "mode": "managed",
      "type": "random_password",
      "name": "service_api_keys",
      "provider": "provider[\"registry.terraform.io/hashicorp/random\"]",
      "instances": [
        {
          "index_key": "auth",
          "schema_version": 3,
          "attributes": {
            "bcrypt_hash": "$2a$10$mzyn5Zynj.XQyxHExY/04.yOGRuiNoBNujM5cMFGGVrfQxGrCS4oW",
            "id": "none",
            "keepers": null,
            "length": 64,
            "lower": true,
            "min_lower": 0,
            "min_numeric": 0,
            "min_special": 0,
            "min_upper": 0,
            "number": true,
            "numeric": true,
            "override_special": null,
            "result": "CaSbmtjtFH9uDhPqI3o9FOvYhejGTnPyMNFlH31hyQMXZQNSRT9FPQZn29bBTWkb",
            "special": false,
            "upper": true
          },
          "sensitive_attributes": [
            [
              {
                "type": "get_attr",
                "value": "bcrypt_hash"
              }
            ],
            [
              {
                "type": "get_attr",
                "value": "result"
              }
            ]
          ],
          "identity_schema_version": 0
        },
        {
          "index_key": "chat",
          "schema_version": 3,
          "attributes": {
            "bcrypt_hash": "$2a$10$CE.06rMIwPLWrXmbu6iKGuATgeLfJxUgF3klQb.bsIJvddwvbew66",
            "id": "none",
            "keepers": null,
            "length": 64,
            "lower": true,
            "min_lower": 0,
            "min_numeric": 0,
            "min_special": 0,
            "min_upper": 0,
            "number": true,
            "numeric": true,
            "override_special": null,
            "result": "s84vAVVOR46JNk0lLnYHcf5jAGegaEErRdADJw5FUaq6mS2zQcxbNw649b8NBrGy",
            "special": false,
            "upper": true
          },
          "sensitive_attributes": [
            [
              {
                "type": "get_attr",
                "value": "bcrypt_hash"
              }
            ],
            [
              {
                "type": "get_attr",
                "value": "result"
              }
            ]
          ],
          "identity_schema_version": 0
        },
        {
          "index_key": "notifications",
          "schema_version": 3,
          "attributes": {
            "bcrypt_hash": "$2a$10$TjwESL2XRoAtiUWhaZfJ8ulbj7KAKztxyEjCpl0sTxeXwBp1pkj7S",
            "id": "none",
            "keepers": null,
            "length": 64,
            "lower": true,
            "min_lower": 0,
            "min_numeric": 0,
            "min_special": 0,
            "min_upper": 0,
            "number": true,
            "numeric": true,
            "override_special": null,
            "result": "Xu973g8NNx2vrKXstapAbBosoeiX5kUT6IU8rNbW1ie4EkEL8reEU5QOb83wFAkW",
            "special": false,
            "upper": true
          },
          "sensitive_attributes": [
            [
              {
                "type": "get_attr",
                "value": "bcrypt_hash"
              }
            ],
            [
              {
                "type": "get_attr",
                "value": "result"
              }
            ]
          ],
          "identity_schema_version": 0
        },
        {
          "index_key": "payment",
          "schema_version": 3,
          "attributes": {
            "bcrypt_hash": "$2a$10$lhxbCZn1NqmBs8F4AMQy8uXhbWzwq3OPxidVSo/ywt3vV/HnaO5ia",
            "id": "none",
            "keepers": null,
            "length": 64,
            "lower": true,
            "min_lower": 0,
            "min_numeric": 0,
            "min_special": 0,
            "min_upper": 0,
            "number": true,
            "numeric": true,
            "override_special": null,
            "result": "mpjXs856NERvL4A6nYF8iFj9yoqvNugP4y4W5wS2aFzfIBfUiJC5vWRchkMEb62L",
            "special": false,
            "upper": true
          },
          "sensitive_attributes": [
            [
              {
                "type": "get_attr",
                "value": "bcrypt_hash"
              }
            ],
            [
              {
                "type": "get_attr",
                "value": "result"
              }
            ]
          ],
          "identity_schema_version": 0
        },
        {
          "index_key": "product",
          "schema_version": 3,
          "attributes": {
            "bcrypt_hash": "$2a$10$kxB7HQ2yHvtRoi/PEgU1xO/6cZAsGsajVcdJHoRVUHrOELl2Juggi",
            "id": "none",
            "keepers": null,
            "length": 64,
            "lower": true,
            "min_lower": 0,
            "min_numeric": 0,
            "min_special": 0,
            "min_upper": 0,
            "number": true,
            "numeric": true,
            "override_special": null,
            "result": "LGa4J8iW5cQAYkeiAfNfpttZRjb2CRt7uzG1tyVm5EohiCkLVyl0hyNQMt0V2BPe",
            "special": false,
            "upper": true
          },
          "sensitive_attributes": [
            [
              {
                "type": "get_attr",
                "value": "bcrypt_hash"
              }
            ],
            [
              {
                "type": "get_attr",
                "value": "result"
              }
            ]
          ],
          "identity_schema_version": 0
        },
        {
          "index_key": "resolution",
          "schema_version": 3,
          "attributes": {
            "bcrypt_hash": "$2a$10$A2SMnzw2t1rEdn2R2Xsnm.ZD6aQfzxlyMxEdk7YdJv9KaFCf4gQou",
            "id": "none",
            "keepers": null,
            "length": 64,
            "lower": true,
            "min_lower": 0,
            "min_numeric": 0,
            "min_special": 0,
            "min_upper": 0,
            "number": true,
            "numeric": true,
            "override_special": null,
            "result": "EXAXMQmK6nawBSrMnLHZEjij6yFAEo2PPUiJySO8NA93MDAJR8S2v8syUtmpzEix",
            "special": false,
            "upper": true
          },
          "sensitive_attributes": [
            [
              {
                "type": "get_attr",
                "value": "bcrypt_hash"
              }
            ],
            [
              {
                "type": "get_attr",
                "value": "result"
              }
            ]
          ],
          "identity_schema_version": 0
        },
        {
          "index_key": "reviews",
          "schema_version": 3,
          "attributes": {
            "bcrypt_hash": "$2a$10$EFtXppomwBEO1pNlk6I4sunl4wj9FE5DHOwCxG9MxQGfxS7vaM8ZS",
            "id": "none",
            "keepers": null,
            "length": 64,
            "lower": true,
            "min_lower": 0,
            "min_numeric": 0,
            "min_special": 0,
            "min_upper": 0,
            "number": true,
            "numeric": true,
            "override_special": null,
            "result": "YUrwJJDsx7YJNxvO0PTGz4RbnH5jXBDOGbZedgKyCNmy3TOAqSfPPM22h9EpJfXY",
            "special": false,
            "upper": true
          },
          "sensitive_attributes": [
            [
              {
                "type": "get_attr",
                "value": "bcrypt_hash"
              }
            ],
            [
              {
                "type": "get_attr",
                "value": "result"
              }
            ]
          ],
          "identity_schema_version": 0
        },
        {
          "index_key": "transactions",
          "schema_version": 3,
          "attributes": {
            "bcrypt_hash": "$2a$10$vVY66fkyrmN6CuL7GlS7KuEwN9ideYpzKgQqVR79vuULjZLbYUuVu",
            "id": "none",
            "keepers": null,
            "length": 64,
            "lower": true,
            "min_lower": 0,
            "min_numeric": 0,
            "min_special": 0,
            "min_upper": 0,
            "number": true,
            "numeric": true,
            "override_special": null,
            "result": "p38RAjMwA0xClesvwz29W4Rr5uyqL21Vr6fY2CdugviamBXQZBSB2VPWzdA3vu6Z",
            "special": false,
            "upper": true
          },
          "sensitive_attributes": [
            [
              {
                "type": "get_attr",
                "value": "bcrypt_hash"
              }
            ],
            [
              {
                "type": "get_attr",
                "value": "result"
              }
            ]
          ],
          "identity_schema_version": 0
        }
      ]
    },
    {
      "mode": "managed",
      "type": "random_password",
      "name": "service_jwt_secrets",
      "provider": "provider[\"registry.terraform.io/hashicorp/random\"]",
      "instances": [
        {
          "index_key": "auth",
          "schema_version": 3,
          "attributes": {
            "bcrypt_hash": "$2a$10$7p6BUvSge49fyVPfc9iAJeDJuvBZQ5kFHOT3OMCwzox4l18UW4Ojm",
            "id": "none",
            "keepers": null,
            "length": 64,
            "lower": true,
            "min_lower": 0,
            "min_numeric": 0,
            "min_special": 0,
            "min_upper": 0,
            "number": true,
            "numeric": true,
            "override_special": null,
            "result": "Hg%Y%sAV0k=a=[={2?nuQe$s(4KIY!bGy0+b[euZPnco0P]4UjN(y34bCzS_B2p!",
            "special": true,
            "upper": true
          },
          "sensitive_attributes": [
            [
              {
                "type": "get_attr",
                "value": "bcrypt_hash"
              }
            ],
            [
              {
                "type": "get_attr",
                "value": "result"
              }
            ]
          ],
          "identity_schema_version": 0
        },
        {
          "index_key": "chat",
          "schema_version": 3,
          "attributes": {
            "bcrypt_hash": "$2a$10$twFWqlENrhABUNkEGd.93uzgEcRvQh4is8C8ndSYaHNDjsTXT2DKu",
            "id": "none",
            "keepers": null,
            "length": 64,
            "lower": true,
            "min_lower": 0,
            "min_numeric": 0,
            "min_special": 0,
            "min_upper": 0,
            "number": true,
            "numeric": true,
            "override_special": null,
            "result": "[e_r{T7(NheS-gn4KRGg#@4g!wOR1}x*4jJTiE7PX18:iA_JfycQdZv\u003cr%)314\u003cj",
            "special": true,
            "upper": true
          },
          "sensitive_attributes": [
            [
              {
                "type": "get_attr",
                "value": "bcrypt_hash"
              }
            ],
            [
              {
                "type": "get_attr",
                "value": "result"
              }
            ]
          ],
          "identity_schema_version": 0
        },
        {
          "index_key": "notifications",
          "schema_version": 3,
          "attributes": {
            "bcrypt_hash": "$2a$10$CGDxBXp9VIA1zfwKA5C9VektPfiJy72aR8NEvY7RDoHQpaU.u30F2",
            "id": "none",
            "keepers": null,
            "length": 64,
            "lower": true,
            "min_lower": 0,
            "min_numeric": 0,
            "min_special": 0,
            "min_upper": 0,
            "number": true,
            "numeric": true,
            "override_special": null,
            "result": "63nt-oJawiZo\u003c#VqZd!K\u003eOZL\u0026vUmZO7!%U3_UuM5Cbx\u0026y[)bZdm08DCm]viLVhVN",
            "special": true,
            "upper": true
          },
          "sensitive_attributes": [
            [
              {
                "type": "get_attr",
                "value": "bcrypt_hash"
              }
            ],
            [
              {
                "type": "get_attr",
                "value": "result"
              }
            ]
          ],
          "identity_schema_version": 0
        },
        {
          "index_key": "payment",
          "schema_version": 3,
          "attributes": {
            "bcrypt_hash": "$2a$10$hXYaJ.zNod/.uRPjwz8SYON/Yl.AXzH3ORYHqXmPKvRkgy87NOQ/C",
            "id": "none",
            "keepers": null,
            "length": 64,
            "lower": true,
            "min_lower": 0,
            "min_numeric": 0,
            "min_special": 0,
            "min_upper": 0,
            "number": true,
            "numeric": true,
            "override_special": null,
            "result": "\u0026(?7bw:!CCO)pIqTN-#PI=YRL4Kv3(8#yx*HB6H8*K}ph!vE]j7q6*yhiVVB92[@",
            "special": true,
            "upper": true
          },
          "sensitive_attributes": [
            [
              {
                "type": "get_attr",
                "value": "bcrypt_hash"
              }
            ],
            [
              {
                "type": "get_attr",
                "value": "result"
              }
            ]
          ],
          "identity_schema_version": 0
        },
        {
          "index_key": "product",
          "schema_version": 3,
          "attributes": {
            "bcrypt_hash": "$2a$10$GGsizB2spXzZURPGRfLH3e5EGyG.PBf.64oDahsEHXO7H66hQFQYO",
            "id": "none",
            "keepers": null,
            "length": 64,
            "lower": true,
            "min_lower": 0,
            "min_numeric": 0,
            "min_special": 0,
            "min_upper": 0,
            "number": true,
            "numeric": true,
            "override_special": null,
            "result": "?+:%T3KIgg}:fd\u003cfW(3OUC3?rd?%OCDVxV[!$j\u0026cBwAz1?_a@v]o}8aj:L!A$#UY",
            "special": true,
            "upper": true
          },
          "sensitive_attributes": [
            [
              {
                "type": "get_attr",
                "value": "bcrypt_hash"
              }
            ],
            [
              {
                "type": "get_attr",
                "value": "result"
              }
            ]
          ],
          "identity_schema_version": 0
        },
        {
          "index_key": "resolution",
          "schema_version": 3,
          "attributes": {
            "bcrypt_hash": "$2a$10$.mlvoof1vPPsxnIDvnKlN.SNE9BAJQrzSJTtFh2VOqO6LSkqMwiYu",
            "id": "none",
            "keepers": null,
            "length": 64,
            "lower": true,
            "min_lower": 0,
            "min_numeric": 0,
            "min_special": 0,
            "min_upper": 0,
            "number": true,
            "numeric": true,
            "override_special": null,
            "result": "O*(VVfCM_X[UXy7(=j2QAJh{kS-\u0026\u003c?Xf@njDBqT-:=rhi(hnJyRgjo{2_P5]wyxr",
            "special": true,
            "upper": true
          },
          "sensitive_attributes": [
            [
              {
                "type": "get_attr",
                "value": "bcrypt_hash"
              }
            ],
            [
              {
                "type": "get_attr",
                "value": "result"
              }
            ]
          ],
          "identity_schema_version": 0
        },
        {
          "index_key": "reviews",
          "schema_version": 3,
          "attributes": {
            "bcrypt_hash": "$2a$10$Ezmib4SIiolprBH91Z57G.9mFlYoPhUJWoyXUAzjIaVX2yXDfeYla",
            "id": "none",
            "keepers": null,
            "length": 64,
            "lower": true,
            "min_lower": 0,
            "min_numeric": 0,
            "min_special": 0,
            "min_upper": 0,
            "number": true,
            "numeric": true,
            "override_special": null,
            "result": "dvn)nk3CJK}c5pRNX)M5#wl%f2Dys7\u003cG_qrk\u003c69E2u$\u0026E]CV$14\u0026bC*9Cu+O0YF%",
            "special": true,
            "upper": true
          },
          "sensitive_attributes": [
            [
              {
                "type": "get_attr",
                "value": "bcrypt_hash"
              }
            ],
            [
              {
                "type": "get_attr",
                "value": "result"
              }
            ]
          ],
          "identity_schema_version": 0
        },
        {
          "index_key": "transactions",
          "schema_version": 3,
          "attributes": {
            "bcrypt_hash": "$2a$10$3dQqG2pAU4dgtPBqp6AjauUsRb4ExFCcpYxu1uS47axzhf8p93Pu2",
            "id": "none",
            "keepers": null,
            "length": 64,
            "lower": true,
            "min_lower": 0,
            "min_numeric": 0,
            "min_special": 0,
            "min_upper": 0,
            "number": true,
            "numeric": true,
            "override_special": null,
            "result": "%QD4lo?gA7lb$9Y}tKRC1_whi{:9\u0026YjnashL\u0026fWmcxtLDB-s4CBZaCSP9f!\u003cJQfo",
            "special": true,
            "upper": true
          },
          "sensitive_attributes": [
            [
              {
                "type": "get_attr",
                "value": "bcrypt_hash"
              }
            ],
            [
              {
                "type": "get_attr",
                "value": "result"
              }
            ]
          ],
          "identity_schema_version": 0
        }
      ]
    },
    {
      "mode": "managed",
      "type": "time_sleep",
      "name": "wait_for_keyvault_rbac",
      "provider": "provider[\"registry.terraform.io/hashicorp/time\"]",
      "instances": [
        {
          "schema_version": 0,
          "attributes": {
            "create_duration": "60s",
            "destroy_duration": null,
            "id": "2025-08-10T17:13:02Z",
            "triggers": null
          },
          "sensitive_attributes": [],
          "identity_schema_version": 0,
          "dependencies": [
            "azurerm_key_vault.bidr",
            "azurerm_resource_group.bidr",
            "azurerm_role_assignment.current_user_keyvault_admin",
            "data.azurerm_client_config.current"
          ]
        }
      ]
    }
  ],
  "check_results": null
}
