{
  "version": 4,
  "terraform_version": "1.12.2",
  "serial": 188,
  "lineage": "b05b506b-def2-10de-bc14-639aaae4cc73",
  "outputs": {
    "acr_admin_password": {
      "value": "Z9b3/4F0JCHI1luUPM6FBvB3mW6cEZw1q61Pe+XVaF+ACRBILVV2",
      "type": "string",
      "sensitive": true
    },
    "acr_admin_username": {
      "value": "bidrnparusuatregistry2024",
      "type": "string",
      "sensitive": true
    },
    "acr_login_command": {
      "value": "az acr login --name bidrnparusuatregistry2024",
      "type": "string"
    },
    "acr_login_server": {
      "value": "bidrnparusuatregistry2024.azurecr.io",
      "type": "string"
    },
    "acr_name": {
      "value": "bidrnparusuatregistry2024",
      "type": "string"
    },
    "aks_cluster_id": {
      "value": "/subscriptions/51dd222b-9d63-476c-9069-cd3b2a87f6e6/resourceGroups/bidr-dev-k8s/providers/Microsoft.ContainerService/managedClusters/BIDR-dev-aks-cluster",
      "type": "string"
    },
    "aks_cluster_name": {
      "value": "BIDR-uat-aks-cluster",
      "type": "string"
    },
    "aks_node_resource_group": {
      "value": "MC_bidr-dev-k8s_BIDR-dev-aks-cluster_southafricanorth",
      "type": "string"
    },
    "aks_subnet_id": {
      "value": "/subscriptions/51dd222b-9d63-476c-9069-cd3b2a87f6e6/resourceGroups/bidr-uat-k8s/providers/Microsoft.Network/virtualNetworks/BIDR-uat-aks-cluster-vnet/subnets/BIDR-uat-aks-cluster-aks-subnet",
      "type": "string"
    },
    "application_insights_connection_string": {
      "value": "InstrumentationKey=66a3eb60-a7e7-4d6b-a476-814f2893911a;IngestionEndpoint=https://southafricanorth-1.in.applicationinsights.azure.com/;LiveEndpoint=https://southafricanorth.livediagnostics.monitor.azure.com/;ApplicationId=6e5075ca-ada6-458a-8a17-1189461ae58f",
      "type": "string",
      "sensitive": true
    },
    "application_insights_instrumentation_key": {
      "value": "66a3eb60-a7e7-4d6b-a476-814f2893911a",
      "type": "string",
      "sensitive": true
    },
    "database_password_key_vault_reference": {
      "value": "@Microsoft.KeyVault(VaultName=bidr-uat-vault-2024;SecretName=database-password)",
      "type": "string"
    },
    "database_subnet_id": {
      "value": "/subscriptions/51dd222b-9d63-476c-9069-cd3b2a87f6e6/resourceGroups/bidr-uat-k8s/providers/Microsoft.Network/virtualNetworks/BIDR-uat-aks-cluster-vnet/subnets/BIDR-uat-aks-cluster-db-subnet",
      "type": "string"
    },
    "django_secret_key_vault_reference": {
      "value": "@Microsoft.KeyVault(VaultName=bidr-uat-vault-2024;SecretName=django-secret-key)",
      "type": "string"
    },
    "key_vault_name": {
      "value": "bidr-uat-vault-2024",
      "type": "string"
    },
    "key_vault_uri": {
      "value": "https://bidr-uat-vault-2024.vault.azure.net/",
      "type": "string"
    },
    "kube_config": {
      "value": "apiVersion: v1\nclusters:\n- cluster:\n    certificate-authority-data: LS0tLS1CRUdJTiBDRVJUSUZJQ0FURS0tLS0tCk1JSUU2VENDQXRHZ0F3SUJBZ0lSQUsySnFGYnBVd2NMeW1tSUFHRFUxcDB3RFFZSktvWklodmNOQVFFTEJRQXcKRFRFTE1Ba0dBMVVFQXhNQ1kyRXdJQmNOTWpVd09ERXdNVGN4TnpNM1doZ1BNakExTlRBNE1UQXhOekkzTXpkYQpNQTB4Q3pBSkJnTlZCQU1UQW1OaE1JSUNJakFOQmdrcWhraUc5dzBCQVFFRkFBT0NBZzhBTUlJQ0NnS0NBZ0VBCnJoUmFRc0xuMDZ1Y3A1Y3dRdUZBRVdXWXRIamtYYndiZC9oM2JnWTlUaFp1akVPQlpjTkZKZFl1NHdDalB5d2kKaFNYS3UzVzRwY1BSdzlSdjdORVRENHNWMWkwTW5lK08zeDYwRGZhTUUvV3E3NE5SVTZyaU0vNHhRUlRoVU8xTwo5bDRXNU9idGtaWnc1Qmw0MGwzL21jVTArUU0vQ1hnOEppQThNTGdnOGxkRjZtR09pRXdvQzdoQjM0OFVHQ2kyCmxXZEF4RmY4ZG9CUWJ4Rm5IeDBBaEY2cHpvc0wva0FBY1NlV2NNUnF0bk9RSjhxYi85dzBvNjFkREF2bzZCZGMKaU9iOUxHWWNkWE1HTGpOSU9hd2dyd05QR3EvMEE4czZmbUI3K2k2VFZtQUh1dXo5UW5yT2NwbzVtZ3Z2eWhNRQpMa2RlNytvZkFRaW4yb2l4SVVES09WNzd4RExhbnUyVUhqRG9DY1YvOVE5S2gxSDU2anJVYWFqakxqcW5YNDgxCm03dDhYYW0xRFdDVUNzbFFCSmJMdFRPWFNKWjQwY0l0NWZMTzZzS082M0JNeGNYbEZWaDRDRWY0M1JGUTVZbVoKS2NMUC9OT1FvZ1ljK01QSlRJK0h2MGpGcDVNR2hFS1psNW9kVUg3MEJ4MStxNkdIZVA3S21tbTN6R3BGZGFiNAo3dnZaMVRVOE5iMFN4a08rME5oaTJLbkFvdmJJYVlZMHVZMmlBQXB5YnJKNkZpU3NEdUt3WFY2bnRnSU45NUlDCnNBN2RYcHd1T2JlSm9lYkVnbmlrSUxlbVNwM2ZmK2ZUVXFZd2pzeWJWNzRibldDcDBtU1FNQXFKV2Ywakw4R0IKbnpwSlpCRldIcGloV2ljNFdMbU1MK1k0ODlIUTJwcGNOWm9oS1NJdTFnMENBd0VBQWFOQ01FQXdEZ1lEVlIwUApBUUgvQkFRREFnS2tNQThHQTFVZEV3RUIvd1FGTUFNQkFmOHdIUVlEVlIwT0JCWUVGTmIyTGxCNEczTk96azBiCno4UzhtK3Jnd0Q0Y01BMEdDU3FHU0liM0RRRUJDd1VBQTRJQ0FRQXdBZG5UcUkwTEtYaVBXN2tmUUpuUDhqWnkKeHhLcTdDVXpGdUtTa25nOStHVHI5SW8wamhFZjdrNGw3dTJUMkZ5UW1JT1RnQ01pbkhWNWJrT2p4SGJ6aDdOYgpFZzVLYW9rMUpPUmJ6QlNmM1ltT1dqanZ1Y014MXBYQnJyVjNmcC9VcVNibEt2akd4Y1Y0cGh5dVUwKzR6V3ZRCmVXK0cwSmVWeVVzMTI2MEw1cHNiaCtBeFcycklhMHEraGpPak5TN0xtZDVOSUJxb3JmdFI0bURFWUQrRnBnWlMKVTk4cGthK2lzTXVublQzSndzZUw0RlBNZTI0dzkyTDVabVRzbWdTKzRGYmZTUEdXUW95YjZBTk5Cc010cGczMQpJb0k0bVlOdmJoVFpVa0k0RWVDNDV6TFZ6ZG56bUlXYUkvZVE0TkJzdGRhZ1hKNkUzY3U5eW1TL2I4ZHViVnlECnFYbHB1MHNwS3pqNjhhMFpHZ21zaCtSM1BaR1BxSmRzREpmamtDOTFrK0IwRm5GcmkyZ3AybnFQMDlyU1lQU28KOXZmZEY0OXdVajUxYVlOR2RuTittcko0aG51UVhYVDFaV3RGWGRuSHB4U01HL2dpNmlMWEdmMXo4c3J2VmQ2NwpYaEZBV2RwRmJFYjhaNGJGMHRxNjdDenpFaG5uMEo5RGRGQTdoKzFBd0ljYVZHM0NIWExPMlVqMzBJT1JvVEhZCjBnRmFrdnMzTllPc3EyTlVneCsvTk5FWkl5R3pYWWRqNDNJeE9EMkE4M29nUWkvcGxRbHpqUyttSGQrOUZQdEUKSlcvbWgveUMyMnZXSHRxbmd5aTJuZWFRbG1BZ0FNSDdmYS9udkt0bkgySTJuVlZmK096NFN3SVdjQ3FaZmtWRgovdWs3aFk5RkxnNVBVelBybnc9PQotLS0tLUVORCBDRVJUSUZJQ0FURS0tLS0tCg==\n    server: https://bidr-dev-aks-cluster-dns-6hl5teig.hcp.southafricanorth.azmk8s.io:443\n  name: BIDR-dev-aks-cluster\ncontexts:\n- context:\n    cluster: BIDR-dev-aks-cluster\n    user: clusterUser_bidr-dev-k8s_BIDR-dev-aks-cluster\n  name: BIDR-dev-aks-cluster\ncurrent-context: BIDR-dev-aks-cluster\nkind: Config\npreferences: {}\nusers:\n- name: clusterUser_bidr-dev-k8s_BIDR-dev-aks-cluster\n  user:\n    client-certificate-data: LS0tLS1CRUdJTiBDRVJUSUZJQ0FURS0tLS0tCk1JSUZIakNDQXdhZ0F3SUJBZ0lSQU1HbWNvTXlWZnlUeTYyZGR3K3huRzh3RFFZSktvWklodmNOQVFFTEJRQXcKRFRFTE1Ba0dBMVVFQXhNQ1kyRXdIaGNOTWpVd09ERXdNVGN4TnpNM1doY05NamN3T0RFd01UY3lOek0zV2pBdwpNUmN3RlFZRFZRUUtFdzV6ZVhOMFpXMDZiV0Z6ZEdWeWN6RVZNQk1HQTFVRUF4TU1iV0Z6ZEdWeVkyeHBaVzUwCk1JSUNJakFOQmdrcWhraUc5dzBCQVFFRkFBT0NBZzhBTUlJQ0NnS0NBZ0VBMkZ4SGpOQ1VOa2Y3Zi9qa2NzdkIKdWFZc2RiVXJCNi82UXVzYU9nS2t1aGE4SS9IWGJxYTVBMW10WDVFbzB0K3I5Nk5JYk15Q1U3Z2g0a3Z0dThqYwppUkhzQTlzSkRKdmlKbU1qaTNHeUdYWEhGY2dnNktPNUZPa2RnTXlVUTJsa3VPak4zMjg5S05zSkVpaDhXUy9FClBqK2tnYWV3dGY1WmRmMnY2VjVML1hlM2lDZ3pQdmJpYVRGRlB1LzJwRTNRRG9ib0FwdHN4T29SaUE5VFhPeUQKTGpvbTVTUGhRWEcyWS9HZGM5UTNzSmFTcWk2QVpYM0gvVFg1Vi9xQVA2YmxsV0xWRno2TlEvZTlDYzdwY1VCNQpaY21hZk4xcXB2WTZrRVhydjI4ZVBDc0ROcnQyb0xFTkY1SE1HSEtZTzJzWXRqV25oTlg0ZUlid3JlVVVHWXBICjZ2T05FTTNXTzRYRnUvckxDc3RYanY3SmM4ZUt5b3NlQWQ4MS9TbFJFQXZtZHlmdVlrWFN3NWFMYVRyWU1KOW0KTStZZGQxcDF3RzZ5RWpHWjhaMWh1dmZkVVNtWXdnUHVnbjhkNURuWGw2c0lEZXpKNzhYQVpLbm42aUJHVTI2Ywo0ZlNSSWZNWWRLOHpTS3FPdUxidVVxYXMvK2h1WWFvK2xnK2puV2cxQ1NiYkZ5aDQ3RS9VWDRhaEtvbDM3SVBHCk9mRDlkU3ZBZHNuSkp1MTVLSmxIczZxcm5RWTlKcVV2WENlL01YUDIzUEpMMHBBaWpVMWhVOGh0c1VJZ3lDTWsKNlRuWlRXU0FhRmhGOVdMVTdPMzRwdXhNa2FnUWR6SWJjZExDVVFLUEtmU2NYcjVXSEVaY0VMdE54L0ZQOEdOZwpUN3U0R1NCb1lKZ01rSlRCeThocnF2a0NBd0VBQWFOV01GUXdEZ1lEVlIwUEFRSC9CQVFEQWdXZ01CTUdBMVVkCkpRUU1NQW9HQ0NzR0FRVUZCd01DTUF3R0ExVWRFd0VCL3dRQ01BQXdId1lEVlIwakJCZ3dGb0FVMXZZdVVIZ2IKYzA3T1RSdlB4THliNnVEQVBod3dEUVlKS29aSWh2Y05BUUVMQlFBRGdnSUJBRjlBWlFoU2ZqNzJSNUV6cWNGYQphb1Uxak5MbG54b0tWYnNFWmFudFRiTDdSNW80d1Vyd0kwNmc1TzlOTlhZTlY0TndhakNGZTJJeENOYnZ2MFlFClFRdWE4VnN3RkhnWEVzM0RuMkVYL0E0b1dBa2dSbWVKeU1UTlJ5SnBjOWswaUN2eDFTS1BYSEdGVlREMVZFU3UKSEFNb2FuaHlUUVJMMGJUZndhVVVOcSt1QkpyM2dkNXpPaTRGOXhzRmYwQTRucXR3U0Q4VzZFcnR5TC9yLzFJSAp0ZzVuMXlKUFd3VTd0OS9PdU1qendOYmxxbE1QYzJ6QlB1ZCs5bG1JRWhBaDFuSkU1TUUzUjNGaUJ2ZHQ3ZURhClRIQlZCb2xtbWh5dHpHZDAyMnYwVzJhYnl1UlNUZ0wxZXQ5Vkt6WFJpK05mc25leG9zNUlIU0JHenM5elpOc24KQmhJZUNEM1BTZ3E5bkFQNS9xT2paSHRRczgwU1paVS9DTEhGVVJubFBXMFpONHNPVVhNWE1NOVNBS3B0ZmQvKwpVVTgvV1c2c3FQcy9MY0FoeE5HK1NYdVNEeVFjc3I5WG95Z2Z1eVduazArOE1pNldjYkUxQ24rcFp0cFFwVGFvCnJPK2hpc0hDdHoyRUFXSjV3Nmk3NUxLZVRJRVFtQkZxUWo1VlRYeXU1ZHQ4Z1dWQnkybEROLytiOTZOVFV3RkMKZ0lrQmcraGNnMW9CdjhadE9MdmlPaitMdytkWC9KVHBUVTdJZE41UGFvQkNaa3dBTFFsY0lzSjcwRWtaK1p3Vgp0ZTZpd1FoZk5mcTV0Nmp2OUxDTUE4RlBRK0xVUzFxTFIremtYM2daUDVMV1c5UHpCVCtWUXZBb0VxcDBMRG1BCjlUci9nZkNMSDJMZ2xqam14THMrLzlCUQotLS0tLUVORCBDRVJUSUZJQ0FURS0tLS0tCg==\n    client-key-data: LS0tLS1CRUdJTiBSU0EgUFJJVkFURSBLRVktLS0tLQpNSUlKS0FJQkFBS0NBZ0VBMkZ4SGpOQ1VOa2Y3Zi9qa2NzdkJ1YVlzZGJVckI2LzZRdXNhT2dLa3VoYThJL0hYCmJxYTVBMW10WDVFbzB0K3I5Nk5JYk15Q1U3Z2g0a3Z0dThqY2lSSHNBOXNKREp2aUptTWppM0d5R1hYSEZjZ2cKNktPNUZPa2RnTXlVUTJsa3VPak4zMjg5S05zSkVpaDhXUy9FUGora2dhZXd0ZjVaZGYydjZWNUwvWGUzaUNnegpQdmJpYVRGRlB1LzJwRTNRRG9ib0FwdHN4T29SaUE5VFhPeURMam9tNVNQaFFYRzJZL0dkYzlRM3NKYVNxaTZBClpYM0gvVFg1Vi9xQVA2YmxsV0xWRno2TlEvZTlDYzdwY1VCNVpjbWFmTjFxcHZZNmtFWHJ2MjhlUENzRE5ydDIKb0xFTkY1SE1HSEtZTzJzWXRqV25oTlg0ZUlid3JlVVVHWXBINnZPTkVNM1dPNFhGdS9yTENzdFhqdjdKYzhlSwp5b3NlQWQ4MS9TbFJFQXZtZHlmdVlrWFN3NWFMYVRyWU1KOW1NK1lkZDFwMXdHNnlFakdaOFoxaHV2ZmRVU21ZCndnUHVnbjhkNURuWGw2c0lEZXpKNzhYQVpLbm42aUJHVTI2YzRmU1JJZk1ZZEs4elNLcU91TGJ1VXFhcy8raHUKWWFvK2xnK2puV2cxQ1NiYkZ5aDQ3RS9VWDRhaEtvbDM3SVBHT2ZEOWRTdkFkc25KSnUxNUtKbEhzNnFyblFZOQpKcVV2WENlL01YUDIzUEpMMHBBaWpVMWhVOGh0c1VJZ3lDTWs2VG5aVFdTQWFGaEY5V0xVN08zNHB1eE1rYWdRCmR6SWJjZExDVVFLUEtmU2NYcjVXSEVaY0VMdE54L0ZQOEdOZ1Q3dTRHU0JvWUpnTWtKVEJ5OGhycXZrQ0F3RUEKQVFLQ0FnQUtUU3Q5YzRWcEI3aWNiVnp3TDg0bG9SazdFZ0VPWE1VL1NDc2ZvYlpXNDJQNkdLYlRub1hPMkdkYQpObUxCbHBOOUp4VzQwMnh0b01YaFBORUJDTVZpVTl0L1MvK2tiV3doUElWcDIyUVoxUHNoaVAyekllOTdKTVhLCk53TmtxY2taU2tGYUh2VmtJM2l0T0FjQ3BwVHpDMHZ4ZmVyYW9YV0FPZy9VL2svRExkN3IwVkV1VVdveWpMMWgKcTZKOFRIV29hV2swelpKcVZrUTNMSmFoSlNReVVHTy9jM3ZEUms4ak4xTHlPOE9haVhMS2Zrd1ArUU1MaGZVOQpLSURRZHdsMW1VYncxRUk4M3hmdHRuKzBMQmdUbmZ1WWNDRG11ZkRNSTM0ZjUySWl4b0FBekVCdjBuby9lZXBFCkxEbWVFNkZ4dElDSlFUaFRRY2FHR3hML3k4OFVkT2wwcnJmZGlQc2UvcjR5TjUxck0ydUFVTmdlTVFDekFvU3IKcWRVcXEwNHlPb25tdUVtcVZxUkFGcGZxT3dWL2NJUDZiNmVHRVorODhESWUweWcrZDdXNElzMmU1cC9UUnpGZApVdXdEZlFYeW9lZENnS0tZS3pTdGFycDRyV2VENy9tckF6RzRsQmw5Z1lzNXRJSXM2S1BRMk42WEtpamdFeFVRCm1LbkpuVTVlNzJUY21rcXE3U0pxNlJGNms1anFVRWJ5NllTNmNONkd0NGdrWDZialhkeTlaRnpmbVU1TTNtNjQKRzdZNU1sWkYrb0Z3SjNzb2ZXU2M5UnBLTnYwbjAxbWo0VmpLY1VVb3hzeXBySFJTQmJsZmZwdkVCQmZTWU5lMgp6UHc1bXdkTloxWkFtNTg5cW1XOEJLVWJGeWZraCtJL1laWGtnUzFqNWFRcFlVOGgwUUtDQVFFQTNtVElsRDBqCmRuREFFb25JU0tFL3QranFxWm8vOVJxRjl0R3c2c1ZzZnc1RXd3YU05WktEVGNIQlk5dkdtWkYzZFE1eGhVdTIKbkNrS0d6S2hyMXpVTnhXUDEwTHNiODRWSFlxSUdkRWhPV01PNXNvY2xUZmVXOC80dWlWTXpFa0ZuTjNlSG40agpYRlAxSGlsU2NpU2l4QjVqUnRhYi9vYm5HVS9WcStmZG4wSThwcDA1aDZncHBjZkRHOWVjdnh1Wm8yVmZkYzNwCjNONy85NlRIbnJGdHc1czdmWjNuaUhzQUoyL2tpdmFUOGFaUGZ6UGNsSGs0d2ZSak1mN28rNGpwY1NWN3R3VncKN0FSZzlYd0RJRFNlZmp0YlZJWkdLeC9QU0tHemg2YkNFMHgzN1ZBSkpTeDBsOXlUWnR4OVRYd051dDJXVFdwcgpndkpYb0R5eTNPMmtpUUtDQVFFQStRNGFhVDFaMUNXVGgrd3ZwWFN1Y0FqNUV6MFg1SGJsRG9sWVd2eWNHTkYzCmRzcE1NazRWMHI1TFp2Vktma3BEZmJDR2VSWVZnRTM2Si9ualJoMmdhcVJZcjZySUhTM0crcW5aSExubEJjRkoKcHY1eXY0M25kLytnelF5RFZrVUdNZG1aamZkc0xSNFBFbUdxckF2NUdnSkg4d09LZjVZUmVoaEpHSjRweExMWgo1QWIwZVdsSVhUZGc5L2VuUDdnVCtkbHFUdkYwM25waVduN280SG55WFNka3JIRXU5SzAxR3MvcTR2Ymc0SEtlCjB4UjZVS0I4WFAwRG9qendtSzd2WisvM24zVXQ2ZlN1d1d5YS9rM1N5cTRaTnFFdkJNSzRsYi9MWlkzditlNmQKeHlmY0hGUEJucnBYZ3JmNTBTeE9QdStpcmlJSnRjb0grVTNrV0JBVzhRS0NBUUF1cEhLUTdKV3dkSXRFR0JPaQpiL2MrS2lKMU9iMnFPVXJaYmpjdHRnUkFUWXpNWG1aWDVzZVZHa3JtRjZUNmRsRFlneFA2QWR3bHVsRzlUSXd1CmpFaVIyUHJYQ2RrdXhja1Y3Z1VIYlI0THZDUFc4WkszRlFXVXVmU1BqZDBpaHpvZklVVkJuZkRxbjAwc2F6dzQKWmtpZzIwSzFDN09oMlVkRXZzS3drQ3VpQ0RGU1BHMWhienAwNDRXZkpFUmlySFkzbDc1Q3BkSWptYjJUZ2NMQQpITFJKcnhmMkM1VVF3Y05SZ2gwcnEvVnhYQkVXTzVsS3BuWHA3OGlTSnNWVVkrMlo1bU9oQ2dvWjVmMHozek9FCm9LU1JFdi9mcFYyNEU2N1VxOTFNV1FRaEtndUpBUjA1NTYzNFg3R21oQjNmajJJTnpBV0c3UWZwYWN4STloSUoKVmVvSkFvSUJBSEdQMzdVYTkybkhsSVRHeWxiOFpFbkxuWjhMSFdqY1djZU9FczZ5SG84bWUvMmJjckVCYit2LwpQeXg4TG5KMWRGN01iaFNxWURWMzJOZi9sb1V6SHlGaFBOc2syVWlNeGcwb0EwcVk3UGY1MFphbXNUWHRBNTF3CjN5YUFUU2E2SkgvNGc0NzdRY1UwenBTSUdpV0c5QmZLOEhtN3BKeFdsak9BL1Z1UFN1Wlkwd2Vwc0RIb01zbm0KWlgzTDIrUXZFRlM5c1Q2NzFKbFpYcDE2L3I3VWZCSEQwNkRabnhxTUhBblV3bnFwTFpMS1VPZFlrQWxSbEVObQpUeERjRHF6Z0gyUGFSS1BkNzRpZFBFNFFNb0JBaGh4SzFFNVhvclBlQWdLdVNKVk82aHlobENucVgvQSt0S3VtCnRoNXh1eVNJdWtqeVJkQjJ6c3lvaVloQTN4elVnVkVDZ2dFQkFMZ3JOb1RCMS8vbE1pNEp3TytUS2NhU1pOcHgKRTJndjI2c2NKQXlhS3VSeFJjSXFjak05MEtnQ2E4ZDhBdE1hNEFzOHZnZFZSUlI5Wmc4cXFraFNqSFpnMy94bApXTE5sQ29WWjJRVm43cGVnRDg3SFpaTElvSnN1RTA3ZC9ESnlBKzRNNGwyd3AwaTFxaVRlOTdlbWhPdG1tb3RvClpEMmdqNkJRNmpFaU9aVEI5LzJaMXlYSEw5ak5KcTduZDltemFBVzdkTmp4eTdtZUVORnJFS1Y4ZTI5WmJraUoKaGNTNEdMaUVyUFlBZCtLWS9qSHFDTStSN1FBQ2NhOTdmTWMxcktVQmhkaFJwcy9QNkJUUW8rSEdOMzZxV0NFcwo3Q2tzbk9VY3BwWENmejNLOFNoVmJBVWJDQXRXVlFLT2t0K1VMRXIwZ3NndC9tYWx4aklUVXpXV3NsND0KLS0tLS1FTkQgUlNBIFBSSVZBVEUgS0VZLS0tLS0K\n    token: szbrmtvj0qyglrlaog52k9y8g4hvblsxortpdapdf7dgmobo6w7ds0ud5ow5galhrhy5eg6nx8htd6lt031eg4n52sqrjpug0llhby3ige9ormnsnvx06cub2go961sn\n",
      "type": "string",
      "sensitive": true
    },
    "kubectl_config_command": {
      "value": "az aks get-credentials --resource-group bidr-uat-k8s --name BIDR-uat-aks-cluster",
      "type": "string"
    },
    "load_balancer_name": {
      "value": "BIDR-uat-aks-cluster-lb",
      "type": "string"
    },
    "load_balancer_public_ip": {
      "value": "4.221.224.6",
      "type": "string"
    },
    "postgresql_connection_string": {
      "value": "postgresql://bidruser:@bidr-uat-aks-cluster-psql-server.postgres.database.azure.com:5432/",
      "type": "string",
      "sensitive": true
    },
    "postgresql_fqdn": {
      "value": "bidr-uat-aks-cluster-psql-server.postgres.database.azure.com",
      "type": "string"
    },
    "postgresql_server_name": {
      "value": "bidr-uat-aks-cluster-psql-server",
      "type": "string"
    },
    "public_ip_address": {
      "value": "4.221.180.147",
      "type": "string"
    },
    "redis_hostname": {
      "value": "BIDR-uat-aks-cluster-redis.redis.cache.windows.net",
      "type": "string"
    },
    "redis_primary_access_key": {
      "value": "VSV9bchDpUVBpfQPcabcYSUxlfLmmZrCIAzCaLyA42M=",
      "type": "string",
      "sensitive": true
    },
    "redis_ssl_port": {
      "value": 6380,
      "type": "number"
    },
    "resource_group_name": {
      "value": "bidr-uat-k8s",
      "type": "string"
    },
    "service_urls": {
      "value": {
        "auth_service": "http://4.221.224.6/auth",
        "chat_service": "http://4.221.224.6/chat",
        "main_app": "http://4.221.224.6",
        "notification_service": "http://4.221.224.6/notifications",
        "payment_service": "http://4.221.224.6/payment",
        "product_service": "http://4.221.224.6/product",
        "resolution_service": "http://4.221.224.6/resolution",
        "reviews_service": "http://4.221.224.6/reviews",
        "transaction_service": "http://4.221.224.6/transactions"
      },
      "type": [
        "object",
        {
          "auth_service": "string",
          "chat_service": "string",
          "main_app": "string",
          "notification_service": "string",
          "payment_service": "string",
          "product_service": "string",
          "resolution_service": "string",
          "reviews_service": "string",
          "transaction_service": "string"
        }
      ]
    },
    "storage_account_name": {
      "value": "bidruataksclusterstorage",
      "type": "string"
    },
    "storage_account_primary_blob_endpoint": {
      "value": "https://bidruataksclusterstorage.blob.core.windows.net/",
      "type": "string"
    },
    "vnet_name": {
      "value": "BIDR-uat-aks-cluster-vnet",
      "type": "string"
    }
  },
  "resources": [
    {
      "mode": "data",
      "type": "azurerm_client_config",
      "name": "current",
      "provider": "provider[\"registry.terraform.io/hashicorp/azurerm\"]",
      "instances": [
        {
          "schema_version": 0,
          "attributes": {
            "client_id": "04b07795-8ddb-461a-bbee-02f9e1bf7b46",
            "id": "Y2xpZW50Q29uZmlncy9jbGllbnRJZD0wNGIwNzc5NS04ZGRiLTQ2MWEtYmJlZS0wMmY5ZTFiZjdiNDY7b2JqZWN0SWQ9Y2JlNDQyYzEtOTZhMi00Mzc5LTg1MjMtMDZkOWE5ZjRmZGNkO3N1YnNjcmlwdGlvbklkPTUxZGQyMjJiLTlkNjMtNDc2Yy05MDY5LWNkM2IyYTg3ZjZlNjt0ZW5hbnRJZD1lNzg2Yjk5Mi1hMmRmLTQwMDQtYTlkNy05N2Q5N2IzZGI4Njg=",
            "object_id": "cbe442c1-96a2-4379-8523-06d9a9f4fdcd",
            "subscription_id": "51dd222b-9d63-476c-9069-cd3b2a87f6e6",
            "tenant_id": "e786b992-a2df-4004-a9d7-97d97b3db868",
            "timeouts": null
          },
          "sensitive_attributes": [],
          "identity_schema_version": 0
        }
      ]
    },
    {
      "mode": "managed",
      "type": "azurerm_application_insights",
      "name": "bidr",
      "provider": "provider[\"registry.terraform.io/hashicorp/azurerm\"]",
      "instances": [
        {
          "schema_version": 2,
          "attributes": {
            "app_id": "6e5075ca-ada6-458a-8a17-1189461ae58f",
            "application_type": "web",
            "connection_string": "InstrumentationKey=66a3eb60-a7e7-4d6b-a476-814f2893911a;IngestionEndpoint=https://southafricanorth-1.in.applicationinsights.azure.com/;LiveEndpoint=https://southafricanorth.livediagnostics.monitor.azure.com/;ApplicationId=6e5075ca-ada6-458a-8a17-1189461ae58f",
            "daily_data_cap_in_gb": 100,
            "daily_data_cap_notifications_disabled": false,
            "disable_ip_masking": false,
            "force_customer_storage_for_profiler": false,
            "id": "/subscriptions/51dd222b-9d63-476c-9069-cd3b2a87f6e6/resourceGroups/bidr-uat-k8s/providers/Microsoft.Insights/components/BIDR-uat-aks-cluster-appinsights",
            "instrumentation_key": "66a3eb60-a7e7-4d6b-a476-814f2893911a",
            "internet_ingestion_enabled": true,
            "internet_query_enabled": true,
            "local_authentication_disabled": false,
            "location": "southafricanorth",
            "name": "BIDR-uat-aks-cluster-appinsights",
            "resource_group_name": "bidr-uat-k8s",
            "retention_in_days": 90,
            "sampling_percentage": 100,
            "tags": {
              "Environment": "uat",
              "ManagedBy": "Terraform",
              "Project": "BIDR"
            },
            "timeouts": null,
            "workspace_id": "/subscriptions/51dd222b-9d63-476c-9069-cd3b2a87f6e6/resourceGroups/bidr-uat-k8s/providers/Microsoft.OperationalInsights/workspaces/BIDR-uat-aks-cluster-logs"
          },
          "sensitive_attributes": [
            [
              {
                "type": "get_attr",
                "value": "connection_string"
              }
            ],
            [
              {
                "type": "get_attr",
                "value": "instrumentation_key"
              }
            ]
          ],
          "identity_schema_version": 0,
          "private": "eyJlMmJmYjczMC1lY2FhLTExZTYtOGY4OC0zNDM2M2JjN2M0YzAiOnsiY3JlYXRlIjozNjAwMDAwMDAwMDAwLCJkZWxldGUiOjE4MDAwMDAwMDAwMDAsInJlYWQiOjMwMDAwMDAwMDAwMCwidXBkYXRlIjoxODAwMDAwMDAwMDAwfSwic2NoZW1hX3ZlcnNpb24iOiIyIn0=",
          "dependencies": [
            "azurerm_log_analytics_workspace.bidr",
            "azurerm_resource_group.bidr"
          ]
        }
      ]
    },
    {
      "mode": "managed",
      "type": "azurerm_container_registry",
      "name": "bidr",
      "provider": "provider[\"registry.terraform.io/hashicorp/azurerm\"]",
      "instances": [
        {
          "schema_version": 2,
          "attributes": {
            "admin_enabled": true,
            "admin_password": "Z9b3/4F0JCHI1luUPM6FBvB3mW6cEZw1q61Pe+XVaF+ACRBILVV2",
            "admin_username": "bidrnparusuatregistry2024",
            "anonymous_pull_enabled": false,
            "data_endpoint_enabled": false,
            "encryption": [
              {
                "enabled": false,
                "identity_client_id": "",
                "key_vault_key_id": ""
              }
            ],
            "export_policy_enabled": true,
            "georeplications": [],
            "id": "/subscriptions/51dd222b-9d63-476c-9069-cd3b2a87f6e6/resourceGroups/bidr-uat-k8s/providers/Microsoft.ContainerRegistry/registries/bidrnparusuatregistry2024",
            "identity": [],
            "location": "southafricanorth",
            "login_server": "bidrnparusuatregistry2024.azurecr.io",
            "name": "bidrnparusuatregistry2024",
            "network_rule_bypass_option": "AzureServices",
            "network_rule_set": [],
            "public_network_access_enabled": true,
            "quarantine_policy_enabled": false,
            "resource_group_name": "bidr-uat-k8s",
            "retention_policy": [
              {
                "days": 7,
                "enabled": false
              }
            ],
            "sku": "Standard",
            "tags": {
              "Environment": "uat",
              "ManagedBy": "Terraform",
              "Project": "BIDR"
            },
            "timeouts": null,
            "trust_policy": [
              {
                "enabled": false
              }
            ],
            "zone_redundancy_enabled": false
          },
          "sensitive_attributes": [
            [
              {
                "type": "get_attr",
                "value": "admin_password"
              }
            ]
          ],
          "identity_schema_version": 0,
          "private": "eyJlMmJmYjczMC1lY2FhLTExZTYtOGY4OC0zNDM2M2JjN2M0YzAiOnsiY3JlYXRlIjoxODAwMDAwMDAwMDAwLCJkZWxldGUiOjE4MDAwMDAwMDAwMDAsInJlYWQiOjMwMDAwMDAwMDAwMCwidXBkYXRlIjoxODAwMDAwMDAwMDAwfSwic2NoZW1hX3ZlcnNpb24iOiIyIn0=",
          "dependencies": [
            "azurerm_resource_group.bidr"
          ]
        }
      ]
    },
    {
      "mode": "managed",
      "type": "azurerm_key_vault",
      "name": "bidr",
      "provider": "provider[\"registry.terraform.io/hashicorp/azurerm\"]",
      "instances": [
        {
          "schema_version": 2,
          "attributes": {
            "access_policy": [],
            "contact": [],
            "enable_rbac_authorization": true,
            "enabled_for_deployment": false,
            "enabled_for_disk_encryption": false,
            "enabled_for_template_deployment": false,
            "id": "/subscriptions/51dd222b-9d63-476c-9069-cd3b2a87f6e6/resourceGroups/bidr-uat-k8s/providers/Microsoft.KeyVault/vaults/bidr-uat-vault-2024",
            "location": "southafricanorth",
            "name": "bidr-uat-vault-2024",
            "network_acls": [
              {
                "bypass": "AzureServices",
                "default_action": "Allow",
                "ip_rules": [],
                "virtual_network_subnet_ids": []
              }
            ],
            "public_network_access_enabled": true,
            "purge_protection_enabled": false,
            "resource_group_name": "bidr-uat-k8s",
            "sku_name": "standard",
            "soft_delete_retention_days": 90,
            "tags": {
              "Environment": "uat",
              "ManagedBy": "Terraform",
              "Project": "BIDR"
            },
            "tenant_id": "e786b992-a2df-4004-a9d7-97d97b3db868",
            "timeouts": null,
            "vault_uri": "https://bidr-uat-vault-2024.vault.azure.net/"
          },
          "sensitive_attributes": [],
          "identity_schema_version": 0,
          "private": "eyJlMmJmYjczMC1lY2FhLTExZTYtOGY4OC0zNDM2M2JjN2M0YzAiOnsiY3JlYXRlIjoxODAwMDAwMDAwMDAwLCJkZWxldGUiOjE4MDAwMDAwMDAwMDAsInJlYWQiOjMwMDAwMDAwMDAwMCwidXBkYXRlIjoxODAwMDAwMDAwMDAwfSwic2NoZW1hX3ZlcnNpb24iOiIyIn0=",
          "dependencies": [
            "azurerm_resource_group.bidr",
            "data.azurerm_client_config.current"
          ]
        }
      ]
    },
    {
      "mode": "managed",
      "type": "azurerm_key_vault_secret",
      "name": "admin_password",
      "provider": "provider[\"registry.terraform.io/hashicorp/azurerm\"]",
      "instances": [
        {
          "schema_version": 0,
          "attributes": {
            "content_type": "",
            "expiration_date": null,
            "id": "https://bidr-uat-vault-2024.vault.azure.net/secrets/admin-password/c0a77f3823f041b587fe3af245a71bf0",
            "key_vault_id": "/subscriptions/51dd222b-9d63-476c-9069-cd3b2a87f6e6/resourceGroups/bidr-uat-k8s/providers/Microsoft.KeyVault/vaults/bidr-uat-vault-2024",
            "name": "admin-password",
            "not_before_date": null,
            "resource_id": "/subscriptions/51dd222b-9d63-476c-9069-cd3b2a87f6e6/resourceGroups/bidr-uat-k8s/providers/Microsoft.KeyVault/vaults/bidr-uat-vault-2024/secrets/admin-password/versions/c0a77f3823f041b587fe3af245a71bf0",
            "resource_versionless_id": "/subscriptions/51dd222b-9d63-476c-9069-cd3b2a87f6e6/resourceGroups/bidr-uat-k8s/providers/Microsoft.KeyVault/vaults/bidr-uat-vault-2024/secrets/admin-password",
            "tags": {
              "Environment": "uat",
              "Project": "BIDR"
            },
            "timeouts": null,
            "value": "hS?K4F-k$}Q550Vf",
            "version": "c0a77f3823f041b587fe3af245a71bf0",
            "versionless_id": "https://bidr-uat-vault-2024.vault.azure.net/secrets/admin-password"
          },
          "sensitive_attributes": [
            [
              {
                "type": "get_attr",
                "value": "value"
              }
            ]
          ],
          "identity_schema_version": 0,
          "private": "eyJlMmJmYjczMC1lY2FhLTExZTYtOGY4OC0zNDM2M2JjN2M0YzAiOnsiY3JlYXRlIjoxODAwMDAwMDAwMDAwLCJkZWxldGUiOjE4MDAwMDAwMDAwMDAsInJlYWQiOjE4MDAwMDAwMDAwMDAsInVwZGF0ZSI6MTgwMDAwMDAwMDAwMH19",
          "dependencies": [
            "azurerm_key_vault.bidr",
            "azurerm_resource_group.bidr",
            "azurerm_role_assignment.current_user_keyvault_admin",
            "data.azurerm_client_config.current",
            "random_password.admin_password",
            "time_sleep.wait_for_keyvault_rbac"
          ]
        }
      ]
    },
    {
      "mode": "managed",
      "type": "azurerm_key_vault_secret",
      "name": "app_insights_connection_string",
      "provider": "provider[\"registry.terraform.io/hashicorp/azurerm\"]",
      "instances": [
        {
          "schema_version": 0,
          "attributes": {
            "content_type": "",
            "expiration_date": null,
            "id": "https://bidr-uat-vault-2024.vault.azure.net/secrets/app-insights-connection-string/019bc25325334c8880acbaf49e2789c1",
            "key_vault_id": "/subscriptions/51dd222b-9d63-476c-9069-cd3b2a87f6e6/resourceGroups/bidr-uat-k8s/providers/Microsoft.KeyVault/vaults/bidr-uat-vault-2024",
            "name": "app-insights-connection-string",
            "not_before_date": null,
            "resource_id": "/subscriptions/51dd222b-9d63-476c-9069-cd3b2a87f6e6/resourceGroups/bidr-uat-k8s/providers/Microsoft.KeyVault/vaults/bidr-uat-vault-2024/secrets/app-insights-connection-string/versions/019bc25325334c8880acbaf49e2789c1",
            "resource_versionless_id": "/subscriptions/51dd222b-9d63-476c-9069-cd3b2a87f6e6/resourceGroups/bidr-uat-k8s/providers/Microsoft.KeyVault/vaults/bidr-uat-vault-2024/secrets/app-insights-connection-string",
            "tags": {
              "Environment": "uat",
              "Project": "BIDR"
            },
            "timeouts": null,
            "value": "InstrumentationKey=66a3eb60-a7e7-4d6b-a476-814f2893911a;IngestionEndpoint=https://southafricanorth-1.in.applicationinsights.azure.com/;LiveEndpoint=https://southafricanorth.livediagnostics.monitor.azure.com/;ApplicationId=6e5075ca-ada6-458a-8a17-1189461ae58f",
            "version": "019bc25325334c8880acbaf49e2789c1",
            "versionless_id": "https://bidr-uat-vault-2024.vault.azure.net/secrets/app-insights-connection-string"
          },
          "sensitive_attributes": [
            [
              {
                "type": "get_attr",
                "value": "value"
              }
            ]
          ],
          "identity_schema_version": 0,
          "private": "eyJlMmJmYjczMC1lY2FhLTExZTYtOGY4OC0zNDM2M2JjN2M0YzAiOnsiY3JlYXRlIjoxODAwMDAwMDAwMDAwLCJkZWxldGUiOjE4MDAwMDAwMDAwMDAsInJlYWQiOjE4MDAwMDAwMDAwMDAsInVwZGF0ZSI6MTgwMDAwMDAwMDAwMH19",
          "dependencies": [
            "azurerm_application_insights.bidr",
            "azurerm_key_vault.bidr",
            "azurerm_log_analytics_workspace.bidr",
            "azurerm_resource_group.bidr",
            "azurerm_role_assignment.current_user_keyvault_admin",
            "data.azurerm_client_config.current",
            "time_sleep.wait_for_keyvault_rbac"
          ]
        }
      ]
    },
    {
      "mode": "managed",
      "type": "azurerm_key_vault_secret",
      "name": "database_password",
      "provider": "provider[\"registry.terraform.io/hashicorp/azurerm\"]",
      "instances": [
        {
          "schema_version": 0,
          "attributes": {
            "content_type": "",
            "expiration_date": null,
            "id": "https://bidr-uat-vault-2024.vault.azure.net/secrets/database-password/28ac531a416f43f49ba96d3cd128af5b",
            "key_vault_id": "/subscriptions/51dd222b-9d63-476c-9069-cd3b2a87f6e6/resourceGroups/bidr-uat-k8s/providers/Microsoft.KeyVault/vaults/bidr-uat-vault-2024",
            "name": "database-password",
            "not_before_date": null,
            "resource_id": "/subscriptions/51dd222b-9d63-476c-9069-cd3b2a87f6e6/resourceGroups/bidr-uat-k8s/providers/Microsoft.KeyVault/vaults/bidr-uat-vault-2024/secrets/database-password/versions/28ac531a416f43f49ba96d3cd128af5b",
            "resource_versionless_id": "/subscriptions/51dd222b-9d63-476c-9069-cd3b2a87f6e6/resourceGroups/bidr-uat-k8s/providers/Microsoft.KeyVault/vaults/bidr-uat-vault-2024/secrets/database-password",
            "tags": {
              "Environment": "uat",
              "Project": "BIDR"
            },
            "timeouts": null,
            "value": "bpx}h=WY3lTlhnOCh4S6#D(wk$E$C0o:",
            "version": "28ac531a416f43f49ba96d3cd128af5b",
            "versionless_id": "https://bidr-uat-vault-2024.vault.azure.net/secrets/database-password"
          },
          "sensitive_attributes": [
            [
              {
                "type": "get_attr",
                "value": "value"
              }
            ]
          ],
          "identity_schema_version": 0,
          "private": "eyJlMmJmYjczMC1lY2FhLTExZTYtOGY4OC0zNDM2M2JjN2M0YzAiOnsiY3JlYXRlIjoxODAwMDAwMDAwMDAwLCJkZWxldGUiOjE4MDAwMDAwMDAwMDAsInJlYWQiOjE4MDAwMDAwMDAwMDAsInVwZGF0ZSI6MTgwMDAwMDAwMDAwMH19",
          "dependencies": [
            "azurerm_key_vault.bidr",
            "azurerm_resource_group.bidr",
            "azurerm_role_assignment.current_user_keyvault_admin",
            "data.azurerm_client_config.current",
            "random_password.database_password",
            "time_sleep.wait_for_keyvault_rbac"
          ]
        }
      ]
    },
    {
      "mode": "managed",
      "type": "azurerm_key_vault_secret",
      "name": "database_user",
      "provider": "provider[\"registry.terraform.io/hashicorp/azurerm\"]",
      "instances": [
        {
          "schema_version": 0,
          "attributes": {
            "content_type": "",
            "expiration_date": null,
            "id": "https://bidr-uat-vault-2024.vault.azure.net/secrets/database-user/4ef3a4e98351494faedc2b6c6ed03f4b",
            "key_vault_id": "/subscriptions/51dd222b-9d63-476c-9069-cd3b2a87f6e6/resourceGroups/bidr-uat-k8s/providers/Microsoft.KeyVault/vaults/bidr-uat-vault-2024",
            "name": "database-user",
            "not_before_date": null,
            "resource_id": "/subscriptions/51dd222b-9d63-476c-9069-cd3b2a87f6e6/resourceGroups/bidr-uat-k8s/providers/Microsoft.KeyVault/vaults/bidr-uat-vault-2024/secrets/database-user/versions/4ef3a4e98351494faedc2b6c6ed03f4b",
            "resource_versionless_id": "/subscriptions/51dd222b-9d63-476c-9069-cd3b2a87f6e6/resourceGroups/bidr-uat-k8s/providers/Microsoft.KeyVault/vaults/bidr-uat-vault-2024/secrets/database-user",
            "tags": {
              "Environment": "uat",
              "Project": "BIDR"
            },
            "timeouts": null,
            "value": "bidruser",
            "version": "4ef3a4e98351494faedc2b6c6ed03f4b",
            "versionless_id": "https://bidr-uat-vault-2024.vault.azure.net/secrets/database-user"
          },
          "sensitive_attributes": [
            [
              {
                "type": "get_attr",
                "value": "value"
              }
            ]
          ],
          "identity_schema_version": 0,
          "private": "eyJlMmJmYjczMC1lY2FhLTExZTYtOGY4OC0zNDM2M2JjN2M0YzAiOnsiY3JlYXRlIjoxODAwMDAwMDAwMDAwLCJkZWxldGUiOjE4MDAwMDAwMDAwMDAsInJlYWQiOjE4MDAwMDAwMDAwMDAsInVwZGF0ZSI6MTgwMDAwMDAwMDAwMH19",
          "dependencies": [
            "azurerm_key_vault.bidr",
            "azurerm_resource_group.bidr",
            "azurerm_role_assignment.current_user_keyvault_admin",
            "data.azurerm_client_config.current",
            "time_sleep.wait_for_keyvault_rbac"
          ]
        }
      ]
    },
    {
      "mode": "managed",
      "type": "azurerm_key_vault_secret",
      "name": "django_secret_key",
      "provider": "provider[\"registry.terraform.io/hashicorp/azurerm\"]",
      "instances": [
        {
          "schema_version": 0,
          "attributes": {
            "content_type": "",
            "expiration_date": null,
            "id": "https://bidr-uat-vault-2024.vault.azure.net/secrets/django-secret-key/5116ec760fd94c10b94e6aaff8b6f963",
            "key_vault_id": "/subscriptions/51dd222b-9d63-476c-9069-cd3b2a87f6e6/resourceGroups/bidr-uat-k8s/providers/Microsoft.KeyVault/vaults/bidr-uat-vault-2024",
            "name": "django-secret-key",
            "not_before_date": null,
            "resource_id": "/subscriptions/51dd222b-9d63-476c-9069-cd3b2a87f6e6/resourceGroups/bidr-uat-k8s/providers/Microsoft.KeyVault/vaults/bidr-uat-vault-2024/secrets/django-secret-key/versions/5116ec760fd94c10b94e6aaff8b6f963",
            "resource_versionless_id": "/subscriptions/51dd222b-9d63-476c-9069-cd3b2a87f6e6/resourceGroups/bidr-uat-k8s/providers/Microsoft.KeyVault/vaults/bidr-uat-vault-2024/secrets/django-secret-key",
            "tags": {
              "Environment": "uat",
              "Project": "BIDR"
            },
            "timeouts": null,
            "value": "ftOPbs\u003eb+-ec1]8ssf@\u0026{!2lk_-J@B_g1[7aDWmGVh$TOVN@#%",
            "version": "5116ec760fd94c10b94e6aaff8b6f963",
            "versionless_id": "https://bidr-uat-vault-2024.vault.azure.net/secrets/django-secret-key"
          },
          "sensitive_attributes": [
            [
              {
                "type": "get_attr",
                "value": "value"
              }
            ]
          ],
          "identity_schema_version": 0,
          "private": "eyJlMmJmYjczMC1lY2FhLTExZTYtOGY4OC0zNDM2M2JjN2M0YzAiOnsiY3JlYXRlIjoxODAwMDAwMDAwMDAwLCJkZWxldGUiOjE4MDAwMDAwMDAwMDAsInJlYWQiOjE4MDAwMDAwMDAwMDAsInVwZGF0ZSI6MTgwMDAwMDAwMDAwMH19",
          "dependencies": [
            "azurerm_key_vault.bidr",
            "azurerm_resource_group.bidr",
            "azurerm_role_assignment.current_user_keyvault_admin",
            "data.azurerm_client_config.current",
            "random_password.django_secret_key",
            "time_sleep.wait_for_keyvault_rbac"
          ]
        }
      ]
    },
    {
      "mode": "managed",
      "type": "azurerm_key_vault_secret",
      "name": "email_host_password",
      "provider": "provider[\"registry.terraform.io/hashicorp/azurerm\"]",
      "instances": [
        {
          "schema_version": 0,
          "attributes": {
            "content_type": "",
            "expiration_date": null,
            "id": "https://bidr-uat-vault-2024.vault.azure.net/secrets/email-host-password/bd53c0aa58fc40d293f99946a23c0ae6",
            "key_vault_id": "/subscriptions/51dd222b-9d63-476c-9069-cd3b2a87f6e6/resourceGroups/bidr-uat-k8s/providers/Microsoft.KeyVault/vaults/bidr-uat-vault-2024",
            "name": "email-host-password",
            "not_before_date": null,
            "resource_id": "/subscriptions/51dd222b-9d63-476c-9069-cd3b2a87f6e6/resourceGroups/bidr-uat-k8s/providers/Microsoft.KeyVault/vaults/bidr-uat-vault-2024/secrets/email-host-password/versions/bd53c0aa58fc40d293f99946a23c0ae6",
            "resource_versionless_id": "/subscriptions/51dd222b-9d63-476c-9069-cd3b2a87f6e6/resourceGroups/bidr-uat-k8s/providers/Microsoft.KeyVault/vaults/bidr-uat-vault-2024/secrets/email-host-password",
            "tags": {
              "Environment": "uat",
              "Project": "BIDR"
            },
            "timeouts": null,
            "value": "",
            "version": "bd53c0aa58fc40d293f99946a23c0ae6",
            "versionless_id": "https://bidr-uat-vault-2024.vault.azure.net/secrets/email-host-password"
          },
          "sensitive_attributes": [
            [
              {
                "type": "get_attr",
                "value": "value"
              }
            ]
          ],
          "identity_schema_version": 0,
          "private": "eyJlMmJmYjczMC1lY2FhLTExZTYtOGY4OC0zNDM2M2JjN2M0YzAiOnsiY3JlYXRlIjoxODAwMDAwMDAwMDAwLCJkZWxldGUiOjE4MDAwMDAwMDAwMDAsInJlYWQiOjE4MDAwMDAwMDAwMDAsInVwZGF0ZSI6MTgwMDAwMDAwMDAwMH19",
          "dependencies": [
            "azurerm_key_vault.bidr",
            "azurerm_resource_group.bidr",
            "azurerm_role_assignment.current_user_keyvault_admin",
            "data.azurerm_client_config.current",
            "time_sleep.wait_for_keyvault_rbac"
          ]
        }
      ]
    },
    {
      "mode": "managed",
      "type": "azurerm_key_vault_secret",
      "name": "email_host_user",
      "provider": "provider[\"registry.terraform.io/hashicorp/azurerm\"]",
      "instances": [
        {
          "schema_version": 0,
          "attributes": {
            "content_type": "",
            "expiration_date": null,
            "id": "https://bidr-uat-vault-2024.vault.azure.net/secrets/email-host-user/33dbbe390b77418aaf016d8b8bed64a2",
            "key_vault_id": "/subscriptions/51dd222b-9d63-476c-9069-cd3b2a87f6e6/resourceGroups/bidr-uat-k8s/providers/Microsoft.KeyVault/vaults/bidr-uat-vault-2024",
            "name": "email-host-user",
            "not_before_date": null,
            "resource_id": "/subscriptions/51dd222b-9d63-476c-9069-cd3b2a87f6e6/resourceGroups/bidr-uat-k8s/providers/Microsoft.KeyVault/vaults/bidr-uat-vault-2024/secrets/email-host-user/versions/33dbbe390b77418aaf016d8b8bed64a2",
            "resource_versionless_id": "/subscriptions/51dd222b-9d63-476c-9069-cd3b2a87f6e6/resourceGroups/bidr-uat-k8s/providers/Microsoft.KeyVault/vaults/bidr-uat-vault-2024/secrets/email-host-user",
            "tags": {
              "Environment": "uat",
              "Project": "BIDR"
            },
            "timeouts": null,
            "value": "nparus@gmail.com",
            "version": "33dbbe390b77418aaf016d8b8bed64a2",
            "versionless_id": "https://bidr-uat-vault-2024.vault.azure.net/secrets/email-host-user"
          },
          "sensitive_attributes": [
            [
              {
                "type": "get_attr",
                "value": "value"
              }
            ]
          ],
          "identity_schema_version": 0,
          "private": "eyJlMmJmYjczMC1lY2FhLTExZTYtOGY4OC0zNDM2M2JjN2M0YzAiOnsiY3JlYXRlIjoxODAwMDAwMDAwMDAwLCJkZWxldGUiOjE4MDAwMDAwMDAwMDAsInJlYWQiOjE4MDAwMDAwMDAwMDAsInVwZGF0ZSI6MTgwMDAwMDAwMDAwMH19",
          "dependencies": [
            "azurerm_key_vault.bidr",
            "azurerm_resource_group.bidr",
            "azurerm_role_assignment.current_user_keyvault_admin",
            "data.azurerm_client_config.current",
            "time_sleep.wait_for_keyvault_rbac"
          ]
        }
      ]
    },
    {
      "mode": "managed",
      "type": "azurerm_key_vault_secret",
      "name": "redis_connection_string",
      "provider": "provider[\"registry.terraform.io/hashicorp/azurerm\"]",
      "instances": [
        {
          "schema_version": 0,
          "attributes": {
            "content_type": "",
            "expiration_date": null,
            "id": "https://bidr-uat-vault-2024.vault.azure.net/secrets/redis-connection-string/fd7337eebd584942ba1cbe9d37f86860",
            "key_vault_id": "/subscriptions/51dd222b-9d63-476c-9069-cd3b2a87f6e6/resourceGroups/bidr-uat-k8s/providers/Microsoft.KeyVault/vaults/bidr-uat-vault-2024",
            "name": "redis-connection-string",
            "not_before_date": null,
            "resource_id": "/subscriptions/51dd222b-9d63-476c-9069-cd3b2a87f6e6/resourceGroups/bidr-uat-k8s/providers/Microsoft.KeyVault/vaults/bidr-uat-vault-2024/secrets/redis-connection-string/versions/fd7337eebd584942ba1cbe9d37f86860",
            "resource_versionless_id": "/subscriptions/51dd222b-9d63-476c-9069-cd3b2a87f6e6/resourceGroups/bidr-uat-k8s/providers/Microsoft.KeyVault/vaults/bidr-uat-vault-2024/secrets/redis-connection-string",
            "tags": {
              "Environment": "uat",
              "Project": "BIDR"
            },
            "timeouts": null,
            "value": "rediss://:ntYJ40vURxWUlaS2URD4erFe1vruIIn9@BIDR-uat-aks-cluster-redis.redis.cache.windows.net:6380",
            "version": "fd7337eebd584942ba1cbe9d37f86860",
            "versionless_id": "https://bidr-uat-vault-2024.vault.azure.net/secrets/redis-connection-string"
          },
          "sensitive_attributes": [
            [
              {
                "type": "get_attr",
                "value": "value"
              }
            ]
          ],
          "identity_schema_version": 0,
          "private": "eyJlMmJmYjczMC1lY2FhLTExZTYtOGY4OC0zNDM2M2JjN2M0YzAiOnsiY3JlYXRlIjoxODAwMDAwMDAwMDAwLCJkZWxldGUiOjE4MDAwMDAwMDAwMDAsInJlYWQiOjE4MDAwMDAwMDAwMDAsInVwZGF0ZSI6MTgwMDAwMDAwMDAwMH19",
          "dependencies": [
            "azurerm_key_vault.bidr",
            "azurerm_redis_cache.bidr",
            "azurerm_resource_group.bidr",
            "azurerm_role_assignment.current_user_keyvault_admin",
            "data.azurerm_client_config.current",
            "random_password.redis_password",
            "time_sleep.wait_for_keyvault_rbac"
          ]
        }
      ]
    },
    {
      "mode": "managed",
      "type": "azurerm_key_vault_secret",
      "name": "redis_password",
      "provider": "provider[\"registry.terraform.io/hashicorp/azurerm\"]",
      "instances": [
        {
          "schema_version": 0,
          "attributes": {
            "content_type": "",
            "expiration_date": null,
            "id": "https://bidr-uat-vault-2024.vault.azure.net/secrets/redis-password/c6b5353ab4ec417c87c3d9e7e64d7931",
            "key_vault_id": "/subscriptions/51dd222b-9d63-476c-9069-cd3b2a87f6e6/resourceGroups/bidr-uat-k8s/providers/Microsoft.KeyVault/vaults/bidr-uat-vault-2024",
            "name": "redis-password",
            "not_before_date": null,
            "resource_id": "/subscriptions/51dd222b-9d63-476c-9069-cd3b2a87f6e6/resourceGroups/bidr-uat-k8s/providers/Microsoft.KeyVault/vaults/bidr-uat-vault-2024/secrets/redis-password/versions/c6b5353ab4ec417c87c3d9e7e64d7931",
            "resource_versionless_id": "/subscriptions/51dd222b-9d63-476c-9069-cd3b2a87f6e6/resourceGroups/bidr-uat-k8s/providers/Microsoft.KeyVault/vaults/bidr-uat-vault-2024/secrets/redis-password",
            "tags": {
              "Environment": "uat",
              "Project": "BIDR"
            },
            "timeouts": null,
            "value": "ntYJ40vURxWUlaS2URD4erFe1vruIIn9",
            "version": "c6b5353ab4ec417c87c3d9e7e64d7931",
            "versionless_id": "https://bidr-uat-vault-2024.vault.azure.net/secrets/redis-password"
          },
          "sensitive_attributes": [
            [
              {
                "type": "get_attr",
                "value": "value"
              }
            ]
          ],
          "identity_schema_version": 0,
          "private": "eyJlMmJmYjczMC1lY2FhLTExZTYtOGY4OC0zNDM2M2JjN2M0YzAiOnsiY3JlYXRlIjoxODAwMDAwMDAwMDAwLCJkZWxldGUiOjE4MDAwMDAwMDAwMDAsInJlYWQiOjE4MDAwMDAwMDAwMDAsInVwZGF0ZSI6MTgwMDAwMDAwMDAwMH19",
          "dependencies": [
            "azurerm_key_vault.bidr",
            "azurerm_resource_group.bidr",
            "azurerm_role_assignment.current_user_keyvault_admin",
            "data.azurerm_client_config.current",
            "random_password.redis_password",
            "time_sleep.wait_for_keyvault_rbac"
          ]
        }
      ]
    },
    {
      "mode": "managed",
      "type": "azurerm_key_vault_secret",
      "name": "service_admin_passwords",
      "provider": "provider[\"registry.terraform.io/hashicorp/azurerm\"]",
      "instances": [
        {
          "index_key": "auth",
          "schema_version": 0,
          "attributes": {
            "content_type": "",
            "expiration_date": null,
            "id": "https://bidr-uat-vault-2024.vault.azure.net/secrets/auth-service-admin-password/28ee5aea321443c8a5461a8f77536872",
            "key_vault_id": "/subscriptions/51dd222b-9d63-476c-9069-cd3b2a87f6e6/resourceGroups/bidr-uat-k8s/providers/Microsoft.KeyVault/vaults/bidr-uat-vault-2024",
            "name": "auth-service-admin-password",
            "not_before_date": null,
            "resource_id": "/subscriptions/51dd222b-9d63-476c-9069-cd3b2a87f6e6/resourceGroups/bidr-uat-k8s/providers/Microsoft.KeyVault/vaults/bidr-uat-vault-2024/secrets/auth-service-admin-password/versions/28ee5aea321443c8a5461a8f77536872",
            "resource_versionless_id": "/subscriptions/51dd222b-9d63-476c-9069-cd3b2a87f6e6/resourceGroups/bidr-uat-k8s/providers/Microsoft.KeyVault/vaults/bidr-uat-vault-2024/secrets/auth-service-admin-password",
            "tags": {
              "Environment": "uat",
              "Project": "BIDR",
              "Service": "auth"
            },
            "timeouts": null,
            "value": "Tc_tYOQZt)\u003e84A3M",
            "version": "28ee5aea321443c8a5461a8f77536872",
            "versionless_id": "https://bidr-uat-vault-2024.vault.azure.net/secrets/auth-service-admin-password"
          },
          "sensitive_attributes": [
            [
              {
                "type": "get_attr",
                "value": "value"
              }
            ]
          ],
          "identity_schema_version": 0,
          "private": "eyJlMmJmYjczMC1lY2FhLTExZTYtOGY4OC0zNDM2M2JjN2M0YzAiOnsiY3JlYXRlIjoxODAwMDAwMDAwMDAwLCJkZWxldGUiOjE4MDAwMDAwMDAwMDAsInJlYWQiOjE4MDAwMDAwMDAwMDAsInVwZGF0ZSI6MTgwMDAwMDAwMDAwMH19",
          "dependencies": [
            "azurerm_key_vault.bidr",
            "azurerm_resource_group.bidr",
            "azurerm_role_assignment.current_user_keyvault_admin",
            "data.azurerm_client_config.current",
            "random_password.service_admin_passwords",
            "time_sleep.wait_for_keyvault_rbac"
          ]
        },
        {
          "index_key": "chat",
          "schema_version": 0,
          "attributes": {
            "content_type": "",
            "expiration_date": null,
            "id": "https://bidr-uat-vault-2024.vault.azure.net/secrets/chat-service-admin-password/e59093b87399430a94200967bf8a1252",
            "key_vault_id": "/subscriptions/51dd222b-9d63-476c-9069-cd3b2a87f6e6/resourceGroups/bidr-uat-k8s/providers/Microsoft.KeyVault/vaults/bidr-uat-vault-2024",
            "name": "chat-service-admin-password",
            "not_before_date": null,
            "resource_id": "/subscriptions/51dd222b-9d63-476c-9069-cd3b2a87f6e6/resourceGroups/bidr-uat-k8s/providers/Microsoft.KeyVault/vaults/bidr-uat-vault-2024/secrets/chat-service-admin-password/versions/e59093b87399430a94200967bf8a1252",
            "resource_versionless_id": "/subscriptions/51dd222b-9d63-476c-9069-cd3b2a87f6e6/resourceGroups/bidr-uat-k8s/providers/Microsoft.KeyVault/vaults/bidr-uat-vault-2024/secrets/chat-service-admin-password",
            "tags": {
              "Environment": "uat",
              "Project": "BIDR",
              "Service": "chat"
            },
            "timeouts": null,
            "value": "$$:_yCg}6pSOcH*u",
            "version": "e59093b87399430a94200967bf8a1252",
            "versionless_id": "https://bidr-uat-vault-2024.vault.azure.net/secrets/chat-service-admin-password"
          },
          "sensitive_attributes": [
            [
              {
                "type": "get_attr",
                "value": "value"
              }
            ]
          ],
          "identity_schema_version": 0,
          "private": "eyJlMmJmYjczMC1lY2FhLTExZTYtOGY4OC0zNDM2M2JjN2M0YzAiOnsiY3JlYXRlIjoxODAwMDAwMDAwMDAwLCJkZWxldGUiOjE4MDAwMDAwMDAwMDAsInJlYWQiOjE4MDAwMDAwMDAwMDAsInVwZGF0ZSI6MTgwMDAwMDAwMDAwMH19",
          "dependencies": [
            "azurerm_key_vault.bidr",
            "azurerm_resource_group.bidr",
            "azurerm_role_assignment.current_user_keyvault_admin",
            "data.azurerm_client_config.current",
            "random_password.service_admin_passwords",
            "time_sleep.wait_for_keyvault_rbac"
          ]
        },
        {
          "index_key": "notifications",
          "schema_version": 0,
          "attributes": {
            "content_type": "",
            "expiration_date": null,
            "id": "https://bidr-uat-vault-2024.vault.azure.net/secrets/notifications-service-admin-password/d9406d8b89c24b20a8c4b5aa116513cb",
            "key_vault_id": "/subscriptions/51dd222b-9d63-476c-9069-cd3b2a87f6e6/resourceGroups/bidr-uat-k8s/providers/Microsoft.KeyVault/vaults/bidr-uat-vault-2024",
            "name": "notifications-service-admin-password",
            "not_before_date": null,
            "resource_id": "/subscriptions/51dd222b-9d63-476c-9069-cd3b2a87f6e6/resourceGroups/bidr-uat-k8s/providers/Microsoft.KeyVault/vaults/bidr-uat-vault-2024/secrets/notifications-service-admin-password/versions/d9406d8b89c24b20a8c4b5aa116513cb",
            "resource_versionless_id": "/subscriptions/51dd222b-9d63-476c-9069-cd3b2a87f6e6/resourceGroups/bidr-uat-k8s/providers/Microsoft.KeyVault/vaults/bidr-uat-vault-2024/secrets/notifications-service-admin-password",
            "tags": {
              "Environment": "uat",
              "Project": "BIDR",
              "Service": "notifications"
            },
            "timeouts": null,
            "value": "xYWKA\u003c_r]p3tqlNy",
            "version": "d9406d8b89c24b20a8c4b5aa116513cb",
            "versionless_id": "https://bidr-uat-vault-2024.vault.azure.net/secrets/notifications-service-admin-password"
          },
          "sensitive_attributes": [
            [
              {
                "type": "get_attr",
                "value": "value"
              }
            ]
          ],
          "identity_schema_version": 0,
          "private": "eyJlMmJmYjczMC1lY2FhLTExZTYtOGY4OC0zNDM2M2JjN2M0YzAiOnsiY3JlYXRlIjoxODAwMDAwMDAwMDAwLCJkZWxldGUiOjE4MDAwMDAwMDAwMDAsInJlYWQiOjE4MDAwMDAwMDAwMDAsInVwZGF0ZSI6MTgwMDAwMDAwMDAwMH19",
          "dependencies": [
            "azurerm_key_vault.bidr",
            "azurerm_resource_group.bidr",
            "azurerm_role_assignment.current_user_keyvault_admin",
            "data.azurerm_client_config.current",
            "random_password.service_admin_passwords",
            "time_sleep.wait_for_keyvault_rbac"
          ]
        },
        {
          "index_key": "payment",
          "schema_version": 0,
          "attributes": {
            "content_type": "",
            "expiration_date": null,
            "id": "https://bidr-uat-vault-2024.vault.azure.net/secrets/payment-service-admin-password/b39cf2520f944883942e04a21990fbd8",
            "key_vault_id": "/subscriptions/51dd222b-9d63-476c-9069-cd3b2a87f6e6/resourceGroups/bidr-uat-k8s/providers/Microsoft.KeyVault/vaults/bidr-uat-vault-2024",
            "name": "payment-service-admin-password",
            "not_before_date": null,
            "resource_id": "/subscriptions/51dd222b-9d63-476c-9069-cd3b2a87f6e6/resourceGroups/bidr-uat-k8s/providers/Microsoft.KeyVault/vaults/bidr-uat-vault-2024/secrets/payment-service-admin-password/versions/b39cf2520f944883942e04a21990fbd8",
            "resource_versionless_id": "/subscriptions/51dd222b-9d63-476c-9069-cd3b2a87f6e6/resourceGroups/bidr-uat-k8s/providers/Microsoft.KeyVault/vaults/bidr-uat-vault-2024/secrets/payment-service-admin-password",
            "tags": {
              "Environment": "uat",
              "Project": "BIDR",
              "Service": "payment"
            },
            "timeouts": null,
            "value": "qF{OK_*B\u003eId!PuB}",
            "version": "b39cf2520f944883942e04a21990fbd8",
            "versionless_id": "https://bidr-uat-vault-2024.vault.azure.net/secrets/payment-service-admin-password"
          },
          "sensitive_attributes": [
            [
              {
                "type": "get_attr",
                "value": "value"
              }
            ]
          ],
          "identity_schema_version": 0,
          "private": "eyJlMmJmYjczMC1lY2FhLTExZTYtOGY4OC0zNDM2M2JjN2M0YzAiOnsiY3JlYXRlIjoxODAwMDAwMDAwMDAwLCJkZWxldGUiOjE4MDAwMDAwMDAwMDAsInJlYWQiOjE4MDAwMDAwMDAwMDAsInVwZGF0ZSI6MTgwMDAwMDAwMDAwMH19",
          "dependencies": [
            "azurerm_key_vault.bidr",
            "azurerm_resource_group.bidr",
            "azurerm_role_assignment.current_user_keyvault_admin",
            "data.azurerm_client_config.current",
            "random_password.service_admin_passwords",
            "time_sleep.wait_for_keyvault_rbac"
          ]
        },
        {
          "index_key": "product",
          "schema_version": 0,
          "attributes": {
            "content_type": "",
            "expiration_date": null,
            "id": "https://bidr-uat-vault-2024.vault.azure.net/secrets/product-service-admin-password/d1131b8e66cf40ed89458f565eec205e",
            "key_vault_id": "/subscriptions/51dd222b-9d63-476c-9069-cd3b2a87f6e6/resourceGroups/bidr-uat-k8s/providers/Microsoft.KeyVault/vaults/bidr-uat-vault-2024",
            "name": "product-service-admin-password",
            "not_before_date": null,
            "resource_id": "/subscriptions/51dd222b-9d63-476c-9069-cd3b2a87f6e6/resourceGroups/bidr-uat-k8s/providers/Microsoft.KeyVault/vaults/bidr-uat-vault-2024/secrets/product-service-admin-password/versions/d1131b8e66cf40ed89458f565eec205e",
            "resource_versionless_id": "/subscriptions/51dd222b-9d63-476c-9069-cd3b2a87f6e6/resourceGroups/bidr-uat-k8s/providers/Microsoft.KeyVault/vaults/bidr-uat-vault-2024/secrets/product-service-admin-password",
            "tags": {
              "Environment": "uat",
              "Project": "BIDR",
              "Service": "product"
            },
            "timeouts": null,
            "value": "d_\u003c!?8zm0Pv?nbA9",
            "version": "d1131b8e66cf40ed89458f565eec205e",
            "versionless_id": "https://bidr-uat-vault-2024.vault.azure.net/secrets/product-service-admin-password"
          },
          "sensitive_attributes": [
            [
              {
                "type": "get_attr",
                "value": "value"
              }
            ]
          ],
          "identity_schema_version": 0,
          "private": "eyJlMmJmYjczMC1lY2FhLTExZTYtOGY4OC0zNDM2M2JjN2M0YzAiOnsiY3JlYXRlIjoxODAwMDAwMDAwMDAwLCJkZWxldGUiOjE4MDAwMDAwMDAwMDAsInJlYWQiOjE4MDAwMDAwMDAwMDAsInVwZGF0ZSI6MTgwMDAwMDAwMDAwMH19",
          "dependencies": [
            "azurerm_key_vault.bidr",
            "azurerm_resource_group.bidr",
            "azurerm_role_assignment.current_user_keyvault_admin",
            "data.azurerm_client_config.current",
            "random_password.service_admin_passwords",
            "time_sleep.wait_for_keyvault_rbac"
          ]
        },
        {
          "index_key": "resolution",
          "schema_version": 0,
          "attributes": {
            "content_type": "",
            "expiration_date": null,
            "id": "https://bidr-uat-vault-2024.vault.azure.net/secrets/resolution-service-admin-password/929e88c551e642a3ac4f13542aab4a70",
            "key_vault_id": "/subscriptions/51dd222b-9d63-476c-9069-cd3b2a87f6e6/resourceGroups/bidr-uat-k8s/providers/Microsoft.KeyVault/vaults/bidr-uat-vault-2024",
            "name": "resolution-service-admin-password",
            "not_before_date": null,
            "resource_id": "/subscriptions/51dd222b-9d63-476c-9069-cd3b2a87f6e6/resourceGroups/bidr-uat-k8s/providers/Microsoft.KeyVault/vaults/bidr-uat-vault-2024/secrets/resolution-service-admin-password/versions/929e88c551e642a3ac4f13542aab4a70",
            "resource_versionless_id": "/subscriptions/51dd222b-9d63-476c-9069-cd3b2a87f6e6/resourceGroups/bidr-uat-k8s/providers/Microsoft.KeyVault/vaults/bidr-uat-vault-2024/secrets/resolution-service-admin-password",
            "tags": {
              "Environment": "uat",
              "Project": "BIDR",
              "Service": "resolution"
            },
            "timeouts": null,
            "value": "vqL1-t)#X{zOOEf\u003e",
            "version": "929e88c551e642a3ac4f13542aab4a70",
            "versionless_id": "https://bidr-uat-vault-2024.vault.azure.net/secrets/resolution-service-admin-password"
          },
          "sensitive_attributes": [
            [
              {
                "type": "get_attr",
                "value": "value"
              }
            ]
          ],
          "identity_schema_version": 0,
          "private": "eyJlMmJmYjczMC1lY2FhLTExZTYtOGY4OC0zNDM2M2JjN2M0YzAiOnsiY3JlYXRlIjoxODAwMDAwMDAwMDAwLCJkZWxldGUiOjE4MDAwMDAwMDAwMDAsInJlYWQiOjE4MDAwMDAwMDAwMDAsInVwZGF0ZSI6MTgwMDAwMDAwMDAwMH19",
          "dependencies": [
            "azurerm_key_vault.bidr",
            "azurerm_resource_group.bidr",
            "azurerm_role_assignment.current_user_keyvault_admin",
            "data.azurerm_client_config.current",
            "random_password.service_admin_passwords",
            "time_sleep.wait_for_keyvault_rbac"
          ]
        },
        {
          "index_key": "reviews",
          "schema_version": 0,
          "attributes": {
            "content_type": "",
            "expiration_date": null,
            "id": "https://bidr-uat-vault-2024.vault.azure.net/secrets/reviews-service-admin-password/2870bd94707d4da0ac2a0e2f57bf2a59",
            "key_vault_id": "/subscriptions/51dd222b-9d63-476c-9069-cd3b2a87f6e6/resourceGroups/bidr-uat-k8s/providers/Microsoft.KeyVault/vaults/bidr-uat-vault-2024",
            "name": "reviews-service-admin-password",
            "not_before_date": null,
            "resource_id": "/subscriptions/51dd222b-9d63-476c-9069-cd3b2a87f6e6/resourceGroups/bidr-uat-k8s/providers/Microsoft.KeyVault/vaults/bidr-uat-vault-2024/secrets/reviews-service-admin-password/versions/2870bd94707d4da0ac2a0e2f57bf2a59",
            "resource_versionless_id": "/subscriptions/51dd222b-9d63-476c-9069-cd3b2a87f6e6/resourceGroups/bidr-uat-k8s/providers/Microsoft.KeyVault/vaults/bidr-uat-vault-2024/secrets/reviews-service-admin-password",
            "tags": {
              "Environment": "uat",
              "Project": "BIDR",
              "Service": "reviews"
            },
            "timeouts": null,
            "value": ":lO#qUghyQiJ+b\u0026d",
            "version": "2870bd94707d4da0ac2a0e2f57bf2a59",
            "versionless_id": "https://bidr-uat-vault-2024.vault.azure.net/secrets/reviews-service-admin-password"
          },
          "sensitive_attributes": [
            [
              {
                "type": "get_attr",
                "value": "value"
              }
            ]
          ],
          "identity_schema_version": 0,
          "private": "eyJlMmJmYjczMC1lY2FhLTExZTYtOGY4OC0zNDM2M2JjN2M0YzAiOnsiY3JlYXRlIjoxODAwMDAwMDAwMDAwLCJkZWxldGUiOjE4MDAwMDAwMDAwMDAsInJlYWQiOjE4MDAwMDAwMDAwMDAsInVwZGF0ZSI6MTgwMDAwMDAwMDAwMH19",
          "dependencies": [
            "azurerm_key_vault.bidr",
            "azurerm_resource_group.bidr",
            "azurerm_role_assignment.current_user_keyvault_admin",
            "data.azurerm_client_config.current",
            "random_password.service_admin_passwords",
            "time_sleep.wait_for_keyvault_rbac"
          ]
        },
        {
          "index_key": "transactions",
          "schema_version": 0,
          "attributes": {
            "content_type": "",
            "expiration_date": null,
            "id": "https://bidr-uat-vault-2024.vault.azure.net/secrets/transactions-service-admin-password/8a6d44cdbd324e698d0635ad60fe3350",
            "key_vault_id": "/subscriptions/51dd222b-9d63-476c-9069-cd3b2a87f6e6/resourceGroups/bidr-uat-k8s/providers/Microsoft.KeyVault/vaults/bidr-uat-vault-2024",
            "name": "transactions-service-admin-password",
            "not_before_date": null,
            "resource_id": "/subscriptions/51dd222b-9d63-476c-9069-cd3b2a87f6e6/resourceGroups/bidr-uat-k8s/providers/Microsoft.KeyVault/vaults/bidr-uat-vault-2024/secrets/transactions-service-admin-password/versions/8a6d44cdbd324e698d0635ad60fe3350",
            "resource_versionless_id": "/subscriptions/51dd222b-9d63-476c-9069-cd3b2a87f6e6/resourceGroups/bidr-uat-k8s/providers/Microsoft.KeyVault/vaults/bidr-uat-vault-2024/secrets/transactions-service-admin-password",
            "tags": {
              "Environment": "uat",
              "Project": "BIDR",
              "Service": "transactions"
            },
            "timeouts": null,
            "value": "Vi0)$O\u003eamuaIP4RS",
            "version": "8a6d44cdbd324e698d0635ad60fe3350",
            "versionless_id": "https://bidr-uat-vault-2024.vault.azure.net/secrets/transactions-service-admin-password"
          },
          "sensitive_attributes": [
            [
              {
                "type": "get_attr",
                "value": "value"
              }
            ]
          ],
          "identity_schema_version": 0,
          "private": "eyJlMmJmYjczMC1lY2FhLTExZTYtOGY4OC0zNDM2M2JjN2M0YzAiOnsiY3JlYXRlIjoxODAwMDAwMDAwMDAwLCJkZWxldGUiOjE4MDAwMDAwMDAwMDAsInJlYWQiOjE4MDAwMDAwMDAwMDAsInVwZGF0ZSI6MTgwMDAwMDAwMDAwMH19",
          "dependencies": [
            "azurerm_key_vault.bidr",
            "azurerm_resource_group.bidr",
            "azurerm_role_assignment.current_user_keyvault_admin",
            "data.azurerm_client_config.current",
            "random_password.service_admin_passwords",
            "time_sleep.wait_for_keyvault_rbac"
          ]
        }
      ]
    },
    {
      "mode": "managed",
      "type": "azurerm_key_vault_secret",
      "name": "service_api_keys",
      "provider": "provider[\"registry.terraform.io/hashicorp/azurerm\"]",
      "instances": [
        {
          "index_key": "auth",
          "schema_version": 0,
          "attributes": {
            "content_type": "",
            "expiration_date": null,
            "id": "https://bidr-uat-vault-2024.vault.azure.net/secrets/auth-service-api-key/a5eaec91c40447d5acb2e0c6864beac0",
            "key_vault_id": "/subscriptions/51dd222b-9d63-476c-9069-cd3b2a87f6e6/resourceGroups/bidr-uat-k8s/providers/Microsoft.KeyVault/vaults/bidr-uat-vault-2024",
            "name": "auth-service-api-key",
            "not_before_date": null,
            "resource_id": "/subscriptions/51dd222b-9d63-476c-9069-cd3b2a87f6e6/resourceGroups/bidr-uat-k8s/providers/Microsoft.KeyVault/vaults/bidr-uat-vault-2024/secrets/auth-service-api-key/versions/a5eaec91c40447d5acb2e0c6864beac0",
            "resource_versionless_id": "/subscriptions/51dd222b-9d63-476c-9069-cd3b2a87f6e6/resourceGroups/bidr-uat-k8s/providers/Microsoft.KeyVault/vaults/bidr-uat-vault-2024/secrets/auth-service-api-key",
            "tags": {
              "Environment": "uat",
              "Project": "BIDR",
              "Service": "auth"
            },
            "timeouts": null,
            "value": "CaSbmtjtFH9uDhPqI3o9FOvYhejGTnPyMNFlH31hyQMXZQNSRT9FPQZn29bBTWkb",
            "version": "a5eaec91c40447d5acb2e0c6864beac0",
            "versionless_id": "https://bidr-uat-vault-2024.vault.azure.net/secrets/auth-service-api-key"
          },
          "sensitive_attributes": [
            [
              {
                "type": "get_attr",
                "value": "value"
              }
            ]
          ],
          "identity_schema_version": 0,
          "private": "eyJlMmJmYjczMC1lY2FhLTExZTYtOGY4OC0zNDM2M2JjN2M0YzAiOnsiY3JlYXRlIjoxODAwMDAwMDAwMDAwLCJkZWxldGUiOjE4MDAwMDAwMDAwMDAsInJlYWQiOjE4MDAwMDAwMDAwMDAsInVwZGF0ZSI6MTgwMDAwMDAwMDAwMH19",
          "dependencies": [
            "azurerm_key_vault.bidr",
            "azurerm_resource_group.bidr",
            "azurerm_role_assignment.current_user_keyvault_admin",
            "data.azurerm_client_config.current",
            "random_password.service_api_keys",
            "time_sleep.wait_for_keyvault_rbac"
          ]
        },
        {
          "index_key": "chat",
          "schema_version": 0,
          "attributes": {
            "content_type": "",
            "expiration_date": null,
            "id": "https://bidr-uat-vault-2024.vault.azure.net/secrets/chat-service-api-key/0aa342095ced48f5a93d864f80d662bf",
            "key_vault_id": "/subscriptions/51dd222b-9d63-476c-9069-cd3b2a87f6e6/resourceGroups/bidr-uat-k8s/providers/Microsoft.KeyVault/vaults/bidr-uat-vault-2024",
            "name": "chat-service-api-key",
            "not_before_date": null,
            "resource_id": "/subscriptions/51dd222b-9d63-476c-9069-cd3b2a87f6e6/resourceGroups/bidr-uat-k8s/providers/Microsoft.KeyVault/vaults/bidr-uat-vault-2024/secrets/chat-service-api-key/versions/0aa342095ced48f5a93d864f80d662bf",
            "resource_versionless_id": "/subscriptions/51dd222b-9d63-476c-9069-cd3b2a87f6e6/resourceGroups/bidr-uat-k8s/providers/Microsoft.KeyVault/vaults/bidr-uat-vault-2024/secrets/chat-service-api-key",
            "tags": {
              "Environment": "uat",
              "Project": "BIDR",
              "Service": "chat"
            },
            "timeouts": null,
            "value": "s84vAVVOR46JNk0lLnYHcf5jAGegaEErRdADJw5FUaq6mS2zQcxbNw649b8NBrGy",
            "version": "0aa342095ced48f5a93d864f80d662bf",
            "versionless_id": "https://bidr-uat-vault-2024.vault.azure.net/secrets/chat-service-api-key"
          },
          "sensitive_attributes": [
            [
              {
                "type": "get_attr",
                "value": "value"
              }
            ]
          ],
          "identity_schema_version": 0,
          "private": "eyJlMmJmYjczMC1lY2FhLTExZTYtOGY4OC0zNDM2M2JjN2M0YzAiOnsiY3JlYXRlIjoxODAwMDAwMDAwMDAwLCJkZWxldGUiOjE4MDAwMDAwMDAwMDAsInJlYWQiOjE4MDAwMDAwMDAwMDAsInVwZGF0ZSI6MTgwMDAwMDAwMDAwMH19",
          "dependencies": [
            "azurerm_key_vault.bidr",
            "azurerm_resource_group.bidr",
            "azurerm_role_assignment.current_user_keyvault_admin",
            "data.azurerm_client_config.current",
            "random_password.service_api_keys",
            "time_sleep.wait_for_keyvault_rbac"
          ]
        },
        {
          "index_key": "notifications",
          "schema_version": 0,
          "attributes": {
            "content_type": "",
            "expiration_date": null,
            "id": "https://bidr-uat-vault-2024.vault.azure.net/secrets/notifications-service-api-key/d68f4e0924964f78ad96a4853540ec9e",
            "key_vault_id": "/subscriptions/51dd222b-9d63-476c-9069-cd3b2a87f6e6/resourceGroups/bidr-uat-k8s/providers/Microsoft.KeyVault/vaults/bidr-uat-vault-2024",
            "name": "notifications-service-api-key",
            "not_before_date": null,
            "resource_id": "/subscriptions/51dd222b-9d63-476c-9069-cd3b2a87f6e6/resourceGroups/bidr-uat-k8s/providers/Microsoft.KeyVault/vaults/bidr-uat-vault-2024/secrets/notifications-service-api-key/versions/d68f4e0924964f78ad96a4853540ec9e",
            "resource_versionless_id": "/subscriptions/51dd222b-9d63-476c-9069-cd3b2a87f6e6/resourceGroups/bidr-uat-k8s/providers/Microsoft.KeyVault/vaults/bidr-uat-vault-2024/secrets/notifications-service-api-key",
            "tags": {
              "Environment": "uat",
              "Project": "BIDR",
              "Service": "notifications"
            },
            "timeouts": null,
            "value": "Xu973g8NNx2vrKXstapAbBosoeiX5kUT6IU8rNbW1ie4EkEL8reEU5QOb83wFAkW",
            "version": "d68f4e0924964f78ad96a4853540ec9e",
            "versionless_id": "https://bidr-uat-vault-2024.vault.azure.net/secrets/notifications-service-api-key"
          },
          "sensitive_attributes": [
            [
              {
                "type": "get_attr",
                "value": "value"
              }
            ]
          ],
          "identity_schema_version": 0,
          "private": "eyJlMmJmYjczMC1lY2FhLTExZTYtOGY4OC0zNDM2M2JjN2M0YzAiOnsiY3JlYXRlIjoxODAwMDAwMDAwMDAwLCJkZWxldGUiOjE4MDAwMDAwMDAwMDAsInJlYWQiOjE4MDAwMDAwMDAwMDAsInVwZGF0ZSI6MTgwMDAwMDAwMDAwMH19",
          "dependencies": [
            "azurerm_key_vault.bidr",
            "azurerm_resource_group.bidr",
            "azurerm_role_assignment.current_user_keyvault_admin",
            "data.azurerm_client_config.current",
            "random_password.service_api_keys",
            "time_sleep.wait_for_keyvault_rbac"
          ]
        },
        {
          "index_key": "payment",
          "schema_version": 0,
          "attributes": {
            "content_type": "",
            "expiration_date": null,
            "id": "https://bidr-uat-vault-2024.vault.azure.net/secrets/payment-service-api-key/c5d130f07b4f4280b70cd3b823ad501e",
            "key_vault_id": "/subscriptions/51dd222b-9d63-476c-9069-cd3b2a87f6e6/resourceGroups/bidr-uat-k8s/providers/Microsoft.KeyVault/vaults/bidr-uat-vault-2024",
            "name": "payment-service-api-key",
            "not_before_date": null,
            "resource_id": "/subscriptions/51dd222b-9d63-476c-9069-cd3b2a87f6e6/resourceGroups/bidr-uat-k8s/providers/Microsoft.KeyVault/vaults/bidr-uat-vault-2024/secrets/payment-service-api-key/versions/c5d130f07b4f4280b70cd3b823ad501e",
            "resource_versionless_id": "/subscriptions/51dd222b-9d63-476c-9069-cd3b2a87f6e6/resourceGroups/bidr-uat-k8s/providers/Microsoft.KeyVault/vaults/bidr-uat-vault-2024/secrets/payment-service-api-key",
            "tags": {
              "Environment": "uat",
              "Project": "BIDR",
              "Service": "payment"
            },
            "timeouts": null,
            "value": "mpjXs856NERvL4A6nYF8iFj9yoqvNugP4y4W5wS2aFzfIBfUiJC5vWRchkMEb62L",
            "version": "c5d130f07b4f4280b70cd3b823ad501e",
            "versionless_id": "https://bidr-uat-vault-2024.vault.azure.net/secrets/payment-service-api-key"
          },
          "sensitive_attributes": [
            [
              {
                "type": "get_attr",
                "value": "value"
              }
            ]
          ],
          "identity_schema_version": 0,
          "private": "eyJlMmJmYjczMC1lY2FhLTExZTYtOGY4OC0zNDM2M2JjN2M0YzAiOnsiY3JlYXRlIjoxODAwMDAwMDAwMDAwLCJkZWxldGUiOjE4MDAwMDAwMDAwMDAsInJlYWQiOjE4MDAwMDAwMDAwMDAsInVwZGF0ZSI6MTgwMDAwMDAwMDAwMH19",
          "dependencies": [
            "azurerm_key_vault.bidr",
            "azurerm_resource_group.bidr",
            "azurerm_role_assignment.current_user_keyvault_admin",
            "data.azurerm_client_config.current",
            "random_password.service_api_keys",
            "time_sleep.wait_for_keyvault_rbac"
          ]
        },
        {
          "index_key": "product",
          "schema_version": 0,
          "attributes": {
            "content_type": "",
            "expiration_date": null,
            "id": "https://bidr-uat-vault-2024.vault.azure.net/secrets/product-service-api-key/ffc9439b70264b2e88e479b6e47dc018",
            "key_vault_id": "/subscriptions/51dd222b-9d63-476c-9069-cd3b2a87f6e6/resourceGroups/bidr-uat-k8s/providers/Microsoft.KeyVault/vaults/bidr-uat-vault-2024",
            "name": "product-service-api-key",
            "not_before_date": null,
            "resource_id": "/subscriptions/51dd222b-9d63-476c-9069-cd3b2a87f6e6/resourceGroups/bidr-uat-k8s/providers/Microsoft.KeyVault/vaults/bidr-uat-vault-2024/secrets/product-service-api-key/versions/ffc9439b70264b2e88e479b6e47dc018",
            "resource_versionless_id": "/subscriptions/51dd222b-9d63-476c-9069-cd3b2a87f6e6/resourceGroups/bidr-uat-k8s/providers/Microsoft.KeyVault/vaults/bidr-uat-vault-2024/secrets/product-service-api-key",
            "tags": {
              "Environment": "uat",
              "Project": "BIDR",
              "Service": "product"
            },
            "timeouts": null,
            "value": "LGa4J8iW5cQAYkeiAfNfpttZRjb2CRt7uzG1tyVm5EohiCkLVyl0hyNQMt0V2BPe",
            "version": "ffc9439b70264b2e88e479b6e47dc018",
            "versionless_id": "https://bidr-uat-vault-2024.vault.azure.net/secrets/product-service-api-key"
          },
          "sensitive_attributes": [
            [
              {
                "type": "get_attr",
                "value": "value"
              }
            ]
          ],
          "identity_schema_version": 0,
          "private": "eyJlMmJmYjczMC1lY2FhLTExZTYtOGY4OC0zNDM2M2JjN2M0YzAiOnsiY3JlYXRlIjoxODAwMDAwMDAwMDAwLCJkZWxldGUiOjE4MDAwMDAwMDAwMDAsInJlYWQiOjE4MDAwMDAwMDAwMDAsInVwZGF0ZSI6MTgwMDAwMDAwMDAwMH19",
          "dependencies": [
            "azurerm_key_vault.bidr",
            "azurerm_resource_group.bidr",
            "azurerm_role_assignment.current_user_keyvault_admin",
            "data.azurerm_client_config.current",
            "random_password.service_api_keys",
            "time_sleep.wait_for_keyvault_rbac"
          ]
        },
        {
          "index_key": "resolution",
          "schema_version": 0,
          "attributes": {
            "content_type": "",
            "expiration_date": null,
            "id": "https://bidr-uat-vault-2024.vault.azure.net/secrets/resolution-service-api-key/9894f0559cb448f983999791148fb659",
            "key_vault_id": "/subscriptions/51dd222b-9d63-476c-9069-cd3b2a87f6e6/resourceGroups/bidr-uat-k8s/providers/Microsoft.KeyVault/vaults/bidr-uat-vault-2024",
            "name": "resolution-service-api-key",
            "not_before_date": null,
            "resource_id": "/subscriptions/51dd222b-9d63-476c-9069-cd3b2a87f6e6/resourceGroups/bidr-uat-k8s/providers/Microsoft.KeyVault/vaults/bidr-uat-vault-2024/secrets/resolution-service-api-key/versions/9894f0559cb448f983999791148fb659",
            "resource_versionless_id": "/subscriptions/51dd222b-9d63-476c-9069-cd3b2a87f6e6/resourceGroups/bidr-uat-k8s/providers/Microsoft.KeyVault/vaults/bidr-uat-vault-2024/secrets/resolution-service-api-key",
            "tags": {
              "Environment": "uat",
              "Project": "BIDR",
              "Service": "resolution"
            },
            "timeouts": null,
            "value": "EXAXMQmK6nawBSrMnLHZEjij6yFAEo2PPUiJySO8NA93MDAJR8S2v8syUtmpzEix",
            "version": "9894f0559cb448f983999791148fb659",
            "versionless_id": "https://bidr-uat-vault-2024.vault.azure.net/secrets/resolution-service-api-key"
          },
          "sensitive_attributes": [
            [
              {
                "type": "get_attr",
                "value": "value"
              }
            ]
          ],
          "identity_schema_version": 0,
          "private": "eyJlMmJmYjczMC1lY2FhLTExZTYtOGY4OC0zNDM2M2JjN2M0YzAiOnsiY3JlYXRlIjoxODAwMDAwMDAwMDAwLCJkZWxldGUiOjE4MDAwMDAwMDAwMDAsInJlYWQiOjE4MDAwMDAwMDAwMDAsInVwZGF0ZSI6MTgwMDAwMDAwMDAwMH19",
          "dependencies": [
            "azurerm_key_vault.bidr",
            "azurerm_resource_group.bidr",
            "azurerm_role_assignment.current_user_keyvault_admin",
            "data.azurerm_client_config.current",
            "random_password.service_api_keys",
            "time_sleep.wait_for_keyvault_rbac"
          ]
        },
        {
          "index_key": "reviews",
          "schema_version": 0,
          "attributes": {
            "content_type": "",
            "expiration_date": null,
            "id": "https://bidr-uat-vault-2024.vault.azure.net/secrets/reviews-service-api-key/fd637385fabc4843ae4ea17c6e663ee8",
            "key_vault_id": "/subscriptions/51dd222b-9d63-476c-9069-cd3b2a87f6e6/resourceGroups/bidr-uat-k8s/providers/Microsoft.KeyVault/vaults/bidr-uat-vault-2024",
            "name": "reviews-service-api-key",
            "not_before_date": null,
            "resource_id": "/subscriptions/51dd222b-9d63-476c-9069-cd3b2a87f6e6/resourceGroups/bidr-uat-k8s/providers/Microsoft.KeyVault/vaults/bidr-uat-vault-2024/secrets/reviews-service-api-key/versions/fd637385fabc4843ae4ea17c6e663ee8",
            "resource_versionless_id": "/subscriptions/51dd222b-9d63-476c-9069-cd3b2a87f6e6/resourceGroups/bidr-uat-k8s/providers/Microsoft.KeyVault/vaults/bidr-uat-vault-2024/secrets/reviews-service-api-key",
            "tags": {
              "Environment": "uat",
              "Project": "BIDR",
              "Service": "reviews"
            },
            "timeouts": null,
            "value": "YUrwJJDsx7YJNxvO0PTGz4RbnH5jXBDOGbZedgKyCNmy3TOAqSfPPM22h9EpJfXY",
            "version": "fd637385fabc4843ae4ea17c6e663ee8",
            "versionless_id": "https://bidr-uat-vault-2024.vault.azure.net/secrets/reviews-service-api-key"
          },
          "sensitive_attributes": [
            [
              {
                "type": "get_attr",
                "value": "value"
              }
            ]
          ],
          "identity_schema_version": 0,
          "private": "eyJlMmJmYjczMC1lY2FhLTExZTYtOGY4OC0zNDM2M2JjN2M0YzAiOnsiY3JlYXRlIjoxODAwMDAwMDAwMDAwLCJkZWxldGUiOjE4MDAwMDAwMDAwMDAsInJlYWQiOjE4MDAwMDAwMDAwMDAsInVwZGF0ZSI6MTgwMDAwMDAwMDAwMH19",
          "dependencies": [
            "azurerm_key_vault.bidr",
            "azurerm_resource_group.bidr",
            "azurerm_role_assignment.current_user_keyvault_admin",
            "data.azurerm_client_config.current",
            "random_password.service_api_keys",
            "time_sleep.wait_for_keyvault_rbac"
          ]
        },
        {
          "index_key": "transactions",
          "schema_version": 0,
          "attributes": {
            "content_type": "",
            "expiration_date": null,
            "id": "https://bidr-uat-vault-2024.vault.azure.net/secrets/transactions-service-api-key/b14ffe6282744a63ab4e574e4ad81d36",
            "key_vault_id": "/subscriptions/51dd222b-9d63-476c-9069-cd3b2a87f6e6/resourceGroups/bidr-uat-k8s/providers/Microsoft.KeyVault/vaults/bidr-uat-vault-2024",
            "name": "transactions-service-api-key",
            "not_before_date": null,
            "resource_id": "/subscriptions/51dd222b-9d63-476c-9069-cd3b2a87f6e6/resourceGroups/bidr-uat-k8s/providers/Microsoft.KeyVault/vaults/bidr-uat-vault-2024/secrets/transactions-service-api-key/versions/b14ffe6282744a63ab4e574e4ad81d36",
            "resource_versionless_id": "/subscriptions/51dd222b-9d63-476c-9069-cd3b2a87f6e6/resourceGroups/bidr-uat-k8s/providers/Microsoft.KeyVault/vaults/bidr-uat-vault-2024/secrets/transactions-service-api-key",
            "tags": {
              "Environment": "uat",
              "Project": "BIDR",
              "Service": "transactions"
            },
            "timeouts": null,
            "value": "p38RAjMwA0xClesvwz29W4Rr5uyqL21Vr6fY2CdugviamBXQZBSB2VPWzdA3vu6Z",
            "version": "b14ffe6282744a63ab4e574e4ad81d36",
            "versionless_id": "https://bidr-uat-vault-2024.vault.azure.net/secrets/transactions-service-api-key"
          },
          "sensitive_attributes": [
            [
              {
                "type": "get_attr",
                "value": "value"
              }
            ]
          ],
          "identity_schema_version": 0,
          "private": "eyJlMmJmYjczMC1lY2FhLTExZTYtOGY4OC0zNDM2M2JjN2M0YzAiOnsiY3JlYXRlIjoxODAwMDAwMDAwMDAwLCJkZWxldGUiOjE4MDAwMDAwMDAwMDAsInJlYWQiOjE4MDAwMDAwMDAwMDAsInVwZGF0ZSI6MTgwMDAwMDAwMDAwMH19",
          "dependencies": [
            "azurerm_key_vault.bidr",
            "azurerm_resource_group.bidr",
            "azurerm_role_assignment.current_user_keyvault_admin",
            "data.azurerm_client_config.current",
            "random_password.service_api_keys",
            "time_sleep.wait_for_keyvault_rbac"
          ]
        }
      ]
    },
    {
      "mode": "managed",
      "type": "azurerm_key_vault_secret",
      "name": "service_db_connection_strings",
      "provider": "provider[\"registry.terraform.io/hashicorp/azurerm\"]",
      "instances": [
        {
          "index_key": "auth_db",
          "schema_version": 0,
          "attributes": {
            "content_type": "",
            "expiration_date": null,
            "id": "https://bidr-uat-vault-2024.vault.azure.net/secrets/auth-db-connection-string/c96ab9732cea448c8b6419096228da81",
            "key_vault_id": "/subscriptions/51dd222b-9d63-476c-9069-cd3b2a87f6e6/resourceGroups/bidr-uat-k8s/providers/Microsoft.KeyVault/vaults/bidr-uat-vault-2024",
            "name": "auth-db-connection-string",
            "not_before_date": null,
            "resource_id": "/subscriptions/51dd222b-9d63-476c-9069-cd3b2a87f6e6/resourceGroups/bidr-uat-k8s/providers/Microsoft.KeyVault/vaults/bidr-uat-vault-2024/secrets/auth-db-connection-string/versions/c96ab9732cea448c8b6419096228da81",
            "resource_versionless_id": "/subscriptions/51dd222b-9d63-476c-9069-cd3b2a87f6e6/resourceGroups/bidr-uat-k8s/providers/Microsoft.KeyVault/vaults/bidr-uat-vault-2024/secrets/auth-db-connection-string",
            "tags": {
              "Environment": "uat",
              "Project": "BIDR",
              "Service": "auth"
            },
            "timeouts": null,
            "value": "postgresql://bidruser:bpx}h=WY3lTlhnOCh4S6#D(wk$E$C0o:@bidr-uat-aks-cluster-psql-server.postgres.database.azure.com:5432/auth_db?sslmode=require",
            "version": "c96ab9732cea448c8b6419096228da81",
            "versionless_id": "https://bidr-uat-vault-2024.vault.azure.net/secrets/auth-db-connection-string"
          },
          "sensitive_attributes": [
            [
              {
                "type": "get_attr",
                "value": "value"
              }
            ]
          ],
          "identity_schema_version": 0,
          "private": "eyJlMmJmYjczMC1lY2FhLTExZTYtOGY4OC0zNDM2M2JjN2M0YzAiOnsiY3JlYXRlIjoxODAwMDAwMDAwMDAwLCJkZWxldGUiOjE4MDAwMDAwMDAwMDAsInJlYWQiOjE4MDAwMDAwMDAwMDAsInVwZGF0ZSI6MTgwMDAwMDAwMDAwMH19",
          "dependencies": [
            "azurerm_key_vault.bidr",
            "azurerm_postgresql_flexible_server.bidr",
            "azurerm_postgresql_flexible_server_database.databases",
            "azurerm_private_dns_zone.postgresql",
            "azurerm_private_dns_zone_virtual_network_link.postgresql",
            "azurerm_resource_group.bidr",
            "azurerm_role_assignment.current_user_keyvault_admin",
            "azurerm_subnet.database",
            "azurerm_virtual_network.bidr",
            "data.azurerm_client_config.current",
            "random_password.database_password",
            "time_sleep.wait_for_keyvault_rbac"
          ]
        },
        {
          "index_key": "chat_db",
          "schema_version": 0,
          "attributes": {
            "content_type": "",
            "expiration_date": null,
            "id": "https://bidr-uat-vault-2024.vault.azure.net/secrets/chat-db-connection-string/0c10b8eec0d74b82bde01556efca097e",
            "key_vault_id": "/subscriptions/51dd222b-9d63-476c-9069-cd3b2a87f6e6/resourceGroups/bidr-uat-k8s/providers/Microsoft.KeyVault/vaults/bidr-uat-vault-2024",
            "name": "chat-db-connection-string",
            "not_before_date": null,
            "resource_id": "/subscriptions/51dd222b-9d63-476c-9069-cd3b2a87f6e6/resourceGroups/bidr-uat-k8s/providers/Microsoft.KeyVault/vaults/bidr-uat-vault-2024/secrets/chat-db-connection-string/versions/0c10b8eec0d74b82bde01556efca097e",
            "resource_versionless_id": "/subscriptions/51dd222b-9d63-476c-9069-cd3b2a87f6e6/resourceGroups/bidr-uat-k8s/providers/Microsoft.KeyVault/vaults/bidr-uat-vault-2024/secrets/chat-db-connection-string",
            "tags": {
              "Environment": "uat",
              "Project": "BIDR",
              "Service": "chat"
            },
            "timeouts": null,
            "value": "postgresql://bidruser:bpx}h=WY3lTlhnOCh4S6#D(wk$E$C0o:@bidr-uat-aks-cluster-psql-server.postgres.database.azure.com:5432/chat_db?sslmode=require",
            "version": "0c10b8eec0d74b82bde01556efca097e",
            "versionless_id": "https://bidr-uat-vault-2024.vault.azure.net/secrets/chat-db-connection-string"
          },
          "sensitive_attributes": [
            [
              {
                "type": "get_attr",
                "value": "value"
              }
            ]
          ],
          "identity_schema_version": 0,
          "private": "eyJlMmJmYjczMC1lY2FhLTExZTYtOGY4OC0zNDM2M2JjN2M0YzAiOnsiY3JlYXRlIjoxODAwMDAwMDAwMDAwLCJkZWxldGUiOjE4MDAwMDAwMDAwMDAsInJlYWQiOjE4MDAwMDAwMDAwMDAsInVwZGF0ZSI6MTgwMDAwMDAwMDAwMH19",
          "dependencies": [
            "azurerm_key_vault.bidr",
            "azurerm_postgresql_flexible_server.bidr",
            "azurerm_postgresql_flexible_server_database.databases",
            "azurerm_private_dns_zone.postgresql",
            "azurerm_private_dns_zone_virtual_network_link.postgresql",
            "azurerm_resource_group.bidr",
            "azurerm_role_assignment.current_user_keyvault_admin",
            "azurerm_subnet.database",
            "azurerm_virtual_network.bidr",
            "data.azurerm_client_config.current",
            "random_password.database_password",
            "time_sleep.wait_for_keyvault_rbac"
          ]
        },
        {
          "index_key": "notifications_db",
          "schema_version": 0,
          "attributes": {
            "content_type": "",
            "expiration_date": null,
            "id": "https://bidr-uat-vault-2024.vault.azure.net/secrets/notifications-db-connection-string/437f1597fe504d23bab3790daea260e3",
            "key_vault_id": "/subscriptions/51dd222b-9d63-476c-9069-cd3b2a87f6e6/resourceGroups/bidr-uat-k8s/providers/Microsoft.KeyVault/vaults/bidr-uat-vault-2024",
            "name": "notifications-db-connection-string",
            "not_before_date": null,
            "resource_id": "/subscriptions/51dd222b-9d63-476c-9069-cd3b2a87f6e6/resourceGroups/bidr-uat-k8s/providers/Microsoft.KeyVault/vaults/bidr-uat-vault-2024/secrets/notifications-db-connection-string/versions/437f1597fe504d23bab3790daea260e3",
            "resource_versionless_id": "/subscriptions/51dd222b-9d63-476c-9069-cd3b2a87f6e6/resourceGroups/bidr-uat-k8s/providers/Microsoft.KeyVault/vaults/bidr-uat-vault-2024/secrets/notifications-db-connection-string",
            "tags": {
              "Environment": "uat",
              "Project": "BIDR",
              "Service": "notifications"
            },
            "timeouts": null,
            "value": "postgresql://bidruser:bpx}h=WY3lTlhnOCh4S6#D(wk$E$C0o:@bidr-uat-aks-cluster-psql-server.postgres.database.azure.com:5432/notifications_db?sslmode=require",
            "version": "437f1597fe504d23bab3790daea260e3",
            "versionless_id": "https://bidr-uat-vault-2024.vault.azure.net/secrets/notifications-db-connection-string"
          },
          "sensitive_attributes": [
            [
              {
                "type": "get_attr",
                "value": "value"
              }
            ]
          ],
          "identity_schema_version": 0,
          "private": "eyJlMmJmYjczMC1lY2FhLTExZTYtOGY4OC0zNDM2M2JjN2M0YzAiOnsiY3JlYXRlIjoxODAwMDAwMDAwMDAwLCJkZWxldGUiOjE4MDAwMDAwMDAwMDAsInJlYWQiOjE4MDAwMDAwMDAwMDAsInVwZGF0ZSI6MTgwMDAwMDAwMDAwMH19",
          "dependencies": [
            "azurerm_key_vault.bidr",
            "azurerm_postgresql_flexible_server.bidr",
            "azurerm_postgresql_flexible_server_database.databases",
            "azurerm_private_dns_zone.postgresql",
            "azurerm_private_dns_zone_virtual_network_link.postgresql",
            "azurerm_resource_group.bidr",
            "azurerm_role_assignment.current_user_keyvault_admin",
            "azurerm_subnet.database",
            "azurerm_virtual_network.bidr",
            "data.azurerm_client_config.current",
            "random_password.database_password",
            "time_sleep.wait_for_keyvault_rbac"
          ]
        },
        {
          "index_key": "payment_db",
          "schema_version": 0,
          "attributes": {
            "content_type": "",
            "expiration_date": null,
            "id": "https://bidr-uat-vault-2024.vault.azure.net/secrets/payment-db-connection-string/14e5c714bd214faf93756695e55f9ecf",
            "key_vault_id": "/subscriptions/51dd222b-9d63-476c-9069-cd3b2a87f6e6/resourceGroups/bidr-uat-k8s/providers/Microsoft.KeyVault/vaults/bidr-uat-vault-2024",
            "name": "payment-db-connection-string",
            "not_before_date": null,
            "resource_id": "/subscriptions/51dd222b-9d63-476c-9069-cd3b2a87f6e6/resourceGroups/bidr-uat-k8s/providers/Microsoft.KeyVault/vaults/bidr-uat-vault-2024/secrets/payment-db-connection-string/versions/14e5c714bd214faf93756695e55f9ecf",
            "resource_versionless_id": "/subscriptions/51dd222b-9d63-476c-9069-cd3b2a87f6e6/resourceGroups/bidr-uat-k8s/providers/Microsoft.KeyVault/vaults/bidr-uat-vault-2024/secrets/payment-db-connection-string",
            "tags": {
              "Environment": "uat",
              "Project": "BIDR",
              "Service": "payment"
            },
            "timeouts": null,
            "value": "postgresql://bidruser:bpx}h=WY3lTlhnOCh4S6#D(wk$E$C0o:@bidr-uat-aks-cluster-psql-server.postgres.database.azure.com:5432/payment_db?sslmode=require",
            "version": "14e5c714bd214faf93756695e55f9ecf",
            "versionless_id": "https://bidr-uat-vault-2024.vault.azure.net/secrets/payment-db-connection-string"
          },
          "sensitive_attributes": [
            [
              {
                "type": "get_attr",
                "value": "value"
              }
            ]
          ],
          "identity_schema_version": 0,
          "private": "eyJlMmJmYjczMC1lY2FhLTExZTYtOGY4OC0zNDM2M2JjN2M0YzAiOnsiY3JlYXRlIjoxODAwMDAwMDAwMDAwLCJkZWxldGUiOjE4MDAwMDAwMDAwMDAsInJlYWQiOjE4MDAwMDAwMDAwMDAsInVwZGF0ZSI6MTgwMDAwMDAwMDAwMH19",
          "dependencies": [
            "azurerm_key_vault.bidr",
            "azurerm_postgresql_flexible_server.bidr",
            "azurerm_postgresql_flexible_server_database.databases",
            "azurerm_private_dns_zone.postgresql",
            "azurerm_private_dns_zone_virtual_network_link.postgresql",
            "azurerm_resource_group.bidr",
            "azurerm_role_assignment.current_user_keyvault_admin",
            "azurerm_subnet.database",
            "azurerm_virtual_network.bidr",
            "data.azurerm_client_config.current",
            "random_password.database_password",
            "time_sleep.wait_for_keyvault_rbac"
          ]
        },
        {
          "index_key": "product_db",
          "schema_version": 0,
          "attributes": {
            "content_type": "",
            "expiration_date": null,
            "id": "https://bidr-uat-vault-2024.vault.azure.net/secrets/product-db-connection-string/932e514b3b8042509d48bd5c237bb5ae",
            "key_vault_id": "/subscriptions/51dd222b-9d63-476c-9069-cd3b2a87f6e6/resourceGroups/bidr-uat-k8s/providers/Microsoft.KeyVault/vaults/bidr-uat-vault-2024",
            "name": "product-db-connection-string",
            "not_before_date": null,
            "resource_id": "/subscriptions/51dd222b-9d63-476c-9069-cd3b2a87f6e6/resourceGroups/bidr-uat-k8s/providers/Microsoft.KeyVault/vaults/bidr-uat-vault-2024/secrets/product-db-connection-string/versions/932e514b3b8042509d48bd5c237bb5ae",
            "resource_versionless_id": "/subscriptions/51dd222b-9d63-476c-9069-cd3b2a87f6e6/resourceGroups/bidr-uat-k8s/providers/Microsoft.KeyVault/vaults/bidr-uat-vault-2024/secrets/product-db-connection-string",
            "tags": {
              "Environment": "uat",
              "Project": "BIDR",
              "Service": "product"
            },
            "timeouts": null,
            "value": "postgresql://bidruser:bpx}h=WY3lTlhnOCh4S6#D(wk$E$C0o:@bidr-uat-aks-cluster-psql-server.postgres.database.azure.com:5432/product_db?sslmode=require",
            "version": "932e514b3b8042509d48bd5c237bb5ae",
            "versionless_id": "https://bidr-uat-vault-2024.vault.azure.net/secrets/product-db-connection-string"
          },
          "sensitive_attributes": [
            [
              {
                "type": "get_attr",
                "value": "value"
              }
            ]
          ],
          "identity_schema_version": 0,
          "private": "eyJlMmJmYjczMC1lY2FhLTExZTYtOGY4OC0zNDM2M2JjN2M0YzAiOnsiY3JlYXRlIjoxODAwMDAwMDAwMDAwLCJkZWxldGUiOjE4MDAwMDAwMDAwMDAsInJlYWQiOjE4MDAwMDAwMDAwMDAsInVwZGF0ZSI6MTgwMDAwMDAwMDAwMH19",
          "dependencies": [
            "azurerm_key_vault.bidr",
            "azurerm_postgresql_flexible_server.bidr",
            "azurerm_postgresql_flexible_server_database.databases",
            "azurerm_private_dns_zone.postgresql",
            "azurerm_private_dns_zone_virtual_network_link.postgresql",
            "azurerm_resource_group.bidr",
            "azurerm_role_assignment.current_user_keyvault_admin",
            "azurerm_subnet.database",
            "azurerm_virtual_network.bidr",
            "data.azurerm_client_config.current",
            "random_password.database_password",
            "time_sleep.wait_for_keyvault_rbac"
          ]
        },
        {
          "index_key": "resolution_db",
          "schema_version": 0,
          "attributes": {
            "content_type": "",
            "expiration_date": null,
            "id": "https://bidr-uat-vault-2024.vault.azure.net/secrets/resolution-db-connection-string/c66dd3f7707944f78a563e47401d4761",
            "key_vault_id": "/subscriptions/51dd222b-9d63-476c-9069-cd3b2a87f6e6/resourceGroups/bidr-uat-k8s/providers/Microsoft.KeyVault/vaults/bidr-uat-vault-2024",
            "name": "resolution-db-connection-string",
            "not_before_date": null,
            "resource_id": "/subscriptions/51dd222b-9d63-476c-9069-cd3b2a87f6e6/resourceGroups/bidr-uat-k8s/providers/Microsoft.KeyVault/vaults/bidr-uat-vault-2024/secrets/resolution-db-connection-string/versions/c66dd3f7707944f78a563e47401d4761",
            "resource_versionless_id": "/subscriptions/51dd222b-9d63-476c-9069-cd3b2a87f6e6/resourceGroups/bidr-uat-k8s/providers/Microsoft.KeyVault/vaults/bidr-uat-vault-2024/secrets/resolution-db-connection-string",
            "tags": {
              "Environment": "uat",
              "Project": "BIDR",
              "Service": "resolution"
            },
            "timeouts": null,
            "value": "postgresql://bidruser:bpx}h=WY3lTlhnOCh4S6#D(wk$E$C0o:@bidr-uat-aks-cluster-psql-server.postgres.database.azure.com:5432/resolution_db?sslmode=require",
            "version": "c66dd3f7707944f78a563e47401d4761",
            "versionless_id": "https://bidr-uat-vault-2024.vault.azure.net/secrets/resolution-db-connection-string"
          },
          "sensitive_attributes": [
            [
              {
                "type": "get_attr",
                "value": "value"
              }
            ]
          ],
          "identity_schema_version": 0,
          "private": "eyJlMmJmYjczMC1lY2FhLTExZTYtOGY4OC0zNDM2M2JjN2M0YzAiOnsiY3JlYXRlIjoxODAwMDAwMDAwMDAwLCJkZWxldGUiOjE4MDAwMDAwMDAwMDAsInJlYWQiOjE4MDAwMDAwMDAwMDAsInVwZGF0ZSI6MTgwMDAwMDAwMDAwMH19",
          "dependencies": [
            "azurerm_key_vault.bidr",
            "azurerm_postgresql_flexible_server.bidr",
            "azurerm_postgresql_flexible_server_database.databases",
            "azurerm_private_dns_zone.postgresql",
            "azurerm_private_dns_zone_virtual_network_link.postgresql",
            "azurerm_resource_group.bidr",
            "azurerm_role_assignment.current_user_keyvault_admin",
            "azurerm_subnet.database",
            "azurerm_virtual_network.bidr",
            "data.azurerm_client_config.current",
            "random_password.database_password",
            "time_sleep.wait_for_keyvault_rbac"
          ]
        },
        {
          "index_key": "reviews_db",
          "schema_version": 0,
          "attributes": {
            "content_type": "",
            "expiration_date": null,
            "id": "https://bidr-uat-vault-2024.vault.azure.net/secrets/reviews-db-connection-string/594afa570d424c708ed9b9d08e2e4080",
            "key_vault_id": "/subscriptions/51dd222b-9d63-476c-9069-cd3b2a87f6e6/resourceGroups/bidr-uat-k8s/providers/Microsoft.KeyVault/vaults/bidr-uat-vault-2024",
            "name": "reviews-db-connection-string",
            "not_before_date": null,
            "resource_id": "/subscriptions/51dd222b-9d63-476c-9069-cd3b2a87f6e6/resourceGroups/bidr-uat-k8s/providers/Microsoft.KeyVault/vaults/bidr-uat-vault-2024/secrets/reviews-db-connection-string/versions/594afa570d424c708ed9b9d08e2e4080",
            "resource_versionless_id": "/subscriptions/51dd222b-9d63-476c-9069-cd3b2a87f6e6/resourceGroups/bidr-uat-k8s/providers/Microsoft.KeyVault/vaults/bidr-uat-vault-2024/secrets/reviews-db-connection-string",
            "tags": {
              "Environment": "uat",
              "Project": "BIDR",
              "Service": "reviews"
            },
            "timeouts": null,
            "value": "postgresql://bidruser:bpx}h=WY3lTlhnOCh4S6#D(wk$E$C0o:@bidr-uat-aks-cluster-psql-server.postgres.database.azure.com:5432/reviews_db?sslmode=require",
            "version": "594afa570d424c708ed9b9d08e2e4080",
            "versionless_id": "https://bidr-uat-vault-2024.vault.azure.net/secrets/reviews-db-connection-string"
          },
          "sensitive_attributes": [
            [
              {
                "type": "get_attr",
                "value": "value"
              }
            ]
          ],
          "identity_schema_version": 0,
          "private": "eyJlMmJmYjczMC1lY2FhLTExZTYtOGY4OC0zNDM2M2JjN2M0YzAiOnsiY3JlYXRlIjoxODAwMDAwMDAwMDAwLCJkZWxldGUiOjE4MDAwMDAwMDAwMDAsInJlYWQiOjE4MDAwMDAwMDAwMDAsInVwZGF0ZSI6MTgwMDAwMDAwMDAwMH19",
          "dependencies": [
            "azurerm_key_vault.bidr",
            "azurerm_postgresql_flexible_server.bidr",
            "azurerm_postgresql_flexible_server_database.databases",
            "azurerm_private_dns_zone.postgresql",
            "azurerm_private_dns_zone_virtual_network_link.postgresql",
            "azurerm_resource_group.bidr",
            "azurerm_role_assignment.current_user_keyvault_admin",
            "azurerm_subnet.database",
            "azurerm_virtual_network.bidr",
            "data.azurerm_client_config.current",
            "random_password.database_password",
            "time_sleep.wait_for_keyvault_rbac"
          ]
        },
        {
          "index_key": "transactions_db",
          "schema_version": 0,
          "attributes": {
            "content_type": "",
            "expiration_date": null,
            "id": "https://bidr-uat-vault-2024.vault.azure.net/secrets/transactions-db-connection-string/e9d9b176c15c46109930ecb77f46885a",
            "key_vault_id": "/subscriptions/51dd222b-9d63-476c-9069-cd3b2a87f6e6/resourceGroups/bidr-uat-k8s/providers/Microsoft.KeyVault/vaults/bidr-uat-vault-2024",
            "name": "transactions-db-connection-string",
            "not_before_date": null,
            "resource_id": "/subscriptions/51dd222b-9d63-476c-9069-cd3b2a87f6e6/resourceGroups/bidr-uat-k8s/providers/Microsoft.KeyVault/vaults/bidr-uat-vault-2024/secrets/transactions-db-connection-string/versions/e9d9b176c15c46109930ecb77f46885a",
            "resource_versionless_id": "/subscriptions/51dd222b-9d63-476c-9069-cd3b2a87f6e6/resourceGroups/bidr-uat-k8s/providers/Microsoft.KeyVault/vaults/bidr-uat-vault-2024/secrets/transactions-db-connection-string",
            "tags": {
              "Environment": "uat",
              "Project": "BIDR",
              "Service": "transactions"
            },
            "timeouts": null,
            "value": "postgresql://bidruser:bpx}h=WY3lTlhnOCh4S6#D(wk$E$C0o:@bidr-uat-aks-cluster-psql-server.postgres.database.azure.com:5432/transactions_db?sslmode=require",
            "version": "e9d9b176c15c46109930ecb77f46885a",
            "versionless_id": "https://bidr-uat-vault-2024.vault.azure.net/secrets/transactions-db-connection-string"
          },
          "sensitive_attributes": [
            [
              {
                "type": "get_attr",
                "value": "value"
              }
            ]
          ],
          "identity_schema_version": 0,
          "private": "eyJlMmJmYjczMC1lY2FhLTExZTYtOGY4OC0zNDM2M2JjN2M0YzAiOnsiY3JlYXRlIjoxODAwMDAwMDAwMDAwLCJkZWxldGUiOjE4MDAwMDAwMDAwMDAsInJlYWQiOjE4MDAwMDAwMDAwMDAsInVwZGF0ZSI6MTgwMDAwMDAwMDAwMH19",
          "dependencies": [
            "azurerm_key_vault.bidr",
            "azurerm_postgresql_flexible_server.bidr",
            "azurerm_postgresql_flexible_server_database.databases",
            "azurerm_private_dns_zone.postgresql",
            "azurerm_private_dns_zone_virtual_network_link.postgresql",
            "azurerm_resource_group.bidr",
            "azurerm_role_assignment.current_user_keyvault_admin",
            "azurerm_subnet.database",
            "azurerm_virtual_network.bidr",
            "data.azurerm_client_config.current",
            "random_password.database_password",
            "time_sleep.wait_for_keyvault_rbac"
          ]
        }
      ]
    },
    {
      "mode": "managed",
      "type": "azurerm_key_vault_secret",
      "name": "service_jwt_secrets",
      "provider": "provider[\"registry.terraform.io/hashicorp/azurerm\"]",
      "instances": [
        {
          "index_key": "auth",
          "schema_version": 0,
          "attributes": {
            "content_type": "",
            "expiration_date": null,
            "id": "https://bidr-uat-vault-2024.vault.azure.net/secrets/auth-service-jwt-secret/7d958518bc8640ad8cc86ae6902cfccc",
            "key_vault_id": "/subscriptions/51dd222b-9d63-476c-9069-cd3b2a87f6e6/resourceGroups/bidr-uat-k8s/providers/Microsoft.KeyVault/vaults/bidr-uat-vault-2024",
            "name": "auth-service-jwt-secret",
            "not_before_date": null,
            "resource_id": "/subscriptions/51dd222b-9d63-476c-9069-cd3b2a87f6e6/resourceGroups/bidr-uat-k8s/providers/Microsoft.KeyVault/vaults/bidr-uat-vault-2024/secrets/auth-service-jwt-secret/versions/7d958518bc8640ad8cc86ae6902cfccc",
            "resource_versionless_id": "/subscriptions/51dd222b-9d63-476c-9069-cd3b2a87f6e6/resourceGroups/bidr-uat-k8s/providers/Microsoft.KeyVault/vaults/bidr-uat-vault-2024/secrets/auth-service-jwt-secret",
            "tags": {
              "Environment": "uat",
              "Project": "BIDR",
              "Service": "auth"
            },
            "timeouts": null,
            "value": "Hg%Y%sAV0k=a=[={2?nuQe$s(4KIY!bGy0+b[euZPnco0P]4UjN(y34bCzS_B2p!",
            "version": "7d958518bc8640ad8cc86ae6902cfccc",
            "versionless_id": "https://bidr-uat-vault-2024.vault.azure.net/secrets/auth-service-jwt-secret"
          },
          "sensitive_attributes": [
            [
              {
                "type": "get_attr",
                "value": "value"
              }
            ]
          ],
          "identity_schema_version": 0,
          "private": "eyJlMmJmYjczMC1lY2FhLTExZTYtOGY4OC0zNDM2M2JjN2M0YzAiOnsiY3JlYXRlIjoxODAwMDAwMDAwMDAwLCJkZWxldGUiOjE4MDAwMDAwMDAwMDAsInJlYWQiOjE4MDAwMDAwMDAwMDAsInVwZGF0ZSI6MTgwMDAwMDAwMDAwMH19",
          "dependencies": [
            "azurerm_key_vault.bidr",
            "azurerm_resource_group.bidr",
            "azurerm_role_assignment.current_user_keyvault_admin",
            "data.azurerm_client_config.current",
            "random_password.service_jwt_secrets",
            "time_sleep.wait_for_keyvault_rbac"
          ]
        },
        {
          "index_key": "chat",
          "schema_version": 0,
          "attributes": {
            "content_type": "",
            "expiration_date": null,
            "id": "https://bidr-uat-vault-2024.vault.azure.net/secrets/chat-service-jwt-secret/ae35db5fb42743fca1f9e4e37ef2a483",
            "key_vault_id": "/subscriptions/51dd222b-9d63-476c-9069-cd3b2a87f6e6/resourceGroups/bidr-uat-k8s/providers/Microsoft.KeyVault/vaults/bidr-uat-vault-2024",
            "name": "chat-service-jwt-secret",
            "not_before_date": null,
            "resource_id": "/subscriptions/51dd222b-9d63-476c-9069-cd3b2a87f6e6/resourceGroups/bidr-uat-k8s/providers/Microsoft.KeyVault/vaults/bidr-uat-vault-2024/secrets/chat-service-jwt-secret/versions/ae35db5fb42743fca1f9e4e37ef2a483",
            "resource_versionless_id": "/subscriptions/51dd222b-9d63-476c-9069-cd3b2a87f6e6/resourceGroups/bidr-uat-k8s/providers/Microsoft.KeyVault/vaults/bidr-uat-vault-2024/secrets/chat-service-jwt-secret",
            "tags": {
              "Environment": "uat",
              "Project": "BIDR",
              "Service": "chat"
            },
            "timeouts": null,
            "value": "[e_r{T7(NheS-gn4KRGg#@4g!wOR1}x*4jJTiE7PX18:iA_JfycQdZv\u003cr%)314\u003cj",
            "version": "ae35db5fb42743fca1f9e4e37ef2a483",
            "versionless_id": "https://bidr-uat-vault-2024.vault.azure.net/secrets/chat-service-jwt-secret"
          },
          "sensitive_attributes": [
            [
              {
                "type": "get_attr",
                "value": "value"
              }
            ]
          ],
          "identity_schema_version": 0,
          "private": "eyJlMmJmYjczMC1lY2FhLTExZTYtOGY4OC0zNDM2M2JjN2M0YzAiOnsiY3JlYXRlIjoxODAwMDAwMDAwMDAwLCJkZWxldGUiOjE4MDAwMDAwMDAwMDAsInJlYWQiOjE4MDAwMDAwMDAwMDAsInVwZGF0ZSI6MTgwMDAwMDAwMDAwMH19",
          "dependencies": [
            "azurerm_key_vault.bidr",
            "azurerm_resource_group.bidr",
            "azurerm_role_assignment.current_user_keyvault_admin",
            "data.azurerm_client_config.current",
            "random_password.service_jwt_secrets",
            "time_sleep.wait_for_keyvault_rbac"
          ]
        },
        {
          "index_key": "notifications",
          "schema_version": 0,
          "attributes": {
            "content_type": "",
            "expiration_date": null,
            "id": "https://bidr-uat-vault-2024.vault.azure.net/secrets/notifications-service-jwt-secret/89f203a472c84968b16d16e62c6251d8",
            "key_vault_id": "/subscriptions/51dd222b-9d63-476c-9069-cd3b2a87f6e6/resourceGroups/bidr-uat-k8s/providers/Microsoft.KeyVault/vaults/bidr-uat-vault-2024",
            "name": "notifications-service-jwt-secret",
            "not_before_date": null,
            "resource_id": "/subscriptions/51dd222b-9d63-476c-9069-cd3b2a87f6e6/resourceGroups/bidr-uat-k8s/providers/Microsoft.KeyVault/vaults/bidr-uat-vault-2024/secrets/notifications-service-jwt-secret/versions/89f203a472c84968b16d16e62c6251d8",
            "resource_versionless_id": "/subscriptions/51dd222b-9d63-476c-9069-cd3b2a87f6e6/resourceGroups/bidr-uat-k8s/providers/Microsoft.KeyVault/vaults/bidr-uat-vault-2024/secrets/notifications-service-jwt-secret",
            "tags": {
              "Environment": "uat",
              "Project": "BIDR",
              "Service": "notifications"
            },
            "timeouts": null,
            "value": "63nt-oJawiZo\u003c#VqZd!K\u003eOZL\u0026vUmZO7!%U3_UuM5Cbx\u0026y[)bZdm08DCm]viLVhVN",
            "version": "89f203a472c84968b16d16e62c6251d8",
            "versionless_id": "https://bidr-uat-vault-2024.vault.azure.net/secrets/notifications-service-jwt-secret"
          },
          "sensitive_attributes": [
            [
              {
                "type": "get_attr",
                "value": "value"
              }
            ]
          ],
          "identity_schema_version": 0,
          "private": "eyJlMmJmYjczMC1lY2FhLTExZTYtOGY4OC0zNDM2M2JjN2M0YzAiOnsiY3JlYXRlIjoxODAwMDAwMDAwMDAwLCJkZWxldGUiOjE4MDAwMDAwMDAwMDAsInJlYWQiOjE4MDAwMDAwMDAwMDAsInVwZGF0ZSI6MTgwMDAwMDAwMDAwMH19",
          "dependencies": [
            "azurerm_key_vault.bidr",
            "azurerm_resource_group.bidr",
            "azurerm_role_assignment.current_user_keyvault_admin",
            "data.azurerm_client_config.current",
            "random_password.service_jwt_secrets",
            "time_sleep.wait_for_keyvault_rbac"
          ]
        },
        {
          "index_key": "payment",
          "schema_version": 0,
          "attributes": {
            "content_type": "",
            "expiration_date": null,
            "id": "https://bidr-uat-vault-2024.vault.azure.net/secrets/payment-service-jwt-secret/b17547c6a26c4d5db419e8aec925275c",
            "key_vault_id": "/subscriptions/51dd222b-9d63-476c-9069-cd3b2a87f6e6/resourceGroups/bidr-uat-k8s/providers/Microsoft.KeyVault/vaults/bidr-uat-vault-2024",
            "name": "payment-service-jwt-secret",
            "not_before_date": null,
            "resource_id": "/subscriptions/51dd222b-9d63-476c-9069-cd3b2a87f6e6/resourceGroups/bidr-uat-k8s/providers/Microsoft.KeyVault/vaults/bidr-uat-vault-2024/secrets/payment-service-jwt-secret/versions/b17547c6a26c4d5db419e8aec925275c",
            "resource_versionless_id": "/subscriptions/51dd222b-9d63-476c-9069-cd3b2a87f6e6/resourceGroups/bidr-uat-k8s/providers/Microsoft.KeyVault/vaults/bidr-uat-vault-2024/secrets/payment-service-jwt-secret",
            "tags": {
              "Environment": "uat",
              "Project": "BIDR",
              "Service": "payment"
            },
            "timeouts": null,
            "value": "\u0026(?7bw:!CCO)pIqTN-#PI=YRL4Kv3(8#yx*HB6H8*K}ph!vE]j7q6*yhiVVB92[@",
            "version": "b17547c6a26c4d5db419e8aec925275c",
            "versionless_id": "https://bidr-uat-vault-2024.vault.azure.net/secrets/payment-service-jwt-secret"
          },
          "sensitive_attributes": [
            [
              {
                "type": "get_attr",
                "value": "value"
              }
            ]
          ],
          "identity_schema_version": 0,
          "private": "eyJlMmJmYjczMC1lY2FhLTExZTYtOGY4OC0zNDM2M2JjN2M0YzAiOnsiY3JlYXRlIjoxODAwMDAwMDAwMDAwLCJkZWxldGUiOjE4MDAwMDAwMDAwMDAsInJlYWQiOjE4MDAwMDAwMDAwMDAsInVwZGF0ZSI6MTgwMDAwMDAwMDAwMH19",
          "dependencies": [
            "azurerm_key_vault.bidr",
            "azurerm_resource_group.bidr",
            "azurerm_role_assignment.current_user_keyvault_admin",
            "data.azurerm_client_config.current",
            "random_password.service_jwt_secrets",
            "time_sleep.wait_for_keyvault_rbac"
          ]
        },
        {
          "index_key": "product",
          "schema_version": 0,
          "attributes": {
            "content_type": "",
            "expiration_date": null,
            "id": "https://bidr-uat-vault-2024.vault.azure.net/secrets/product-service-jwt-secret/768b206b262a47568420aa3c232642e9",
            "key_vault_id": "/subscriptions/51dd222b-9d63-476c-9069-cd3b2a87f6e6/resourceGroups/bidr-uat-k8s/providers/Microsoft.KeyVault/vaults/bidr-uat-vault-2024",
            "name": "product-service-jwt-secret",
            "not_before_date": null,
            "resource_id": "/subscriptions/51dd222b-9d63-476c-9069-cd3b2a87f6e6/resourceGroups/bidr-uat-k8s/providers/Microsoft.KeyVault/vaults/bidr-uat-vault-2024/secrets/product-service-jwt-secret/versions/768b206b262a47568420aa3c232642e9",
            "resource_versionless_id": "/subscriptions/51dd222b-9d63-476c-9069-cd3b2a87f6e6/resourceGroups/bidr-uat-k8s/providers/Microsoft.KeyVault/vaults/bidr-uat-vault-2024/secrets/product-service-jwt-secret",
            "tags": {
              "Environment": "uat",
              "Project": "BIDR",
              "Service": "product"
            },
            "timeouts": null,
            "value": "?+:%T3KIgg}:fd\u003cfW(3OUC3?rd?%OCDVxV[!$j\u0026cBwAz1?_a@v]o}8aj:L!A$#UY",
            "version": "768b206b262a47568420aa3c232642e9",
            "versionless_id": "https://bidr-uat-vault-2024.vault.azure.net/secrets/product-service-jwt-secret"
          },
          "sensitive_attributes": [
            [
              {
                "type": "get_attr",
                "value": "value"
              }
            ]
          ],
          "identity_schema_version": 0,
          "private": "eyJlMmJmYjczMC1lY2FhLTExZTYtOGY4OC0zNDM2M2JjN2M0YzAiOnsiY3JlYXRlIjoxODAwMDAwMDAwMDAwLCJkZWxldGUiOjE4MDAwMDAwMDAwMDAsInJlYWQiOjE4MDAwMDAwMDAwMDAsInVwZGF0ZSI6MTgwMDAwMDAwMDAwMH19",
          "dependencies": [
            "azurerm_key_vault.bidr",
            "azurerm_resource_group.bidr",
            "azurerm_role_assignment.current_user_keyvault_admin",
            "data.azurerm_client_config.current",
            "random_password.service_jwt_secrets",
            "time_sleep.wait_for_keyvault_rbac"
          ]
        },
        {
          "index_key": "resolution",
          "schema_version": 0,
          "attributes": {
            "content_type": "",
            "expiration_date": null,
            "id": "https://bidr-uat-vault-2024.vault.azure.net/secrets/resolution-service-jwt-secret/7c955cb2066f4d75b42072eaf5cb0ff2",
            "key_vault_id": "/subscriptions/51dd222b-9d63-476c-9069-cd3b2a87f6e6/resourceGroups/bidr-uat-k8s/providers/Microsoft.KeyVault/vaults/bidr-uat-vault-2024",
            "name": "resolution-service-jwt-secret",
            "not_before_date": null,
            "resource_id": "/subscriptions/51dd222b-9d63-476c-9069-cd3b2a87f6e6/resourceGroups/bidr-uat-k8s/providers/Microsoft.KeyVault/vaults/bidr-uat-vault-2024/secrets/resolution-service-jwt-secret/versions/7c955cb2066f4d75b42072eaf5cb0ff2",
            "resource_versionless_id": "/subscriptions/51dd222b-9d63-476c-9069-cd3b2a87f6e6/resourceGroups/bidr-uat-k8s/providers/Microsoft.KeyVault/vaults/bidr-uat-vault-2024/secrets/resolution-service-jwt-secret",
            "tags": {
              "Environment": "uat",
              "Project": "BIDR",
              "Service": "resolution"
            },
            "timeouts": null,
            "value": "O*(VVfCM_X[UXy7(=j2QAJh{kS-\u0026\u003c?Xf@njDBqT-:=rhi(hnJyRgjo{2_P5]wyxr",
            "version": "7c955cb2066f4d75b42072eaf5cb0ff2",
            "versionless_id": "https://bidr-uat-vault-2024.vault.azure.net/secrets/resolution-service-jwt-secret"
          },
          "sensitive_attributes": [
            [
              {
                "type": "get_attr",
                "value": "value"
              }
            ]
          ],
          "identity_schema_version": 0,
          "private": "eyJlMmJmYjczMC1lY2FhLTExZTYtOGY4OC0zNDM2M2JjN2M0YzAiOnsiY3JlYXRlIjoxODAwMDAwMDAwMDAwLCJkZWxldGUiOjE4MDAwMDAwMDAwMDAsInJlYWQiOjE4MDAwMDAwMDAwMDAsInVwZGF0ZSI6MTgwMDAwMDAwMDAwMH19",
          "dependencies": [
            "azurerm_key_vault.bidr",
            "azurerm_resource_group.bidr",
            "azurerm_role_assignment.current_user_keyvault_admin",
            "data.azurerm_client_config.current",
            "random_password.service_jwt_secrets",
            "time_sleep.wait_for_keyvault_rbac"
          ]
        },
        {
          "index_key": "reviews",
          "schema_version": 0,
          "attributes": {
            "content_type": "",
            "expiration_date": null,
            "id": "https://bidr-uat-vault-2024.vault.azure.net/secrets/reviews-service-jwt-secret/07c5cd394ebc43e08c455dd35b25f85e",
            "key_vault_id": "/subscriptions/51dd222b-9d63-476c-9069-cd3b2a87f6e6/resourceGroups/bidr-uat-k8s/providers/Microsoft.KeyVault/vaults/bidr-uat-vault-2024",
            "name": "reviews-service-jwt-secret",
            "not_before_date": null,
            "resource_id": "/subscriptions/51dd222b-9d63-476c-9069-cd3b2a87f6e6/resourceGroups/bidr-uat-k8s/providers/Microsoft.KeyVault/vaults/bidr-uat-vault-2024/secrets/reviews-service-jwt-secret/versions/07c5cd394ebc43e08c455dd35b25f85e",
            "resource_versionless_id": "/subscriptions/51dd222b-9d63-476c-9069-cd3b2a87f6e6/resourceGroups/bidr-uat-k8s/providers/Microsoft.KeyVault/vaults/bidr-uat-vault-2024/secrets/reviews-service-jwt-secret",
            "tags": {
              "Environment": "uat",
              "Project": "BIDR",
              "Service": "reviews"
            },
            "timeouts": null,
            "value": "dvn)nk3CJK}c5pRNX)M5#wl%f2Dys7\u003cG_qrk\u003c69E2u$\u0026E]CV$14\u0026bC*9Cu+O0YF%",
            "version": "07c5cd394ebc43e08c455dd35b25f85e",
            "versionless_id": "https://bidr-uat-vault-2024.vault.azure.net/secrets/reviews-service-jwt-secret"
          },
          "sensitive_attributes": [
            [
              {
                "type": "get_attr",
                "value": "value"
              }
            ]
          ],
          "identity_schema_version": 0,
          "private": "eyJlMmJmYjczMC1lY2FhLTExZTYtOGY4OC0zNDM2M2JjN2M0YzAiOnsiY3JlYXRlIjoxODAwMDAwMDAwMDAwLCJkZWxldGUiOjE4MDAwMDAwMDAwMDAsInJlYWQiOjE4MDAwMDAwMDAwMDAsInVwZGF0ZSI6MTgwMDAwMDAwMDAwMH19",
          "dependencies": [
            "azurerm_key_vault.bidr",
            "azurerm_resource_group.bidr",
            "azurerm_role_assignment.current_user_keyvault_admin",
            "data.azurerm_client_config.current",
            "random_password.service_jwt_secrets",
            "time_sleep.wait_for_keyvault_rbac"
          ]
        },
        {
          "index_key": "transactions",
          "schema_version": 0,
          "attributes": {
            "content_type": "",
            "expiration_date": null,
            "id": "https://bidr-uat-vault-2024.vault.azure.net/secrets/transactions-service-jwt-secret/f435c80ad4ec42fa820284ab247d454b",
            "key_vault_id": "/subscriptions/51dd222b-9d63-476c-9069-cd3b2a87f6e6/resourceGroups/bidr-uat-k8s/providers/Microsoft.KeyVault/vaults/bidr-uat-vault-2024",
            "name": "transactions-service-jwt-secret",
            "not_before_date": null,
            "resource_id": "/subscriptions/51dd222b-9d63-476c-9069-cd3b2a87f6e6/resourceGroups/bidr-uat-k8s/providers/Microsoft.KeyVault/vaults/bidr-uat-vault-2024/secrets/transactions-service-jwt-secret/versions/f435c80ad4ec42fa820284ab247d454b",
            "resource_versionless_id": "/subscriptions/51dd222b-9d63-476c-9069-cd3b2a87f6e6/resourceGroups/bidr-uat-k8s/providers/Microsoft.KeyVault/vaults/bidr-uat-vault-2024/secrets/transactions-service-jwt-secret",
            "tags": {
              "Environment": "uat",
              "Project": "BIDR",
              "Service": "transactions"
            },
            "timeouts": null,
            "value": "%QD4lo?gA7lb$9Y}tKRC1_whi{:9\u0026YjnashL\u0026fWmcxtLDB-s4CBZaCSP9f!\u003cJQfo",
            "version": "f435c80ad4ec42fa820284ab247d454b",
            "versionless_id": "https://bidr-uat-vault-2024.vault.azure.net/secrets/transactions-service-jwt-secret"
          },
          "sensitive_attributes": [
            [
              {
                "type": "get_attr",
                "value": "value"
              }
            ]
          ],
          "identity_schema_version": 0,
          "private": "eyJlMmJmYjczMC1lY2FhLTExZTYtOGY4OC0zNDM2M2JjN2M0YzAiOnsiY3JlYXRlIjoxODAwMDAwMDAwMDAwLCJkZWxldGUiOjE4MDAwMDAwMDAwMDAsInJlYWQiOjE4MDAwMDAwMDAwMDAsInVwZGF0ZSI6MTgwMDAwMDAwMDAwMH19",
          "dependencies": [
            "azurerm_key_vault.bidr",
            "azurerm_resource_group.bidr",
            "azurerm_role_assignment.current_user_keyvault_admin",
            "data.azurerm_client_config.current",
            "random_password.service_jwt_secrets",
            "time_sleep.wait_for_keyvault_rbac"
          ]
        }
      ]
    },
    {
      "mode": "managed",
      "type": "azurerm_key_vault_secret",
      "name": "storage_connection_string",
      "provider": "provider[\"registry.terraform.io/hashicorp/azurerm\"]",
      "instances": [
        {
          "schema_version": 0,
          "attributes": {
            "content_type": "",
            "expiration_date": null,
            "id": "https://bidr-uat-vault-2024.vault.azure.net/secrets/storage-connection-string/556e6115cdb7454e880a835f7ce4055f",
            "key_vault_id": "/subscriptions/51dd222b-9d63-476c-9069-cd3b2a87f6e6/resourceGroups/bidr-uat-k8s/providers/Microsoft.KeyVault/vaults/bidr-uat-vault-2024",
            "name": "storage-connection-string",
            "not_before_date": null,
            "resource_id": "/subscriptions/51dd222b-9d63-476c-9069-cd3b2a87f6e6/resourceGroups/bidr-uat-k8s/providers/Microsoft.KeyVault/vaults/bidr-uat-vault-2024/secrets/storage-connection-string/versions/556e6115cdb7454e880a835f7ce4055f",
            "resource_versionless_id": "/subscriptions/51dd222b-9d63-476c-9069-cd3b2a87f6e6/resourceGroups/bidr-uat-k8s/providers/Microsoft.KeyVault/vaults/bidr-uat-vault-2024/secrets/storage-connection-string",
            "tags": {
              "Environment": "uat",
              "Project": "BIDR"
            },
            "timeouts": null,
            "value": "DefaultEndpointsProtocol=https;AccountName=bidruataksclusterstorage;AccountKey=dzB65DbUOHcJabr+iWnVFrmyzahCsbshDWkQTouHE537fdbeEWoVZBETwG2/koJBR7SazBhkg1ks+ASteksJDw==;EndpointSuffix=core.windows.net",
            "version": "556e6115cdb7454e880a835f7ce4055f",
            "versionless_id": "https://bidr-uat-vault-2024.vault.azure.net/secrets/storage-connection-string"
          },
          "sensitive_attributes": [
            [
              {
                "type": "get_attr",
                "value": "value"
              }
            ]
          ],
          "identity_schema_version": 0,
          "private": "eyJlMmJmYjczMC1lY2FhLTExZTYtOGY4OC0zNDM2M2JjN2M0YzAiOnsiY3JlYXRlIjoxODAwMDAwMDAwMDAwLCJkZWxldGUiOjE4MDAwMDAwMDAwMDAsInJlYWQiOjE4MDAwMDAwMDAwMDAsInVwZGF0ZSI6MTgwMDAwMDAwMDAwMH19",
          "dependencies": [
            "azurerm_key_vault.bidr",
            "azurerm_resource_group.bidr",
            "azurerm_role_assignment.current_user_keyvault_admin",
            "azurerm_storage_account.bidr",
            "data.azurerm_client_config.current",
            "time_sleep.wait_for_keyvault_rbac"
          ]
        }
      ]
    },
    {
      "mode": "managed",
      "type": "azurerm_lb",
      "name": "bidr",
      "provider": "provider[\"registry.terraform.io/hashicorp/azurerm\"]",
      "instances": [
        {
          "schema_version": 0,
          "attributes": {
            "edge_zone": "",
            "frontend_ip_configuration": [
              {
                "gateway_load_balancer_frontend_ip_configuration_id": "",
                "id": "/subscriptions/51dd222b-9d63-476c-9069-cd3b2a87f6e6/resourceGroups/bidr-uat-k8s/providers/Microsoft.Network/loadBalancers/BIDR-uat-aks-cluster-lb/frontendIPConfigurations/LoadBalancerFrontend",
                "inbound_nat_rules": [],
                "load_balancer_rules": [],
                "name": "LoadBalancerFrontend",
                "outbound_rules": [],
                "private_ip_address": "",
                "private_ip_address_allocation": "Dynamic",
                "private_ip_address_version": "",
                "public_ip_address_id": "/subscriptions/51dd222b-9d63-476c-9069-cd3b2a87f6e6/resourceGroups/bidr-uat-k8s/providers/Microsoft.Network/publicIPAddresses/BIDR-uat-aks-cluster-lb-ip",
                "public_ip_prefix_id": "",
                "subnet_id": "",
                "zones": null
              }
            ],
            "id": "/subscriptions/51dd222b-9d63-476c-9069-cd3b2a87f6e6/resourceGroups/bidr-uat-k8s/providers/Microsoft.Network/loadBalancers/BIDR-uat-aks-cluster-lb",
            "location": "southafricanorth",
            "name": "BIDR-uat-aks-cluster-lb",
            "private_ip_address": "",
            "private_ip_addresses": [],
            "resource_group_name": "bidr-uat-k8s",
            "sku": "Standard",
            "sku_tier": "Regional",
            "tags": {
              "Environment": "uat",
              "ManagedBy": "Terraform",
              "Project": "BIDR"
            },
            "timeouts": null
          },
          "sensitive_attributes": [],
          "identity_schema_version": 0,
          "private": "eyJlMmJmYjczMC1lY2FhLTExZTYtOGY4OC0zNDM2M2JjN2M0YzAiOnsiY3JlYXRlIjoxODAwMDAwMDAwMDAwLCJkZWxldGUiOjE4MDAwMDAwMDAwMDAsInJlYWQiOjMwMDAwMDAwMDAwMCwidXBkYXRlIjoxODAwMDAwMDAwMDAwfX0=",
          "dependencies": [
            "azurerm_public_ip.load_balancer",
            "azurerm_resource_group.bidr"
          ]
        }
      ]
    },
    {
      "mode": "managed",
      "type": "azurerm_lb_backend_address_pool",
      "name": "bidr",
      "provider": "provider[\"registry.terraform.io/hashicorp/azurerm\"]",
      "instances": [
        {
          "schema_version": 0,
          "attributes": {
            "backend_ip_configurations": [],
            "id": "/subscriptions/51dd222b-9d63-476c-9069-cd3b2a87f6e6/resourceGroups/bidr-uat-k8s/providers/Microsoft.Network/loadBalancers/BIDR-uat-aks-cluster-lb/backendAddressPools/BackendPool",
            "inbound_nat_rules": [],
            "load_balancing_rules": [],
            "loadbalancer_id": "/subscriptions/51dd222b-9d63-476c-9069-cd3b2a87f6e6/resourceGroups/bidr-uat-k8s/providers/Microsoft.Network/loadBalancers/BIDR-uat-aks-cluster-lb",
            "name": "BackendPool",
            "outbound_rules": [],
            "synchronous_mode": "",
            "timeouts": null,
            "tunnel_interface": [],
            "virtual_network_id": ""
          },
          "sensitive_attributes": [],
          "identity_schema_version": 0,
          "private": "eyJlMmJmYjczMC1lY2FhLTExZTYtOGY4OC0zNDM2M2JjN2M0YzAiOnsiY3JlYXRlIjoxODAwMDAwMDAwMDAwLCJkZWxldGUiOjE4MDAwMDAwMDAwMDAsInJlYWQiOjMwMDAwMDAwMDAwMCwidXBkYXRlIjoxODAwMDAwMDAwMDAwfX0=",
          "dependencies": [
            "azurerm_lb.bidr",
            "azurerm_public_ip.load_balancer",
            "azurerm_resource_group.bidr"
          ]
        }
      ]
    },
    {
      "mode": "managed",
      "type": "azurerm_lb_probe",
      "name": "http",
      "provider": "provider[\"registry.terraform.io/hashicorp/azurerm\"]",
      "instances": [
        {
          "schema_version": 0,
          "attributes": {
            "id": "/subscriptions/51dd222b-9d63-476c-9069-cd3b2a87f6e6/resourceGroups/bidr-uat-k8s/providers/Microsoft.Network/loadBalancers/BIDR-uat-aks-cluster-lb/probes/http-probe",
            "interval_in_seconds": 15,
            "load_balancer_rules": [],
            "loadbalancer_id": "/subscriptions/51dd222b-9d63-476c-9069-cd3b2a87f6e6/resourceGroups/bidr-uat-k8s/providers/Microsoft.Network/loadBalancers/BIDR-uat-aks-cluster-lb",
            "name": "http-probe",
            "number_of_probes": 2,
            "port": 80,
            "probe_threshold": 1,
            "protocol": "Http",
            "request_path": "/health",
            "timeouts": null
          },
          "sensitive_attributes": [],
          "identity_schema_version": 0,
          "private": "eyJlMmJmYjczMC1lY2FhLTExZTYtOGY4OC0zNDM2M2JjN2M0YzAiOnsiY3JlYXRlIjoxODAwMDAwMDAwMDAwLCJkZWxldGUiOjE4MDAwMDAwMDAwMDAsInJlYWQiOjMwMDAwMDAwMDAwMCwidXBkYXRlIjoxODAwMDAwMDAwMDAwfX0=",
          "dependencies": [
            "azurerm_lb.bidr",
            "azurerm_public_ip.load_balancer",
            "azurerm_resource_group.bidr"
          ]
        }
      ]
    },
    {
      "mode": "managed",
      "type": "azurerm_lb_probe",
      "name": "https",
      "provider": "provider[\"registry.terraform.io/hashicorp/azurerm\"]",
      "instances": [
        {
          "schema_version": 0,
          "attributes": {
            "id": "/subscriptions/51dd222b-9d63-476c-9069-cd3b2a87f6e6/resourceGroups/bidr-uat-k8s/providers/Microsoft.Network/loadBalancers/BIDR-uat-aks-cluster-lb/probes/https-probe",
            "interval_in_seconds": 15,
            "load_balancer_rules": [],
            "loadbalancer_id": "/subscriptions/51dd222b-9d63-476c-9069-cd3b2a87f6e6/resourceGroups/bidr-uat-k8s/providers/Microsoft.Network/loadBalancers/BIDR-uat-aks-cluster-lb",
            "name": "https-probe",
            "number_of_probes": 2,
            "port": 443,
            "probe_threshold": 1,
            "protocol": "Https",
            "request_path": "/health",
            "timeouts": null
          },
          "sensitive_attributes": [],
          "identity_schema_version": 0,
          "private": "eyJlMmJmYjczMC1lY2FhLTExZTYtOGY4OC0zNDM2M2JjN2M0YzAiOnsiY3JlYXRlIjoxODAwMDAwMDAwMDAwLCJkZWxldGUiOjE4MDAwMDAwMDAwMDAsInJlYWQiOjMwMDAwMDAwMDAwMCwidXBkYXRlIjoxODAwMDAwMDAwMDAwfX0=",
          "dependencies": [
            "azurerm_lb.bidr",
            "azurerm_public_ip.load_balancer",
            "azurerm_resource_group.bidr"
          ]
        }
      ]
    },
    {
      "mode": "managed",
      "type": "azurerm_lb_rule",
      "name": "http",
      "provider": "provider[\"registry.terraform.io/hashicorp/azurerm\"]",
      "instances": [
        {
          "schema_version": 0,
          "attributes": {
            "backend_address_pool_ids": [
              "/subscriptions/51dd222b-9d63-476c-9069-cd3b2a87f6e6/resourceGroups/bidr-uat-k8s/providers/Microsoft.Network/loadBalancers/BIDR-uat-aks-cluster-lb/backendAddressPools/BackendPool"
            ],
            "backend_port": 80,
            "disable_outbound_snat": false,
            "enable_floating_ip": false,
            "enable_tcp_reset": false,
            "frontend_ip_configuration_id": "/subscriptions/51dd222b-9d63-476c-9069-cd3b2a87f6e6/resourceGroups/bidr-uat-k8s/providers/Microsoft.Network/loadBalancers/BIDR-uat-aks-cluster-lb/frontendIPConfigurations/LoadBalancerFrontend",
            "frontend_ip_configuration_name": "LoadBalancerFrontend",
            "frontend_port": 80,
            "id": "/subscriptions/51dd222b-9d63-476c-9069-cd3b2a87f6e6/resourceGroups/bidr-uat-k8s/providers/Microsoft.Network/loadBalancers/BIDR-uat-aks-cluster-lb/loadBalancingRules/HTTP",
            "idle_timeout_in_minutes": 15,
            "load_distribution": "Default",
            "loadbalancer_id": "/subscriptions/51dd222b-9d63-476c-9069-cd3b2a87f6e6/resourceGroups/bidr-uat-k8s/providers/Microsoft.Network/loadBalancers/BIDR-uat-aks-cluster-lb",
            "name": "HTTP",
            "probe_id": "/subscriptions/51dd222b-9d63-476c-9069-cd3b2a87f6e6/resourceGroups/bidr-uat-k8s/providers/Microsoft.Network/loadBalancers/BIDR-uat-aks-cluster-lb/probes/http-probe",
            "protocol": "Tcp",
            "timeouts": null
          },
          "sensitive_attributes": [],
          "identity_schema_version": 0,
          "private": "eyJlMmJmYjczMC1lY2FhLTExZTYtOGY4OC0zNDM2M2JjN2M0YzAiOnsiY3JlYXRlIjoxODAwMDAwMDAwMDAwLCJkZWxldGUiOjE4MDAwMDAwMDAwMDAsInJlYWQiOjMwMDAwMDAwMDAwMCwidXBkYXRlIjoxODAwMDAwMDAwMDAwfX0=",
          "dependencies": [
            "azurerm_lb.bidr",
            "azurerm_lb_backend_address_pool.bidr",
            "azurerm_lb_probe.http",
            "azurerm_public_ip.load_balancer",
            "azurerm_resource_group.bidr"
          ]
        }
      ]
    },
    {
      "mode": "managed",
      "type": "azurerm_lb_rule",
      "name": "https",
      "provider": "provider[\"registry.terraform.io/hashicorp/azurerm\"]",
      "instances": [
        {
          "schema_version": 0,
          "attributes": {
            "backend_address_pool_ids": [
              "/subscriptions/51dd222b-9d63-476c-9069-cd3b2a87f6e6/resourceGroups/bidr-uat-k8s/providers/Microsoft.Network/loadBalancers/BIDR-uat-aks-cluster-lb/backendAddressPools/BackendPool"
            ],
            "backend_port": 443,
            "disable_outbound_snat": false,
            "enable_floating_ip": false,
            "enable_tcp_reset": false,
            "frontend_ip_configuration_id": "/subscriptions/51dd222b-9d63-476c-9069-cd3b2a87f6e6/resourceGroups/bidr-uat-k8s/providers/Microsoft.Network/loadBalancers/BIDR-uat-aks-cluster-lb/frontendIPConfigurations/LoadBalancerFrontend",
            "frontend_ip_configuration_name": "LoadBalancerFrontend",
            "frontend_port": 443,
            "id": "/subscriptions/51dd222b-9d63-476c-9069-cd3b2a87f6e6/resourceGroups/bidr-uat-k8s/providers/Microsoft.Network/loadBalancers/BIDR-uat-aks-cluster-lb/loadBalancingRules/HTTPS",
            "idle_timeout_in_minutes": 15,
            "load_distribution": "Default",
            "loadbalancer_id": "/subscriptions/51dd222b-9d63-476c-9069-cd3b2a87f6e6/resourceGroups/bidr-uat-k8s/providers/Microsoft.Network/loadBalancers/BIDR-uat-aks-cluster-lb",
            "name": "HTTPS",
            "probe_id": "/subscriptions/51dd222b-9d63-476c-9069-cd3b2a87f6e6/resourceGroups/bidr-uat-k8s/providers/Microsoft.Network/loadBalancers/BIDR-uat-aks-cluster-lb/probes/https-probe",
            "protocol": "Tcp",
            "timeouts": null
          },
          "sensitive_attributes": [],
          "identity_schema_version": 0,
          "private": "eyJlMmJmYjczMC1lY2FhLTExZTYtOGY4OC0zNDM2M2JjN2M0YzAiOnsiY3JlYXRlIjoxODAwMDAwMDAwMDAwLCJkZWxldGUiOjE4MDAwMDAwMDAwMDAsInJlYWQiOjMwMDAwMDAwMDAwMCwidXBkYXRlIjoxODAwMDAwMDAwMDAwfX0=",
          "dependencies": [
            "azurerm_lb.bidr",
            "azurerm_lb_backend_address_pool.bidr",
            "azurerm_lb_probe.https",
            "azurerm_public_ip.load_balancer",
            "azurerm_resource_group.bidr"
          ]
        }
      ]
    },
    {
      "mode": "managed",
      "type": "azurerm_linux_virtual_machine",
      "name": "nginx_proxy",
      "provider": "provider[\"registry.terraform.io/hashicorp/azurerm\"]",
      "instances": [
        {
          "schema_version": 0,
          "attributes": {
            "additional_capabilities": [],
            "admin_password": null,
            "admin_ssh_key": [
              {
                "public_key": "ssh-rsa AAAAB3NzaC1yc2EAAAADAQABAAABAQDqUNawrVlOjuxJoZNPGZvRbQ8d/VGu8KyAodaW7ZZEJBE6rt43Yxr3ocG2XFo2FnGLtxQszv7l9F4iNyoy2AeCaaCbViDTd3DGsOInMy9KwXrqmwTjp26TrhFUQCdf/hJyvtBxGG3LBdRbGGJM17a41c0K69JwIRYBOWnBLcncSpoW556aVLGrF/B7E28pFDVpECQEHqzPMMtUXjCW+a6geXbclyC4nQpRSSocJ9KVbos5GYvRR0ZEYqv0sgoYPxJygWu0MF706sR16gpmpAIh9EZSWbK5NR9IFMW4We96NV9/r2I9+MF54QeJ+TStB14V6yUlMH699YleZ4s32bF9 bidr-deployment",
                "username": "azureuser"
              }
            ],
            "admin_username": "azureuser",
            "allow_extension_operations": true,
            "availability_set_id": "",
            "boot_diagnostics": [],
            "bypass_platform_safety_checks_on_user_schedule_enabled": false,
            "capacity_reservation_group_id": "",
            "computer_name": "BIDR-uat-aks-cluster-nginx-proxy",
            "custom_data": "I2Nsb3VkLWNvbmZpZwpwYWNrYWdlX3VwZGF0ZTogdHJ1ZQpwYWNrYWdlX3VwZ3JhZGU6IHRydWUKCnBhY2thZ2VzOgogIC0gbmdpbngKICAtIGN1cmwKICAtIGh0b3AKICAtIHVuemlwCgp3cml0ZV9maWxlczoKICAtIGNvbnRlbnQ6IHwKICAgICAgdXBzdHJlYW0gYXV0aF9zZXJ2aWNlIHsKICAgICAgICAgIHNlcnZlciAxMC4wLjIyMy45Nzo4MDAxIG1heF9mYWlscz0zIGZhaWxfdGltZW91dD0zMHM7CiAgICAgIH0KCiAgICAgIHVwc3RyZWFtIGNoYXRfc2VydmljZSB7CiAgICAgICAgICBzZXJ2ZXIgMTAuMC4yNDAuMTg1OjgwMDIgbWF4X2ZhaWxzPTMgZmFpbF90aW1lb3V0PTMwczsKICAgICAgfQoKICAgICAgdXBzdHJlYW0gcGF5bWVudF9zZXJ2aWNlIHsKICAgICAgICAgIHNlcnZlciAxMC4wLjEzMS4xOTU6ODAwMyBtYXhfZmFpbHM9MyBmYWlsX3RpbWVvdXQ9MzBzOwogICAgICB9CgogICAgICB1cHN0cmVhbSBwcm9kdWN0X21hbmFnZW1lbnRfc2VydmljZSB7CiAgICAgICAgICBzZXJ2ZXIgMTAuMC42OS4zMzo4MDA0IG1heF9mYWlscz0zIGZhaWxfdGltZW91dD0zMHM7CiAgICAgIH0KCiAgICAgIHVwc3RyZWFtIG5vdGlmaWNhdGlvbnNfc2VydmljZSB7CiAgICAgICAgICBzZXJ2ZXIgMTAuMC4xNjkuOTg6ODAwNSBtYXhfZmFpbHM9MyBmYWlsX3RpbWVvdXQ9MzBzOwogICAgICB9CgogICAgICB1cHN0cmVhbSB0cmFuc2FjdGlvbnNfc2VydmljZSB7CiAgICAgICAgICBzZXJ2ZXIgMTAuMC4xMzEuMjEzOjgwMDYgbWF4X2ZhaWxzPTMgZmFpbF90aW1lb3V0PTMwczsKICAgICAgfQoKICAgICAgdXBzdHJlYW0gcmV2aWV3c19zZXJ2aWNlIHsKICAgICAgICAgIHNlcnZlciAxMC4wLjEyOS4xODY6ODAwNyBtYXhfZmFpbHM9MyBmYWlsX3RpbWVvdXQ9MzBzOwogICAgICB9CgogICAgICB1cHN0cmVhbSByZXNvbHV0aW9uX3NlcnZpY2UgewogICAgICAgICAgc2VydmVyIDEwLjAuMjMwLjY3OjgwMDggbWF4X2ZhaWxzPTMgZmFpbF90aW1lb3V0PTMwczsKICAgICAgfQoKICAgICAgc2VydmVyIHsKICAgICAgICAgIGxpc3RlbiA4MCBkZWZhdWx0X3NlcnZlcjsKICAgICAgICAgIGxpc3RlbiBbOjpdOjgwIGRlZmF1bHRfc2VydmVyOwoKICAgICAgICAgIHNlcnZlcl9uYW1lIF87CgogICAgICAgICAgIyBIZWFsdGggY2hlY2sgZW5kcG9pbnQKICAgICAgICAgIGxvY2F0aW9uIC9oZWFsdGggewogICAgICAgICAgICAgIGFjY2Vzc19sb2cgb2ZmOwogICAgICAgICAgICAgIHJldHVybiAyMDAgImhlYWx0aHlcbiI7CiAgICAgICAgICAgICAgYWRkX2hlYWRlciBDb250ZW50LVR5cGUgdGV4dC9wbGFpbjsKICAgICAgICAgIH0KCiAgICAgICAgICAjIEF1dGggU2VydmljZSAtIFJvdXRlcwogICAgICAgICAgbG9jYXRpb24gL2FwaS9hdXRoLyB7CiAgICAgICAgICAgICAgcHJveHlfcGFzcyBodHRwOi8vYXV0aF9zZXJ2aWNlL2FwaS9hdXRoLzsKICAgICAgICAgICAgICBwcm94eV9zZXRfaGVhZGVyIEhvc3QgJGhvc3Q7CiAgICAgICAgICAgICAgcHJveHlfc2V0X2hlYWRlciBYLVJlYWwtSVAgJHJlbW90ZV9hZGRyOwogICAgICAgICAgICAgIHByb3h5X3NldF9oZWFkZXIgWC1Gb3J3YXJkZWQtRm9yICRwcm94eV9hZGRfeF9mb3J3YXJkZWRfZm9yOwogICAgICAgICAgICAgIHByb3h5X3NldF9oZWFkZXIgWC1Gb3J3YXJkZWQtUHJvdG8gJHNjaGVtZTsKICAgICAgICAgICAgICBwcm94eV9jb25uZWN0X3RpbWVvdXQgMzBzOwogICAgICAgICAgICAgIHByb3h5X3NlbmRfdGltZW91dCAzMHM7CiAgICAgICAgICAgICAgcHJveHlfcmVhZF90aW1lb3V0IDMwczsKICAgICAgICAgIH0KCiAgICAgICAgICBsb2NhdGlvbiAvYXV0aC8gewogICAgICAgICAgICAgIHByb3h5X3Bhc3MgaHR0cDovL2F1dGhfc2VydmljZS9hdXRoLzsKICAgICAgICAgICAgICBwcm94eV9zZXRfaGVhZGVyIEhvc3QgJGhvc3Q7CiAgICAgICAgICAgICAgcHJveHlfc2V0X2hlYWRlciBYLVJlYWwtSVAgJHJlbW90ZV9hZGRyOwogICAgICAgICAgICAgIHByb3h5X3NldF9oZWFkZXIgWC1Gb3J3YXJkZWQtRm9yICRwcm94eV9hZGRfeF9mb3J3YXJkZWRfZm9yOwogICAgICAgICAgICAgIHByb3h5X3NldF9oZWFkZXIgWC1Gb3J3YXJkZWQtUHJvdG8gJHNjaGVtZTsKICAgICAgICAgICAgICBwcm94eV9jb25uZWN0X3RpbWVvdXQgMzBzOwogICAgICAgICAgICAgIHByb3h5X3NlbmRfdGltZW91dCAzMHM7CiAgICAgICAgICAgICAgcHJveHlfcmVhZF90aW1lb3V0IDMwczsKICAgICAgICAgIH0KCiAgICAgICAgICAjIENoYXQgU2VydmljZSAtIFJvdXRlcwogICAgICAgICAgbG9jYXRpb24gL2FwaS9jaGF0LyB7CiAgICAgICAgICAgICAgcHJveHlfcGFzcyBodHRwOi8vY2hhdF9zZXJ2aWNlL2FwaS9jaGF0LzsKICAgICAgICAgICAgICBwcm94eV9zZXRfaGVhZGVyIEhvc3QgJGhvc3Q7CiAgICAgICAgICAgICAgcHJveHlfc2V0X2hlYWRlciBYLVJlYWwtSVAgJHJlbW90ZV9hZGRyOwogICAgICAgICAgICAgIHByb3h5X3NldF9oZWFkZXIgWC1Gb3J3YXJkZWQtRm9yICRwcm94eV9hZGRfeF9mb3J3YXJkZWRfZm9yOwogICAgICAgICAgICAgIHByb3h5X3NldF9oZWFkZXIgWC1Gb3J3YXJkZWQtUHJvdG8gJHNjaGVtZTsKICAgICAgICAgICAgICBwcm94eV9jb25uZWN0X3RpbWVvdXQgMzBzOwogICAgICAgICAgICAgIHByb3h5X3NlbmRfdGltZW91dCAzMHM7CiAgICAgICAgICAgICAgcHJveHlfcmVhZF90aW1lb3V0IDMwczsKICAgICAgICAgIH0KCiAgICAgICAgICAjIFBheW1lbnQgU2VydmljZSAtIFJvdXRlcwogICAgICAgICAgbG9jYXRpb24gL2FwaS9wYXltZW50cy8gewogICAgICAgICAgICAgIHByb3h5X3Bhc3MgaHR0cDovL3BheW1lbnRfc2VydmljZS9hcGkvcGF5bWVudHMvOwogICAgICAgICAgICAgIHByb3h5X3NldF9oZWFkZXIgSG9zdCAkaG9zdDsKICAgICAgICAgICAgICBwcm94eV9zZXRfaGVhZGVyIFgtUmVhbC1JUCAkcmVtb3RlX2FkZHI7CiAgICAgICAgICAgICAgcHJveHlfc2V0X2hlYWRlciBYLUZvcndhcmRlZC1Gb3IgJHByb3h5X2FkZF94X2ZvcndhcmRlZF9mb3I7CiAgICAgICAgICAgICAgcHJveHlfc2V0X2hlYWRlciBYLUZvcndhcmRlZC1Qcm90byAkc2NoZW1lOwogICAgICAgICAgICAgIHByb3h5X2Nvbm5lY3RfdGltZW91dCAzMHM7CiAgICAgICAgICAgICAgcHJveHlfc2VuZF90aW1lb3V0IDMwczsKICAgICAgICAgICAgICBwcm94eV9yZWFkX3RpbWVvdXQgMzBzOwogICAgICAgICAgfQoKICAgICAgICAgICMgUHJvZHVjdCBNYW5hZ2VtZW50IFNlcnZpY2UgLSBSb3V0ZXMKICAgICAgICAgIGxvY2F0aW9uIC9hcGkvcHJvZHVjdHMvIHsKICAgICAgICAgICAgICBwcm94eV9wYXNzIGh0dHA6Ly9wcm9kdWN0X21hbmFnZW1lbnRfc2VydmljZS9hcGkvcHJvZHVjdHMvOwogICAgICAgICAgICAgIHByb3h5X3NldF9oZWFkZXIgSG9zdCAkaG9zdDsKICAgICAgICAgICAgICBwcm94eV9zZXRfaGVhZGVyIFgtUmVhbC1JUCAkcmVtb3RlX2FkZHI7CiAgICAgICAgICAgICAgcHJveHlfc2V0X2hlYWRlciBYLUZvcndhcmRlZC1Gb3IgJHByb3h5X2FkZF94X2ZvcndhcmRlZF9mb3I7CiAgICAgICAgICAgICAgcHJveHlfc2V0X2hlYWRlciBYLUZvcndhcmRlZC1Qcm90byAkc2NoZW1lOwogICAgICAgICAgICAgIHByb3h5X2Nvbm5lY3RfdGltZW91dCAzMHM7CiAgICAgICAgICAgICAgcHJveHlfc2VuZF90aW1lb3V0IDMwczsKICAgICAgICAgICAgICBwcm94eV9yZWFkX3RpbWVvdXQgMzBzOwogICAgICAgICAgfQoKICAgICAgICAgICMgTm90aWZpY2F0aW9ucyBTZXJ2aWNlIC0gUm91dGVzCiAgICAgICAgICBsb2NhdGlvbiAvYXBpL25vdGlmaWNhdGlvbnMvIHsKICAgICAgICAgICAgICBwcm94eV9wYXNzIGh0dHA6Ly9ub3RpZmljYXRpb25zX3NlcnZpY2UvYXBpL25vdGlmaWNhdGlvbnMvOwogICAgICAgICAgICAgIHByb3h5X3NldF9oZWFkZXIgSG9zdCAkaG9zdDsKICAgICAgICAgICAgICBwcm94eV9zZXRfaGVhZGVyIFgtUmVhbC1JUCAkcmVtb3RlX2FkZHI7CiAgICAgICAgICAgICAgcHJveHlfc2V0X2hlYWRlciBYLUZvcndhcmRlZC1Gb3IgJHByb3h5X2FkZF94X2ZvcndhcmRlZF9mb3I7CiAgICAgICAgICAgICAgcHJveHlfc2V0X2hlYWRlciBYLUZvcndhcmRlZC1Qcm90byAkc2NoZW1lOwogICAgICAgICAgICAgIHByb3h5X2Nvbm5lY3RfdGltZW91dCAzMHM7CiAgICAgICAgICAgICAgcHJveHlfc2VuZF90aW1lb3V0IDMwczsKICAgICAgICAgICAgICBwcm94eV9yZWFkX3RpbWVvdXQgMzBzOwogICAgICAgICAgfQoKICAgICAgICAgICMgVHJhbnNhY3Rpb25zIFNlcnZpY2UgLSBSb3V0ZXMKICAgICAgICAgIGxvY2F0aW9uIC9hcGkvdHJhbnNhY3Rpb25zLyB7CiAgICAgICAgICAgICAgcHJveHlfcGFzcyBodHRwOi8vdHJhbnNhY3Rpb25zX3NlcnZpY2UvYXBpL3RyYW5zYWN0aW9ucy87CiAgICAgICAgICAgICAgcHJveHlfc2V0X2hlYWRlciBIb3N0ICRob3N0OwogICAgICAgICAgICAgIHByb3h5X3NldF9oZWFkZXIgWC1SZWFsLUlQICRyZW1vdGVfYWRkcjsKICAgICAgICAgICAgICBwcm94eV9zZXRfaGVhZGVyIFgtRm9yd2FyZGVkLUZvciAkcHJveHlfYWRkX3hfZm9yd2FyZGVkX2ZvcjsKICAgICAgICAgICAgICBwcm94eV9zZXRfaGVhZGVyIFgtRm9yd2FyZGVkLVByb3RvICRzY2hlbWU7CiAgICAgICAgICAgICAgcHJveHlfY29ubmVjdF90aW1lb3V0IDMwczsKICAgICAgICAgICAgICBwcm94eV9zZW5kX3RpbWVvdXQgMzBzOwogICAgICAgICAgICAgIHByb3h5X3JlYWRfdGltZW91dCAzMHM7CiAgICAgICAgICB9CgogICAgICAgICAgIyBSZXZpZXdzIFNlcnZpY2UgLSBSb3V0ZXMKICAgICAgICAgIGxvY2F0aW9uIC9hcGkvcmV2aWV3cy8gewogICAgICAgICAgICAgIHByb3h5X3Bhc3MgaHR0cDovL3Jldmlld3Nfc2VydmljZS9hcGkvcmV2aWV3cy87CiAgICAgICAgICAgICAgcHJveHlfc2V0X2hlYWRlciBIb3N0ICRob3N0OwogICAgICAgICAgICAgIHByb3h5X3NldF9oZWFkZXIgWC1SZWFsLUlQICRyZW1vdGVfYWRkcjsKICAgICAgICAgICAgICBwcm94eV9zZXRfaGVhZGVyIFgtRm9yd2FyZGVkLUZvciAkcHJveHlfYWRkX3hfZm9yd2FyZGVkX2ZvcjsKICAgICAgICAgICAgICBwcm94eV9zZXRfaGVhZGVyIFgtRm9yd2FyZGVkLVByb3RvICRzY2hlbWU7CiAgICAgICAgICAgICAgcHJveHlfY29ubmVjdF90aW1lb3V0IDMwczsKICAgICAgICAgICAgICBwcm94eV9zZW5kX3RpbWVvdXQgMzBzOwogICAgICAgICAgICAgIHByb3h5X3JlYWRfdGltZW91dCAzMHM7CiAgICAgICAgICB9CgogICAgICAgICAgIyBSZXNvbHV0aW9uIFNlcnZpY2UgLSBSb3V0ZXMKICAgICAgICAgIGxvY2F0aW9uIC9hcGkvcmVzb2x1dGlvbi8gewogICAgICAgICAgICAgIHByb3h5X3Bhc3MgaHR0cDovL3Jlc29sdXRpb25fc2VydmljZS9hcGkvcmVzb2x1dGlvbi87CiAgICAgICAgICAgICAgcHJveHlfc2V0X2hlYWRlciBIb3N0ICRob3N0OwogICAgICAgICAgICAgIHByb3h5X3NldF9oZWFkZXIgWC1SZWFsLUlQICRyZW1vdGVfYWRkcjsKICAgICAgICAgICAgICBwcm94eV9zZXRfaGVhZGVyIFgtRm9yd2FyZGVkLUZvciAkcHJveHlfYWRkX3hfZm9yd2FyZGVkX2ZvcjsKICAgICAgICAgICAgICBwcm94eV9zZXRfaGVhZGVyIFgtRm9yd2FyZGVkLVByb3RvICRzY2hlbWU7CiAgICAgICAgICAgICAgcHJveHlfY29ubmVjdF90aW1lb3V0IDMwczsKICAgICAgICAgICAgICBwcm94eV9zZW5kX3RpbWVvdXQgMzBzOwogICAgICAgICAgICAgIHByb3h5X3JlYWRfdGltZW91dCAzMHM7CiAgICAgICAgICB9CgogICAgICAgICAgIyBEZWZhdWx0IHJvdXRlIHRvIGF1dGggc2VydmljZSAoZm9yIGJhY2t3YXJkIGNvbXBhdGliaWxpdHkpCiAgICAgICAgICBsb2NhdGlvbiAvIHsKICAgICAgICAgICAgICBwcm94eV9wYXNzIGh0dHA6Ly9hdXRoX3NlcnZpY2UvOwogICAgICAgICAgICAgIHByb3h5X3NldF9oZWFkZXIgSG9zdCAkaG9zdDsKICAgICAgICAgICAgICBwcm94eV9zZXRfaGVhZGVyIFgtUmVhbC1JUCAkcmVtb3RlX2FkZHI7CiAgICAgICAgICAgICAgcHJveHlfc2V0X2hlYWRlciBYLUZvcndhcmRlZC1Gb3IgJHByb3h5X2FkZF94X2ZvcndhcmRlZF9mb3I7CiAgICAgICAgICAgICAgcHJveHlfc2V0X2hlYWRlciBYLUZvcndhcmRlZC1Qcm90byAkc2NoZW1lOwogICAgICAgICAgICAgIHByb3h5X2Nvbm5lY3RfdGltZW91dCAzMHM7CiAgICAgICAgICAgICAgcHJveHlfc2VuZF90aW1lb3V0IDMwczsKICAgICAgICAgICAgICBwcm94eV9yZWFkX3RpbWVvdXQgMzBzOwogICAgICAgICAgfQogICAgICB9CiAgICBwYXRoOiAvZXRjL25naW54L3NpdGVzLWF2YWlsYWJsZS9iaWRyLXByb3h5CiAgICBwZXJtaXNzaW9uczogJzA2NDQnCgpydW5jbWQ6CiAgLSBzeXN0ZW1jdGwgZW5hYmxlIG5naW54CiAgLSBybSAtZiAvZXRjL25naW54L3NpdGVzLWVuYWJsZWQvZGVmYXVsdAogIC0gbG4gLXNmIC9ldGMvbmdpbngvc2l0ZXMtYXZhaWxhYmxlL2JpZHItcHJveHkgL2V0Yy9uZ2lueC9zaXRlcy1lbmFibGVkLwogIC0gbmdpbnggLXQKICAtIHN5c3RlbWN0bCByZXN0YXJ0IG5naW54CiAgLSBzeXN0ZW1jdGwgc3RhdHVzIG5naW54CgpmaW5hbF9tZXNzYWdlOiAiQklEUiBOR0lOWCBQcm94eSBzZXR1cCBjb21wbGV0ZWQgc3VjY2Vzc2Z1bGx5ISIK",
            "dedicated_host_group_id": "",
            "dedicated_host_id": "",
            "disable_password_authentication": true,
            "disk_controller_type": "SCSI",
            "edge_zone": "",
            "encryption_at_host_enabled": false,
            "eviction_policy": "",
            "extensions_time_budget": "PT1H30M",
            "gallery_application": [],
            "id": "/subscriptions/51dd222b-9d63-476c-9069-cd3b2a87f6e6/resourceGroups/bidr-uat-k8s/providers/Microsoft.Compute/virtualMachines/BIDR-uat-aks-cluster-nginx-proxy",
            "identity": [],
            "license_type": "",
            "location": "southafricanorth",
            "max_bid_price": -1,
            "name": "BIDR-uat-aks-cluster-nginx-proxy",
            "network_interface_ids": [
              "/subscriptions/51dd222b-9d63-476c-9069-cd3b2a87f6e6/resourceGroups/bidr-uat-k8s/providers/Microsoft.Network/networkInterfaces/BIDR-uat-aks-cluster-nginx-nic"
            ],
            "os_disk": [
              {
                "caching": "ReadWrite",
                "diff_disk_settings": [],
                "disk_encryption_set_id": "",
                "disk_size_gb": 30,
                "name": "BIDR-uat-aks-cluster-nginx-proxy_OsDisk_1_3fd26c6035dc43e4be5c30b73d37e5c6",
                "secure_vm_disk_encryption_set_id": "",
                "security_encryption_type": "",
                "storage_account_type": "Standard_LRS",
                "write_accelerator_enabled": false
              }
            ],
            "os_image_notification": [],
            "patch_assessment_mode": "ImageDefault",
            "patch_mode": "ImageDefault",
            "plan": [],
            "platform_fault_domain": -1,
            "priority": "Regular",
            "private_ip_address": "10.0.1.4",
            "private_ip_addresses": [
              "10.0.1.4"
            ],
            "provision_vm_agent": true,
            "proximity_placement_group_id": "",
            "public_ip_address": "4.221.180.147",
            "public_ip_addresses": [
              "4.221.180.147"
            ],
            "reboot_setting": "",
            "resource_group_name": "bidr-uat-k8s",
            "secret": [],
            "secure_boot_enabled": false,
            "size": "Standard_B2s",
            "source_image_id": "",
            "source_image_reference": [
              {
                "offer": "0001-com-ubuntu-server-focal",
                "publisher": "Canonical",
                "sku": "20_04-lts-gen2",
                "version": "latest"
              }
            ],
            "tags": {
              "Environment": "uat",
              "ManagedBy": "Terraform",
              "Project": "BIDR"
            },
            "termination_notification": null,
            "timeouts": null,
            "user_data": "",
            "virtual_machine_id": "bf9fde26-7043-4da2-a29d-50baab9f4aa2",
            "virtual_machine_scale_set_id": "",
            "vm_agent_platform_updates_enabled": false,
            "vtpm_enabled": false,
            "zone": ""
          },
          "sensitive_attributes": [
            [
              {
                "type": "get_attr",
                "value": "admin_password"
              }
            ],
            [
              {
                "type": "get_attr",
                "value": "custom_data"
              }
            ]
          ],
          "identity_schema_version": 0,
          "private": "eyJlMmJmYjczMC1lY2FhLTExZTYtOGY4OC0zNDM2M2JjN2M0YzAiOnsiY3JlYXRlIjoyNzAwMDAwMDAwMDAwLCJkZWxldGUiOjI3MDAwMDAwMDAwMDAsInJlYWQiOjMwMDAwMDAwMDAwMCwidXBkYXRlIjoyNzAwMDAwMDAwMDAwfX0=",
          "dependencies": [
            "azurerm_network_interface.nginx_proxy",
            "azurerm_public_ip.nginx_proxy",
            "azurerm_resource_group.bidr",
            "azurerm_subnet.aks",
            "azurerm_virtual_network.bidr"
          ]
        }
      ]
    },
    {
      "mode": "managed",
      "type": "azurerm_log_analytics_workspace",
      "name": "bidr",
      "provider": "provider[\"registry.terraform.io/hashicorp/azurerm\"]",
      "instances": [
        {
          "schema_version": 3,
          "attributes": {
            "allow_resource_only_permissions": true,
            "cmk_for_query_forced": false,
            "daily_quota_gb": -1,
            "data_collection_rule_id": "",
            "id": "/subscriptions/51dd222b-9d63-476c-9069-cd3b2a87f6e6/resourceGroups/bidr-uat-k8s/providers/Microsoft.OperationalInsights/workspaces/BIDR-uat-aks-cluster-logs",
            "identity": [],
            "immediate_data_purge_on_30_days_enabled": false,
            "internet_ingestion_enabled": true,
            "internet_query_enabled": true,
            "local_authentication_disabled": false,
            "location": "southafricanorth",
            "name": "BIDR-uat-aks-cluster-logs",
            "primary_shared_key": "VL+HFA8QPCeqIwrQwDaWAbVLlAzVl4Df6XnRfRD5XKmPhAuajW7/hborOxYgFvvgIFueXxguKtIqBFvV6BIQbg==",
            "reservation_capacity_in_gb_per_day": null,
            "resource_group_name": "bidr-uat-k8s",
            "retention_in_days": 30,
            "secondary_shared_key": "+GLsbVNwikfMjkQwSPWRLsPD4drEjTafWTqWuHhhOdU9RbmeKWkq87vUy/UoGqsvJGhE37eSjZ99KI+PezM4Pg==",
            "sku": "PerGB2018",
            "tags": {
              "Environment": "uat",
              "ManagedBy": "Terraform",
              "Project": "BIDR"
            },
            "timeouts": null,
            "workspace_id": "f6d1969e-b06e-4a14-a4bb-0cbacd6c58e3"
          },
          "sensitive_attributes": [
            [
              {
                "type": "get_attr",
                "value": "primary_shared_key"
              }
            ],
            [
              {
                "type": "get_attr",
                "value": "secondary_shared_key"
              }
            ]
          ],
          "identity_schema_version": 0,
          "private": "eyJlMmJmYjczMC1lY2FhLTExZTYtOGY4OC0zNDM2M2JjN2M0YzAiOnsiY3JlYXRlIjoxODAwMDAwMDAwMDAwLCJkZWxldGUiOjE4MDAwMDAwMDAwMDAsInJlYWQiOjMwMDAwMDAwMDAwMCwidXBkYXRlIjoxODAwMDAwMDAwMDAwfSwic2NoZW1hX3ZlcnNpb24iOiIzIn0=",
          "dependencies": [
            "azurerm_resource_group.bidr"
          ]
        }
      ]
    },
    {
      "mode": "managed",
      "type": "azurerm_network_interface",
      "name": "nginx_proxy",
      "provider": "provider[\"registry.terraform.io/hashicorp/azurerm\"]",
      "instances": [
        {
          "schema_version": 0,
          "attributes": {
            "accelerated_networking_enabled": false,
            "applied_dns_servers": [],
            "auxiliary_mode": "",
            "auxiliary_sku": "",
            "dns_servers": [],
            "edge_zone": "",
            "enable_accelerated_networking": false,
            "enable_ip_forwarding": false,
            "id": "/subscriptions/51dd222b-9d63-476c-9069-cd3b2a87f6e6/resourceGroups/bidr-uat-k8s/providers/Microsoft.Network/networkInterfaces/BIDR-uat-aks-cluster-nginx-nic",
            "internal_dns_name_label": "",
            "internal_domain_name_suffix": "apk0mk4ctsmuhoajvs5miditzg.jnbx.internal.cloudapp.net",
            "ip_configuration": [
              {
                "gateway_load_balancer_frontend_ip_configuration_id": "",
                "name": "internal",
                "primary": true,
                "private_ip_address": "10.0.1.4",
                "private_ip_address_allocation": "Dynamic",
                "private_ip_address_version": "IPv4",
                "public_ip_address_id": "/subscriptions/51dd222b-9d63-476c-9069-cd3b2a87f6e6/resourceGroups/bidr-uat-k8s/providers/Microsoft.Network/publicIPAddresses/BIDR-uat-aks-cluster-nginx-ip",
                "subnet_id": "/subscriptions/51dd222b-9d63-476c-9069-cd3b2a87f6e6/resourceGroups/bidr-uat-k8s/providers/Microsoft.Network/virtualNetworks/BIDR-uat-aks-cluster-vnet/subnets/BIDR-uat-aks-cluster-aks-subnet"
              }
            ],
            "ip_forwarding_enabled": false,
            "location": "southafricanorth",
            "mac_address": "",
            "name": "BIDR-uat-aks-cluster-nginx-nic",
            "private_ip_address": "10.0.1.4",
            "private_ip_addresses": [
              "10.0.1.4"
            ],
            "resource_group_name": "bidr-uat-k8s",
            "tags": {
              "Environment": "uat",
              "ManagedBy": "Terraform",
              "Project": "BIDR"
            },
            "timeouts": null,
            "virtual_machine_id": ""
          },
          "sensitive_attributes": [],
          "identity_schema_version": 0,
          "private": "eyJlMmJmYjczMC1lY2FhLTExZTYtOGY4OC0zNDM2M2JjN2M0YzAiOnsiY3JlYXRlIjoxODAwMDAwMDAwMDAwLCJkZWxldGUiOjE4MDAwMDAwMDAwMDAsInJlYWQiOjMwMDAwMDAwMDAwMCwidXBkYXRlIjoxODAwMDAwMDAwMDAwfX0=",
          "dependencies": [
            "azurerm_public_ip.nginx_proxy",
            "azurerm_resource_group.bidr",
            "azurerm_subnet.aks",
            "azurerm_virtual_network.bidr"
          ]
        }
      ]
    },
    {
      "mode": "managed",
      "type": "azurerm_network_interface_security_group_association",
      "name": "nginx_proxy",
      "provider": "provider[\"registry.terraform.io/hashicorp/azurerm\"]",
      "instances": [
        {
          "schema_version": 0,
          "attributes": {
            "id": "/subscriptions/51dd222b-9d63-476c-9069-cd3b2a87f6e6/resourceGroups/bidr-uat-k8s/providers/Microsoft.Network/networkInterfaces/BIDR-uat-aks-cluster-nginx-nic|/subscriptions/51dd222b-9d63-476c-9069-cd3b2a87f6e6/resourceGroups/bidr-uat-k8s/providers/Microsoft.Network/networkSecurityGroups/BIDR-uat-aks-cluster-nginx-nsg",
            "network_interface_id": "/subscriptions/51dd222b-9d63-476c-9069-cd3b2a87f6e6/resourceGroups/bidr-uat-k8s/providers/Microsoft.Network/networkInterfaces/BIDR-uat-aks-cluster-nginx-nic",
            "network_security_group_id": "/subscriptions/51dd222b-9d63-476c-9069-cd3b2a87f6e6/resourceGroups/bidr-uat-k8s/providers/Microsoft.Network/networkSecurityGroups/BIDR-uat-aks-cluster-nginx-nsg",
            "timeouts": null
          },
          "sensitive_attributes": [],
          "identity_schema_version": 0,
          "private": "eyJlMmJmYjczMC1lY2FhLTExZTYtOGY4OC0zNDM2M2JjN2M0YzAiOnsiY3JlYXRlIjoxODAwMDAwMDAwMDAwLCJkZWxldGUiOjE4MDAwMDAwMDAwMDAsInJlYWQiOjMwMDAwMDAwMDAwMH19",
          "dependencies": [
            "azurerm_network_interface.nginx_proxy",
            "azurerm_network_security_group.nginx_proxy",
            "azurerm_public_ip.nginx_proxy",
            "azurerm_resource_group.bidr",
            "azurerm_subnet.aks",
            "azurerm_virtual_network.bidr"
          ]
        }
      ]
    },
    {
      "mode": "managed",
      "type": "azurerm_network_security_group",
      "name": "nginx_proxy",
      "provider": "provider[\"registry.terraform.io/hashicorp/azurerm\"]",
      "instances": [
        {
          "schema_version": 0,
          "attributes": {
            "id": "/subscriptions/51dd222b-9d63-476c-9069-cd3b2a87f6e6/resourceGroups/bidr-uat-k8s/providers/Microsoft.Network/networkSecurityGroups/BIDR-uat-aks-cluster-nginx-nsg",
            "location": "southafricanorth",
            "name": "BIDR-uat-aks-cluster-nginx-nsg",
            "resource_group_name": "bidr-uat-k8s",
            "security_rule": [
              {
                "access": "Allow",
                "description": "",
                "destination_address_prefix": "*",
                "destination_address_prefixes": [],
                "destination_application_security_group_ids": [],
                "destination_port_range": "22",
                "destination_port_ranges": [],
                "direction": "Inbound",
                "name": "SSH",
                "priority": 1003,
                "protocol": "Tcp",
                "source_address_prefix": "*",
                "source_address_prefixes": [],
                "source_application_security_group_ids": [],
                "source_port_range": "*",
                "source_port_ranges": []
              },
              {
                "access": "Allow",
                "description": "",
                "destination_address_prefix": "*",
                "destination_address_prefixes": [],
                "destination_application_security_group_ids": [],
                "destination_port_range": "443",
                "destination_port_ranges": [],
                "direction": "Inbound",
                "name": "HTTPS",
                "priority": 1002,
                "protocol": "Tcp",
                "source_address_prefix": "*",
                "source_address_prefixes": [],
                "source_application_security_group_ids": [],
                "source_port_range": "*",
                "source_port_ranges": []
              },
              {
                "access": "Allow",
                "description": "",
                "destination_address_prefix": "*",
                "destination_address_prefixes": [],
                "destination_application_security_group_ids": [],
                "destination_port_range": "80",
                "destination_port_ranges": [],
                "direction": "Inbound",
                "name": "HTTP",
                "priority": 1001,
                "protocol": "Tcp",
                "source_address_prefix": "*",
                "source_address_prefixes": [],
                "source_application_security_group_ids": [],
                "source_port_range": "*",
                "source_port_ranges": []
              }
            ],
            "tags": {
              "Environment": "uat",
              "ManagedBy": "Terraform",
              "Project": "BIDR"
            },
            "timeouts": null
          },
          "sensitive_attributes": [],
          "identity_schema_version": 0,
          "private": "eyJlMmJmYjczMC1lY2FhLTExZTYtOGY4OC0zNDM2M2JjN2M0YzAiOnsiY3JlYXRlIjoxODAwMDAwMDAwMDAwLCJkZWxldGUiOjE4MDAwMDAwMDAwMDAsInJlYWQiOjMwMDAwMDAwMDAwMCwidXBkYXRlIjoxODAwMDAwMDAwMDAwfX0=",
          "dependencies": [
            "azurerm_resource_group.bidr"
          ]
        }
      ]
    },
    {
      "mode": "managed",
      "type": "azurerm_postgresql_flexible_server",
      "name": "bidr",
      "provider": "provider[\"registry.terraform.io/hashicorp/azurerm\"]",
      "instances": [
        {
          "schema_version": 0,
          "attributes": {
            "administrator_login": "bidruser",
            "administrator_password": "bpx}h=WY3lTlhnOCh4S6#D(wk$E$C0o:",
            "authentication": [
              {
                "active_directory_auth_enabled": false,
                "password_auth_enabled": true,
                "tenant_id": ""
              }
            ],
            "auto_grow_enabled": false,
            "backup_retention_days": 7,
            "create_mode": null,
            "customer_managed_key": [],
            "delegated_subnet_id": "/subscriptions/51dd222b-9d63-476c-9069-cd3b2a87f6e6/resourceGroups/bidr-uat-k8s/providers/Microsoft.Network/virtualNetworks/BIDR-uat-aks-cluster-vnet/subnets/BIDR-uat-aks-cluster-db-subnet",
            "fqdn": "bidr-uat-aks-cluster-psql-server.postgres.database.azure.com",
            "geo_redundant_backup_enabled": false,
            "high_availability": [],
            "id": "/subscriptions/51dd222b-9d63-476c-9069-cd3b2a87f6e6/resourceGroups/bidr-uat-k8s/providers/Microsoft.DBforPostgreSQL/flexibleServers/bidr-uat-aks-cluster-psql-server",
            "identity": [],
            "location": "southafricanorth",
            "maintenance_window": [],
            "name": "bidr-uat-aks-cluster-psql-server",
            "point_in_time_restore_time_in_utc": null,
            "private_dns_zone_id": "/subscriptions/51dd222b-9d63-476c-9069-cd3b2a87f6e6/resourceGroups/bidr-uat-k8s/providers/Microsoft.Network/privateDnsZones/BIDR-uat-aks-cluster-pdz.postgres.database.azure.com",
            "public_network_access_enabled": false,
            "replication_role": "",
            "resource_group_name": "bidr-uat-k8s",
            "sku_name": "GP_Standard_D2s_v3",
            "source_server_id": null,
            "storage_mb": 65536,
            "storage_tier": "P6",
            "tags": {
              "Environment": "uat",
              "ManagedBy": "Terraform",
              "Project": "BIDR"
            },
            "timeouts": null,
            "version": "15",
            "zone": "1"
          },
          "sensitive_attributes": [
            [
              {
                "type": "get_attr",
                "value": "administrator_login"
              }
            ],
            [
              {
                "type": "get_attr",
                "value": "administrator_password"
              }
            ]
          ],
          "identity_schema_version": 0,
          "private": "eyJlMmJmYjczMC1lY2FhLTExZTYtOGY4OC0zNDM2M2JjN2M0YzAiOnsiY3JlYXRlIjozNjAwMDAwMDAwMDAwLCJkZWxldGUiOjM2MDAwMDAwMDAwMDAsInJlYWQiOjMwMDAwMDAwMDAwMCwidXBkYXRlIjozNjAwMDAwMDAwMDAwfX0=",
          "dependencies": [
            "azurerm_private_dns_zone.postgresql",
            "azurerm_private_dns_zone_virtual_network_link.postgresql",
            "azurerm_resource_group.bidr",
            "azurerm_subnet.database",
            "azurerm_virtual_network.bidr",
            "random_password.database_password"
          ]
        }
      ]
    },
    {
      "mode": "managed",
      "type": "azurerm_postgresql_flexible_server_database",
      "name": "databases",
      "provider": "provider[\"registry.terraform.io/hashicorp/azurerm\"]",
      "instances": [
        {
          "index_key": "auth_db",
          "schema_version": 0,
          "attributes": {
            "charset": "UTF8",
            "collation": "en_US.utf8",
            "id": "/subscriptions/51dd222b-9d63-476c-9069-cd3b2a87f6e6/resourceGroups/bidr-uat-k8s/providers/Microsoft.DBforPostgreSQL/flexibleServers/bidr-uat-aks-cluster-psql-server/databases/auth_db",
            "name": "auth_db",
            "server_id": "/subscriptions/51dd222b-9d63-476c-9069-cd3b2a87f6e6/resourceGroups/bidr-uat-k8s/providers/Microsoft.DBforPostgreSQL/flexibleServers/bidr-uat-aks-cluster-psql-server",
            "timeouts": null
          },
          "sensitive_attributes": [],
          "identity_schema_version": 0,
          "private": "eyJlMmJmYjczMC1lY2FhLTExZTYtOGY4OC0zNDM2M2JjN2M0YzAiOnsiY3JlYXRlIjoxODAwMDAwMDAwMDAwLCJkZWxldGUiOjE4MDAwMDAwMDAwMDAsInJlYWQiOjMwMDAwMDAwMDAwMH19",
          "dependencies": [
            "azurerm_postgresql_flexible_server.bidr",
            "azurerm_private_dns_zone.postgresql",
            "azurerm_private_dns_zone_virtual_network_link.postgresql",
            "azurerm_resource_group.bidr",
            "azurerm_subnet.database",
            "azurerm_virtual_network.bidr",
            "random_password.database_password"
          ]
        },
        {
          "index_key": "chat_db",
          "schema_version": 0,
          "attributes": {
            "charset": "UTF8",
            "collation": "en_US.utf8",
            "id": "/subscriptions/51dd222b-9d63-476c-9069-cd3b2a87f6e6/resourceGroups/bidr-uat-k8s/providers/Microsoft.DBforPostgreSQL/flexibleServers/bidr-uat-aks-cluster-psql-server/databases/chat_db",
            "name": "chat_db",
            "server_id": "/subscriptions/51dd222b-9d63-476c-9069-cd3b2a87f6e6/resourceGroups/bidr-uat-k8s/providers/Microsoft.DBforPostgreSQL/flexibleServers/bidr-uat-aks-cluster-psql-server",
            "timeouts": null
          },
          "sensitive_attributes": [],
          "identity_schema_version": 0,
          "private": "eyJlMmJmYjczMC1lY2FhLTExZTYtOGY4OC0zNDM2M2JjN2M0YzAiOnsiY3JlYXRlIjoxODAwMDAwMDAwMDAwLCJkZWxldGUiOjE4MDAwMDAwMDAwMDAsInJlYWQiOjMwMDAwMDAwMDAwMH19",
          "dependencies": [
            "azurerm_postgresql_flexible_server.bidr",
            "azurerm_private_dns_zone.postgresql",
            "azurerm_private_dns_zone_virtual_network_link.postgresql",
            "azurerm_resource_group.bidr",
            "azurerm_subnet.database",
            "azurerm_virtual_network.bidr",
            "random_password.database_password"
          ]
        },
        {
          "index_key": "notifications_db",
          "schema_version": 0,
          "attributes": {
            "charset": "UTF8",
            "collation": "en_US.utf8",
            "id": "/subscriptions/51dd222b-9d63-476c-9069-cd3b2a87f6e6/resourceGroups/bidr-uat-k8s/providers/Microsoft.DBforPostgreSQL/flexibleServers/bidr-uat-aks-cluster-psql-server/databases/notifications_db",
            "name": "notifications_db",
            "server_id": "/subscriptions/51dd222b-9d63-476c-9069-cd3b2a87f6e6/resourceGroups/bidr-uat-k8s/providers/Microsoft.DBforPostgreSQL/flexibleServers/bidr-uat-aks-cluster-psql-server",
            "timeouts": null
          },
          "sensitive_attributes": [],
          "identity_schema_version": 0,
          "private": "eyJlMmJmYjczMC1lY2FhLTExZTYtOGY4OC0zNDM2M2JjN2M0YzAiOnsiY3JlYXRlIjoxODAwMDAwMDAwMDAwLCJkZWxldGUiOjE4MDAwMDAwMDAwMDAsInJlYWQiOjMwMDAwMDAwMDAwMH19",
          "dependencies": [
            "azurerm_postgresql_flexible_server.bidr",
            "azurerm_private_dns_zone.postgresql",
            "azurerm_private_dns_zone_virtual_network_link.postgresql",
            "azurerm_resource_group.bidr",
            "azurerm_subnet.database",
            "azurerm_virtual_network.bidr",
            "random_password.database_password"
          ]
        },
        {
          "index_key": "payment_db",
          "schema_version": 0,
          "attributes": {
            "charset": "UTF8",
            "collation": "en_US.utf8",
            "id": "/subscriptions/51dd222b-9d63-476c-9069-cd3b2a87f6e6/resourceGroups/bidr-uat-k8s/providers/Microsoft.DBforPostgreSQL/flexibleServers/bidr-uat-aks-cluster-psql-server/databases/payment_db",
            "name": "payment_db",
            "server_id": "/subscriptions/51dd222b-9d63-476c-9069-cd3b2a87f6e6/resourceGroups/bidr-uat-k8s/providers/Microsoft.DBforPostgreSQL/flexibleServers/bidr-uat-aks-cluster-psql-server",
            "timeouts": null
          },
          "sensitive_attributes": [],
          "identity_schema_version": 0,
          "private": "eyJlMmJmYjczMC1lY2FhLTExZTYtOGY4OC0zNDM2M2JjN2M0YzAiOnsiY3JlYXRlIjoxODAwMDAwMDAwMDAwLCJkZWxldGUiOjE4MDAwMDAwMDAwMDAsInJlYWQiOjMwMDAwMDAwMDAwMH19",
          "dependencies": [
            "azurerm_postgresql_flexible_server.bidr",
            "azurerm_private_dns_zone.postgresql",
            "azurerm_private_dns_zone_virtual_network_link.postgresql",
            "azurerm_resource_group.bidr",
            "azurerm_subnet.database",
            "azurerm_virtual_network.bidr",
            "random_password.database_password"
          ]
        },
        {
          "index_key": "product_db",
          "schema_version": 0,
          "attributes": {
            "charset": "UTF8",
            "collation": "en_US.utf8",
            "id": "/subscriptions/51dd222b-9d63-476c-9069-cd3b2a87f6e6/resourceGroups/bidr-uat-k8s/providers/Microsoft.DBforPostgreSQL/flexibleServers/bidr-uat-aks-cluster-psql-server/databases/product_db",
            "name": "product_db",
            "server_id": "/subscriptions/51dd222b-9d63-476c-9069-cd3b2a87f6e6/resourceGroups/bidr-uat-k8s/providers/Microsoft.DBforPostgreSQL/flexibleServers/bidr-uat-aks-cluster-psql-server",
            "timeouts": null
          },
          "sensitive_attributes": [],
          "identity_schema_version": 0,
          "private": "eyJlMmJmYjczMC1lY2FhLTExZTYtOGY4OC0zNDM2M2JjN2M0YzAiOnsiY3JlYXRlIjoxODAwMDAwMDAwMDAwLCJkZWxldGUiOjE4MDAwMDAwMDAwMDAsInJlYWQiOjMwMDAwMDAwMDAwMH19",
          "dependencies": [
            "azurerm_postgresql_flexible_server.bidr",
            "azurerm_private_dns_zone.postgresql",
            "azurerm_private_dns_zone_virtual_network_link.postgresql",
            "azurerm_resource_group.bidr",
            "azurerm_subnet.database",
            "azurerm_virtual_network.bidr",
            "random_password.database_password"
          ]
        },
        {
          "index_key": "resolution_db",
          "schema_version": 0,
          "attributes": {
            "charset": "UTF8",
            "collation": "en_US.utf8",
            "id": "/subscriptions/51dd222b-9d63-476c-9069-cd3b2a87f6e6/resourceGroups/bidr-uat-k8s/providers/Microsoft.DBforPostgreSQL/flexibleServers/bidr-uat-aks-cluster-psql-server/databases/resolution_db",
            "name": "resolution_db",
            "server_id": "/subscriptions/51dd222b-9d63-476c-9069-cd3b2a87f6e6/resourceGroups/bidr-uat-k8s/providers/Microsoft.DBforPostgreSQL/flexibleServers/bidr-uat-aks-cluster-psql-server",
            "timeouts": null
          },
          "sensitive_attributes": [],
          "identity_schema_version": 0,
          "private": "eyJlMmJmYjczMC1lY2FhLTExZTYtOGY4OC0zNDM2M2JjN2M0YzAiOnsiY3JlYXRlIjoxODAwMDAwMDAwMDAwLCJkZWxldGUiOjE4MDAwMDAwMDAwMDAsInJlYWQiOjMwMDAwMDAwMDAwMH19",
          "dependencies": [
            "azurerm_postgresql_flexible_server.bidr",
            "azurerm_private_dns_zone.postgresql",
            "azurerm_private_dns_zone_virtual_network_link.postgresql",
            "azurerm_resource_group.bidr",
            "azurerm_subnet.database",
            "azurerm_virtual_network.bidr",
            "random_password.database_password"
          ]
        },
        {
          "index_key": "reviews_db",
          "schema_version": 0,
          "attributes": {
            "charset": "UTF8",
            "collation": "en_US.utf8",
            "id": "/subscriptions/51dd222b-9d63-476c-9069-cd3b2a87f6e6/resourceGroups/bidr-uat-k8s/providers/Microsoft.DBforPostgreSQL/flexibleServers/bidr-uat-aks-cluster-psql-server/databases/reviews_db",
            "name": "reviews_db",
            "server_id": "/subscriptions/51dd222b-9d63-476c-9069-cd3b2a87f6e6/resourceGroups/bidr-uat-k8s/providers/Microsoft.DBforPostgreSQL/flexibleServers/bidr-uat-aks-cluster-psql-server",
            "timeouts": null
          },
          "sensitive_attributes": [],
          "identity_schema_version": 0,
          "private": "eyJlMmJmYjczMC1lY2FhLTExZTYtOGY4OC0zNDM2M2JjN2M0YzAiOnsiY3JlYXRlIjoxODAwMDAwMDAwMDAwLCJkZWxldGUiOjE4MDAwMDAwMDAwMDAsInJlYWQiOjMwMDAwMDAwMDAwMH19",
          "dependencies": [
            "azurerm_postgresql_flexible_server.bidr",
            "azurerm_private_dns_zone.postgresql",
            "azurerm_private_dns_zone_virtual_network_link.postgresql",
            "azurerm_resource_group.bidr",
            "azurerm_subnet.database",
            "azurerm_virtual_network.bidr",
            "random_password.database_password"
          ]
        },
        {
          "index_key": "transactions_db",
          "schema_version": 0,
          "attributes": {
            "charset": "UTF8",
            "collation": "en_US.utf8",
            "id": "/subscriptions/51dd222b-9d63-476c-9069-cd3b2a87f6e6/resourceGroups/bidr-uat-k8s/providers/Microsoft.DBforPostgreSQL/flexibleServers/bidr-uat-aks-cluster-psql-server/databases/transactions_db",
            "name": "transactions_db",
            "server_id": "/subscriptions/51dd222b-9d63-476c-9069-cd3b2a87f6e6/resourceGroups/bidr-uat-k8s/providers/Microsoft.DBforPostgreSQL/flexibleServers/bidr-uat-aks-cluster-psql-server",
            "timeouts": null
          },
          "sensitive_attributes": [],
          "identity_schema_version": 0,
          "private": "eyJlMmJmYjczMC1lY2FhLTExZTYtOGY4OC0zNDM2M2JjN2M0YzAiOnsiY3JlYXRlIjoxODAwMDAwMDAwMDAwLCJkZWxldGUiOjE4MDAwMDAwMDAwMDAsInJlYWQiOjMwMDAwMDAwMDAwMH19",
          "dependencies": [
            "azurerm_postgresql_flexible_server.bidr",
            "azurerm_private_dns_zone.postgresql",
            "azurerm_private_dns_zone_virtual_network_link.postgresql",
            "azurerm_resource_group.bidr",
            "azurerm_subnet.database",
            "azurerm_virtual_network.bidr",
            "random_password.database_password"
          ]
        }
      ]
    },
    {
      "mode": "managed",
      "type": "azurerm_private_dns_zone",
      "name": "postgresql",
      "provider": "provider[\"registry.terraform.io/hashicorp/azurerm\"]",
      "instances": [
        {
          "schema_version": 0,
          "attributes": {
            "id": "/subscriptions/51dd222b-9d63-476c-9069-cd3b2a87f6e6/resourceGroups/bidr-uat-k8s/providers/Microsoft.Network/privateDnsZones/BIDR-uat-aks-cluster-pdz.postgres.database.azure.com",
            "max_number_of_record_sets": 25000,
            "max_number_of_virtual_network_links": 1000,
            "max_number_of_virtual_network_links_with_registration": 100,
            "name": "BIDR-uat-aks-cluster-pdz.postgres.database.azure.com",
            "number_of_record_sets": 1,
            "resource_group_name": "bidr-uat-k8s",
            "soa_record": [
              {
                "email": "azureprivatedns-host.microsoft.com",
                "expire_time": 2419200,
                "fqdn": "bidr-uat-aks-cluster-pdz.postgres.database.azure.com.",
                "host_name": "azureprivatedns.net",
                "minimum_ttl": 10,
                "refresh_time": 3600,
                "retry_time": 300,
                "serial_number": 1,
                "tags": {},
                "ttl": 3600
              }
            ],
            "tags": {
              "Environment": "uat",
              "ManagedBy": "Terraform",
              "Project": "BIDR"
            },
            "timeouts": null
          },
          "sensitive_attributes": [],
          "identity_schema_version": 0,
          "private": "eyJlMmJmYjczMC1lY2FhLTExZTYtOGY4OC0zNDM2M2JjN2M0YzAiOnsiY3JlYXRlIjoxODAwMDAwMDAwMDAwLCJkZWxldGUiOjE4MDAwMDAwMDAwMDAsInJlYWQiOjMwMDAwMDAwMDAwMCwidXBkYXRlIjoxODAwMDAwMDAwMDAwfX0=",
          "dependencies": [
            "azurerm_resource_group.bidr"
          ]
        }
      ]
    },
    {
      "mode": "managed",
      "type": "azurerm_private_dns_zone_virtual_network_link",
      "name": "postgresql",
      "provider": "provider[\"registry.terraform.io/hashicorp/azurerm\"]",
      "instances": [
        {
          "schema_version": 0,
          "attributes": {
            "id": "/subscriptions/51dd222b-9d63-476c-9069-cd3b2a87f6e6/resourceGroups/bidr-uat-k8s/providers/Microsoft.Network/privateDnsZones/BIDR-uat-aks-cluster-pdz.postgres.database.azure.com/virtualNetworkLinks/BIDR-uat-aks-cluster-pdzvnetlink",
            "name": "BIDR-uat-aks-cluster-pdzvnetlink",
            "private_dns_zone_name": "BIDR-uat-aks-cluster-pdz.postgres.database.azure.com",
            "registration_enabled": false,
            "resource_group_name": "bidr-uat-k8s",
            "tags": {
              "Environment": "uat",
              "ManagedBy": "Terraform",
              "Project": "BIDR"
            },
            "timeouts": null,
            "virtual_network_id": "/subscriptions/51dd222b-9d63-476c-9069-cd3b2a87f6e6/resourceGroups/bidr-uat-k8s/providers/Microsoft.Network/virtualNetworks/BIDR-uat-aks-cluster-vnet"
          },
          "sensitive_attributes": [],
          "identity_schema_version": 0,
          "private": "eyJlMmJmYjczMC1lY2FhLTExZTYtOGY4OC0zNDM2M2JjN2M0YzAiOnsiY3JlYXRlIjoxODAwMDAwMDAwMDAwLCJkZWxldGUiOjE4MDAwMDAwMDAwMDAsInJlYWQiOjMwMDAwMDAwMDAwMCwidXBkYXRlIjoxODAwMDAwMDAwMDAwfX0=",
          "dependencies": [
            "azurerm_private_dns_zone.postgresql",
            "azurerm_resource_group.bidr",
            "azurerm_virtual_network.bidr"
          ]
        }
      ]
    },
    {
      "mode": "managed",
      "type": "azurerm_public_ip",
      "name": "load_balancer",
      "provider": "provider[\"registry.terraform.io/hashicorp/azurerm\"]",
      "instances": [
        {
          "schema_version": 0,
          "attributes": {
            "allocation_method": "Static",
            "ddos_protection_mode": "VirtualNetworkInherited",
            "ddos_protection_plan_id": null,
            "domain_name_label": null,
            "edge_zone": "",
            "fqdn": null,
            "id": "/subscriptions/51dd222b-9d63-476c-9069-cd3b2a87f6e6/resourceGroups/bidr-uat-k8s/providers/Microsoft.Network/publicIPAddresses/BIDR-uat-aks-cluster-lb-ip",
            "idle_timeout_in_minutes": 4,
            "ip_address": "4.221.224.6",
            "ip_tags": null,
            "ip_version": "IPv4",
            "location": "southafricanorth",
            "name": "BIDR-uat-aks-cluster-lb-ip",
            "public_ip_prefix_id": null,
            "resource_group_name": "bidr-uat-k8s",
            "reverse_fqdn": null,
            "sku": "Standard",
            "sku_tier": "Regional",
            "tags": {
              "Environment": "uat",
              "ManagedBy": "Terraform",
              "Project": "BIDR"
            },
            "timeouts": null,
            "zones": null
          },
          "sensitive_attributes": [],
          "identity_schema_version": 0,
          "private": "eyJlMmJmYjczMC1lY2FhLTExZTYtOGY4OC0zNDM2M2JjN2M0YzAiOnsiY3JlYXRlIjoxODAwMDAwMDAwMDAwLCJkZWxldGUiOjE4MDAwMDAwMDAwMDAsInJlYWQiOjMwMDAwMDAwMDAwMCwidXBkYXRlIjoxODAwMDAwMDAwMDAwfX0=",
          "dependencies": [
            "azurerm_resource_group.bidr"
          ]
        }
      ]
    },
    {
      "mode": "managed",
      "type": "azurerm_public_ip",
      "name": "nginx_proxy",
      "provider": "provider[\"registry.terraform.io/hashicorp/azurerm\"]",
      "instances": [
        {
          "schema_version": 0,
          "attributes": {
            "allocation_method": "Static",
            "ddos_protection_mode": "VirtualNetworkInherited",
            "ddos_protection_plan_id": null,
            "domain_name_label": null,
            "edge_zone": "",
            "fqdn": null,
            "id": "/subscriptions/51dd222b-9d63-476c-9069-cd3b2a87f6e6/resourceGroups/bidr-uat-k8s/providers/Microsoft.Network/publicIPAddresses/BIDR-uat-aks-cluster-nginx-ip",
            "idle_timeout_in_minutes": 4,
            "ip_address": "4.221.180.147",
            "ip_tags": null,
            "ip_version": "IPv4",
            "location": "southafricanorth",
            "name": "BIDR-uat-aks-cluster-nginx-ip",
            "public_ip_prefix_id": null,
            "resource_group_name": "bidr-uat-k8s",
            "reverse_fqdn": null,
            "sku": "Standard",
            "sku_tier": "Regional",
            "tags": {
              "Environment": "uat",
              "ManagedBy": "Terraform",
              "Project": "BIDR"
            },
            "timeouts": null,
            "zones": null
          },
          "sensitive_attributes": [],
          "identity_schema_version": 0,
          "private": "eyJlMmJmYjczMC1lY2FhLTExZTYtOGY4OC0zNDM2M2JjN2M0YzAiOnsiY3JlYXRlIjoxODAwMDAwMDAwMDAwLCJkZWxldGUiOjE4MDAwMDAwMDAwMDAsInJlYWQiOjMwMDAwMDAwMDAwMCwidXBkYXRlIjoxODAwMDAwMDAwMDAwfX0=",
          "dependencies": [
            "azurerm_resource_group.bidr"
          ]
        }
      ]
    },
    {
      "mode": "managed",
      "type": "azurerm_redis_cache",
      "name": "bidr",
      "provider": "provider[\"registry.terraform.io/hashicorp/azurerm\"]",
      "instances": [
        {
          "schema_version": 1,
          "attributes": {
            "capacity": 2,
            "enable_non_ssl_port": false,
            "family": "C",
            "hostname": "BIDR-uat-aks-cluster-redis.redis.cache.windows.net",
            "id": "/subscriptions/51dd222b-9d63-476c-9069-cd3b2a87f6e6/resourceGroups/bidr-uat-k8s/providers/Microsoft.Cache/redis/BIDR-uat-aks-cluster-redis",
            "identity": [],
            "location": "southafricanorth",
            "minimum_tls_version": "1.2",
            "name": "BIDR-uat-aks-cluster-redis",
            "non_ssl_port_enabled": false,
            "patch_schedule": [],
            "port": 6379,
            "primary_access_key": "VSV9bchDpUVBpfQPcabcYSUxlfLmmZrCIAzCaLyA42M=",
            "primary_connection_string": "BIDR-uat-aks-cluster-redis.redis.cache.windows.net:6380,password=VSV9bchDpUVBpfQPcabcYSUxlfLmmZrCIAzCaLyA42M=,ssl=true,abortConnect=False",
            "private_static_ip_address": "",
            "public_network_access_enabled": true,
            "redis_configuration": [
              {
                "active_directory_authentication_enabled": false,
                "aof_backup_enabled": false,
                "aof_storage_connection_string_0": "",
                "aof_storage_connection_string_1": "",
                "authentication_enabled": true,
                "data_persistence_authentication_method": "SAS",
                "enable_authentication": true,
                "maxclients": 2000,
                "maxfragmentationmemory_reserved": 299,
                "maxmemory_delta": 299,
                "maxmemory_policy": "volatile-lru",
                "maxmemory_reserved": 299,
                "notify_keyspace_events": "",
                "rdb_backup_enabled": false,
                "rdb_backup_frequency": 0,
                "rdb_backup_max_snapshot_count": 0,
                "rdb_storage_connection_string": "",
                "storage_account_subscription_id": ""
              }
            ],
            "redis_version": "6.0",
            "replicas_per_master": 0,
            "replicas_per_primary": 0,
            "resource_group_name": "bidr-uat-k8s",
            "secondary_access_key": "KZgSr2tlEkxapvC6QucWoLMH7GAAbOGcNAzCaBbKt2o=",
            "secondary_connection_string": "BIDR-uat-aks-cluster-redis.redis.cache.windows.net:6380,password=KZgSr2tlEkxapvC6QucWoLMH7GAAbOGcNAzCaBbKt2o=,ssl=true,abortConnect=False",
            "shard_count": 0,
            "sku_name": "Standard",
            "ssl_port": 6380,
            "subnet_id": "",
            "tags": {
              "Environment": "uat",
              "ManagedBy": "Terraform",
              "Project": "BIDR"
            },
            "tenant_settings": null,
            "timeouts": null,
            "zones": null
          },
          "sensitive_attributes": [
            [
              {
                "type": "get_attr",
                "value": "primary_access_key"
              }
            ],
            [
              {
                "type": "get_attr",
                "value": "primary_connection_string"
              }
            ],
            [
              {
                "type": "get_attr",
                "value": "redis_configuration"
              },
              {
                "type": "index",
                "value": {
                  "value": 0,
                  "type": "number"
                }
              },
              {
                "type": "get_attr",
                "value": "aof_storage_connection_string_0"
              }
            ],
            [
              {
                "type": "get_attr",
                "value": "redis_configuration"
              },
              {
                "type": "index",
                "value": {
                  "value": 0,
                  "type": "number"
                }
              },
              {
                "type": "get_attr",
                "value": "aof_storage_connection_string_1"
              }
            ],
            [
              {
                "type": "get_attr",
                "value": "redis_configuration"
              },
              {
                "type": "index",
                "value": {
                  "value": 0,
                  "type": "number"
                }
              },
              {
                "type": "get_attr",
                "value": "rdb_storage_connection_string"
              }
            ],
            [
              {
                "type": "get_attr",
                "value": "secondary_access_key"
              }
            ],
            [
              {
                "type": "get_attr",
                "value": "secondary_connection_string"
              }
            ]
          ],
          "identity_schema_version": 0,
          "private": "eyJlMmJmYjczMC1lY2FhLTExZTYtOGY4OC0zNDM2M2JjN2M0YzAiOnsiY3JlYXRlIjoxMDgwMDAwMDAwMDAwMCwiZGVsZXRlIjoxMDgwMDAwMDAwMDAwMCwicmVhZCI6MzAwMDAwMDAwMDAwLCJ1cGRhdGUiOjEwODAwMDAwMDAwMDAwfSwic2NoZW1hX3ZlcnNpb24iOiIxIn0=",
          "dependencies": [
            "azurerm_resource_group.bidr"
          ]
        }
      ]
    },
    {
      "mode": "managed",
      "type": "azurerm_resource_group",
      "name": "bidr",
      "provider": "provider[\"registry.terraform.io/hashicorp/azurerm\"]",
      "instances": [
        {
          "schema_version": 0,
          "attributes": {
            "id": "/subscriptions/51dd222b-9d63-476c-9069-cd3b2a87f6e6/resourceGroups/bidr-uat-k8s",
            "location": "southafricanorth",
            "managed_by": "",
            "name": "bidr-uat-k8s",
            "tags": {
              "Environment": "uat",
              "ManagedBy": "Terraform",
              "Project": "BIDR"
            },
            "timeouts": null
          },
          "sensitive_attributes": [],
          "identity_schema_version": 0,
          "private": "eyJlMmJmYjczMC1lY2FhLTExZTYtOGY4OC0zNDM2M2JjN2M0YzAiOnsiY3JlYXRlIjo1NDAwMDAwMDAwMDAwLCJkZWxldGUiOjU0MDAwMDAwMDAwMDAsInJlYWQiOjMwMDAwMDAwMDAwMCwidXBkYXRlIjo1NDAwMDAwMDAwMDAwfX0="
        }
      ]
    },
    {
      "mode": "managed",
      "type": "azurerm_role_assignment",
      "name": "current_user_keyvault_admin",
      "provider": "provider[\"registry.terraform.io/hashicorp/azurerm\"]",
      "instances": [
        {
          "schema_version": 0,
          "attributes": {
            "condition": "",
            "condition_version": "",
            "delegated_managed_identity_resource_id": "",
            "description": "",
            "id": "/subscriptions/51dd222b-9d63-476c-9069-cd3b2a87f6e6/resourceGroups/bidr-uat-k8s/providers/Microsoft.KeyVault/vaults/bidr-uat-vault-2024/providers/Microsoft.Authorization/roleAssignments/ea83cf8d-b4b2-28c5-3687-c105b59ba835",
            "name": "ea83cf8d-b4b2-28c5-3687-c105b59ba835",
            "principal_id": "cbe442c1-96a2-4379-8523-06d9a9f4fdcd",
            "principal_type": "User",
            "role_definition_id": "/subscriptions/51dd222b-9d63-476c-9069-cd3b2a87f6e6/providers/Microsoft.Authorization/roleDefinitions/00482a5a-887f-4fb3-b363-3b7fe8e74483",
            "role_definition_name": "Key Vault Administrator",
            "scope": "/subscriptions/51dd222b-9d63-476c-9069-cd3b2a87f6e6/resourceGroups/bidr-uat-k8s/providers/Microsoft.KeyVault/vaults/bidr-uat-vault-2024",
            "skip_service_principal_aad_check": null,
            "timeouts": null
          },
          "sensitive_attributes": [],
          "identity_schema_version": 0,
          "private": "eyJlMmJmYjczMC1lY2FhLTExZTYtOGY4OC0zNDM2M2JjN2M0YzAiOnsiY3JlYXRlIjoxODAwMDAwMDAwMDAwLCJkZWxldGUiOjE4MDAwMDAwMDAwMDAsInJlYWQiOjMwMDAwMDAwMDAwMH19",
          "dependencies": [
            "azurerm_key_vault.bidr",
            "azurerm_resource_group.bidr",
            "data.azurerm_client_config.current"
          ]
        }
      ]
    },
    {
      "mode": "managed",
      "type": "azurerm_storage_account",
      "name": "bidr",
      "provider": "provider[\"registry.terraform.io/hashicorp/azurerm\"]",
      "instances": [
        {
          "schema_version": 4,
          "attributes": {
            "access_tier": "Hot",
            "account_kind": "StorageV2",
            "account_replication_type": "LRS",
            "account_tier": "Standard",
            "allow_nested_items_to_be_public": true,
            "allowed_copy_scope": "",
            "azure_files_authentication": [],
            "blob_properties": [
              {
                "change_feed_enabled": false,
                "change_feed_retention_in_days": 0,
                "container_delete_retention_policy": [],
                "cors_rule": [
                  {
                    "allowed_headers": [
                      "*"
                    ],
                    "allowed_methods": [
                      "GET",
                      "HEAD",
                      "POST",
                      "PUT"
                    ],
                    "allowed_origins": [
                      "*"
                    ],
                    "exposed_headers": [
                      "*"
                    ],
                    "max_age_in_seconds": 300
                  }
                ],
                "default_service_version": "",
                "delete_retention_policy": [],
                "last_access_time_enabled": false,
                "restore_policy": [],
                "versioning_enabled": false
              }
            ],
            "cross_tenant_replication_enabled": true,
            "custom_domain": [],
            "customer_managed_key": [],
            "default_to_oauth_authentication": false,
            "dns_endpoint_type": "Standard",
            "edge_zone": "",
            "enable_https_traffic_only": true,
            "https_traffic_only_enabled": true,
            "id": "/subscriptions/51dd222b-9d63-476c-9069-cd3b2a87f6e6/resourceGroups/bidr-uat-k8s/providers/Microsoft.Storage/storageAccounts/bidruataksclusterstorage",
            "identity": [],
            "immutability_policy": [],
            "infrastructure_encryption_enabled": false,
            "is_hns_enabled": false,
            "large_file_share_enabled": false,
            "local_user_enabled": true,
            "location": "southafricanorth",
            "min_tls_version": "TLS1_2",
            "name": "bidruataksclusterstorage",
            "network_rules": [],
            "nfsv3_enabled": false,
            "primary_access_key": "dzB65DbUOHcJabr+iWnVFrmyzahCsbshDWkQTouHE537fdbeEWoVZBETwG2/koJBR7SazBhkg1ks+ASteksJDw==",
            "primary_blob_connection_string": "DefaultEndpointsProtocol=https;BlobEndpoint=https://bidruataksclusterstorage.blob.core.windows.net/;AccountName=bidruataksclusterstorage;AccountKey=dzB65DbUOHcJabr+iWnVFrmyzahCsbshDWkQTouHE537fdbeEWoVZBETwG2/koJBR7SazBhkg1ks+ASteksJDw==",
            "primary_blob_endpoint": "https://bidruataksclusterstorage.blob.core.windows.net/",
            "primary_blob_host": "bidruataksclusterstorage.blob.core.windows.net",
            "primary_blob_internet_endpoint": "",
            "primary_blob_internet_host": "",
            "primary_blob_microsoft_endpoint": "",
            "primary_blob_microsoft_host": "",
            "primary_connection_string": "DefaultEndpointsProtocol=https;AccountName=bidruataksclusterstorage;AccountKey=dzB65DbUOHcJabr+iWnVFrmyzahCsbshDWkQTouHE537fdbeEWoVZBETwG2/koJBR7SazBhkg1ks+ASteksJDw==;EndpointSuffix=core.windows.net",
            "primary_dfs_endpoint": "https://bidruataksclusterstorage.dfs.core.windows.net/",
            "primary_dfs_host": "bidruataksclusterstorage.dfs.core.windows.net",
            "primary_dfs_internet_endpoint": "",
            "primary_dfs_internet_host": "",
            "primary_dfs_microsoft_endpoint": "",
            "primary_dfs_microsoft_host": "",
            "primary_file_endpoint": "https://bidruataksclusterstorage.file.core.windows.net/",
            "primary_file_host": "bidruataksclusterstorage.file.core.windows.net",
            "primary_file_internet_endpoint": "",
            "primary_file_internet_host": "",
            "primary_file_microsoft_endpoint": "",
            "primary_file_microsoft_host": "",
            "primary_location": "southafricanorth",
            "primary_queue_endpoint": "https://bidruataksclusterstorage.queue.core.windows.net/",
            "primary_queue_host": "bidruataksclusterstorage.queue.core.windows.net",
            "primary_queue_microsoft_endpoint": "",
            "primary_queue_microsoft_host": "",
            "primary_table_endpoint": "https://bidruataksclusterstorage.table.core.windows.net/",
            "primary_table_host": "bidruataksclusterstorage.table.core.windows.net",
            "primary_table_microsoft_endpoint": "",
            "primary_table_microsoft_host": "",
            "primary_web_endpoint": "https://bidruataksclusterstorage.z1.web.core.windows.net/",
            "primary_web_host": "bidruataksclusterstorage.z1.web.core.windows.net",
            "primary_web_internet_endpoint": "",
            "primary_web_internet_host": "",
            "primary_web_microsoft_endpoint": "",
            "primary_web_microsoft_host": "",
            "public_network_access_enabled": true,
            "queue_encryption_key_type": "Service",
            "queue_properties": [
              {
                "cors_rule": [],
                "hour_metrics": [
                  {
                    "enabled": false,
                    "include_apis": false,
                    "retention_policy_days": 0,
                    "version": "1.0"
                  }
                ],
                "logging": [
                  {
                    "delete": false,
                    "read": false,
                    "retention_policy_days": 0,
                    "version": "1.0",
                    "write": false
                  }
                ],
                "minute_metrics": [
                  {
                    "enabled": false,
                    "include_apis": false,
                    "retention_policy_days": 0,
                    "version": "1.0"
                  }
                ]
              }
            ],
            "resource_group_name": "bidr-uat-k8s",
            "routing": [],
            "sas_policy": [],
            "secondary_access_key": "Ax87JmRcYHEwL1TGaQocOKG0picSs47sjLZAJY/olEmUOlWjYJxXLzQYRThMXJRc49uTNvXkBT2k+AStg720VQ==",
            "secondary_blob_connection_string": "",
            "secondary_blob_endpoint": "",
            "secondary_blob_host": "",
            "secondary_blob_internet_endpoint": "",
            "secondary_blob_internet_host": "",
            "secondary_blob_microsoft_endpoint": "",
            "secondary_blob_microsoft_host": "",
            "secondary_connection_string": "DefaultEndpointsProtocol=https;AccountName=bidruataksclusterstorage;AccountKey=Ax87JmRcYHEwL1TGaQocOKG0picSs47sjLZAJY/olEmUOlWjYJxXLzQYRThMXJRc49uTNvXkBT2k+AStg720VQ==;EndpointSuffix=core.windows.net",
            "secondary_dfs_endpoint": "",
            "secondary_dfs_host": "",
            "secondary_dfs_internet_endpoint": "",
            "secondary_dfs_internet_host": "",
            "secondary_dfs_microsoft_endpoint": "",
            "secondary_dfs_microsoft_host": "",
            "secondary_file_endpoint": "",
            "secondary_file_host": "",
            "secondary_file_internet_endpoint": "",
            "secondary_file_internet_host": "",
            "secondary_file_microsoft_endpoint": "",
            "secondary_file_microsoft_host": "",
            "secondary_location": "",
            "secondary_queue_endpoint": "",
            "secondary_queue_host": "",
            "secondary_queue_microsoft_endpoint": "",
            "secondary_queue_microsoft_host": "",
            "secondary_table_endpoint": "",
            "secondary_table_host": "",
            "secondary_table_microsoft_endpoint": "",
            "secondary_table_microsoft_host": "",
            "secondary_web_endpoint": "",
            "secondary_web_host": "",
            "secondary_web_internet_endpoint": "",
            "secondary_web_internet_host": "",
            "secondary_web_microsoft_endpoint": "",
            "secondary_web_microsoft_host": "",
            "sftp_enabled": false,
            "share_properties": [
              {
                "cors_rule": [],
                "retention_policy": [
                  {
                    "days": 7
                  }
                ],
                "smb": []
              }
            ],
            "shared_access_key_enabled": true,
            "static_website": [],
            "table_encryption_key_type": "Service",
            "tags": {
              "Environment": "uat",
              "ManagedBy": "Terraform",
              "Project": "BIDR"
            },
            "timeouts": null
          },
          "sensitive_attributes": [
            [
              {
                "type": "get_attr",
                "value": "primary_access_key"
              }
            ],
            [
              {
                "type": "get_attr",
                "value": "primary_blob_connection_string"
              }
            ],
            [
              {
                "type": "get_attr",
                "value": "primary_connection_string"
              }
            ],
            [
              {
                "type": "get_attr",
                "value": "secondary_access_key"
              }
            ],
            [
              {
                "type": "get_attr",
                "value": "secondary_blob_connection_string"
              }
            ],
            [
              {
                "type": "get_attr",
                "value": "secondary_connection_string"
              }
            ]
          ],
          "identity_schema_version": 0,
          "private": "eyJlMmJmYjczMC1lY2FhLTExZTYtOGY4OC0zNDM2M2JjN2M0YzAiOnsiY3JlYXRlIjozNjAwMDAwMDAwMDAwLCJkZWxldGUiOjM2MDAwMDAwMDAwMDAsInJlYWQiOjMwMDAwMDAwMDAwMCwidXBkYXRlIjozNjAwMDAwMDAwMDAwfSwic2NoZW1hX3ZlcnNpb24iOiI0In0=",
          "dependencies": [
            "azurerm_resource_group.bidr"
          ]
        }
      ]
    },
    {
      "mode": "managed",
      "type": "azurerm_subnet",
      "name": "aks",
      "provider": "provider[\"registry.terraform.io/hashicorp/azurerm\"]",
      "instances": [
        {
          "schema_version": 0,
          "attributes": {
            "address_prefixes": [
              "10.0.1.0/24"
            ],
            "default_outbound_access_enabled": true,
            "delegation": [],
            "enforce_private_link_endpoint_network_policies": false,
            "enforce_private_link_service_network_policies": false,
            "id": "/subscriptions/51dd222b-9d63-476c-9069-cd3b2a87f6e6/resourceGroups/bidr-uat-k8s/providers/Microsoft.Network/virtualNetworks/BIDR-uat-aks-cluster-vnet/subnets/BIDR-uat-aks-cluster-aks-subnet",
            "name": "BIDR-uat-aks-cluster-aks-subnet",
            "private_endpoint_network_policies": "Enabled",
            "private_endpoint_network_policies_enabled": true,
            "private_link_service_network_policies_enabled": true,
            "resource_group_name": "bidr-uat-k8s",
            "service_endpoint_policy_ids": null,
            "service_endpoints": null,
            "timeouts": null,
            "virtual_network_name": "BIDR-uat-aks-cluster-vnet"
          },
          "sensitive_attributes": [],
          "identity_schema_version": 0,
          "private": "eyJlMmJmYjczMC1lY2FhLTExZTYtOGY4OC0zNDM2M2JjN2M0YzAiOnsiY3JlYXRlIjoxODAwMDAwMDAwMDAwLCJkZWxldGUiOjE4MDAwMDAwMDAwMDAsInJlYWQiOjMwMDAwMDAwMDAwMCwidXBkYXRlIjoxODAwMDAwMDAwMDAwfX0=",
          "dependencies": [
            "azurerm_resource_group.bidr",
            "azurerm_virtual_network.bidr"
          ]
        }
      ]
    },
    {
      "mode": "managed",
      "type": "azurerm_subnet",
      "name": "database",
      "provider": "provider[\"registry.terraform.io/hashicorp/azurerm\"]",
      "instances": [
        {
          "schema_version": 0,
          "attributes": {
            "address_prefixes": [
              "10.0.2.0/24"
            ],
            "default_outbound_access_enabled": true,
            "delegation": [
              {
                "name": "fs",
                "service_delegation": [
                  {
                    "actions": [
                      "Microsoft.Network/virtualNetworks/subnets/join/action"
                    ],
                    "name": "Microsoft.DBforPostgreSQL/flexibleServers"
                  }
                ]
              }
            ],
            "enforce_private_link_endpoint_network_policies": false,
            "enforce_private_link_service_network_policies": false,
            "id": "/subscriptions/51dd222b-9d63-476c-9069-cd3b2a87f6e6/resourceGroups/bidr-uat-k8s/providers/Microsoft.Network/virtualNetworks/BIDR-uat-aks-cluster-vnet/subnets/BIDR-uat-aks-cluster-db-subnet",
            "name": "BIDR-uat-aks-cluster-db-subnet",
            "private_endpoint_network_policies": "Enabled",
            "private_endpoint_network_policies_enabled": true,
            "private_link_service_network_policies_enabled": true,
            "resource_group_name": "bidr-uat-k8s",
            "service_endpoint_policy_ids": null,
            "service_endpoints": null,
            "timeouts": null,
            "virtual_network_name": "BIDR-uat-aks-cluster-vnet"
          },
          "sensitive_attributes": [],
          "identity_schema_version": 0,
          "private": "eyJlMmJmYjczMC1lY2FhLTExZTYtOGY4OC0zNDM2M2JjN2M0YzAiOnsiY3JlYXRlIjoxODAwMDAwMDAwMDAwLCJkZWxldGUiOjE4MDAwMDAwMDAwMDAsInJlYWQiOjMwMDAwMDAwMDAwMCwidXBkYXRlIjoxODAwMDAwMDAwMDAwfX0=",
          "dependencies": [
            "azurerm_resource_group.bidr",
            "azurerm_virtual_network.bidr"
          ]
        }
      ]
    },
    {
      "mode": "managed",
      "type": "azurerm_virtual_network",
      "name": "bidr",
      "provider": "provider[\"registry.terraform.io/hashicorp/azurerm\"]",
      "instances": [
        {
          "schema_version": 0,
          "attributes": {
            "address_space": [
              "10.0.0.0/16"
            ],
            "bgp_community": "",
            "ddos_protection_plan": [],
            "dns_servers": [],
            "edge_zone": "",
            "encryption": [],
            "flow_timeout_in_minutes": 0,
            "guid": "2ba6d503-9cc2-4399-b809-acbec40d13ce",
            "id": "/subscriptions/51dd222b-9d63-476c-9069-cd3b2a87f6e6/resourceGroups/bidr-uat-k8s/providers/Microsoft.Network/virtualNetworks/BIDR-uat-aks-cluster-vnet",
            "location": "southafricanorth",
            "name": "BIDR-uat-aks-cluster-vnet",
            "resource_group_name": "bidr-uat-k8s",
            "subnet": [],
            "tags": {
              "Environment": "uat",
              "ManagedBy": "Terraform",
              "Project": "BIDR"
            },
            "timeouts": null
          },
          "sensitive_attributes": [],
          "identity_schema_version": 0,
          "private": "eyJlMmJmYjczMC1lY2FhLTExZTYtOGY4OC0zNDM2M2JjN2M0YzAiOnsiY3JlYXRlIjoxODAwMDAwMDAwMDAwLCJkZWxldGUiOjE4MDAwMDAwMDAwMDAsInJlYWQiOjMwMDAwMDAwMDAwMCwidXBkYXRlIjoxODAwMDAwMDAwMDAwfX0=",
          "dependencies": [
            "azurerm_resource_group.bidr"
          ]
        }
      ]
    },
    {
      "mode": "managed",
      "type": "random_password",
      "name": "admin_password",
      "provider": "provider[\"registry.terraform.io/hashicorp/random\"]",
      "instances": [
        {
          "schema_version": 3,
          "attributes": {
            "bcrypt_hash": "$2a$10$D0XTz8jJNGDnwfqFiUMG7uCMrNQfV3W0wlTNpxC6X2lbLz1VVwbtG",
            "id": "none",
            "keepers": null,
            "length": 16,
            "lower": true,
            "min_lower": 0,
            "min_numeric": 0,
            "min_special": 0,
            "min_upper": 0,
            "number": true,
            "numeric": true,
            "override_special": null,
            "result": "hS?K4F-k$}Q550Vf",
            "special": true,
            "upper": true
          },
          "sensitive_attributes": [
            [
              {
                "type": "get_attr",
                "value": "bcrypt_hash"
              }
            ],
            [
              {
                "type": "get_attr",
                "value": "result"
              }
            ]
          ],
          "identity_schema_version": 0
        }
      ]
    },
    {
      "mode": "managed",
      "type": "random_password",
      "name": "database_password",
      "provider": "provider[\"registry.terraform.io/hashicorp/random\"]",
      "instances": [
        {
          "schema_version": 3,
          "attributes": {
            "bcrypt_hash": "$2a$10$GQ72r1cbEfgmjIXdZv9dxuTzxbwVDd2eZ26p5wQTAvf4cWy1NGdJ6",
            "id": "none",
            "keepers": null,
            "length": 32,
            "lower": true,
            "min_lower": 0,
            "min_numeric": 0,
            "min_special": 0,
            "min_upper": 0,
            "number": true,
            "numeric": true,
            "override_special": null,
            "result": "bpx}h=WY3lTlhnOCh4S6#D(wk$E$C0o:",
            "special": true,
            "upper": true
          },
          "sensitive_attributes": [
            [
              {
                "type": "get_attr",
                "value": "bcrypt_hash"
              }
            ],
            [
              {
                "type": "get_attr",
                "value": "result"
              }
            ]
          ],
          "identity_schema_version": 0
        }
      ]
    },
    {
      "mode": "managed",
      "type": "random_password",
      "name": "django_secret_key",
      "provider": "provider[\"registry.terraform.io/hashicorp/random\"]",
      "instances": [
        {
          "schema_version": 3,
          "attributes": {
            "bcrypt_hash": "$2a$10$r.JK8rbeo5.VHWmnM4AhLuV8UnQyXBPxgJM5HxIuMNTsE95czlNHa",
            "id": "none",
            "keepers": null,
            "length": 50,
            "lower": true,
            "min_lower": 0,
            "min_numeric": 0,
            "min_special": 0,
            "min_upper": 0,
            "number": true,
            "numeric": true,
            "override_special": null,
            "result": "ftOPbs\u003eb+-ec1]8ssf@\u0026{!2lk_-J@B_g1[7aDWmGVh$TOVN@#%",
            "special": true,
            "upper": true
          },
          "sensitive_attributes": [
            [
              {
                "type": "get_attr",
                "value": "bcrypt_hash"
              }
            ],
            [
              {
                "type": "get_attr",
                "value": "result"
              }
            ]
          ],
          "identity_schema_version": 0
        }
      ]
    },
    {
      "mode": "managed",
      "type": "random_password",
      "name": "redis_password",
      "provider": "provider[\"registry.terraform.io/hashicorp/random\"]",
      "instances": [
        {
          "schema_version": 3,
          "attributes": {
            "bcrypt_hash": "$2a$10$iA3Pz.7s7mhjx2oC4bdevePJGQ8Uavh1Gop640nCR/uVMtpWRr2n2",
            "id": "none",
            "keepers": null,
            "length": 32,
            "lower": true,
            "min_lower": 0,
            "min_numeric": 0,
            "min_special": 0,
            "min_upper": 0,
            "number": true,
            "numeric": true,
            "override_special": null,
            "result": "ntYJ40vURxWUlaS2URD4erFe1vruIIn9",
            "special": false,
            "upper": true
          },
          "sensitive_attributes": [
            [
              {
                "type": "get_attr",
                "value": "bcrypt_hash"
              }
            ],
            [
              {
                "type": "get_attr",
                "value": "result"
              }
            ]
          ],
          "identity_schema_version": 0
        }
      ]
    },
    {
      "mode": "managed",
      "type": "random_password",
      "name": "service_admin_passwords",
      "provider": "provider[\"registry.terraform.io/hashicorp/random\"]",
      "instances": [
        {
          "index_key": "auth",
          "schema_version": 3,
          "attributes": {
            "bcrypt_hash": "$2a$10$xauQljIrXN4kT40BVZADcu44qBgQRUyooG7Kw.W12B1EgLluLQsvS",
            "id": "none",
            "keepers": null,
            "length": 16,
            "lower": true,
            "min_lower": 0,
            "min_numeric": 0,
            "min_special": 0,
            "min_upper": 0,
            "number": true,
            "numeric": true,
            "override_special": null,
            "result": "Tc_tYOQZt)\u003e84A3M",
            "special": true,
            "upper": true
          },
          "sensitive_attributes": [
            [
              {
                "type": "get_attr",
                "value": "bcrypt_hash"
              }
            ],
            [
              {
                "type": "get_attr",
                "value": "result"
              }
            ]
          ],
          "identity_schema_version": 0
        },
        {
          "index_key": "chat",
          "schema_version": 3,
          "attributes": {
            "bcrypt_hash": "$2a$10$by/ucL8IXacVHZjjho/ZqO2wj/aTAn/WZf2m8ejr9WD4qMz/M2AJu",
            "id": "none",
            "keepers": null,
            "length": 16,
            "lower": true,
            "min_lower": 0,
            "min_numeric": 0,
            "min_special": 0,
            "min_upper": 0,
            "number": true,
            "numeric": true,
            "override_special": null,
            "result": "$$:_yCg}6pSOcH*u",
            "special": true,
            "upper": true
          },
          "sensitive_attributes": [
            [
              {
                "type": "get_attr",
                "value": "bcrypt_hash"
              }
            ],
            [
              {
                "type": "get_attr",
                "value": "result"
              }
            ]
          ],
          "identity_schema_version": 0
        },
        {
          "index_key": "notifications",
          "schema_version": 3,
          "attributes": {
            "bcrypt_hash": "$2a$10$KJSAYUw85n.Nd4dfggZ50.4spJSHI8RkWlvzDHuEJRq6EGlPi8KO6",
            "id": "none",
            "keepers": null,
            "length": 16,
            "lower": true,
            "min_lower": 0,
            "min_numeric": 0,
            "min_special": 0,
            "min_upper": 0,
            "number": true,
            "numeric": true,
            "override_special": null,
            "result": "xYWKA\u003c_r]p3tqlNy",
            "special": true,
            "upper": true
          },
          "sensitive_attributes": [
            [
              {
                "type": "get_attr",
                "value": "bcrypt_hash"
              }
            ],
            [
              {
                "type": "get_attr",
                "value": "result"
              }
            ]
          ],
          "identity_schema_version": 0
        },
        {
          "index_key": "payment",
          "schema_version": 3,
          "attributes": {
            "bcrypt_hash": "$2a$10$PiDEevInamJ8tql4RHHSVuHM/CZJxlum2vt/nlxMl16.90W4jBx.u",
            "id": "none",
            "keepers": null,
            "length": 16,
            "lower": true,
            "min_lower": 0,
            "min_numeric": 0,
            "min_special": 0,
            "min_upper": 0,
            "number": true,
            "numeric": true,
            "override_special": null,
            "result": "qF{OK_*B\u003eId!PuB}",
            "special": true,
            "upper": true
          },
          "sensitive_attributes": [
            [
              {
                "type": "get_attr",
                "value": "bcrypt_hash"
              }
            ],
            [
              {
                "type": "get_attr",
                "value": "result"
              }
            ]
          ],
          "identity_schema_version": 0
        },
        {
          "index_key": "product",
          "schema_version": 3,
          "attributes": {
            "bcrypt_hash": "$2a$10$4ssuwG9rJGHAVUYROy9cMu6J8.djNPMDeLQxX1kx0kFpddCyiampC",
            "id": "none",
            "keepers": null,
            "length": 16,
            "lower": true,
            "min_lower": 0,
            "min_numeric": 0,
            "min_special": 0,
            "min_upper": 0,
            "number": true,
            "numeric": true,
            "override_special": null,
            "result": "d_\u003c!?8zm0Pv?nbA9",
            "special": true,
            "upper": true
          },
          "sensitive_attributes": [
            [
              {
                "type": "get_attr",
                "value": "bcrypt_hash"
              }
            ],
            [
              {
                "type": "get_attr",
                "value": "result"
              }
            ]
          ],
          "identity_schema_version": 0
        },
        {
          "index_key": "resolution",
          "schema_version": 3,
          "attributes": {
            "bcrypt_hash": "$2a$10$rNe7Gif8UiYLl9LYcfKsKeAEjyoIlYrT6rh5VHzmnx6WQfftYVKha",
            "id": "none",
            "keepers": null,
            "length": 16,
            "lower": true,
            "min_lower": 0,
            "min_numeric": 0,
            "min_special": 0,
            "min_upper": 0,
            "number": true,
            "numeric": true,
            "override_special": null,
            "result": "vqL1-t)#X{zOOEf\u003e",
            "special": true,
            "upper": true
          },
          "sensitive_attributes": [
            [
              {
                "type": "get_attr",
                "value": "bcrypt_hash"
              }
            ],
            [
              {
                "type": "get_attr",
                "value": "result"
              }
            ]
          ],
          "identity_schema_version": 0
        },
        {
          "index_key": "reviews",
          "schema_version": 3,
          "attributes": {
            "bcrypt_hash": "$2a$10$iqEQvAAjOdnVBD6UzU2cOOMCuhit1qL02atOkCIuWneLQetHeLDru",
            "id": "none",
            "keepers": null,
            "length": 16,
            "lower": true,
            "min_lower": 0,
            "min_numeric": 0,
            "min_special": 0,
            "min_upper": 0,
            "number": true,
            "numeric": true,
            "override_special": null,
            "result": ":lO#qUghyQiJ+b\u0026d",
            "special": true,
            "upper": true
          },
          "sensitive_attributes": [
            [
              {
                "type": "get_attr",
                "value": "bcrypt_hash"
              }
            ],
            [
              {
                "type": "get_attr",
                "value": "result"
              }
            ]
          ],
          "identity_schema_version": 0
        },
        {
          "index_key": "transactions",
          "schema_version": 3,
          "attributes": {
            "bcrypt_hash": "$2a$10$8R9TpZxfbN1HaDDVGFUT0O9BDn/Xhb5EQE5nvBcuWRmhHW1qzBbDu",
            "id": "none",
            "keepers": null,
            "length": 16,
            "lower": true,
            "min_lower": 0,
            "min_numeric": 0,
            "min_special": 0,
            "min_upper": 0,
            "number": true,
            "numeric": true,
            "override_special": null,
            "result": "Vi0)$O\u003eamuaIP4RS",
            "special": true,
            "upper": true
          },
          "sensitive_attributes": [
            [
              {
                "type": "get_attr",
                "value": "bcrypt_hash"
              }
            ],
            [
              {
                "type": "get_attr",
                "value": "result"
              }
            ]
          ],
          "identity_schema_version": 0
        }
      ]
    },
    {
      "mode": "managed",
      "type": "random_password",
      "name": "service_api_keys",
      "provider": "provider[\"registry.terraform.io/hashicorp/random\"]",
      "instances": [
        {
          "index_key": "auth",
          "schema_version": 3,
          "attributes": {
            "bcrypt_hash": "$2a$10$mzyn5Zynj.XQyxHExY/04.yOGRuiNoBNujM5cMFGGVrfQxGrCS4oW",
            "id": "none",
            "keepers": null,
            "length": 64,
            "lower": true,
            "min_lower": 0,
            "min_numeric": 0,
            "min_special": 0,
            "min_upper": 0,
            "number": true,
            "numeric": true,
            "override_special": null,
            "result": "CaSbmtjtFH9uDhPqI3o9FOvYhejGTnPyMNFlH31hyQMXZQNSRT9FPQZn29bBTWkb",
            "special": false,
            "upper": true
          },
          "sensitive_attributes": [
            [
              {
                "type": "get_attr",
                "value": "bcrypt_hash"
              }
            ],
            [
              {
                "type": "get_attr",
                "value": "result"
              }
            ]
          ],
          "identity_schema_version": 0
        },
        {
          "index_key": "chat",
          "schema_version": 3,
          "attributes": {
            "bcrypt_hash": "$2a$10$CE.06rMIwPLWrXmbu6iKGuATgeLfJxUgF3klQb.bsIJvddwvbew66",
            "id": "none",
            "keepers": null,
            "length": 64,
            "lower": true,
            "min_lower": 0,
            "min_numeric": 0,
            "min_special": 0,
            "min_upper": 0,
            "number": true,
            "numeric": true,
            "override_special": null,
            "result": "s84vAVVOR46JNk0lLnYHcf5jAGegaEErRdADJw5FUaq6mS2zQcxbNw649b8NBrGy",
            "special": false,
            "upper": true
          },
          "sensitive_attributes": [
            [
              {
                "type": "get_attr",
                "value": "bcrypt_hash"
              }
            ],
            [
              {
                "type": "get_attr",
                "value": "result"
              }
            ]
          ],
          "identity_schema_version": 0
        },
        {
          "index_key": "notifications",
          "schema_version": 3,
          "attributes": {
            "bcrypt_hash": "$2a$10$TjwESL2XRoAtiUWhaZfJ8ulbj7KAKztxyEjCpl0sTxeXwBp1pkj7S",
            "id": "none",
            "keepers": null,
            "length": 64,
            "lower": true,
            "min_lower": 0,
            "min_numeric": 0,
            "min_special": 0,
            "min_upper": 0,
            "number": true,
            "numeric": true,
            "override_special": null,
            "result": "Xu973g8NNx2vrKXstapAbBosoeiX5kUT6IU8rNbW1ie4EkEL8reEU5QOb83wFAkW",
            "special": false,
            "upper": true
          },
          "sensitive_attributes": [
            [
              {
                "type": "get_attr",
                "value": "bcrypt_hash"
              }
            ],
            [
              {
                "type": "get_attr",
                "value": "result"
              }
            ]
          ],
          "identity_schema_version": 0
        },
        {
          "index_key": "payment",
          "schema_version": 3,
          "attributes": {
            "bcrypt_hash": "$2a$10$lhxbCZn1NqmBs8F4AMQy8uXhbWzwq3OPxidVSo/ywt3vV/HnaO5ia",
            "id": "none",
            "keepers": null,
            "length": 64,
            "lower": true,
            "min_lower": 0,
            "min_numeric": 0,
            "min_special": 0,
            "min_upper": 0,
            "number": true,
            "numeric": true,
            "override_special": null,
            "result": "mpjXs856NERvL4A6nYF8iFj9yoqvNugP4y4W5wS2aFzfIBfUiJC5vWRchkMEb62L",
            "special": false,
            "upper": true
          },
          "sensitive_attributes": [
            [
              {
                "type": "get_attr",
                "value": "bcrypt_hash"
              }
            ],
            [
              {
                "type": "get_attr",
                "value": "result"
              }
            ]
          ],
          "identity_schema_version": 0
        },
        {
          "index_key": "product",
          "schema_version": 3,
          "attributes": {
            "bcrypt_hash": "$2a$10$kxB7HQ2yHvtRoi/PEgU1xO/6cZAsGsajVcdJHoRVUHrOELl2Juggi",
            "id": "none",
            "keepers": null,
            "length": 64,
            "lower": true,
            "min_lower": 0,
            "min_numeric": 0,
            "min_special": 0,
            "min_upper": 0,
            "number": true,
            "numeric": true,
            "override_special": null,
            "result": "LGa4J8iW5cQAYkeiAfNfpttZRjb2CRt7uzG1tyVm5EohiCkLVyl0hyNQMt0V2BPe",
            "special": false,
            "upper": true
          },
          "sensitive_attributes": [
            [
              {
                "type": "get_attr",
                "value": "bcrypt_hash"
              }
            ],
            [
              {
                "type": "get_attr",
                "value": "result"
              }
            ]
          ],
          "identity_schema_version": 0
        },
        {
          "index_key": "resolution",
          "schema_version": 3,
          "attributes": {
            "bcrypt_hash": "$2a$10$A2SMnzw2t1rEdn2R2Xsnm.ZD6aQfzxlyMxEdk7YdJv9KaFCf4gQou",
            "id": "none",
            "keepers": null,
            "length": 64,
            "lower": true,
            "min_lower": 0,
            "min_numeric": 0,
            "min_special": 0,
            "min_upper": 0,
            "number": true,
            "numeric": true,
            "override_special": null,
            "result": "EXAXMQmK6nawBSrMnLHZEjij6yFAEo2PPUiJySO8NA93MDAJR8S2v8syUtmpzEix",
            "special": false,
            "upper": true
          },
          "sensitive_attributes": [
            [
              {
                "type": "get_attr",
                "value": "bcrypt_hash"
              }
            ],
            [
              {
                "type": "get_attr",
                "value": "result"
              }
            ]
          ],
          "identity_schema_version": 0
        },
        {
          "index_key": "reviews",
          "schema_version": 3,
          "attributes": {
            "bcrypt_hash": "$2a$10$EFtXppomwBEO1pNlk6I4sunl4wj9FE5DHOwCxG9MxQGfxS7vaM8ZS",
            "id": "none",
            "keepers": null,
            "length": 64,
            "lower": true,
            "min_lower": 0,
            "min_numeric": 0,
            "min_special": 0,
            "min_upper": 0,
            "number": true,
            "numeric": true,
            "override_special": null,
            "result": "YUrwJJDsx7YJNxvO0PTGz4RbnH5jXBDOGbZedgKyCNmy3TOAqSfPPM22h9EpJfXY",
            "special": false,
            "upper": true
          },
          "sensitive_attributes": [
            [
              {
                "type": "get_attr",
                "value": "bcrypt_hash"
              }
            ],
            [
              {
                "type": "get_attr",
                "value": "result"
              }
            ]
          ],
          "identity_schema_version": 0
        },
        {
          "index_key": "transactions",
          "schema_version": 3,
          "attributes": {
            "bcrypt_hash": "$2a$10$vVY66fkyrmN6CuL7GlS7KuEwN9ideYpzKgQqVR79vuULjZLbYUuVu",
            "id": "none",
            "keepers": null,
            "length": 64,
            "lower": true,
            "min_lower": 0,
            "min_numeric": 0,
            "min_special": 0,
            "min_upper": 0,
            "number": true,
            "numeric": true,
            "override_special": null,
            "result": "p38RAjMwA0xClesvwz29W4Rr5uyqL21Vr6fY2CdugviamBXQZBSB2VPWzdA3vu6Z",
            "special": false,
            "upper": true
          },
          "sensitive_attributes": [
            [
              {
                "type": "get_attr",
                "value": "bcrypt_hash"
              }
            ],
            [
              {
                "type": "get_attr",
                "value": "result"
              }
            ]
          ],
          "identity_schema_version": 0
        }
      ]
    },
    {
      "mode": "managed",
      "type": "random_password",
      "name": "service_jwt_secrets",
      "provider": "provider[\"registry.terraform.io/hashicorp/random\"]",
      "instances": [
        {
          "index_key": "auth",
          "schema_version": 3,
          "attributes": {
            "bcrypt_hash": "$2a$10$7p6BUvSge49fyVPfc9iAJeDJuvBZQ5kFHOT3OMCwzox4l18UW4Ojm",
            "id": "none",
            "keepers": null,
            "length": 64,
            "lower": true,
            "min_lower": 0,
            "min_numeric": 0,
            "min_special": 0,
            "min_upper": 0,
            "number": true,
            "numeric": true,
            "override_special": null,
            "result": "Hg%Y%sAV0k=a=[={2?nuQe$s(4KIY!bGy0+b[euZPnco0P]4UjN(y34bCzS_B2p!",
            "special": true,
            "upper": true
          },
          "sensitive_attributes": [
            [
              {
                "type": "get_attr",
                "value": "bcrypt_hash"
              }
            ],
            [
              {
                "type": "get_attr",
                "value": "result"
              }
            ]
          ],
          "identity_schema_version": 0
        },
        {
          "index_key": "chat",
          "schema_version": 3,
          "attributes": {
            "bcrypt_hash": "$2a$10$twFWqlENrhABUNkEGd.93uzgEcRvQh4is8C8ndSYaHNDjsTXT2DKu",
            "id": "none",
            "keepers": null,
            "length": 64,
            "lower": true,
            "min_lower": 0,
            "min_numeric": 0,
            "min_special": 0,
            "min_upper": 0,
            "number": true,
            "numeric": true,
            "override_special": null,
            "result": "[e_r{T7(NheS-gn4KRGg#@4g!wOR1}x*4jJTiE7PX18:iA_JfycQdZv\u003cr%)314\u003cj",
            "special": true,
            "upper": true
          },
          "sensitive_attributes": [
            [
              {
                "type": "get_attr",
                "value": "bcrypt_hash"
              }
            ],
            [
              {
                "type": "get_attr",
                "value": "result"
              }
            ]
          ],
          "identity_schema_version": 0
        },
        {
          "index_key": "notifications",
          "schema_version": 3,
          "attributes": {
            "bcrypt_hash": "$2a$10$CGDxBXp9VIA1zfwKA5C9VektPfiJy72aR8NEvY7RDoHQpaU.u30F2",
            "id": "none",
            "keepers": null,
            "length": 64,
            "lower": true,
            "min_lower": 0,
            "min_numeric": 0,
            "min_special": 0,
            "min_upper": 0,
            "number": true,
            "numeric": true,
            "override_special": null,
            "result": "63nt-oJawiZo\u003c#VqZd!K\u003eOZL\u0026vUmZO7!%U3_UuM5Cbx\u0026y[)bZdm08DCm]viLVhVN",
            "special": true,
            "upper": true
          },
          "sensitive_attributes": [
            [
              {
                "type": "get_attr",
                "value": "bcrypt_hash"
              }
            ],
            [
              {
                "type": "get_attr",
                "value": "result"
              }
            ]
          ],
          "identity_schema_version": 0
        },
        {
          "index_key": "payment",
          "schema_version": 3,
          "attributes": {
            "bcrypt_hash": "$2a$10$hXYaJ.zNod/.uRPjwz8SYON/Yl.AXzH3ORYHqXmPKvRkgy87NOQ/C",
            "id": "none",
            "keepers": null,
            "length": 64,
            "lower": true,
            "min_lower": 0,
            "min_numeric": 0,
            "min_special": 0,
            "min_upper": 0,
            "number": true,
            "numeric": true,
            "override_special": null,
            "result": "\u0026(?7bw:!CCO)pIqTN-#PI=YRL4Kv3(8#yx*HB6H8*K}ph!vE]j7q6*yhiVVB92[@",
            "special": true,
            "upper": true
          },
          "sensitive_attributes": [
            [
              {
                "type": "get_attr",
                "value": "bcrypt_hash"
              }
            ],
            [
              {
                "type": "get_attr",
                "value": "result"
              }
            ]
          ],
          "identity_schema_version": 0
        },
        {
          "index_key": "product",
          "schema_version": 3,
          "attributes": {
            "bcrypt_hash": "$2a$10$GGsizB2spXzZURPGRfLH3e5EGyG.PBf.64oDahsEHXO7H66hQFQYO",
            "id": "none",
            "keepers": null,
            "length": 64,
            "lower": true,
            "min_lower": 0,
            "min_numeric": 0,
            "min_special": 0,
            "min_upper": 0,
            "number": true,
            "numeric": true,
            "override_special": null,
            "result": "?+:%T3KIgg}:fd\u003cfW(3OUC3?rd?%OCDVxV[!$j\u0026cBwAz1?_a@v]o}8aj:L!A$#UY",
            "special": true,
            "upper": true
          },
          "sensitive_attributes": [
            [
              {
                "type": "get_attr",
                "value": "bcrypt_hash"
              }
            ],
            [
              {
                "type": "get_attr",
                "value": "result"
              }
            ]
          ],
          "identity_schema_version": 0
        },
        {
          "index_key": "resolution",
          "schema_version": 3,
          "attributes": {
            "bcrypt_hash": "$2a$10$.mlvoof1vPPsxnIDvnKlN.SNE9BAJQrzSJTtFh2VOqO6LSkqMwiYu",
            "id": "none",
            "keepers": null,
            "length": 64,
            "lower": true,
            "min_lower": 0,
            "min_numeric": 0,
            "min_special": 0,
            "min_upper": 0,
            "number": true,
            "numeric": true,
            "override_special": null,
            "result": "O*(VVfCM_X[UXy7(=j2QAJh{kS-\u0026\u003c?Xf@njDBqT-:=rhi(hnJyRgjo{2_P5]wyxr",
            "special": true,
            "upper": true
          },
          "sensitive_attributes": [
            [
              {
                "type": "get_attr",
                "value": "bcrypt_hash"
              }
            ],
            [
              {
                "type": "get_attr",
                "value": "result"
              }
            ]
          ],
          "identity_schema_version": 0
        },
        {
          "index_key": "reviews",
          "schema_version": 3,
          "attributes": {
            "bcrypt_hash": "$2a$10$Ezmib4SIiolprBH91Z57G.9mFlYoPhUJWoyXUAzjIaVX2yXDfeYla",
            "id": "none",
            "keepers": null,
            "length": 64,
            "lower": true,
            "min_lower": 0,
            "min_numeric": 0,
            "min_special": 0,
            "min_upper": 0,
            "number": true,
            "numeric": true,
            "override_special": null,
            "result": "dvn)nk3CJK}c5pRNX)M5#wl%f2Dys7\u003cG_qrk\u003c69E2u$\u0026E]CV$14\u0026bC*9Cu+O0YF%",
            "special": true,
            "upper": true
          },
          "sensitive_attributes": [
            [
              {
                "type": "get_attr",
                "value": "bcrypt_hash"
              }
            ],
            [
              {
                "type": "get_attr",
                "value": "result"
              }
            ]
          ],
          "identity_schema_version": 0
        },
        {
          "index_key": "transactions",
          "schema_version": 3,
          "attributes": {
            "bcrypt_hash": "$2a$10$3dQqG2pAU4dgtPBqp6AjauUsRb4ExFCcpYxu1uS47axzhf8p93Pu2",
            "id": "none",
            "keepers": null,
            "length": 64,
            "lower": true,
            "min_lower": 0,
            "min_numeric": 0,
            "min_special": 0,
            "min_upper": 0,
            "number": true,
            "numeric": true,
            "override_special": null,
            "result": "%QD4lo?gA7lb$9Y}tKRC1_whi{:9\u0026YjnashL\u0026fWmcxtLDB-s4CBZaCSP9f!\u003cJQfo",
            "special": true,
            "upper": true
          },
          "sensitive_attributes": [
            [
              {
                "type": "get_attr",
                "value": "bcrypt_hash"
              }
            ],
            [
              {
                "type": "get_attr",
                "value": "result"
              }
            ]
          ],
          "identity_schema_version": 0
        }
      ]
    },
    {
      "mode": "managed",
      "type": "time_sleep",
      "name": "wait_for_keyvault_rbac",
      "provider": "provider[\"registry.terraform.io/hashicorp/time\"]",
      "instances": [
        {
          "schema_version": 0,
          "attributes": {
            "create_duration": "60s",
            "destroy_duration": null,
            "id": "2025-08-10T17:13:02Z",
            "triggers": null
          },
          "sensitive_attributes": [],
          "identity_schema_version": 0,
          "dependencies": [
            "azurerm_key_vault.bidr",
            "azurerm_resource_group.bidr",
            "azurerm_role_assignment.current_user_keyvault_admin",
            "data.azurerm_client_config.current"
          ]
        }
      ]
    }
  ],
  "check_results": [
    {
      "object_kind": "var",
      "config_addr": "var.acr_sku",
      "status": "pass",
      "objects": [
        {
          "object_addr": "var.acr_sku",
          "status": "pass"
        }
      ]
    },
    {
      "object_kind": "var",
      "config_addr": "var.redis_sku",
      "status": "pass",
      "objects": [
        {
          "object_addr": "var.redis_sku",
          "status": "pass"
        }
      ]
    }
  ]
}
